{
  "version": 4,
  "terraform_version": "1.3.3",
  "serial": 273,
  "lineage": "87e4a7b9-cba7-61d3-2b05-803d42fc7d99",
  "outputs": {},
  "resources": [
    {
      "mode": "data",
      "type": "nutanix_cluster",
      "name": "pe_lu650",
      "provider": "provider[\"registry.terraform.io/nutanix/nutanix\"].dc1",
      "instances": [
        {
          "schema_version": 0,
          "attributes": {
            "analysis_vm_efficiency_map": {
              "bully_vm_num": "0",
              "constrained_vm_num": "5",
              "dead_vm_num": "18",
              "inefficient_vm_num": "214",
              "overprovisioned_vm_num": "192"
            },
            "api_version": "",
            "authorized_public_key_list": [],
            "build": {
              "build_type": "release",
              "commit_date": "",
              "commit_id": "f2ce4db7d67f495ebfd6208bef9ab0afec9c74af",
              "full_version": "el7.3-release-fraser-6.5.2-stable-f2ce4db7d67f495ebfd6208bef9ab0afec9c74af",
              "short_commit_id": "f2ce4d",
              "version": "6.5.2"
            },
            "ca_certificate_list": [],
            "categories": [
              {
                "name": "Images",
                "value": "Image_for_all_Clusters"
              }
            ],
            "certification_signing_info": {},
            "client_auth": {},
            "cluster_arch": "X86_64",
            "cluster_id": "0005bad6-afcd-2116-0533-ac1f6b3ddca9",
            "domain_server_credentials": {},
            "domain_server_name": "",
            "domain_server_nameserver": "",
            "enabled_feature_list": [
              "PASSWORD_REMOTE_LOGIN_ENABLED",
              "SHADOW_CLONES_ENABLED"
            ],
            "encryption_status": "NOT_SUPPORTED",
            "external_data_services_ip": "192.168.3.121",
            "external_ip": "192.168.3.59",
            "external_subnet": "192.168.3.0/255.255.255.0",
            "gpu_driver_version": "",
            "http_proxy_list": [],
            "http_proxy_whitelist": [
              {
                "target": "192.168.3.0/255.255.255.0",
                "target_type": "IPV4_NETWORK_MASK"
              },
              {
                "target": "192.168.10.0/255.255.255.0",
                "target_type": "IPV4_NETWORK_MASK"
              },
              {
                "target": "192.168.25.0/255.255.255.0",
                "target_type": "IPV4_NETWORK_MASK"
              },
              {
                "target": "172.22.163.0/255.255.255.0",
                "target_type": "IPV4_NETWORK_MASK"
              }
            ],
            "id": "0005bad6-afcd-2116-0533-ac1f6b3ddca9",
            "internal_subnet": "192.168.5.0/255.255.255.128",
            "is_available": true,
            "management_server_list": [],
            "masquerading_ip": "",
            "masquerading_port": 0,
            "metadata": {
              "creation_time": "2021-02-20 02:23:20 +0000 UTC",
              "last_update_time": "2022-05-04 07:00:47 +0000 UTC",
              "name": "",
              "spec_hash": "00000000000000000000000000000000000000000000000000",
              "spec_version": "73",
              "uuid": "0005bad6-afcd-2116-0533-ac1f6b3ddca9"
            },
            "name": "LU650",
            "name_server_ip_list": [
              "200.1.1.218",
              "200.1.1.163",
              "192.168.25.93"
            ],
            "nfs_subnet_whitelist": [
              "172.22.163.0/255.255.255.0",
              "172.22.50.0/255.255.255.0",
              "192.168.128.0/255.255.255.0",
              "192.168.25.0/255.255.255.0",
              "192.168.25.108/255.255.255.255",
              "192.168.25.39/255.255.255.255",
              "192.168.25.46/255.255.255.255",
              "192.168.25.47/255.255.255.255",
              "192.168.3.0/255.255.255.0",
              "192.168.38.15/255.255.255.255",
              "192.168.38.16/255.255.255.255",
              "192.168.38.17/255.255.255.255",
              "192.168.39.15/255.255.255.255",
              "192.168.39.16/255.255.255.255",
              "192.168.39.17/255.255.255.255",
              "192.168.40.15/255.255.255.255",
              "192.168.40.16/255.255.255.255",
              "192.168.40.17/255.255.255.255",
              "192.168.41.15/255.255.255.255",
              "192.168.41.16/255.255.255.255",
              "192.168.41.17/255.255.255.255",
              "192.168.42.19/255.255.255.255",
              "192.168.42.21/255.255.255.255",
              "192.168.42.24/255.255.255.255",
              "192.168.42.26/255.255.255.255"
            ],
            "nodes": [
              {
                "ip": "127.0.0.1",
                "type": "AHV",
                "version": ""
              },
              {
                "ip": "192.168.3.144",
                "type": "AHV",
                "version": "el7.nutanix.20220304.342"
              },
              {
                "ip": "192.168.3.145",
                "type": "AHV",
                "version": "el7.nutanix.20220304.342"
              },
              {
                "ip": "192.168.3.74",
                "type": "AHV",
                "version": "el7.nutanix.20220304.342"
              },
              {
                "ip": "192.168.3.143",
                "type": "AHV",
                "version": "el7.nutanix.20220304.342"
              },
              {
                "ip": "192.168.3.76",
                "type": "AHV",
                "version": "el7.nutanix.20220304.342"
              },
              {
                "ip": "192.168.3.75",
                "type": "AHV",
                "version": "el7.nutanix.20220304.342"
              },
              {
                "ip": "192.168.3.73",
                "type": "AHV",
                "version": "el7.nutanix.20220304.342"
              }
            ],
            "ntp_server_ip_list": [
              "200.1.1.218",
              "200.1.1.163",
              "192.168.25.93"
            ],
            "operation_mode": "NORMAL",
            "owner_reference": {
              "kind": "user",
              "name": "gary.schwankl@lalux.lu",
              "uuid": "a5750378-e904-508d-9a54-e9f2226eb44a"
            },
            "project_reference": {},
            "service_list": [
              "AOS"
            ],
            "smtp_server_address": {
              "fqdn": "",
              "ip": "192.168.25.96",
              "ipv6": "",
              "port": "25"
            },
            "smtp_server_credentials": {},
            "smtp_server_email_address": "nutanix_AHV_dc1@lalux.lu",
            "smtp_server_proxy_type_list": [],
            "smtp_server_type": "PLAIN",
            "software_map_ncc": {
              "software_type": "NCC",
              "status": "INSTALLED",
              "version": "ncc-4.6.3.1"
            },
            "software_map_nos": {
              "software_type": "NOS",
              "status": "INSTALLED",
              "version": "6.5.2"
            },
            "ssl_key_expire_datetime": "2027-11-08T07:55:45Z",
            "ssl_key_name": "",
            "ssl_key_signing_info": {
              "city": "Luxembourg",
              "common_name": "LU480",
              "common_name_suffix": "",
              "country_code": "LU",
              "email_address": "asymidrange@lalux.lu\n",
              "organization": "La Luxembourgeoise S.A.",
              "state": "Luxembourg"
            },
            "ssl_key_type": "RSA_2048",
            "state": "COMPLETE",
            "supported_information_verbosity": "BASIC_PLUS_CORE_DUMP",
            "timezone": "Europe/Luxembourg"
          },
          "sensitive_attributes": []
        }
      ]
    },
    {
      "mode": "data",
      "type": "nutanix_cluster",
      "name": "pe_lu651",
      "provider": "provider[\"registry.terraform.io/nutanix/nutanix\"].dc3",
      "instances": [
        {
          "schema_version": 0,
          "attributes": {
            "analysis_vm_efficiency_map": {
              "bully_vm_num": "0",
              "constrained_vm_num": "8",
              "dead_vm_num": "16",
              "inefficient_vm_num": "208",
              "overprovisioned_vm_num": "191"
            },
            "api_version": "",
            "authorized_public_key_list": [],
            "build": {
              "build_type": "release",
              "commit_date": "",
              "commit_id": "f2ce4db7d67f495ebfd6208bef9ab0afec9c74af",
              "full_version": "el7.3-release-fraser-6.5.2-stable-f2ce4db7d67f495ebfd6208bef9ab0afec9c74af",
              "short_commit_id": "f2ce4d",
              "version": "6.5.2"
            },
            "ca_certificate_list": [],
            "categories": [
              {
                "name": "Images",
                "value": "Image_for_all_Clusters"
              }
            ],
            "certification_signing_info": {},
            "client_auth": {},
            "cluster_arch": "X86_64",
            "cluster_id": "0005bad6-a969-e524-1d79-ac1f6b3ddf74",
            "domain_server_credentials": {},
            "domain_server_name": "",
            "domain_server_nameserver": "",
            "enabled_feature_list": [
              "PASSWORD_REMOTE_LOGIN_ENABLED",
              "SHADOW_CLONES_ENABLED"
            ],
            "encryption_status": "NOT_SUPPORTED",
            "external_data_services_ip": "192.168.3.122",
            "external_ip": "192.168.3.56",
            "external_subnet": "192.168.3.0/255.255.255.0",
            "gpu_driver_version": "",
            "http_proxy_list": [],
            "http_proxy_whitelist": [
              {
                "target": "192.168.3.0/255.255.255.0",
                "target_type": "IPV4_NETWORK_MASK"
              },
              {
                "target": "192.168.10.0/255.255.255.0",
                "target_type": "IPV4_NETWORK_MASK"
              },
              {
                "target": "192.168.42.0/255.255.255.0",
                "target_type": "IPV4_NETWORK_MASK"
              },
              {
                "target": "192.168.25.0/255.255.255.0",
                "target_type": "IPV4_NETWORK_MASK"
              }
            ],
            "id": "0005bad6-a969-e524-1d79-ac1f6b3ddf74",
            "internal_subnet": "192.168.5.0/255.255.255.128",
            "is_available": true,
            "management_server_list": [],
            "masquerading_ip": "",
            "masquerading_port": 0,
            "metadata": {
              "creation_time": "2021-02-20 02:30:23 +0000 UTC",
              "last_update_time": "2022-05-04 07:01:10 +0000 UTC",
              "name": "",
              "spec_hash": "00000000000000000000000000000000000000000000000000",
              "spec_version": "57",
              "uuid": "0005bad6-a969-e524-1d79-ac1f6b3ddf74"
            },
            "name": "LU651",
            "name_server_ip_list": [
              "200.1.1.218",
              "200.1.1.163",
              "192.168.25.93"
            ],
            "nfs_subnet_whitelist": [
              "172.17.20.0/255.255.255.0",
              "192.168.128.0/255.255.255.0",
              "192.168.25.0/255.255.255.0",
              "192.168.25.108/255.255.255.255",
              "192.168.25.39/255.255.255.255",
              "192.168.25.46/255.255.255.255",
              "192.168.25.47/255.255.255.255",
              "192.168.38.15/255.255.255.255",
              "192.168.38.16/255.255.255.255",
              "192.168.38.17/255.255.255.255",
              "192.168.39.0/255.255.255.0",
              "192.168.39.16/255.255.255.255",
              "192.168.39.17/255.255.255.255",
              "192.168.40.15/255.255.255.255",
              "192.168.40.16/255.255.255.255",
              "192.168.40.17/255.255.255.255",
              "192.168.41.15/255.255.255.255",
              "192.168.41.16/255.255.255.255",
              "192.168.41.17/255.255.255.255",
              "192.168.42.0/255.255.255.0",
              "192.168.42.19/255.255.255.255",
              "192.168.42.21/255.255.255.255",
              "192.168.42.24/255.255.255.255",
              "192.168.42.26/255.255.255.255"
            ],
            "nodes": [
              {
                "ip": "127.0.0.1",
                "type": "AHV",
                "version": ""
              },
              {
                "ip": "192.168.3.148",
                "type": "AHV",
                "version": "el7.nutanix.20220304.342"
              },
              {
                "ip": "192.168.3.146",
                "type": "AHV",
                "version": "el7.nutanix.20220304.342"
              },
              {
                "ip": "192.168.3.147",
                "type": "AHV",
                "version": "el7.nutanix.20220304.342"
              },
              {
                "ip": "192.168.3.80",
                "type": "AHV",
                "version": "el7.nutanix.20220304.342"
              },
              {
                "ip": "192.168.3.79",
                "type": "AHV",
                "version": "el7.nutanix.20220304.342"
              },
              {
                "ip": "192.168.3.78",
                "type": "AHV",
                "version": "el7.nutanix.20220304.342"
              },
              {
                "ip": "192.168.3.77",
                "type": "AHV",
                "version": "el7.nutanix.20220304.342"
              }
            ],
            "ntp_server_ip_list": [
              "200.1.1.218",
              "200.1.1.163",
              "192.168.25.93"
            ],
            "operation_mode": "NORMAL",
            "owner_reference": {
              "kind": "user",
              "name": "gary.schwankl@lalux.lu",
              "uuid": "a5750378-e904-508d-9a54-e9f2226eb44a"
            },
            "project_reference": {},
            "service_list": [
              "AOS"
            ],
            "smtp_server_address": {
              "fqdn": "",
              "ip": "192.168.25.96",
              "ipv6": "",
              "port": "25"
            },
            "smtp_server_credentials": {},
            "smtp_server_email_address": "nutanix_AHV_dc3@lalux.lu",
            "smtp_server_proxy_type_list": [],
            "smtp_server_type": "PLAIN",
            "software_map_ncc": {
              "software_type": "NCC",
              "status": "INSTALLED",
              "version": "ncc-4.6.3.1"
            },
            "software_map_nos": {
              "software_type": "NOS",
              "status": "INSTALLED",
              "version": "6.5.2"
            },
            "ssl_key_expire_datetime": "2027-11-08T07:55:45Z",
            "ssl_key_name": "",
            "ssl_key_signing_info": {
              "city": "Luxembourg",
              "common_name": "LU480",
              "common_name_suffix": "",
              "country_code": "LU",
              "email_address": "asymidrange@lalux.lu\n",
              "organization": "La Luxembourgeoise S.A.",
              "state": "Luxembourg"
            },
            "ssl_key_type": "RSA_2048",
            "state": "COMPLETE",
            "supported_information_verbosity": "BASIC_PLUS_CORE_DUMP",
            "timezone": "Europe/Luxembourg"
          },
          "sensitive_attributes": []
        }
      ]
    },
    {
      "mode": "data",
      "type": "nutanix_image",
      "name": "rhel8-dc1",
      "provider": "provider[\"registry.terraform.io/nutanix/nutanix\"].dc1",
      "instances": [
        {
          "schema_version": 0,
          "attributes": {
            "api_version": "3.1",
            "architecture": null,
            "availability_zone_reference": {},
            "categories": [
              {
                "name": "Images",
                "value": "Linux_Standard_Image"
              }
            ],
            "checksum": {},
            "cluster_name": null,
            "cluster_references": [],
            "cluster_uuid": null,
            "current_cluster_reference_list": [
              {
                "kind": "cluster",
                "name": "",
                "uuid": "0005bad6-afcd-2116-0533-ac1f6b3ddca9"
              }
            ],
            "description": "RHEL8STD - October 2023",
            "id": "92e2ecfa-fa9c-400d-95b2-ab2e58013ec0",
            "image_id": null,
            "image_name": "RHEL8STD-latest",
            "image_type": "DISK_IMAGE",
            "metadata": {
              "creation_time": "2023-10-02 10:33:53 +0000 UTC",
              "last_update_time": "2023-10-02 10:34:17 +0000 UTC",
              "name": "",
              "spec_hash": "00000000000000000000000000000000000000000000000000",
              "spec_version": "2",
              "uuid": "92e2ecfa-fa9c-400d-95b2-ab2e58013ec0"
            },
            "name": "RHEL8STD-latest",
            "owner_reference": {
              "kind": "user",
              "name": "kwakou.missoh@lalux.lu",
              "uuid": "cee7acb0-a3ec-5884-98df-ec80fecf83d6"
            },
            "project_reference": null,
            "retrieval_uri_list": [
              "https://127.0.0.1:9440/api/nutanix/v3/images/92e2ecfa-fa9c-400d-95b2-ab2e58013ec0/file"
            ],
            "size_bytes": 53687091200,
            "source_uri": "file://92e2ecfa-fa9c-400d-95b2-ab2e58013ec0",
            "state": "COMPLETE",
            "version": null
          },
          "sensitive_attributes": []
        }
      ]
    },
    {
      "mode": "data",
      "type": "nutanix_image",
      "name": "rhel8-dc3",
      "provider": "provider[\"registry.terraform.io/nutanix/nutanix\"].dc3",
      "instances": [
        {
          "schema_version": 0,
          "attributes": {
            "api_version": "3.1",
            "architecture": null,
            "availability_zone_reference": {},
            "categories": [
              {
                "name": "Images",
                "value": "Linux_Standard_Image"
              }
            ],
            "checksum": {},
            "cluster_name": null,
            "cluster_references": [],
            "cluster_uuid": null,
            "current_cluster_reference_list": [
              {
                "kind": "cluster",
                "name": "",
                "uuid": "0005bad6-a969-e524-1d79-ac1f6b3ddf74"
              }
            ],
            "description": "RHEL8STD - October 2023",
            "id": "65d16f82-dce7-4102-bfa3-7374814d40d5",
            "image_id": null,
            "image_name": "RHEL8STD-latest",
            "image_type": "DISK_IMAGE",
            "metadata": {
              "creation_time": "2023-10-02 10:14:59 +0000 UTC",
              "last_update_time": "2023-10-02 10:15:27 +0000 UTC",
              "name": "",
              "spec_hash": "00000000000000000000000000000000000000000000000000",
              "spec_version": "2",
              "uuid": "65d16f82-dce7-4102-bfa3-7374814d40d5"
            },
            "name": "RHEL8STD-latest",
            "owner_reference": {
              "kind": "user",
              "name": "kwakou.missoh@lalux.lu",
              "uuid": "cee7acb0-a3ec-5884-98df-ec80fecf83d6"
            },
            "project_reference": null,
            "retrieval_uri_list": [
              "https://127.0.0.1:9440/api/nutanix/v3/images/65d16f82-dce7-4102-bfa3-7374814d40d5/file"
            ],
            "size_bytes": 53687091200,
            "source_uri": "file://65d16f82-dce7-4102-bfa3-7374814d40d5",
            "state": "COMPLETE",
            "version": null
          },
          "sensitive_attributes": []
        }
      ]
    },
    {
      "mode": "data",
      "type": "vsphere_compute_cluster",
      "name": "esx_cluster",
      "provider": "provider[\"registry.terraform.io/hashicorp/vsphere\"]",
      "instances": [
        {
          "schema_version": 0,
          "attributes": {
            "datacenter_id": "datacenter-2",
            "id": "domain-c41981",
            "name": "Cluster NUTANIX DMZ",
            "resource_pool_id": "resgroup-41982"
          },
          "sensitive_attributes": []
        }
      ]
    },
    {
      "mode": "data",
      "type": "vsphere_content_library",
      "name": "esx_lib1",
      "provider": "provider[\"registry.terraform.io/hashicorp/vsphere\"]",
      "instances": [
        {
          "schema_version": 0,
          "attributes": {
            "id": "06d526b7-2048-4b67-831a-7a2485ce81ae",
            "name": "Linux_Templates_DC1"
          },
          "sensitive_attributes": []
        }
      ]
    },
    {
      "mode": "data",
      "type": "vsphere_content_library",
      "name": "esx_lib2",
      "provider": "provider[\"registry.terraform.io/hashicorp/vsphere\"]",
      "instances": [
        {
          "schema_version": 0,
          "attributes": {
            "id": "d3be7193-08c6-481a-a132-de1510bd7a73",
            "name": "Linux_Templates_DC2"
          },
          "sensitive_attributes": []
        }
      ]
    },
    {
      "mode": "data",
      "type": "vsphere_content_library_item",
      "name": "esx_lib1_item",
      "provider": "provider[\"registry.terraform.io/hashicorp/vsphere\"]",
      "instances": [
        {
          "schema_version": 0,
          "attributes": {
            "id": "40e35860-d160-449c-aef0-5c5558a17ded",
            "library_id": "06d526b7-2048-4b67-831a-7a2485ce81ae",
            "name": "RHEL8STD-latest",
            "type": "ovf"
          },
          "sensitive_attributes": []
        }
      ]
    },
    {
      "mode": "data",
      "type": "vsphere_content_library_item",
      "name": "esx_lib2_item",
      "provider": "provider[\"registry.terraform.io/hashicorp/vsphere\"]",
      "instances": [
        {
          "schema_version": 0,
          "attributes": {
            "id": "a8fc66e2-e571-46b9-8597-aeda79b94e86",
            "library_id": "d3be7193-08c6-481a-a132-de1510bd7a73",
            "name": "RHEL8STD-latest",
            "type": "ovf"
          },
          "sensitive_attributes": []
        }
      ]
    },
    {
      "mode": "data",
      "type": "vsphere_datacenter",
      "name": "esx_dc",
      "provider": "provider[\"registry.terraform.io/hashicorp/vsphere\"]",
      "instances": [
        {
          "schema_version": 0,
          "attributes": {
            "id": "datacenter-2",
            "name": "LALUX"
          },
          "sensitive_attributes": []
        }
      ]
    },
    {
      "mode": "data",
      "type": "vsphere_datastore",
      "name": "NUT_DMZ_EXT_DC1_01",
      "provider": "provider[\"registry.terraform.io/hashicorp/vsphere\"]",
      "instances": [
        {
          "schema_version": 0,
          "attributes": {
            "datacenter_id": "datacenter-2",
            "id": "datastore-42138",
            "name": "NUT_DMZ_EXT_DC1_01"
          },
          "sensitive_attributes": []
        }
      ]
    },
    {
      "mode": "data",
      "type": "vsphere_datastore",
      "name": "NUT_DMZ_EXT_DC1_to_DC2",
      "provider": "provider[\"registry.terraform.io/hashicorp/vsphere\"]",
      "instances": [
        {
          "schema_version": 0,
          "attributes": {
            "datacenter_id": "datacenter-2",
            "id": "datastore-42402",
            "name": "NUT_DMZ_EXT_DC1_to_DC2"
          },
          "sensitive_attributes": []
        }
      ]
    },
    {
      "mode": "data",
      "type": "vsphere_datastore",
      "name": "NUT_DMZ_EXT_DC2_01",
      "provider": "provider[\"registry.terraform.io/hashicorp/vsphere\"]",
      "instances": [
        {
          "schema_version": 0,
          "attributes": {
            "datacenter_id": "datacenter-2",
            "id": "datastore-42141",
            "name": "NUT_DMZ_EXT_DC2_01"
          },
          "sensitive_attributes": []
        }
      ]
    },
    {
      "mode": "data",
      "type": "vsphere_datastore",
      "name": "NUT_DMZ_EXT_DC2_to_DC1",
      "provider": "provider[\"registry.terraform.io/hashicorp/vsphere\"]",
      "instances": [
        {
          "schema_version": 0,
          "attributes": {
            "datacenter_id": "datacenter-2",
            "id": "datastore-42404",
            "name": "NUT_DMZ_EXT_DC2_to_DC1"
          },
          "sensitive_attributes": []
        }
      ]
    },
    {
      "mode": "data",
      "type": "vsphere_datastore",
      "name": "NUT_DMZ_INT_DC1_01",
      "provider": "provider[\"registry.terraform.io/hashicorp/vsphere\"]",
      "instances": [
        {
          "schema_version": 0,
          "attributes": {
            "datacenter_id": "datacenter-2",
            "id": "datastore-42137",
            "name": "NUT_DMZ_INT_DC1_01"
          },
          "sensitive_attributes": []
        }
      ]
    },
    {
      "mode": "data",
      "type": "vsphere_datastore",
      "name": "NUT_DMZ_INT_DC1_to_DC2",
      "provider": "provider[\"registry.terraform.io/hashicorp/vsphere\"]",
      "instances": [
        {
          "schema_version": 0,
          "attributes": {
            "datacenter_id": "datacenter-2",
            "id": "datastore-42401",
            "name": "NUT_DMZ_INT_DC1_to_DC2"
          },
          "sensitive_attributes": []
        }
      ]
    },
    {
      "mode": "data",
      "type": "vsphere_datastore",
      "name": "NUT_DMZ_INT_DC2_01",
      "provider": "provider[\"registry.terraform.io/hashicorp/vsphere\"]",
      "instances": [
        {
          "schema_version": 0,
          "attributes": {
            "datacenter_id": "datacenter-2",
            "id": "datastore-42142",
            "name": "NUT_DMZ_INT_DC2_01"
          },
          "sensitive_attributes": []
        }
      ]
    },
    {
      "mode": "data",
      "type": "vsphere_datastore",
      "name": "NUT_DMZ_INT_DC2_to_DC1",
      "provider": "provider[\"registry.terraform.io/hashicorp/vsphere\"]",
      "instances": [
        {
          "schema_version": 0,
          "attributes": {
            "datacenter_id": "datacenter-2",
            "id": "datastore-42403",
            "name": "NUT_DMZ_INT_DC2_to_DC1"
          },
          "sensitive_attributes": []
        }
      ]
    },
    {
      "mode": "data",
      "type": "vsphere_host",
      "name": "nut-dmz-01",
      "provider": "provider[\"registry.terraform.io/hashicorp/vsphere\"]",
      "instances": [
        {
          "schema_version": 0,
          "attributes": {
            "datacenter_id": "datacenter-2",
            "id": "host-233427",
            "name": "nut-dmz-01.lalux.local",
            "resource_pool_id": "resgroup-41982"
          },
          "sensitive_attributes": []
        }
      ]
    },
    {
      "mode": "data",
      "type": "vsphere_host",
      "name": "nut-dmz-02",
      "provider": "provider[\"registry.terraform.io/hashicorp/vsphere\"]",
      "instances": [
        {
          "schema_version": 0,
          "attributes": {
            "datacenter_id": "datacenter-2",
            "id": "host-233518",
            "name": "nut-dmz-02.lalux.local",
            "resource_pool_id": "resgroup-41982"
          },
          "sensitive_attributes": []
        }
      ]
    },
    {
      "mode": "data",
      "type": "vsphere_host",
      "name": "nut-dmz-03",
      "provider": "provider[\"registry.terraform.io/hashicorp/vsphere\"]",
      "instances": [
        {
          "schema_version": 0,
          "attributes": {
            "datacenter_id": "datacenter-2",
            "id": "host-233887",
            "name": "nut-dmz-03.lalux.local",
            "resource_pool_id": "resgroup-41982"
          },
          "sensitive_attributes": []
        }
      ]
    },
    {
      "mode": "data",
      "type": "vsphere_host",
      "name": "nut-dmz-04",
      "provider": "provider[\"registry.terraform.io/hashicorp/vsphere\"]",
      "instances": [
        {
          "schema_version": 0,
          "attributes": {
            "datacenter_id": "datacenter-2",
            "id": "host-239063",
            "name": "nut-dmz-04.lalux.local",
            "resource_pool_id": "resgroup-41982"
          },
          "sensitive_attributes": []
        }
      ]
    },
    {
      "mode": "data",
      "type": "vsphere_host",
      "name": "nut-dmz-05",
      "provider": "provider[\"registry.terraform.io/hashicorp/vsphere\"]",
      "instances": [
        {
          "schema_version": 0,
          "attributes": {
            "datacenter_id": "datacenter-2",
            "id": "host-233629",
            "name": "nut-dmz-05.lalux.local",
            "resource_pool_id": "resgroup-41982"
          },
          "sensitive_attributes": []
        }
      ]
    },
    {
      "mode": "data",
      "type": "vsphere_host",
      "name": "nut-dmz-06",
      "provider": "provider[\"registry.terraform.io/hashicorp/vsphere\"]",
      "instances": [
        {
          "schema_version": 0,
          "attributes": {
            "datacenter_id": "datacenter-2",
            "id": "host-239157",
            "name": "nut-dmz-06.lalux.local",
            "resource_pool_id": "resgroup-41982"
          },
          "sensitive_attributes": []
        }
      ]
    },
    {
      "mode": "data",
      "type": "vsphere_host",
      "name": "nut-dmz-07",
      "provider": "provider[\"registry.terraform.io/hashicorp/vsphere\"]",
      "instances": [
        {
          "schema_version": 0,
          "attributes": {
            "datacenter_id": "datacenter-2",
            "id": "host-233524",
            "name": "nut-dmz-07.lalux.local",
            "resource_pool_id": "resgroup-41982"
          },
          "sensitive_attributes": []
        }
      ]
    },
    {
      "mode": "data",
      "type": "vsphere_host",
      "name": "nut-dmz-08",
      "provider": "provider[\"registry.terraform.io/hashicorp/vsphere\"]",
      "instances": [
        {
          "schema_version": 0,
          "attributes": {
            "datacenter_id": "datacenter-2",
            "id": "host-233624",
            "name": "nut-dmz-08.lalux.local",
            "resource_pool_id": "resgroup-41982"
          },
          "sensitive_attributes": []
        }
      ]
    },
    {
      "mode": "data",
      "type": "vsphere_network",
      "name": "DMZ_DKV_WEB",
      "provider": "provider[\"registry.terraform.io/hashicorp/vsphere\"]",
      "instances": [
        {
          "schema_version": 0,
          "attributes": {
            "datacenter_id": "datacenter-2",
            "distributed_virtual_switch_uuid": null,
            "id": "network-14236",
            "name": "DMZ_DKV_WEB",
            "type": "Network"
          },
          "sensitive_attributes": []
        }
      ]
    },
    {
      "mode": "data",
      "type": "vsphere_network",
      "name": "DMZ_EXT_Oracle_Mgmt",
      "provider": "provider[\"registry.terraform.io/hashicorp/vsphere\"]",
      "instances": [
        {
          "schema_version": 0,
          "attributes": {
            "datacenter_id": "datacenter-2",
            "distributed_virtual_switch_uuid": null,
            "id": "network-71004",
            "name": "DMZ_EXT_Oracle_Mgmt",
            "type": "Network"
          },
          "sensitive_attributes": []
        }
      ]
    },
    {
      "mode": "data",
      "type": "vsphere_network",
      "name": "DMZ_MGMT_EXT",
      "provider": "provider[\"registry.terraform.io/hashicorp/vsphere\"]",
      "instances": [
        {
          "schema_version": 0,
          "attributes": {
            "datacenter_id": "datacenter-2",
            "distributed_virtual_switch_uuid": null,
            "id": "network-11832",
            "name": "DMZ_MGMT_EXT",
            "type": "Network"
          },
          "sensitive_attributes": []
        }
      ]
    },
    {
      "mode": "data",
      "type": "vsphere_network",
      "name": "DMZ_MGMT_INT",
      "provider": "provider[\"registry.terraform.io/hashicorp/vsphere\"]",
      "instances": [
        {
          "schema_version": 0,
          "attributes": {
            "datacenter_id": "datacenter-2",
            "distributed_virtual_switch_uuid": null,
            "id": "network-21",
            "name": "DMZ_MGMT_INT",
            "type": "Network"
          },
          "sensitive_attributes": []
        }
      ]
    },
    {
      "mode": "data",
      "type": "vsphere_network",
      "name": "DMZ_MGMT_VLAN20",
      "provider": "provider[\"registry.terraform.io/hashicorp/vsphere\"]",
      "instances": [
        {
          "schema_version": 0,
          "attributes": {
            "datacenter_id": "datacenter-2",
            "distributed_virtual_switch_uuid": null,
            "id": "network-38",
            "name": "DMZ_MGMT_VLAN20",
            "type": "Network"
          },
          "sensitive_attributes": []
        }
      ]
    },
    {
      "mode": "data",
      "type": "vsphere_network",
      "name": "DMZ_PRO_APPMOBIL",
      "provider": "provider[\"registry.terraform.io/hashicorp/vsphere\"]",
      "instances": [
        {
          "schema_version": 0,
          "attributes": {
            "datacenter_id": "datacenter-2",
            "distributed_virtual_switch_uuid": null,
            "id": "network-82262",
            "name": "DMZ_PRO_APPMOBIL",
            "type": "Network"
          },
          "sensitive_attributes": []
        }
      ]
    },
    {
      "mode": "data",
      "type": "vsphere_network",
      "name": "DMZ_PRO_BITB_GW",
      "provider": "provider[\"registry.terraform.io/hashicorp/vsphere\"]",
      "instances": [
        {
          "schema_version": 0,
          "attributes": {
            "datacenter_id": "datacenter-2",
            "distributed_virtual_switch_uuid": null,
            "id": "network-26104",
            "name": "DMZ_PRO_BITB_GW",
            "type": "Network"
          },
          "sensitive_attributes": []
        }
      ]
    },
    {
      "mode": "data",
      "type": "vsphere_network",
      "name": "DMZ_PRO_INT_RHEL_MGMT",
      "provider": "provider[\"registry.terraform.io/hashicorp/vsphere\"]",
      "instances": [
        {
          "schema_version": 0,
          "attributes": {
            "datacenter_id": "datacenter-2",
            "distributed_virtual_switch_uuid": null,
            "id": "network-165607",
            "name": "DMZ_PRO_INT_RHEL_MGMT",
            "type": "Network"
          },
          "sensitive_attributes": []
        }
      ]
    },
    {
      "mode": "data",
      "type": "vsphere_network",
      "name": "PPR_APPLICATIONS",
      "provider": "provider[\"registry.terraform.io/hashicorp/vsphere\"]",
      "instances": [
        {
          "schema_version": 0,
          "attributes": {
            "datacenter_id": "datacenter-2",
            "distributed_virtual_switch_uuid": null,
            "id": "network-237082",
            "name": "PPR_APPLICATIONS",
            "type": "Network"
          },
          "sensitive_attributes": []
        }
      ]
    },
    {
      "mode": "data",
      "type": "vsphere_network",
      "name": "PPR_APPLICATIONS_LN",
      "provider": "provider[\"registry.terraform.io/hashicorp/vsphere\"]",
      "instances": [
        {
          "schema_version": 0,
          "attributes": {
            "datacenter_id": "datacenter-2",
            "distributed_virtual_switch_uuid": null,
            "id": "network-238410",
            "name": "PPR_APPLICATIONS_LN",
            "type": "Network"
          },
          "sensitive_attributes": []
        }
      ]
    },
    {
      "mode": "data",
      "type": "vsphere_network",
      "name": "PPR_APPLICATIONS_LV",
      "provider": "provider[\"registry.terraform.io/hashicorp/vsphere\"]",
      "instances": [
        {
          "schema_version": 0,
          "attributes": {
            "datacenter_id": "datacenter-2",
            "distributed_virtual_switch_uuid": null,
            "id": "network-238411",
            "name": "PPR_APPLICATIONS_LV",
            "type": "Network"
          },
          "sensitive_attributes": []
        }
      ]
    },
    {
      "mode": "data",
      "type": "vsphere_network",
      "name": "PPR_EPTS",
      "provider": "provider[\"registry.terraform.io/hashicorp/vsphere\"]",
      "instances": [
        {
          "schema_version": 0,
          "attributes": {
            "datacenter_id": "datacenter-2",
            "distributed_virtual_switch_uuid": null,
            "id": "network-237072",
            "name": "PPR_EPTS",
            "type": "Network"
          },
          "sensitive_attributes": []
        }
      ]
    },
    {
      "mode": "data",
      "type": "vsphere_network",
      "name": "PPR_INNOVAS",
      "provider": "provider[\"registry.terraform.io/hashicorp/vsphere\"]",
      "instances": [
        {
          "schema_version": 0,
          "attributes": {
            "datacenter_id": "datacenter-2",
            "distributed_virtual_switch_uuid": null,
            "id": "network-237070",
            "name": "PPR_INNOVAS",
            "type": "Network"
          },
          "sensitive_attributes": []
        }
      ]
    },
    {
      "mode": "data",
      "type": "vsphere_network",
      "name": "PPR_MAGIC",
      "provider": "provider[\"registry.terraform.io/hashicorp/vsphere\"]",
      "instances": [
        {
          "schema_version": 0,
          "attributes": {
            "datacenter_id": "datacenter-2",
            "distributed_virtual_switch_uuid": null,
            "id": "network-237069",
            "name": "PPR_MAGIC",
            "type": "Network"
          },
          "sensitive_attributes": []
        }
      ]
    },
    {
      "mode": "data",
      "type": "vsphere_network",
      "name": "PPR_REVERSE_PROXY_EXT",
      "provider": "provider[\"registry.terraform.io/hashicorp/vsphere\"]",
      "instances": [
        {
          "schema_version": 0,
          "attributes": {
            "datacenter_id": "datacenter-2",
            "distributed_virtual_switch_uuid": null,
            "id": "network-238391",
            "name": "PPR_REVERSE_PROXY_EXT",
            "type": "Network"
          },
          "sensitive_attributes": []
        }
      ]
    },
    {
      "mode": "data",
      "type": "vsphere_network",
      "name": "PPR_REVERSE_PROXY_INT",
      "provider": "provider[\"registry.terraform.io/hashicorp/vsphere\"]",
      "instances": [
        {
          "schema_version": 0,
          "attributes": {
            "datacenter_id": "datacenter-2",
            "distributed_virtual_switch_uuid": null,
            "id": "network-238397",
            "name": "PPR_REVERSE_PROXY_INT",
            "type": "Network"
          },
          "sensitive_attributes": []
        }
      ]
    },
    {
      "mode": "data",
      "type": "vsphere_network",
      "name": "PPR_SERVICES",
      "provider": "provider[\"registry.terraform.io/hashicorp/vsphere\"]",
      "instances": [
        {
          "schema_version": 0,
          "attributes": {
            "datacenter_id": "datacenter-2",
            "distributed_virtual_switch_uuid": null,
            "id": "network-237078",
            "name": "PPR_SERVICES",
            "type": "Network"
          },
          "sensitive_attributes": []
        }
      ]
    },
    {
      "mode": "data",
      "type": "vsphere_network",
      "name": "PPR_SERVICES_APROBAT",
      "provider": "provider[\"registry.terraform.io/hashicorp/vsphere\"]",
      "instances": [
        {
          "schema_version": 0,
          "attributes": {
            "datacenter_id": "datacenter-2",
            "distributed_virtual_switch_uuid": null,
            "id": "network-237074",
            "name": "PPR_SERVICES_APROBAT",
            "type": "Network"
          },
          "sensitive_attributes": []
        }
      ]
    },
    {
      "mode": "data",
      "type": "vsphere_network",
      "name": "PPR_SERVICES_DKV",
      "provider": "provider[\"registry.terraform.io/hashicorp/vsphere\"]",
      "instances": [
        {
          "schema_version": 0,
          "attributes": {
            "datacenter_id": "datacenter-2",
            "distributed_virtual_switch_uuid": null,
            "id": "network-237075",
            "name": "PPR_SERVICES_DKV",
            "type": "Network"
          },
          "sensitive_attributes": []
        }
      ]
    },
    {
      "mode": "data",
      "type": "vsphere_network",
      "name": "PPR_SERVICES_LN",
      "provider": "provider[\"registry.terraform.io/hashicorp/vsphere\"]",
      "instances": [
        {
          "schema_version": 0,
          "attributes": {
            "datacenter_id": "datacenter-2",
            "distributed_virtual_switch_uuid": null,
            "id": "network-238398",
            "name": "PPR_SERVICES_LN",
            "type": "Network"
          },
          "sensitive_attributes": []
        }
      ]
    },
    {
      "mode": "data",
      "type": "vsphere_network",
      "name": "PPR_SERVICES_LV",
      "provider": "provider[\"registry.terraform.io/hashicorp/vsphere\"]",
      "instances": [
        {
          "schema_version": 0,
          "attributes": {
            "datacenter_id": "datacenter-2",
            "distributed_virtual_switch_uuid": null,
            "id": "network-238409",
            "name": "PPR_SERVICES_LV",
            "type": "Network"
          },
          "sensitive_attributes": []
        }
      ]
    },
    {
      "mode": "data",
      "type": "vsphere_network",
      "name": "PPR_TECH_COMPONENTS",
      "provider": "provider[\"registry.terraform.io/hashicorp/vsphere\"]",
      "instances": [
        {
          "schema_version": 0,
          "attributes": {
            "datacenter_id": "datacenter-2",
            "distributed_virtual_switch_uuid": null,
            "id": "network-237084",
            "name": "PPR_TECH_COMPONENTS",
            "type": "Network"
          },
          "sensitive_attributes": []
        }
      ]
    },
    {
      "mode": "data",
      "type": "vsphere_network",
      "name": "PRO_AXWAY",
      "provider": "provider[\"registry.terraform.io/hashicorp/vsphere\"]",
      "instances": [
        {
          "schema_version": 0,
          "attributes": {
            "datacenter_id": "datacenter-2",
            "distributed_virtual_switch_uuid": null,
            "id": "network-239475",
            "name": "PRO_AXWAY",
            "type": "Network"
          },
          "sensitive_attributes": []
        }
      ]
    },
    {
      "mode": "data",
      "type": "vsphere_network",
      "name": "PRO_DEPLOY_APP",
      "provider": "provider[\"registry.terraform.io/hashicorp/vsphere\"]",
      "instances": [
        {
          "schema_version": 0,
          "attributes": {
            "datacenter_id": "datacenter-2",
            "distributed_virtual_switch_uuid": null,
            "id": "network-237997",
            "name": "PRO_DEPLOY_APP",
            "type": "Network"
          },
          "sensitive_attributes": []
        }
      ]
    },
    {
      "mode": "data",
      "type": "vsphere_network",
      "name": "PRO_SAP",
      "provider": "provider[\"registry.terraform.io/hashicorp/vsphere\"]",
      "instances": [
        {
          "schema_version": 0,
          "attributes": {
            "datacenter_id": "datacenter-2",
            "distributed_virtual_switch_uuid": null,
            "id": "network-234949",
            "name": "PRO_SAP",
            "type": "Network"
          },
          "sensitive_attributes": []
        }
      ]
    },
    {
      "mode": "data",
      "type": "vsphere_network",
      "name": "PRO_SAP_ROUTER_EXT",
      "provider": "provider[\"registry.terraform.io/hashicorp/vsphere\"]",
      "instances": [
        {
          "schema_version": 0,
          "attributes": {
            "datacenter_id": "datacenter-2",
            "distributed_virtual_switch_uuid": null,
            "id": "network-239634",
            "name": "PRO_SAP_ROUTER_EXT",
            "type": "Network"
          },
          "sensitive_attributes": []
        }
      ]
    },
    {
      "mode": "data",
      "type": "vsphere_network",
      "name": "REC_SAP",
      "provider": "provider[\"registry.terraform.io/hashicorp/vsphere\"]",
      "instances": [
        {
          "schema_version": 0,
          "attributes": {
            "datacenter_id": "datacenter-2",
            "distributed_virtual_switch_uuid": null,
            "id": "network-234948",
            "name": "REC_SAP",
            "type": "Network"
          },
          "sensitive_attributes": []
        }
      ]
    },
    {
      "mode": "data",
      "type": "vsphere_network",
      "name": "TST_AXWAY",
      "provider": "provider[\"registry.terraform.io/hashicorp/vsphere\"]",
      "instances": [
        {
          "schema_version": 0,
          "attributes": {
            "datacenter_id": "datacenter-2",
            "distributed_virtual_switch_uuid": null,
            "id": "network-239474",
            "name": "TST_AXWAY",
            "type": "Network"
          },
          "sensitive_attributes": []
        }
      ]
    },
    {
      "mode": "data",
      "type": "vsphere_network",
      "name": "TST_SAP",
      "provider": "provider[\"registry.terraform.io/hashicorp/vsphere\"]",
      "instances": [
        {
          "schema_version": 0,
          "attributes": {
            "datacenter_id": "datacenter-2",
            "distributed_virtual_switch_uuid": null,
            "id": "network-234947",
            "name": "TST_SAP",
            "type": "Network"
          },
          "sensitive_attributes": []
        }
      ]
    },
    {
      "mode": "data",
      "type": "vsphere_resource_pool",
      "name": "esx_pool",
      "provider": "provider[\"registry.terraform.io/hashicorp/vsphere\"]",
      "instances": [
        {
          "schema_version": 0,
          "attributes": {
            "datacenter_id": "datacenter-2",
            "id": "resgroup-41982",
            "name": "Cluster NUTANIX DMZ/Resources"
          },
          "sensitive_attributes": []
        }
      ]
    },
    {
      "mode": "managed",
      "type": "nutanix_virtual_machine",
      "name": "LU718",
      "provider": "provider[\"registry.terraform.io/nutanix/nutanix\"].dc1",
      "instances": [
        {
          "schema_version": 1,
          "attributes": {
            "api_version": "3.1",
            "availability_zone_reference": {},
            "boot_device_disk_address": {},
            "boot_device_mac_address": "",
            "boot_device_order_list": [],
            "boot_type": "UEFI",
            "categories": [],
            "cloud_init_cdrom_uuid": "7282ada2-12d3-4054-950e-57478dd6599a",
            "cluster_name": "LU650",
            "cluster_uuid": "0005bad6-afcd-2116-0533-ac1f6b3ddca9",
            "description": "VM TEST",
            "disk_list": [
              {
                "data_source_reference": {
                  "kind": "image",
                  "uuid": "92e2ecfa-fa9c-400d-95b2-ab2e58013ec0"
                },
                "device_properties": [
                  {
                    "device_type": "DISK",
                    "disk_address": {
                      "adapter_type": "SCSI",
                      "device_index": "0"
                    }
                  }
                ],
                "disk_size_bytes": 53687091200,
                "disk_size_mib": 51200,
                "storage_config": [
                  {
                    "flash_mode": "",
                    "storage_container_reference": [
                      {
                        "kind": "storage_container",
                        "name": "SelfServiceContainer",
                        "url": "",
                        "uuid": "5eae82e9-979a-4625-9012-d6f7607057f2"
                      }
                    ]
                  }
                ],
                "uuid": "f3de5265-d971-44e7-9118-d50adb198ea1",
                "volume_group_reference": {}
              },
              {
                "data_source_reference": {},
                "device_properties": [
                  {
                    "device_type": "DISK",
                    "disk_address": {
                      "adapter_type": "SCSI",
                      "device_index": "1"
                    }
                  }
                ],
                "disk_size_bytes": 53687091200,
                "disk_size_mib": 51200,
                "storage_config": [
                  {
                    "flash_mode": "",
                    "storage_container_reference": [
                      {
                        "kind": "storage_container",
                        "name": "NUT_AHV_DC1_01",
                        "url": "",
                        "uuid": "68f3f950-143e-41a9-87fa-6806dfaacaa8"
                      }
                    ]
                  }
                ],
                "uuid": "928d4019-10b1-4c4c-b148-e922883f3991",
                "volume_group_reference": {}
              }
            ],
            "enable_cpu_passthrough": false,
            "enable_script_exec": false,
            "gpu_list": [],
            "guest_customization_cloud_init_custom_key_values": {},
            "guest_customization_cloud_init_meta_data": "",
            "guest_customization_cloud_init_user_data": "I2Nsb3VkLWNvbmZpZwpydW5jbWQ6CiAgIC0gbm1jbGkgY29ubmVjdGlvbiBtaWdyYXRlCiAgIC0gbm1jbGkgY29uIGRvd24gIlN5c3RlbSBlbnMzIgogICAtIG5tY2xpIGNvbiBkZWwgIlN5c3RlbSBlbnMzIgogICAtIG5tY2xpIGNvbiBhZGQgY29uLW5hbWUgZW5zMyBpZm5hbWUgZW5zMyB0eXBlIGV0aGVybmV0IGlwNCAyMDAuMS4xLjEwNSBndzQgMjAwLjEuMS4yNDAgaXB2NC5kbnMgImRuczEgZG5zMiIKICAgLSBubWNsaSBjb24gdXAgZW5zMwogICAtIG5tY2xpIGdlbmVyYWwgcmVsb2FkCiAgIC0gbm1jbGkgY29ubmVjdGlvbiByZWxvYWQKCmhvc3RuYW1lOiBsdTcxOApmcWRuOiBsdTcxOC5sYWx1eC5sb2NhbAoKdXNlcnM6CiAgLSBuYW1lOiBsb2NhbGFkbWluCiAgICBzc2gtYXV0aG9yaXplZC1rZXlzOgogICAgICAtIHNzaC1yc2EgQUFBQUIzTnphQzF5YzJFQUFBQURBUUFCQUFBQmdRQy9sRzhRaXdsY3BGSjc2UUVMOWluVDN4d0ZvdHBLK2RoVCtkaGVieG5PUW84Wkw3bHFRU2grNU1ZNVNlbjh6TnkzSzVXdWtYbFRsZmFzMjd2eEV1MHRzLzRYQ0FlYUpEZFkwN243Yjg2clRpK2sxZUROaHBkZ20zT2NSNXJlNkpEaFM0QXN0eHViODRVb01oUmpCMHNPVXlhUzRZeG5XU0hRdG1PbUtNN0h2cEErVkwrWXFwTzhpWlVBVG9EbFgzK3NaUnJwTThWS1AyZ0lWWU1TTVpsSW1YczY0YlhJS1g3VGk1Rk5ZTVhWNEpOTjFtejRxSFZzNWdITnZ5ek5vbG1xbUZZRnlUYjNaUjd6SjdMVTZ1SjlDWGNQVE9iZ0hwR1M5Syt0WmhZZXNwYzB1Q2xBekVrajBTdUZIbkpQTldydEQzL0F3VW5BcitrVU1od1d0OG9ObHhvTWxmaXQzdmNUS0RraERiZXU3aDM0azlmclExR0ZldWlnT1MwR213Z3RUYlVCdXlRdEk2bjdvZFVUQXRTa2tuNGFhUzBVZ1Y2WU40OTE1YUM4TS9zTW5LNHVIL2x4Slo0ak9VS1RvU0IrTmJKcHRUYzVMTGlLM1dtZUNTRzhSUEI5VStSaTl2MklJeFpIaVZ2Wno1cEJ1V01FZUN4b2h0MnZOeWs5d2xzPSBnaXRsYWItcnVubmVyQHJoLXN1Ym1hbi5sYWx1eC5sb2NhbAoKY2hwYXNzd2Q6CiAgbGlzdDogfAogICAgbG9jYWxhZG1pbjogTEBsdXgwMTIzNDU2Nzg5Iw==",
            "guest_customization_is_overridable": false,
            "guest_customization_sysprep": {},
            "guest_customization_sysprep_custom_key_values": {},
            "guest_os_id": "",
            "hardware_clock_timezone": "UTC",
            "host_reference": {
              "kind": "host",
              "name": "192.168.3.144",
              "uuid": "9db669f6-7db2-419e-851f-3f7f43e682a4"
            },
            "hypervisor_type": null,
            "id": "d1c2d6ba-fc44-4541-b7a8-d8326da3f3d3",
            "is_vcpu_hard_pinned": false,
            "machine_type": "PC",
            "memory_size_mib": 2048,
            "metadata": {
              "creation_time": "2023-10-04 14:11:33 +0000 UTC",
              "last_update_time": "2023-10-04 14:11:33 +0000 UTC",
              "name": "",
              "spec_hash": "",
              "spec_version": "0",
              "uuid": "d1c2d6ba-fc44-4541-b7a8-d8326da3f3d3"
            },
            "name": "LU718",
            "ngt_credentials": {},
            "ngt_enabled_capability_list": [],
            "nic_list": [
              {
                "ip_endpoint_list": [],
                "is_connected": "true",
                "mac_address": "50:6b:8d:ff:45:b8",
                "model": "",
                "network_function_chain_reference": {},
                "network_function_nic_type": "",
                "nic_type": "NORMAL_NIC",
                "num_queues": 0,
                "subnet_name": "Production",
                "subnet_uuid": "0cd904d5-187c-4701-ad94-12bda719dcac",
                "uuid": "ca1b3a67-e5a9-4d0f-adfa-f6b16dcb01a4"
              }
            ],
            "nic_list_status": [
              {
                "floating_ip": "",
                "ip_endpoint_list": [
                  {
                    "ip": "200.1.1.70",
                    "type": "LEARNED"
                  }
                ],
                "is_connected": "true",
                "mac_address": "50:6b:8d:ff:45:b8",
                "model": "",
                "network_function_chain_reference": {},
                "network_function_nic_type": "",
                "nic_type": "NORMAL_NIC",
                "num_queues": 0,
                "subnet_name": "Production",
                "subnet_uuid": "0cd904d5-187c-4701-ad94-12bda719dcac",
                "uuid": "ca1b3a67-e5a9-4d0f-adfa-f6b16dcb01a4"
              }
            ],
            "num_sockets": 1,
            "num_vcpus_per_socket": 1,
            "num_vnuma_nodes": 0,
            "nutanix_guest_tools": {},
            "owner_reference": {
              "kind": "user",
              "name": "kwakou.missoh@lalux.lu",
              "uuid": "cee7acb0-a3ec-5884-98df-ec80fecf83d6"
            },
            "parent_reference": {},
            "power_state": "ON",
            "power_state_mechanism": "HARD",
            "project_reference": {
              "kind": "project",
              "name": "_internal",
              "uuid": "61653437-84bd-41ad-bd1c-ecc7d732d87b"
            },
            "serial_port_list": [],
            "should_fail_on_script_failure": false,
            "state": "COMPLETE",
            "timeouts": null,
            "use_hot_add": true,
            "vga_console_enabled": true
          },
          "sensitive_attributes": [],
          "private": "eyJlMmJmYjczMC1lY2FhLTExZTYtOGY4OC0zNDM2M2JjN2M0YzAiOnsiY3JlYXRlIjozNjAwMDAwMDAwMDAwLCJkZWxldGUiOjM2MDAwMDAwMDAwMDAsInVwZGF0ZSI6MzYwMDAwMDAwMDAwMH0sInNjaGVtYV92ZXJzaW9uIjoiMSJ9",
          "dependencies": [
            "data.nutanix_cluster.pe_lu650",
            "data.nutanix_image.rhel8-dc1"
          ]
        }
      ]
    }
  ],
  "check_results": []
}
