{
  "version": 4,
  "terraform_version": "1.3.3",
  "serial": 310,
  "lineage": "87e4a7b9-cba7-61d3-2b05-803d42fc7d99",
  "outputs": {},
  "resources": [
    {
      "mode": "data",
      "type": "nutanix_cluster",
      "name": "pe_lu650",
      "provider": "provider[\"registry.terraform.io/nutanix/nutanix\"].dc1",
      "instances": [
        {
          "schema_version": 0,
          "attributes": {
            "analysis_vm_efficiency_map": {
              "bully_vm_num": "0",
              "constrained_vm_num": "5",
              "dead_vm_num": "15",
              "inefficient_vm_num": "214",
              "overprovisioned_vm_num": "195"
            },
            "api_version": "",
            "authorized_public_key_list": [],
            "build": {
              "build_type": "release",
              "commit_date": "",
              "commit_id": "f2ce4db7d67f495ebfd6208bef9ab0afec9c74af",
              "full_version": "el7.3-release-fraser-6.5.2-stable-f2ce4db7d67f495ebfd6208bef9ab0afec9c74af",
              "short_commit_id": "f2ce4d",
              "version": "6.5.2"
            },
            "ca_certificate_list": [],
            "categories": [
              {
                "name": "Images",
                "value": "Image_for_all_Clusters"
              }
            ],
            "certification_signing_info": {},
            "client_auth": {},
            "cluster_arch": "X86_64",
            "cluster_id": "0005bad6-afcd-2116-0533-ac1f6b3ddca9",
            "domain_server_credentials": {},
            "domain_server_name": "",
            "domain_server_nameserver": "",
            "enabled_feature_list": [
              "PASSWORD_REMOTE_LOGIN_ENABLED",
              "SHADOW_CLONES_ENABLED"
            ],
            "encryption_status": "NOT_SUPPORTED",
            "external_data_services_ip": "192.168.3.121",
            "external_ip": "192.168.3.59",
            "external_subnet": "192.168.3.0/255.255.255.0",
            "gpu_driver_version": "",
            "http_proxy_list": [],
            "http_proxy_whitelist": [
              {
                "target": "192.168.3.0/255.255.255.0",
                "target_type": "IPV4_NETWORK_MASK"
              },
              {
                "target": "192.168.10.0/255.255.255.0",
                "target_type": "IPV4_NETWORK_MASK"
              },
              {
                "target": "192.168.25.0/255.255.255.0",
                "target_type": "IPV4_NETWORK_MASK"
              },
              {
                "target": "172.22.163.0/255.255.255.0",
                "target_type": "IPV4_NETWORK_MASK"
              }
            ],
            "id": "0005bad6-afcd-2116-0533-ac1f6b3ddca9",
            "internal_subnet": "192.168.5.0/255.255.255.128",
            "is_available": true,
            "management_server_list": [],
            "masquerading_ip": "",
            "masquerading_port": 0,
            "metadata": {
              "creation_time": "2021-02-20 02:23:20 +0000 UTC",
              "last_update_time": "2022-05-04 07:00:47 +0000 UTC",
              "name": "",
              "spec_hash": "00000000000000000000000000000000000000000000000000",
              "spec_version": "73",
              "uuid": "0005bad6-afcd-2116-0533-ac1f6b3ddca9"
            },
            "name": "LU650",
            "name_server_ip_list": [
              "200.1.1.218",
              "200.1.1.163",
              "192.168.25.93"
            ],
            "nfs_subnet_whitelist": [
              "172.22.163.0/255.255.255.0",
              "172.22.50.0/255.255.255.0",
              "192.168.128.0/255.255.255.0",
              "192.168.25.0/255.255.255.0",
              "192.168.25.108/255.255.255.255",
              "192.168.25.39/255.255.255.255",
              "192.168.25.46/255.255.255.255",
              "192.168.25.47/255.255.255.255",
              "192.168.3.0/255.255.255.0",
              "192.168.38.15/255.255.255.255",
              "192.168.38.16/255.255.255.255",
              "192.168.38.17/255.255.255.255",
              "192.168.39.15/255.255.255.255",
              "192.168.39.16/255.255.255.255",
              "192.168.39.17/255.255.255.255",
              "192.168.40.15/255.255.255.255",
              "192.168.40.16/255.255.255.255",
              "192.168.40.17/255.255.255.255",
              "192.168.41.15/255.255.255.255",
              "192.168.41.16/255.255.255.255",
              "192.168.41.17/255.255.255.255",
              "192.168.42.19/255.255.255.255",
              "192.168.42.21/255.255.255.255",
              "192.168.42.24/255.255.255.255",
              "192.168.42.26/255.255.255.255"
            ],
            "nodes": [
              {
                "ip": "127.0.0.1",
                "type": "AHV",
                "version": ""
              },
              {
                "ip": "192.168.3.144",
                "type": "AHV",
                "version": "el7.nutanix.20220304.342"
              },
              {
                "ip": "192.168.3.145",
                "type": "AHV",
                "version": "el7.nutanix.20220304.342"
              },
              {
                "ip": "192.168.3.74",
                "type": "AHV",
                "version": "el7.nutanix.20220304.342"
              },
              {
                "ip": "192.168.3.143",
                "type": "AHV",
                "version": "el7.nutanix.20220304.342"
              },
              {
                "ip": "192.168.3.76",
                "type": "AHV",
                "version": "el7.nutanix.20220304.342"
              },
              {
                "ip": "192.168.3.75",
                "type": "AHV",
                "version": "el7.nutanix.20220304.342"
              },
              {
                "ip": "192.168.3.73",
                "type": "AHV",
                "version": "el7.nutanix.20220304.342"
              }
            ],
            "ntp_server_ip_list": [
              "200.1.1.218",
              "200.1.1.163",
              "192.168.25.93"
            ],
            "operation_mode": "NORMAL",
            "owner_reference": {
              "kind": "user",
              "name": "gary.schwankl@lalux.lu",
              "uuid": "a5750378-e904-508d-9a54-e9f2226eb44a"
            },
            "project_reference": {},
            "service_list": [
              "AOS"
            ],
            "smtp_server_address": {
              "fqdn": "",
              "ip": "192.168.25.96",
              "ipv6": "",
              "port": "25"
            },
            "smtp_server_credentials": {},
            "smtp_server_email_address": "nutanix_AHV_dc1@lalux.lu",
            "smtp_server_proxy_type_list": [],
            "smtp_server_type": "PLAIN",
            "software_map_ncc": {
              "software_type": "NCC",
              "status": "INSTALLED",
              "version": "ncc-4.6.3.1"
            },
            "software_map_nos": {
              "software_type": "NOS",
              "status": "INSTALLED",
              "version": "6.5.2"
            },
            "ssl_key_expire_datetime": "2027-11-08T07:55:45Z",
            "ssl_key_name": "",
            "ssl_key_signing_info": {
              "city": "Luxembourg",
              "common_name": "LU480",
              "common_name_suffix": "",
              "country_code": "LU",
              "email_address": "asymidrange@lalux.lu\n",
              "organization": "La Luxembourgeoise S.A.",
              "state": "Luxembourg"
            },
            "ssl_key_type": "RSA_2048",
            "state": "COMPLETE",
            "supported_information_verbosity": "BASIC_PLUS_CORE_DUMP",
            "timezone": "Europe/Luxembourg"
          },
          "sensitive_attributes": []
        }
      ]
    },
    {
      "mode": "data",
      "type": "nutanix_cluster",
      "name": "pe_lu651",
      "provider": "provider[\"registry.terraform.io/nutanix/nutanix\"].dc3",
      "instances": [
        {
          "schema_version": 0,
          "attributes": {
            "analysis_vm_efficiency_map": {
              "bully_vm_num": "0",
              "constrained_vm_num": "8",
              "dead_vm_num": "16",
              "inefficient_vm_num": "207",
              "overprovisioned_vm_num": "190"
            },
            "api_version": "",
            "authorized_public_key_list": [],
            "build": {
              "build_type": "release",
              "commit_date": "",
              "commit_id": "f2ce4db7d67f495ebfd6208bef9ab0afec9c74af",
              "full_version": "el7.3-release-fraser-6.5.2-stable-f2ce4db7d67f495ebfd6208bef9ab0afec9c74af",
              "short_commit_id": "f2ce4d",
              "version": "6.5.2"
            },
            "ca_certificate_list": [],
            "categories": [
              {
                "name": "Images",
                "value": "Image_for_all_Clusters"
              }
            ],
            "certification_signing_info": {},
            "client_auth": {},
            "cluster_arch": "X86_64",
            "cluster_id": "0005bad6-a969-e524-1d79-ac1f6b3ddf74",
            "domain_server_credentials": {},
            "domain_server_name": "",
            "domain_server_nameserver": "",
            "enabled_feature_list": [
              "PASSWORD_REMOTE_LOGIN_ENABLED",
              "SHADOW_CLONES_ENABLED"
            ],
            "encryption_status": "NOT_SUPPORTED",
            "external_data_services_ip": "192.168.3.122",
            "external_ip": "192.168.3.56",
            "external_subnet": "192.168.3.0/255.255.255.0",
            "gpu_driver_version": "",
            "http_proxy_list": [],
            "http_proxy_whitelist": [
              {
                "target": "192.168.3.0/255.255.255.0",
                "target_type": "IPV4_NETWORK_MASK"
              },
              {
                "target": "192.168.10.0/255.255.255.0",
                "target_type": "IPV4_NETWORK_MASK"
              },
              {
                "target": "192.168.42.0/255.255.255.0",
                "target_type": "IPV4_NETWORK_MASK"
              },
              {
                "target": "192.168.25.0/255.255.255.0",
                "target_type": "IPV4_NETWORK_MASK"
              }
            ],
            "id": "0005bad6-a969-e524-1d79-ac1f6b3ddf74",
            "internal_subnet": "192.168.5.0/255.255.255.128",
            "is_available": true,
            "management_server_list": [],
            "masquerading_ip": "",
            "masquerading_port": 0,
            "metadata": {
              "creation_time": "2021-02-20 02:30:23 +0000 UTC",
              "last_update_time": "2022-05-04 07:01:10 +0000 UTC",
              "name": "",
              "spec_hash": "00000000000000000000000000000000000000000000000000",
              "spec_version": "57",
              "uuid": "0005bad6-a969-e524-1d79-ac1f6b3ddf74"
            },
            "name": "LU651",
            "name_server_ip_list": [
              "200.1.1.218",
              "200.1.1.163",
              "192.168.25.93"
            ],
            "nfs_subnet_whitelist": [
              "172.17.20.0/255.255.255.0",
              "192.168.128.0/255.255.255.0",
              "192.168.25.0/255.255.255.0",
              "192.168.25.108/255.255.255.255",
              "192.168.25.39/255.255.255.255",
              "192.168.25.46/255.255.255.255",
              "192.168.25.47/255.255.255.255",
              "192.168.38.15/255.255.255.255",
              "192.168.38.16/255.255.255.255",
              "192.168.38.17/255.255.255.255",
              "192.168.39.0/255.255.255.0",
              "192.168.39.16/255.255.255.255",
              "192.168.39.17/255.255.255.255",
              "192.168.40.15/255.255.255.255",
              "192.168.40.16/255.255.255.255",
              "192.168.40.17/255.255.255.255",
              "192.168.41.15/255.255.255.255",
              "192.168.41.16/255.255.255.255",
              "192.168.41.17/255.255.255.255",
              "192.168.42.0/255.255.255.0",
              "192.168.42.19/255.255.255.255",
              "192.168.42.21/255.255.255.255",
              "192.168.42.24/255.255.255.255",
              "192.168.42.26/255.255.255.255"
            ],
            "nodes": [
              {
                "ip": "127.0.0.1",
                "type": "AHV",
                "version": ""
              },
              {
                "ip": "192.168.3.148",
                "type": "AHV",
                "version": "el7.nutanix.20220304.342"
              },
              {
                "ip": "192.168.3.146",
                "type": "AHV",
                "version": "el7.nutanix.20220304.342"
              },
              {
                "ip": "192.168.3.147",
                "type": "AHV",
                "version": "el7.nutanix.20220304.342"
              },
              {
                "ip": "192.168.3.80",
                "type": "AHV",
                "version": "el7.nutanix.20220304.342"
              },
              {
                "ip": "192.168.3.79",
                "type": "AHV",
                "version": "el7.nutanix.20220304.342"
              },
              {
                "ip": "192.168.3.78",
                "type": "AHV",
                "version": "el7.nutanix.20220304.342"
              },
              {
                "ip": "192.168.3.77",
                "type": "AHV",
                "version": "el7.nutanix.20220304.342"
              }
            ],
            "ntp_server_ip_list": [
              "200.1.1.218",
              "200.1.1.163",
              "192.168.25.93"
            ],
            "operation_mode": "NORMAL",
            "owner_reference": {
              "kind": "user",
              "name": "gary.schwankl@lalux.lu",
              "uuid": "a5750378-e904-508d-9a54-e9f2226eb44a"
            },
            "project_reference": {},
            "service_list": [
              "AOS"
            ],
            "smtp_server_address": {
              "fqdn": "",
              "ip": "192.168.25.96",
              "ipv6": "",
              "port": "25"
            },
            "smtp_server_credentials": {},
            "smtp_server_email_address": "nutanix_AHV_dc3@lalux.lu",
            "smtp_server_proxy_type_list": [],
            "smtp_server_type": "PLAIN",
            "software_map_ncc": {
              "software_type": "NCC",
              "status": "INSTALLED",
              "version": "ncc-4.6.3.1"
            },
            "software_map_nos": {
              "software_type": "NOS",
              "status": "INSTALLED",
              "version": "6.5.2"
            },
            "ssl_key_expire_datetime": "2027-11-08T07:55:45Z",
            "ssl_key_name": "",
            "ssl_key_signing_info": {
              "city": "Luxembourg",
              "common_name": "LU480",
              "common_name_suffix": "",
              "country_code": "LU",
              "email_address": "asymidrange@lalux.lu\n",
              "organization": "La Luxembourgeoise S.A.",
              "state": "Luxembourg"
            },
            "ssl_key_type": "RSA_2048",
            "state": "COMPLETE",
            "supported_information_verbosity": "BASIC_PLUS_CORE_DUMP",
            "timezone": "Europe/Luxembourg"
          },
          "sensitive_attributes": []
        }
      ]
    },
    {
      "mode": "data",
      "type": "nutanix_image",
      "name": "rhel8-dc1",
      "provider": "provider[\"registry.terraform.io/nutanix/nutanix\"].dc1",
      "instances": [
        {
          "schema_version": 0,
          "attributes": {
            "api_version": "3.1",
            "architecture": null,
            "availability_zone_reference": {},
            "categories": [
              {
                "name": "Images",
                "value": "Linux_Standard_Image"
              }
            ],
            "checksum": {},
            "cluster_name": null,
            "cluster_references": [],
            "cluster_uuid": null,
            "current_cluster_reference_list": [
              {
                "kind": "cluster",
                "name": "",
                "uuid": "0005bad6-afcd-2116-0533-ac1f6b3ddca9"
              }
            ],
            "description": "RHEL8STD - October 2023",
            "id": "92e2ecfa-fa9c-400d-95b2-ab2e58013ec0",
            "image_id": null,
            "image_name": "RHEL8STD-latest",
            "image_type": "DISK_IMAGE",
            "metadata": {
              "creation_time": "2023-10-02 10:33:53 +0000 UTC",
              "last_update_time": "2023-10-02 10:34:17 +0000 UTC",
              "name": "",
              "spec_hash": "00000000000000000000000000000000000000000000000000",
              "spec_version": "2",
              "uuid": "92e2ecfa-fa9c-400d-95b2-ab2e58013ec0"
            },
            "name": "RHEL8STD-latest",
            "owner_reference": {
              "kind": "user",
              "name": "kwakou.missoh@lalux.lu",
              "uuid": "cee7acb0-a3ec-5884-98df-ec80fecf83d6"
            },
            "project_reference": null,
            "retrieval_uri_list": [
              "https://127.0.0.1:9440/api/nutanix/v3/images/92e2ecfa-fa9c-400d-95b2-ab2e58013ec0/file"
            ],
            "size_bytes": 53687091200,
            "source_uri": "file://92e2ecfa-fa9c-400d-95b2-ab2e58013ec0",
            "state": "COMPLETE",
            "version": null
          },
          "sensitive_attributes": []
        }
      ]
    },
    {
      "mode": "data",
      "type": "nutanix_image",
      "name": "rhel8-dc3",
      "provider": "provider[\"registry.terraform.io/nutanix/nutanix\"].dc3",
      "instances": [
        {
          "schema_version": 0,
          "attributes": {
            "api_version": "3.1",
            "architecture": null,
            "availability_zone_reference": {},
            "categories": [
              {
                "name": "Images",
                "value": "Linux_Standard_Image"
              }
            ],
            "checksum": {},
            "cluster_name": null,
            "cluster_references": [],
            "cluster_uuid": null,
            "current_cluster_reference_list": [
              {
                "kind": "cluster",
                "name": "",
                "uuid": "0005bad6-a969-e524-1d79-ac1f6b3ddf74"
              }
            ],
            "description": "RHEL8STD - October 2023",
            "id": "65d16f82-dce7-4102-bfa3-7374814d40d5",
            "image_id": null,
            "image_name": "RHEL8STD-latest",
            "image_type": "DISK_IMAGE",
            "metadata": {
              "creation_time": "2023-10-02 10:14:59 +0000 UTC",
              "last_update_time": "2023-10-02 10:15:27 +0000 UTC",
              "name": "",
              "spec_hash": "00000000000000000000000000000000000000000000000000",
              "spec_version": "2",
              "uuid": "65d16f82-dce7-4102-bfa3-7374814d40d5"
            },
            "name": "RHEL8STD-latest",
            "owner_reference": {
              "kind": "user",
              "name": "kwakou.missoh@lalux.lu",
              "uuid": "cee7acb0-a3ec-5884-98df-ec80fecf83d6"
            },
            "project_reference": null,
            "retrieval_uri_list": [
              "https://127.0.0.1:9440/api/nutanix/v3/images/65d16f82-dce7-4102-bfa3-7374814d40d5/file"
            ],
            "size_bytes": 53687091200,
            "source_uri": "file://65d16f82-dce7-4102-bfa3-7374814d40d5",
            "state": "COMPLETE",
            "version": null
          },
          "sensitive_attributes": []
        }
      ]
    },
    {
      "mode": "data",
      "type": "vsphere_compute_cluster",
      "name": "esx_cluster",
      "provider": "provider[\"registry.terraform.io/hashicorp/vsphere\"]",
      "instances": [
        {
          "schema_version": 0,
          "attributes": {
            "datacenter_id": "datacenter-2",
            "id": "domain-c41981",
            "name": "Cluster NUTANIX DMZ",
            "resource_pool_id": "resgroup-41982"
          },
          "sensitive_attributes": []
        }
      ]
    },
    {
      "mode": "data",
      "type": "vsphere_content_library",
      "name": "esx_lib1",
      "provider": "provider[\"registry.terraform.io/hashicorp/vsphere\"]",
      "instances": [
        {
          "schema_version": 0,
          "attributes": {
            "id": "06d526b7-2048-4b67-831a-7a2485ce81ae",
            "name": "Linux_Templates_DC1"
          },
          "sensitive_attributes": []
        }
      ]
    },
    {
      "mode": "data",
      "type": "vsphere_content_library",
      "name": "esx_lib2",
      "provider": "provider[\"registry.terraform.io/hashicorp/vsphere\"]",
      "instances": [
        {
          "schema_version": 0,
          "attributes": {
            "id": "d3be7193-08c6-481a-a132-de1510bd7a73",
            "name": "Linux_Templates_DC2"
          },
          "sensitive_attributes": []
        }
      ]
    },
    {
      "mode": "data",
      "type": "vsphere_content_library_item",
      "name": "esx_lib1_item",
      "provider": "provider[\"registry.terraform.io/hashicorp/vsphere\"]",
      "instances": [
        {
          "schema_version": 0,
          "attributes": {
            "id": "40e35860-d160-449c-aef0-5c5558a17ded",
            "library_id": "06d526b7-2048-4b67-831a-7a2485ce81ae",
            "name": "RHEL8STD-latest",
            "type": "ovf"
          },
          "sensitive_attributes": []
        }
      ]
    },
    {
      "mode": "data",
      "type": "vsphere_content_library_item",
      "name": "esx_lib2_item",
      "provider": "provider[\"registry.terraform.io/hashicorp/vsphere\"]",
      "instances": [
        {
          "schema_version": 0,
          "attributes": {
            "id": "a8fc66e2-e571-46b9-8597-aeda79b94e86",
            "library_id": "d3be7193-08c6-481a-a132-de1510bd7a73",
            "name": "RHEL8STD-latest",
            "type": "ovf"
          },
          "sensitive_attributes": []
        }
      ]
    },
    {
      "mode": "data",
      "type": "vsphere_datacenter",
      "name": "esx_dc",
      "provider": "provider[\"registry.terraform.io/hashicorp/vsphere\"]",
      "instances": [
        {
          "schema_version": 0,
          "attributes": {
            "id": "datacenter-2",
            "name": "LALUX"
          },
          "sensitive_attributes": []
        }
      ]
    },
    {
      "mode": "data",
      "type": "vsphere_datastore",
      "name": "NUT_DMZ_EXT_DC1_01",
      "provider": "provider[\"registry.terraform.io/hashicorp/vsphere\"]",
      "instances": [
        {
          "schema_version": 0,
          "attributes": {
            "datacenter_id": "datacenter-2",
            "id": "datastore-42138",
            "name": "NUT_DMZ_EXT_DC1_01"
          },
          "sensitive_attributes": []
        }
      ]
    },
    {
      "mode": "data",
      "type": "vsphere_datastore",
      "name": "NUT_DMZ_EXT_DC1_to_DC2",
      "provider": "provider[\"registry.terraform.io/hashicorp/vsphere\"]",
      "instances": [
        {
          "schema_version": 0,
          "attributes": {
            "datacenter_id": "datacenter-2",
            "id": "datastore-42402",
            "name": "NUT_DMZ_EXT_DC1_to_DC2"
          },
          "sensitive_attributes": []
        }
      ]
    },
    {
      "mode": "data",
      "type": "vsphere_datastore",
      "name": "NUT_DMZ_EXT_DC2_01",
      "provider": "provider[\"registry.terraform.io/hashicorp/vsphere\"]",
      "instances": [
        {
          "schema_version": 0,
          "attributes": {
            "datacenter_id": "datacenter-2",
            "id": "datastore-42141",
            "name": "NUT_DMZ_EXT_DC2_01"
          },
          "sensitive_attributes": []
        }
      ]
    },
    {
      "mode": "data",
      "type": "vsphere_datastore",
      "name": "NUT_DMZ_EXT_DC2_to_DC1",
      "provider": "provider[\"registry.terraform.io/hashicorp/vsphere\"]",
      "instances": [
        {
          "schema_version": 0,
          "attributes": {
            "datacenter_id": "datacenter-2",
            "id": "datastore-42404",
            "name": "NUT_DMZ_EXT_DC2_to_DC1"
          },
          "sensitive_attributes": []
        }
      ]
    },
    {
      "mode": "data",
      "type": "vsphere_datastore",
      "name": "NUT_DMZ_INT_DC1_01",
      "provider": "provider[\"registry.terraform.io/hashicorp/vsphere\"]",
      "instances": [
        {
          "schema_version": 0,
          "attributes": {
            "datacenter_id": "datacenter-2",
            "id": "datastore-42137",
            "name": "NUT_DMZ_INT_DC1_01"
          },
          "sensitive_attributes": []
        }
      ]
    },
    {
      "mode": "data",
      "type": "vsphere_datastore",
      "name": "NUT_DMZ_INT_DC1_to_DC2",
      "provider": "provider[\"registry.terraform.io/hashicorp/vsphere\"]",
      "instances": [
        {
          "schema_version": 0,
          "attributes": {
            "datacenter_id": "datacenter-2",
            "id": "datastore-42401",
            "name": "NUT_DMZ_INT_DC1_to_DC2"
          },
          "sensitive_attributes": []
        }
      ]
    },
    {
      "mode": "data",
      "type": "vsphere_datastore",
      "name": "NUT_DMZ_INT_DC2_01",
      "provider": "provider[\"registry.terraform.io/hashicorp/vsphere\"]",
      "instances": [
        {
          "schema_version": 0,
          "attributes": {
            "datacenter_id": "datacenter-2",
            "id": "datastore-42142",
            "name": "NUT_DMZ_INT_DC2_01"
          },
          "sensitive_attributes": []
        }
      ]
    },
    {
      "mode": "data",
      "type": "vsphere_datastore",
      "name": "NUT_DMZ_INT_DC2_to_DC1",
      "provider": "provider[\"registry.terraform.io/hashicorp/vsphere\"]",
      "instances": [
        {
          "schema_version": 0,
          "attributes": {
            "datacenter_id": "datacenter-2",
            "id": "datastore-42403",
            "name": "NUT_DMZ_INT_DC2_to_DC1"
          },
          "sensitive_attributes": []
        }
      ]
    },
    {
      "mode": "data",
      "type": "vsphere_host",
      "name": "nut-dmz-01",
      "provider": "provider[\"registry.terraform.io/hashicorp/vsphere\"]",
      "instances": [
        {
          "schema_version": 0,
          "attributes": {
            "datacenter_id": "datacenter-2",
            "id": "host-233427",
            "name": "nut-dmz-01.lalux.local",
            "resource_pool_id": "resgroup-41982"
          },
          "sensitive_attributes": []
        }
      ]
    },
    {
      "mode": "data",
      "type": "vsphere_host",
      "name": "nut-dmz-02",
      "provider": "provider[\"registry.terraform.io/hashicorp/vsphere\"]",
      "instances": [
        {
          "schema_version": 0,
          "attributes": {
            "datacenter_id": "datacenter-2",
            "id": "host-233518",
            "name": "nut-dmz-02.lalux.local",
            "resource_pool_id": "resgroup-41982"
          },
          "sensitive_attributes": []
        }
      ]
    },
    {
      "mode": "data",
      "type": "vsphere_host",
      "name": "nut-dmz-03",
      "provider": "provider[\"registry.terraform.io/hashicorp/vsphere\"]",
      "instances": [
        {
          "schema_version": 0,
          "attributes": {
            "datacenter_id": "datacenter-2",
            "id": "host-233887",
            "name": "nut-dmz-03.lalux.local",
            "resource_pool_id": "resgroup-41982"
          },
          "sensitive_attributes": []
        }
      ]
    },
    {
      "mode": "data",
      "type": "vsphere_host",
      "name": "nut-dmz-04",
      "provider": "provider[\"registry.terraform.io/hashicorp/vsphere\"]",
      "instances": [
        {
          "schema_version": 0,
          "attributes": {
            "datacenter_id": "datacenter-2",
            "id": "host-239063",
            "name": "nut-dmz-04.lalux.local",
            "resource_pool_id": "resgroup-41982"
          },
          "sensitive_attributes": []
        }
      ]
    },
    {
      "mode": "data",
      "type": "vsphere_host",
      "name": "nut-dmz-05",
      "provider": "provider[\"registry.terraform.io/hashicorp/vsphere\"]",
      "instances": [
        {
          "schema_version": 0,
          "attributes": {
            "datacenter_id": "datacenter-2",
            "id": "host-233629",
            "name": "nut-dmz-05.lalux.local",
            "resource_pool_id": "resgroup-41982"
          },
          "sensitive_attributes": []
        }
      ]
    },
    {
      "mode": "data",
      "type": "vsphere_host",
      "name": "nut-dmz-06",
      "provider": "provider[\"registry.terraform.io/hashicorp/vsphere\"]",
      "instances": [
        {
          "schema_version": 0,
          "attributes": {
            "datacenter_id": "datacenter-2",
            "id": "host-239157",
            "name": "nut-dmz-06.lalux.local",
            "resource_pool_id": "resgroup-41982"
          },
          "sensitive_attributes": []
        }
      ]
    },
    {
      "mode": "data",
      "type": "vsphere_host",
      "name": "nut-dmz-07",
      "provider": "provider[\"registry.terraform.io/hashicorp/vsphere\"]",
      "instances": [
        {
          "schema_version": 0,
          "attributes": {
            "datacenter_id": "datacenter-2",
            "id": "host-233524",
            "name": "nut-dmz-07.lalux.local",
            "resource_pool_id": "resgroup-41982"
          },
          "sensitive_attributes": []
        }
      ]
    },
    {
      "mode": "data",
      "type": "vsphere_host",
      "name": "nut-dmz-08",
      "provider": "provider[\"registry.terraform.io/hashicorp/vsphere\"]",
      "instances": [
        {
          "schema_version": 0,
          "attributes": {
            "datacenter_id": "datacenter-2",
            "id": "host-233624",
            "name": "nut-dmz-08.lalux.local",
            "resource_pool_id": "resgroup-41982"
          },
          "sensitive_attributes": []
        }
      ]
    },
    {
      "mode": "data",
      "type": "vsphere_network",
      "name": "DMZ_DKV_WEB",
      "provider": "provider[\"registry.terraform.io/hashicorp/vsphere\"]",
      "instances": [
        {
          "schema_version": 0,
          "attributes": {
            "datacenter_id": "datacenter-2",
            "distributed_virtual_switch_uuid": null,
            "id": "network-14236",
            "name": "DMZ_DKV_WEB",
            "type": "Network"
          },
          "sensitive_attributes": []
        }
      ]
    },
    {
      "mode": "data",
      "type": "vsphere_network",
      "name": "DMZ_EXT_Oracle_Mgmt",
      "provider": "provider[\"registry.terraform.io/hashicorp/vsphere\"]",
      "instances": [
        {
          "schema_version": 0,
          "attributes": {
            "datacenter_id": "datacenter-2",
            "distributed_virtual_switch_uuid": null,
            "id": "network-71004",
            "name": "DMZ_EXT_Oracle_Mgmt",
            "type": "Network"
          },
          "sensitive_attributes": []
        }
      ]
    },
    {
      "mode": "data",
      "type": "vsphere_network",
      "name": "DMZ_MGMT_EXT",
      "provider": "provider[\"registry.terraform.io/hashicorp/vsphere\"]",
      "instances": [
        {
          "schema_version": 0,
          "attributes": {
            "datacenter_id": "datacenter-2",
            "distributed_virtual_switch_uuid": null,
            "id": "network-11832",
            "name": "DMZ_MGMT_EXT",
            "type": "Network"
          },
          "sensitive_attributes": []
        }
      ]
    },
    {
      "mode": "data",
      "type": "vsphere_network",
      "name": "DMZ_MGMT_INT",
      "provider": "provider[\"registry.terraform.io/hashicorp/vsphere\"]",
      "instances": [
        {
          "schema_version": 0,
          "attributes": {
            "datacenter_id": "datacenter-2",
            "distributed_virtual_switch_uuid": null,
            "id": "network-21",
            "name": "DMZ_MGMT_INT",
            "type": "Network"
          },
          "sensitive_attributes": []
        }
      ]
    },
    {
      "mode": "data",
      "type": "vsphere_network",
      "name": "DMZ_MGMT_VLAN20",
      "provider": "provider[\"registry.terraform.io/hashicorp/vsphere\"]",
      "instances": [
        {
          "schema_version": 0,
          "attributes": {
            "datacenter_id": "datacenter-2",
            "distributed_virtual_switch_uuid": null,
            "id": "network-38",
            "name": "DMZ_MGMT_VLAN20",
            "type": "Network"
          },
          "sensitive_attributes": []
        }
      ]
    },
    {
      "mode": "data",
      "type": "vsphere_network",
      "name": "DMZ_PRO_APPMOBIL",
      "provider": "provider[\"registry.terraform.io/hashicorp/vsphere\"]",
      "instances": [
        {
          "schema_version": 0,
          "attributes": {
            "datacenter_id": "datacenter-2",
            "distributed_virtual_switch_uuid": null,
            "id": "network-82262",
            "name": "DMZ_PRO_APPMOBIL",
            "type": "Network"
          },
          "sensitive_attributes": []
        }
      ]
    },
    {
      "mode": "data",
      "type": "vsphere_network",
      "name": "DMZ_PRO_BITB_GW",
      "provider": "provider[\"registry.terraform.io/hashicorp/vsphere\"]",
      "instances": [
        {
          "schema_version": 0,
          "attributes": {
            "datacenter_id": "datacenter-2",
            "distributed_virtual_switch_uuid": null,
            "id": "network-26104",
            "name": "DMZ_PRO_BITB_GW",
            "type": "Network"
          },
          "sensitive_attributes": []
        }
      ]
    },
    {
      "mode": "data",
      "type": "vsphere_network",
      "name": "DMZ_PRO_INT_RHEL_MGMT",
      "provider": "provider[\"registry.terraform.io/hashicorp/vsphere\"]",
      "instances": [
        {
          "schema_version": 0,
          "attributes": {
            "datacenter_id": "datacenter-2",
            "distributed_virtual_switch_uuid": null,
            "id": "network-165607",
            "name": "DMZ_PRO_INT_RHEL_MGMT",
            "type": "Network"
          },
          "sensitive_attributes": []
        }
      ]
    },
    {
      "mode": "data",
      "type": "vsphere_network",
      "name": "PPR_APPLICATIONS",
      "provider": "provider[\"registry.terraform.io/hashicorp/vsphere\"]",
      "instances": [
        {
          "schema_version": 0,
          "attributes": {
            "datacenter_id": "datacenter-2",
            "distributed_virtual_switch_uuid": null,
            "id": "network-237082",
            "name": "PPR_APPLICATIONS",
            "type": "Network"
          },
          "sensitive_attributes": []
        }
      ]
    },
    {
      "mode": "data",
      "type": "vsphere_network",
      "name": "PPR_APPLICATIONS_LN",
      "provider": "provider[\"registry.terraform.io/hashicorp/vsphere\"]",
      "instances": [
        {
          "schema_version": 0,
          "attributes": {
            "datacenter_id": "datacenter-2",
            "distributed_virtual_switch_uuid": null,
            "id": "network-238410",
            "name": "PPR_APPLICATIONS_LN",
            "type": "Network"
          },
          "sensitive_attributes": []
        }
      ]
    },
    {
      "mode": "data",
      "type": "vsphere_network",
      "name": "PPR_APPLICATIONS_LV",
      "provider": "provider[\"registry.terraform.io/hashicorp/vsphere\"]",
      "instances": [
        {
          "schema_version": 0,
          "attributes": {
            "datacenter_id": "datacenter-2",
            "distributed_virtual_switch_uuid": null,
            "id": "network-238411",
            "name": "PPR_APPLICATIONS_LV",
            "type": "Network"
          },
          "sensitive_attributes": []
        }
      ]
    },
    {
      "mode": "data",
      "type": "vsphere_network",
      "name": "PPR_EPTS",
      "provider": "provider[\"registry.terraform.io/hashicorp/vsphere\"]",
      "instances": [
        {
          "schema_version": 0,
          "attributes": {
            "datacenter_id": "datacenter-2",
            "distributed_virtual_switch_uuid": null,
            "id": "network-237072",
            "name": "PPR_EPTS",
            "type": "Network"
          },
          "sensitive_attributes": []
        }
      ]
    },
    {
      "mode": "data",
      "type": "vsphere_network",
      "name": "PPR_INNOVAS",
      "provider": "provider[\"registry.terraform.io/hashicorp/vsphere\"]",
      "instances": [
        {
          "schema_version": 0,
          "attributes": {
            "datacenter_id": "datacenter-2",
            "distributed_virtual_switch_uuid": null,
            "id": "network-237070",
            "name": "PPR_INNOVAS",
            "type": "Network"
          },
          "sensitive_attributes": []
        }
      ]
    },
    {
      "mode": "data",
      "type": "vsphere_network",
      "name": "PPR_MAGIC",
      "provider": "provider[\"registry.terraform.io/hashicorp/vsphere\"]",
      "instances": [
        {
          "schema_version": 0,
          "attributes": {
            "datacenter_id": "datacenter-2",
            "distributed_virtual_switch_uuid": null,
            "id": "network-237069",
            "name": "PPR_MAGIC",
            "type": "Network"
          },
          "sensitive_attributes": []
        }
      ]
    },
    {
      "mode": "data",
      "type": "vsphere_network",
      "name": "PPR_REVERSE_PROXY_EXT",
      "provider": "provider[\"registry.terraform.io/hashicorp/vsphere\"]",
      "instances": [
        {
          "schema_version": 0,
          "attributes": {
            "datacenter_id": "datacenter-2",
            "distributed_virtual_switch_uuid": null,
            "id": "network-238391",
            "name": "PPR_REVERSE_PROXY_EXT",
            "type": "Network"
          },
          "sensitive_attributes": []
        }
      ]
    },
    {
      "mode": "data",
      "type": "vsphere_network",
      "name": "PPR_REVERSE_PROXY_INT",
      "provider": "provider[\"registry.terraform.io/hashicorp/vsphere\"]",
      "instances": [
        {
          "schema_version": 0,
          "attributes": {
            "datacenter_id": "datacenter-2",
            "distributed_virtual_switch_uuid": null,
            "id": "network-238397",
            "name": "PPR_REVERSE_PROXY_INT",
            "type": "Network"
          },
          "sensitive_attributes": []
        }
      ]
    },
    {
      "mode": "data",
      "type": "vsphere_network",
      "name": "PPR_SERVICES",
      "provider": "provider[\"registry.terraform.io/hashicorp/vsphere\"]",
      "instances": [
        {
          "schema_version": 0,
          "attributes": {
            "datacenter_id": "datacenter-2",
            "distributed_virtual_switch_uuid": null,
            "id": "network-237078",
            "name": "PPR_SERVICES",
            "type": "Network"
          },
          "sensitive_attributes": []
        }
      ]
    },
    {
      "mode": "data",
      "type": "vsphere_network",
      "name": "PPR_SERVICES_APROBAT",
      "provider": "provider[\"registry.terraform.io/hashicorp/vsphere\"]",
      "instances": [
        {
          "schema_version": 0,
          "attributes": {
            "datacenter_id": "datacenter-2",
            "distributed_virtual_switch_uuid": null,
            "id": "network-237074",
            "name": "PPR_SERVICES_APROBAT",
            "type": "Network"
          },
          "sensitive_attributes": []
        }
      ]
    },
    {
      "mode": "data",
      "type": "vsphere_network",
      "name": "PPR_SERVICES_DKV",
      "provider": "provider[\"registry.terraform.io/hashicorp/vsphere\"]",
      "instances": [
        {
          "schema_version": 0,
          "attributes": {
            "datacenter_id": "datacenter-2",
            "distributed_virtual_switch_uuid": null,
            "id": "network-237075",
            "name": "PPR_SERVICES_DKV",
            "type": "Network"
          },
          "sensitive_attributes": []
        }
      ]
    },
    {
      "mode": "data",
      "type": "vsphere_network",
      "name": "PPR_SERVICES_LN",
      "provider": "provider[\"registry.terraform.io/hashicorp/vsphere\"]",
      "instances": [
        {
          "schema_version": 0,
          "attributes": {
            "datacenter_id": "datacenter-2",
            "distributed_virtual_switch_uuid": null,
            "id": "network-238398",
            "name": "PPR_SERVICES_LN",
            "type": "Network"
          },
          "sensitive_attributes": []
        }
      ]
    },
    {
      "mode": "data",
      "type": "vsphere_network",
      "name": "PPR_SERVICES_LV",
      "provider": "provider[\"registry.terraform.io/hashicorp/vsphere\"]",
      "instances": [
        {
          "schema_version": 0,
          "attributes": {
            "datacenter_id": "datacenter-2",
            "distributed_virtual_switch_uuid": null,
            "id": "network-238409",
            "name": "PPR_SERVICES_LV",
            "type": "Network"
          },
          "sensitive_attributes": []
        }
      ]
    },
    {
      "mode": "data",
      "type": "vsphere_network",
      "name": "PPR_TECH_COMPONENTS",
      "provider": "provider[\"registry.terraform.io/hashicorp/vsphere\"]",
      "instances": [
        {
          "schema_version": 0,
          "attributes": {
            "datacenter_id": "datacenter-2",
            "distributed_virtual_switch_uuid": null,
            "id": "network-237084",
            "name": "PPR_TECH_COMPONENTS",
            "type": "Network"
          },
          "sensitive_attributes": []
        }
      ]
    },
    {
      "mode": "data",
      "type": "vsphere_network",
      "name": "PRO_AXWAY",
      "provider": "provider[\"registry.terraform.io/hashicorp/vsphere\"]",
      "instances": [
        {
          "schema_version": 0,
          "attributes": {
            "datacenter_id": "datacenter-2",
            "distributed_virtual_switch_uuid": null,
            "id": "network-239475",
            "name": "PRO_AXWAY",
            "type": "Network"
          },
          "sensitive_attributes": []
        }
      ]
    },
    {
      "mode": "data",
      "type": "vsphere_network",
      "name": "PRO_DEPLOY_APP",
      "provider": "provider[\"registry.terraform.io/hashicorp/vsphere\"]",
      "instances": [
        {
          "schema_version": 0,
          "attributes": {
            "datacenter_id": "datacenter-2",
            "distributed_virtual_switch_uuid": null,
            "id": "network-237997",
            "name": "PRO_DEPLOY_APP",
            "type": "Network"
          },
          "sensitive_attributes": []
        }
      ]
    },
    {
      "mode": "data",
      "type": "vsphere_network",
      "name": "PRO_SAP",
      "provider": "provider[\"registry.terraform.io/hashicorp/vsphere\"]",
      "instances": [
        {
          "schema_version": 0,
          "attributes": {
            "datacenter_id": "datacenter-2",
            "distributed_virtual_switch_uuid": null,
            "id": "network-234949",
            "name": "PRO_SAP",
            "type": "Network"
          },
          "sensitive_attributes": []
        }
      ]
    },
    {
      "mode": "data",
      "type": "vsphere_network",
      "name": "PRO_SAP_ROUTER_EXT",
      "provider": "provider[\"registry.terraform.io/hashicorp/vsphere\"]",
      "instances": [
        {
          "schema_version": 0,
          "attributes": {
            "datacenter_id": "datacenter-2",
            "distributed_virtual_switch_uuid": null,
            "id": "network-239634",
            "name": "PRO_SAP_ROUTER_EXT",
            "type": "Network"
          },
          "sensitive_attributes": []
        }
      ]
    },
    {
      "mode": "data",
      "type": "vsphere_network",
      "name": "REC_SAP",
      "provider": "provider[\"registry.terraform.io/hashicorp/vsphere\"]",
      "instances": [
        {
          "schema_version": 0,
          "attributes": {
            "datacenter_id": "datacenter-2",
            "distributed_virtual_switch_uuid": null,
            "id": "network-234948",
            "name": "REC_SAP",
            "type": "Network"
          },
          "sensitive_attributes": []
        }
      ]
    },
    {
      "mode": "data",
      "type": "vsphere_network",
      "name": "TST_AXWAY",
      "provider": "provider[\"registry.terraform.io/hashicorp/vsphere\"]",
      "instances": [
        {
          "schema_version": 0,
          "attributes": {
            "datacenter_id": "datacenter-2",
            "distributed_virtual_switch_uuid": null,
            "id": "network-239474",
            "name": "TST_AXWAY",
            "type": "Network"
          },
          "sensitive_attributes": []
        }
      ]
    },
    {
      "mode": "data",
      "type": "vsphere_network",
      "name": "TST_SAP",
      "provider": "provider[\"registry.terraform.io/hashicorp/vsphere\"]",
      "instances": [
        {
          "schema_version": 0,
          "attributes": {
            "datacenter_id": "datacenter-2",
            "distributed_virtual_switch_uuid": null,
            "id": "network-234947",
            "name": "TST_SAP",
            "type": "Network"
          },
          "sensitive_attributes": []
        }
      ]
    },
    {
      "mode": "data",
      "type": "vsphere_resource_pool",
      "name": "esx_pool",
      "provider": "provider[\"registry.terraform.io/hashicorp/vsphere\"]",
      "instances": [
        {
          "schema_version": 0,
          "attributes": {
            "datacenter_id": "datacenter-2",
            "id": "resgroup-41982",
            "name": "Cluster NUTANIX DMZ/Resources"
          },
          "sensitive_attributes": []
        }
      ]
    },
    {
      "mode": "managed",
      "type": "nutanix_virtual_machine",
      "name": "LU717",
      "provider": "provider[\"registry.terraform.io/nutanix/nutanix\"].dc3",
      "instances": [
        {
          "schema_version": 1,
          "attributes": {
            "api_version": "3.1",
            "availability_zone_reference": {},
            "boot_device_disk_address": {},
            "boot_device_mac_address": "",
            "boot_device_order_list": [],
            "boot_type": "UEFI",
            "categories": [],
            "cloud_init_cdrom_uuid": "c63ba61e-16e3-443d-b420-54bb43829def",
            "cluster_name": "LU651",
            "cluster_uuid": "0005bad6-a969-e524-1d79-ac1f6b3ddf74",
            "description": "VM TEST",
            "disk_list": [
              {
                "data_source_reference": {
                  "kind": "image",
                  "uuid": "65d16f82-dce7-4102-bfa3-7374814d40d5"
                },
                "device_properties": [
                  {
                    "device_type": "DISK",
                    "disk_address": {
                      "adapter_type": "SCSI",
                      "device_index": "0"
                    }
                  }
                ],
                "disk_size_bytes": 53687091200,
                "disk_size_mib": 51200,
                "storage_config": [
                  {
                    "flash_mode": "",
                    "storage_container_reference": [
                      {
                        "kind": "storage_container",
                        "name": "SelfServiceContainer",
                        "url": "",
                        "uuid": "14a956d7-8c65-465b-9fa2-d34e8c9e4b8f"
                      }
                    ]
                  }
                ],
                "uuid": "66b5bb4c-3190-4df2-9664-113c4f150a2f",
                "volume_group_reference": {}
              },
              {
                "data_source_reference": {},
                "device_properties": [
                  {
                    "device_type": "DISK",
                    "disk_address": {
                      "adapter_type": "SCSI",
                      "device_index": "1"
                    }
                  }
                ],
                "disk_size_bytes": 107374182400,
                "disk_size_mib": 102400,
                "storage_config": [
                  {
                    "flash_mode": "",
                    "storage_container_reference": [
                      {
                        "kind": "storage_container",
                        "name": "NUT_AHV_DC1_01",
                        "url": "",
                        "uuid": "cc879b80-7e3a-40a9-ab85-5e7f59d20b40"
                      }
                    ]
                  }
                ],
                "uuid": "c665f5b6-1682-4bc5-915b-b02991859228",
                "volume_group_reference": {}
              }
            ],
            "enable_cpu_passthrough": false,
            "enable_script_exec": false,
            "gpu_list": [],
            "guest_customization_cloud_init_custom_key_values": {},
            "guest_customization_cloud_init_meta_data": "",
            "guest_customization_cloud_init_user_data": "I2Nsb3VkLWNvbmZpZwpob3N0bmFtZTogbHU3MTcKZnFkbjogbHU3MTcubGFsdXgubG9jYWwKCnVzZXJzOgogIC0gbmFtZTogbG9jYWxhZG1pbgogICAgc3NoLWF1dGhvcml6ZWQta2V5czoKICAgICAgLSBzc2gtcnNhIEFBQUFCM056YUMxeWMyRUFBQUFEQVFBQkFBQUJnUUMvbEc4UWl3bGNwRko3NlFFTDlpblQzeHdGb3RwSytkaFQrZGhlYnhuT1FvOFpMN2xxUVNoKzVNWTVTZW44ek55M0s1V3VrWGxUbGZhczI3dnhFdTB0cy80WENBZWFKRGRZMDduN2I4NnJUaStrMWVETmhwZGdtM09jUjVyZTZKRGhTNEFzdHh1Yjg0VW9NaFJqQjBzT1V5YVM0WXhuV1NIUXRtT21LTTdIdnBBK1ZMK1lxcE84aVpVQVRvRGxYMytzWlJycE04VktQMmdJVllNU01abEltWHM2NGJYSUtYN1RpNUZOWU1YVjRKTk4xbXo0cUhWczVnSE52eXpOb2xtcW1GWUZ5VGIzWlI3eko3TFU2dUo5Q1hjUFRPYmdIcEdTOUsrdFpoWWVzcGMwdUNsQXpFa2owU3VGSG5KUE5XcnREMy9Bd1VuQXIra1VNaHdXdDhvTmx4b01sZml0M3ZjVEtEa2hEYmV1N2gzNGs5ZnJRMUdGZXVpZ09TMEdtd2d0VGJVQnV5UXRJNm43b2RVVEF0U2trbjRhYVMwVWdWNllONDkxNWFDOE0vc01uSzR1SC9seEpaNGpPVUtUb1NCK05iSnB0VGM1TExpSzNXbWVDU0c4UlBCOVUrUmk5djJJSXhaSGlWdlp6NXBCdVdNRWVDeG9odDJ2TnlrOXdscz0gZ2l0bGFiLXJ1bm5lckByaC1zdWJtYW4ubGFsdXgubG9jYWwKYm9vdGNtZDoKICAgLSBubWNsaSBjb24gbW9kICJTeXN0ZW0gZW5zMyIgY29ubmVjdGlvbi5pZCBlbnMzIAogICAtIG5tY2xpIGNvbiBtb2QgZW5zMyBpcHY0Lm1ldGhvZCBtYW51YWwgaXB2NC5hZGRyZXNzZXMgMjAwLjEuMS4xMDYvMjQgaXB2NC5nYXRld2F5IDIwMC4xLjEuMjQwIGlwdjQuZG5zICIyMDAuMS4xLjE2MyAyMDAuMS4xLjIxOCIKICAgLSBubWNsaSBjb24gdXAgZW5zMwogICAKIyBjaHBhc3N3ZDoKIyAgIGxpc3Q6IHwKIyAgICAgbG9jYWxhZG1pbjogTEBsdXgwMTIzNDU2Nzg5Iw==",
            "guest_customization_is_overridable": false,
            "guest_customization_sysprep": {},
            "guest_customization_sysprep_custom_key_values": {},
            "guest_os_id": "",
            "hardware_clock_timezone": "UTC",
            "host_reference": {
              "kind": "host",
              "name": "192.168.3.77",
              "uuid": "df8dfd3c-d926-4ae2-a5e6-d62b2b8723c6"
            },
            "hypervisor_type": null,
            "id": "e503a45e-8d6c-4007-a9c3-6755cb9f30fd",
            "is_vcpu_hard_pinned": false,
            "machine_type": "PC",
            "memory_size_mib": 2048,
            "metadata": {
              "creation_time": "2023-10-05 08:18:51 +0000 UTC",
              "last_update_time": "2023-10-05 08:18:51 +0000 UTC",
              "name": "",
              "spec_hash": "",
              "spec_version": "0",
              "uuid": "e503a45e-8d6c-4007-a9c3-6755cb9f30fd"
            },
            "name": "LU717",
            "ngt_credentials": {},
            "ngt_enabled_capability_list": [],
            "nic_list": [
              {
                "ip_endpoint_list": [],
                "is_connected": "true",
                "mac_address": "50:6b:8d:a9:28:da",
                "model": "",
                "network_function_chain_reference": {},
                "network_function_nic_type": "",
                "nic_type": "NORMAL_NIC",
                "num_queues": 0,
                "subnet_name": "Production",
                "subnet_uuid": "5e33cdaf-d482-4353-b2b0-a74cbff387c8",
                "uuid": "8e6deb1b-6c10-4014-9fe8-16f7a73e8187"
              }
            ],
            "nic_list_status": [
              {
                "floating_ip": "",
                "ip_endpoint_list": [
                  {
                    "ip": "200.1.1.106",
                    "type": "LEARNED"
                  },
                  {
                    "ip": "200.1.1.64",
                    "type": "LEARNED"
                  }
                ],
                "is_connected": "true",
                "mac_address": "50:6b:8d:a9:28:da",
                "model": "",
                "network_function_chain_reference": {},
                "network_function_nic_type": "",
                "nic_type": "NORMAL_NIC",
                "num_queues": 0,
                "subnet_name": "Production",
                "subnet_uuid": "5e33cdaf-d482-4353-b2b0-a74cbff387c8",
                "uuid": "8e6deb1b-6c10-4014-9fe8-16f7a73e8187"
              }
            ],
            "num_sockets": 1,
            "num_vcpus_per_socket": 1,
            "num_vnuma_nodes": 0,
            "nutanix_guest_tools": {},
            "owner_reference": {
              "kind": "user",
              "name": "kwakou.missoh@lalux.lu",
              "uuid": "cee7acb0-a3ec-5884-98df-ec80fecf83d6"
            },
            "parent_reference": {},
            "power_state": "ON",
            "power_state_mechanism": "HARD",
            "project_reference": {
              "kind": "project",
              "name": "_internal",
              "uuid": "996d167c-54de-428a-9b36-a265ab1d2916"
            },
            "serial_port_list": [],
            "should_fail_on_script_failure": false,
            "state": "COMPLETE",
            "timeouts": null,
            "use_hot_add": true,
            "vga_console_enabled": true
          },
          "sensitive_attributes": [],
          "private": "eyJlMmJmYjczMC1lY2FhLTExZTYtOGY4OC0zNDM2M2JjN2M0YzAiOnsiY3JlYXRlIjozNjAwMDAwMDAwMDAwLCJkZWxldGUiOjM2MDAwMDAwMDAwMDAsInVwZGF0ZSI6MzYwMDAwMDAwMDAwMH0sInNjaGVtYV92ZXJzaW9uIjoiMSJ9",
          "dependencies": [
            "data.nutanix_cluster.pe_lu651",
            "data.nutanix_image.rhel8-dc3"
          ]
        }
      ]
    },
    {
      "mode": "managed",
      "type": "nutanix_virtual_machine",
      "name": "LU718",
      "provider": "provider[\"registry.terraform.io/nutanix/nutanix\"].dc1",
      "instances": [
        {
          "schema_version": 1,
          "attributes": {
            "api_version": "3.1",
            "availability_zone_reference": {},
            "boot_device_disk_address": {},
            "boot_device_mac_address": "",
            "boot_device_order_list": [],
            "boot_type": "UEFI",
            "categories": [],
            "cloud_init_cdrom_uuid": "dfa65179-5511-45a6-a3ef-8e10b26f467a",
            "cluster_name": "LU650",
            "cluster_uuid": "0005bad6-afcd-2116-0533-ac1f6b3ddca9",
            "description": "VM TEST",
            "disk_list": [
              {
                "data_source_reference": {
                  "kind": "image",
                  "uuid": "92e2ecfa-fa9c-400d-95b2-ab2e58013ec0"
                },
                "device_properties": [
                  {
                    "device_type": "DISK",
                    "disk_address": {
                      "adapter_type": "SCSI",
                      "device_index": "0"
                    }
                  }
                ],
                "disk_size_bytes": 53687091200,
                "disk_size_mib": 51200,
                "storage_config": [
                  {
                    "flash_mode": "",
                    "storage_container_reference": [
                      {
                        "kind": "storage_container",
                        "name": "SelfServiceContainer",
                        "url": "",
                        "uuid": "5eae82e9-979a-4625-9012-d6f7607057f2"
                      }
                    ]
                  }
                ],
                "uuid": "79e35977-6cb6-46e4-82bc-f8e0f56521fa",
                "volume_group_reference": {}
              },
              {
                "data_source_reference": {},
                "device_properties": [
                  {
                    "device_type": "DISK",
                    "disk_address": {
                      "adapter_type": "SCSI",
                      "device_index": "1"
                    }
                  }
                ],
                "disk_size_bytes": 53687091200,
                "disk_size_mib": 51200,
                "storage_config": [
                  {
                    "flash_mode": "",
                    "storage_container_reference": [
                      {
                        "kind": "storage_container",
                        "name": "NUT_AHV_DC1_01",
                        "url": "",
                        "uuid": "68f3f950-143e-41a9-87fa-6806dfaacaa8"
                      }
                    ]
                  }
                ],
                "uuid": "a2fea087-d686-4dd0-83ce-318f80db8c75",
                "volume_group_reference": {}
              }
            ],
            "enable_cpu_passthrough": false,
            "enable_script_exec": false,
            "gpu_list": [],
            "guest_customization_cloud_init_custom_key_values": {},
            "guest_customization_cloud_init_meta_data": "",
            "guest_customization_cloud_init_user_data": "I2Nsb3VkLWNvbmZpZwpob3N0bmFtZTogbHU3MTgKZnFkbjogbHU3MTgubGFsdXgubG9jYWwKCnVzZXJzOgogIC0gbmFtZTogbG9jYWxhZG1pbgogICAgc3NoLWF1dGhvcml6ZWQta2V5czoKICAgICAgLSBzc2gtcnNhIEFBQUFCM056YUMxeWMyRUFBQUFEQVFBQkFBQUJnUUMvbEc4UWl3bGNwRko3NlFFTDlpblQzeHdGb3RwSytkaFQrZGhlYnhuT1FvOFpMN2xxUVNoKzVNWTVTZW44ek55M0s1V3VrWGxUbGZhczI3dnhFdTB0cy80WENBZWFKRGRZMDduN2I4NnJUaStrMWVETmhwZGdtM09jUjVyZTZKRGhTNEFzdHh1Yjg0VW9NaFJqQjBzT1V5YVM0WXhuV1NIUXRtT21LTTdIdnBBK1ZMK1lxcE84aVpVQVRvRGxYMytzWlJycE04VktQMmdJVllNU01abEltWHM2NGJYSUtYN1RpNUZOWU1YVjRKTk4xbXo0cUhWczVnSE52eXpOb2xtcW1GWUZ5VGIzWlI3eko3TFU2dUo5Q1hjUFRPYmdIcEdTOUsrdFpoWWVzcGMwdUNsQXpFa2owU3VGSG5KUE5XcnREMy9Bd1VuQXIra1VNaHdXdDhvTmx4b01sZml0M3ZjVEtEa2hEYmV1N2gzNGs5ZnJRMUdGZXVpZ09TMEdtd2d0VGJVQnV5UXRJNm43b2RVVEF0U2trbjRhYVMwVWdWNllONDkxNWFDOE0vc01uSzR1SC9seEpaNGpPVUtUb1NCK05iSnB0VGM1TExpSzNXbWVDU0c4UlBCOVUrUmk5djJJSXhaSGlWdlp6NXBCdVdNRWVDeG9odDJ2TnlrOXdscz0gZ2l0bGFiLXJ1bm5lckByaC1zdWJtYW4ubGFsdXgubG9jYWwKYm9vdGNtZDoKICAgLSBubWNsaSBjb24gbW9kICJTeXN0ZW0gZW5zMyIgY29ubmVjdGlvbi5pZCBlbnMzIAogICAtIG5tY2xpIGNvbiBtb2QgZW5zMyBpcHY0Lm1ldGhvZCBtYW51YWwgaXB2NC5hZGRyZXNzZXMgMjAwLjEuMS4xMDUvMjQgaXB2NC5nYXRld2F5IDIwMC4xLjEuMjQwIGlwdjQuZG5zICIyMDAuMS4xLjE2MyAyMDAuMS4xLjIxOCIKICAgLSBubWNsaSBjb24gdXAgZW5zMwogICAKIyBjaHBhc3N3ZDoKIyAgIGxpc3Q6IHwKIyAgICAgbG9jYWxhZG1pbjogTEBsdXgwMTIzNDU2Nzg5Iw==",
            "guest_customization_is_overridable": false,
            "guest_customization_sysprep": {},
            "guest_customization_sysprep_custom_key_values": {},
            "guest_os_id": "",
            "hardware_clock_timezone": "UTC",
            "host_reference": {
              "kind": "host",
              "name": "192.168.3.144",
              "uuid": "9db669f6-7db2-419e-851f-3f7f43e682a4"
            },
            "hypervisor_type": null,
            "id": "71acd8df-0828-41d5-b0b9-cc0b5224fb5d",
            "is_vcpu_hard_pinned": false,
            "machine_type": "PC",
            "memory_size_mib": 2048,
            "metadata": {
              "creation_time": "2023-10-04 18:40:13 +0000 UTC",
              "last_update_time": "2023-10-04 18:40:13 +0000 UTC",
              "name": "",
              "spec_hash": "",
              "spec_version": "0",
              "uuid": "71acd8df-0828-41d5-b0b9-cc0b5224fb5d"
            },
            "name": "LU718",
            "ngt_credentials": {},
            "ngt_enabled_capability_list": [],
            "nic_list": [
              {
                "ip_endpoint_list": [],
                "is_connected": "true",
                "mac_address": "50:6b:8d:93:b5:bd",
                "model": "",
                "network_function_chain_reference": {},
                "network_function_nic_type": "",
                "nic_type": "NORMAL_NIC",
                "num_queues": 0,
                "subnet_name": "Production",
                "subnet_uuid": "0cd904d5-187c-4701-ad94-12bda719dcac",
                "uuid": "7d5e2def-3b98-404b-8d57-69ec818a3661"
              }
            ],
            "nic_list_status": [
              {
                "floating_ip": "",
                "ip_endpoint_list": [
                  {
                    "ip": "200.1.1.105",
                    "type": "LEARNED"
                  },
                  {
                    "ip": "200.1.1.89",
                    "type": "LEARNED"
                  }
                ],
                "is_connected": "true",
                "mac_address": "50:6b:8d:93:b5:bd",
                "model": "",
                "network_function_chain_reference": {},
                "network_function_nic_type": "",
                "nic_type": "NORMAL_NIC",
                "num_queues": 0,
                "subnet_name": "Production",
                "subnet_uuid": "0cd904d5-187c-4701-ad94-12bda719dcac",
                "uuid": "7d5e2def-3b98-404b-8d57-69ec818a3661"
              }
            ],
            "num_sockets": 1,
            "num_vcpus_per_socket": 1,
            "num_vnuma_nodes": 0,
            "nutanix_guest_tools": {},
            "owner_reference": {
              "kind": "user",
              "name": "kwakou.missoh@lalux.lu",
              "uuid": "cee7acb0-a3ec-5884-98df-ec80fecf83d6"
            },
            "parent_reference": {},
            "power_state": "ON",
            "power_state_mechanism": "HARD",
            "project_reference": {
              "kind": "project",
              "name": "_internal",
              "uuid": "61653437-84bd-41ad-bd1c-ecc7d732d87b"
            },
            "serial_port_list": [],
            "should_fail_on_script_failure": false,
            "state": "COMPLETE",
            "timeouts": null,
            "use_hot_add": true,
            "vga_console_enabled": true
          },
          "sensitive_attributes": [],
          "private": "eyJlMmJmYjczMC1lY2FhLTExZTYtOGY4OC0zNDM2M2JjN2M0YzAiOnsiY3JlYXRlIjozNjAwMDAwMDAwMDAwLCJkZWxldGUiOjM2MDAwMDAwMDAwMDAsInVwZGF0ZSI6MzYwMDAwMDAwMDAwMH0sInNjaGVtYV92ZXJzaW9uIjoiMSJ9",
          "dependencies": [
            "data.nutanix_cluster.pe_lu650",
            "data.nutanix_image.rhel8-dc1"
          ]
        }
      ]
    },
    {
      "mode": "managed",
      "type": "vsphere_virtual_machine",
      "name": "LU686",
      "provider": "provider[\"registry.terraform.io/hashicorp/vsphere\"]",
      "instances": [
        {
          "schema_version": 3,
          "attributes": {
            "alternate_guest_name": "",
            "annotation": "Packer imported RHEL8STD-latest VM template",
            "boot_delay": 0,
            "boot_retry_delay": 10000,
            "boot_retry_enabled": false,
            "cdrom": [
              {
                "client_device": false,
                "datastore_id": "",
                "device_address": "ide:0:0",
                "key": 3000,
                "path": ""
              }
            ],
            "change_version": "2023-10-05T08:20:57.067368Z",
            "clone": [
              {
                "customize": [
                  {
                    "dns_server_list": [
                      "200.1.1.163",
                      "200.1.1.218"
                    ],
                    "dns_suffix_list": null,
                    "ipv4_gateway": "172.22.160.1",
                    "ipv6_gateway": "",
                    "linux_options": [
                      {
                        "domain": "lalux.local",
                        "host_name": "lu686",
                        "hw_clock_utc": true,
                        "script_text": "",
                        "time_zone": ""
                      }
                    ],
                    "network_interface": [
                      {
                        "dns_domain": "",
                        "dns_server_list": null,
                        "ipv4_address": "172.22.160.2",
                        "ipv4_netmask": 24,
                        "ipv6_address": "",
                        "ipv6_netmask": 0
                      }
                    ],
                    "timeout": 10,
                    "windows_options": [],
                    "windows_sysprep_text": ""
                  }
                ],
                "linked_clone": false,
                "ovf_network_map": null,
                "ovf_storage_map": null,
                "template_uuid": "a8fc66e2-e571-46b9-8597-aeda79b94e86",
                "timeout": 30
              }
            ],
            "cpu_hot_add_enabled": false,
            "cpu_hot_remove_enabled": false,
            "cpu_limit": -1,
            "cpu_performance_counters_enabled": false,
            "cpu_reservation": 0,
            "cpu_share_count": 1000,
            "cpu_share_level": "normal",
            "custom_attributes": null,
            "datacenter_id": null,
            "datastore_cluster_id": null,
            "datastore_id": "datastore-42142",
            "default_ip_address": "172.22.160.2",
            "disk": [
              {
                "attach": false,
                "controller_type": "scsi",
                "datastore_id": "datastore-42142",
                "device_address": "scsi:0:0",
                "disk_mode": "persistent",
                "disk_sharing": "sharingNone",
                "eagerly_scrub": false,
                "io_limit": -1,
                "io_reservation": 0,
                "io_share_count": 1000,
                "io_share_level": "normal",
                "keep_on_remove": false,
                "key": 2000,
                "label": "disk0",
                "path": "LU686_1/LU686.vmdk",
                "size": 50,
                "storage_policy_id": "",
                "thin_provisioned": true,
                "unit_number": 0,
                "uuid": "6000C295-773b-f9ed-b685-d34013ef6bb0",
                "write_through": false
              },
              {
                "attach": false,
                "controller_type": "scsi",
                "datastore_id": "datastore-42142",
                "device_address": "scsi:0:1",
                "disk_mode": "persistent",
                "disk_sharing": "sharingNone",
                "eagerly_scrub": false,
                "io_limit": -1,
                "io_reservation": 0,
                "io_share_count": 1000,
                "io_share_level": "normal",
                "keep_on_remove": false,
                "key": 2001,
                "label": "disk1",
                "path": "LU686_1/LU686_1.vmdk",
                "size": 70,
                "storage_policy_id": "",
                "thin_provisioned": true,
                "unit_number": 1,
                "uuid": "6000C290-46e2-b8a2-2468-890deff5dc92",
                "write_through": false
              }
            ],
            "efi_secure_boot_enabled": false,
            "enable_disk_uuid": false,
            "enable_logging": false,
            "ept_rvi_mode": "automatic",
            "extra_config": null,
            "extra_config_reboot_required": true,
            "firmware": "efi",
            "folder": "DMZ",
            "force_power_off": true,
            "guest_id": "rhel8_64Guest",
            "guest_ip_addresses": [
              "172.22.160.2",
              "fe80::250:56ff:fe81:8e34"
            ],
            "hardware_version": 19,
            "host_system_id": "host-239063",
            "hv_mode": "hvAuto",
            "id": "42012501-e3c5-75e2-d234-01e8fd471c34",
            "ide_controller_count": 2,
            "ignored_guest_ips": null,
            "imported": null,
            "latency_sensitivity": "normal",
            "memory": 2048,
            "memory_hot_add_enabled": false,
            "memory_limit": -1,
            "memory_reservation": 0,
            "memory_share_count": 20480,
            "memory_share_level": "normal",
            "migrate_wait_timeout": 30,
            "moid": "vm-245633",
            "name": "LU686",
            "nested_hv_enabled": false,
            "network_interface": [
              {
                "adapter_type": "vmxnet3",
                "bandwidth_limit": -1,
                "bandwidth_reservation": 0,
                "bandwidth_share_count": 50,
                "bandwidth_share_level": "normal",
                "device_address": "pci:0:7",
                "key": 4000,
                "mac_address": "00:50:56:81:8e:34",
                "network_id": "network-165607",
                "ovf_mapping": "",
                "use_static_mac": false
              }
            ],
            "num_cores_per_socket": 1,
            "num_cpus": 1,
            "ovf_deploy": [],
            "pci_device_id": null,
            "power_state": "on",
            "poweron_timeout": 300,
            "reboot_required": false,
            "replace_trigger": null,
            "resource_pool_id": "resgroup-41982",
            "run_tools_scripts_after_power_on": true,
            "run_tools_scripts_after_resume": true,
            "run_tools_scripts_before_guest_reboot": false,
            "run_tools_scripts_before_guest_shutdown": true,
            "run_tools_scripts_before_guest_standby": true,
            "sata_controller_count": 0,
            "scsi_bus_sharing": "noSharing",
            "scsi_controller_count": 1,
            "scsi_type": "pvscsi",
            "shutdown_wait_timeout": 3,
            "storage_policy_id": "",
            "swap_placement_policy": "inherit",
            "sync_time_with_host": false,
            "sync_time_with_host_periodically": false,
            "tags": null,
            "tools_upgrade_policy": "manual",
            "uuid": "42012501-e3c5-75e2-d234-01e8fd471c34",
            "vapp": [],
            "vapp_transport": [],
            "vbs_enabled": false,
            "vmware_tools_status": "guestToolsRunning",
            "vmx_path": "LU686_1/LU686.vmx",
            "vvtd_enabled": false,
            "wait_for_guest_ip_timeout": 0,
            "wait_for_guest_net_routable": true,
            "wait_for_guest_net_timeout": 5
          },
          "sensitive_attributes": [],
          "private": "eyJzY2hlbWFfdmVyc2lvbiI6IjMifQ==",
          "dependencies": [
            "data.vsphere_content_library_item.esx_lib2_item",
            "data.vsphere_datastore.NUT_DMZ_INT_DC2_01",
            "data.vsphere_host.nut-dmz-04",
            "data.vsphere_network.DMZ_PRO_INT_RHEL_MGMT",
            "data.vsphere_resource_pool.esx_pool"
          ]
        }
      ]
    }
  ],
  "check_results": []
}
