{
  "version": 4,
  "terraform_version": "1.3.3",
  "serial": 405,
  "lineage": "87e4a7b9-cba7-61d3-2b05-803d42fc7d99",
  "outputs": {},
  "resources": [
    {
      "mode": "data",
      "type": "nutanix_cluster",
      "name": "pe_lu650",
      "provider": "provider[\"registry.terraform.io/nutanix/nutanix\"].dc1",
      "instances": [
        {
          "schema_version": 0,
          "attributes": {
            "analysis_vm_efficiency_map": {
              "bully_vm_num": "0",
              "constrained_vm_num": "5",
              "dead_vm_num": "",
              "inefficient_vm_num": "218",
              "overprovisioned_vm_num": "167"
            },
            "api_version": "",
            "authorized_public_key_list": [],
            "build": {
              "build_type": "release",
              "commit_date": "",
              "commit_id": "104e6662e8b936a9225379d2d68efd93b5448289",
              "full_version": "el7.3-release-fraser-6.7.1-stable-104e6662e8b936a9225379d2d68efd93b5448289",
              "short_commit_id": "104e66",
              "version": "6.7.1"
            },
            "ca_certificate_list": [],
            "categories": [
              {
                "name": "Images",
                "value": "Image_for_all_Clusters"
              }
            ],
            "certification_signing_info": {},
            "client_auth": {},
            "cluster_arch": "X86_64",
            "cluster_id": "0005bad6-afcd-2116-0533-ac1f6b3ddca9",
            "domain_server_credentials": {},
            "domain_server_name": "",
            "domain_server_nameserver": "",
            "enabled_feature_list": [
              "PASSWORD_REMOTE_LOGIN_ENABLED",
              "SHADOW_CLONES_ENABLED"
            ],
            "encryption_status": "NOT_SUPPORTED",
            "external_data_services_ip": "192.168.3.121",
            "external_ip": "192.168.3.59",
            "external_subnet": "192.168.3.0/255.255.255.0",
            "gpu_driver_version": "",
            "http_proxy_list": [
              {
                "address": {
                  "fqdn": "",
                  "ip": "172.22.108.5",
                  "ipv6": "",
                  "port": "3128"
                },
                "credentials": {},
                "proxy_type_list": [
                  "HTTP",
                  "HTTPS"
                ]
              }
            ],
            "http_proxy_whitelist": [
              {
                "target": "192.168.3.0/255.255.255.0",
                "target_type": "IPV4_NETWORK_MASK"
              },
              {
                "target": "192.168.10.0/255.255.255.0",
                "target_type": "IPV4_NETWORK_MASK"
              },
              {
                "target": "192.168.25.0/255.255.255.0",
                "target_type": "IPV4_NETWORK_MASK"
              },
              {
                "target": "172.22.163.0/255.255.255.0",
                "target_type": "IPV4_NETWORK_MASK"
              }
            ],
            "id": "0005bad6-afcd-2116-0533-ac1f6b3ddca9",
            "internal_subnet": "192.168.5.0/255.255.255.128",
            "is_available": true,
            "management_server_list": [],
            "masquerading_ip": "",
            "masquerading_port": 0,
            "metadata": {
              "creation_time": "2021-02-20 02:23:20 +0000 UTC",
              "last_update_time": "2022-05-04 07:00:47 +0000 UTC",
              "name": "",
              "spec_hash": "00000000000000000000000000000000000000000000000000",
              "spec_version": "86",
              "uuid": "0005bad6-afcd-2116-0533-ac1f6b3ddca9"
            },
            "name": "LU650",
            "name_server_ip_list": [
              "200.1.1.218",
              "200.1.1.163",
              "192.168.25.93"
            ],
            "nfs_subnet_whitelist": [
              "127.0.0.1/255.255.255.255",
              "172.22.163.0/255.255.255.0",
              "172.22.50.0/255.255.255.0",
              "192.168.128.0/255.255.255.0",
              "192.168.25.0/255.255.255.0",
              "192.168.25.108/255.255.255.255",
              "192.168.25.39/255.255.255.255",
              "192.168.25.46/255.255.255.255",
              "192.168.25.47/255.255.255.255",
              "192.168.3.0/255.255.255.0",
              "192.168.38.15/255.255.255.255",
              "192.168.38.16/255.255.255.255",
              "192.168.38.17/255.255.255.255",
              "192.168.38.20/255.255.255.255",
              "192.168.38.21/255.255.255.255",
              "192.168.38.22/255.255.255.255",
              "192.168.38.23/255.255.255.255",
              "192.168.38.24/255.255.255.255",
              "192.168.38.25/255.255.255.255",
              "192.168.39.15/255.255.255.255",
              "192.168.39.16/255.255.255.255",
              "192.168.39.17/255.255.255.255",
              "192.168.40.15/255.255.255.255",
              "192.168.40.16/255.255.255.255",
              "192.168.40.17/255.255.255.255",
              "192.168.41.15/255.255.255.255",
              "192.168.41.16/255.255.255.255",
              "192.168.41.17/255.255.255.255",
              "192.168.42.179/255.255.255.255",
              "192.168.42.180/255.255.255.255",
              "192.168.42.181/255.255.255.255",
              "192.168.42.182/255.255.255.255",
              "192.168.42.183/255.255.255.255",
              "192.168.42.184/255.255.255.255",
              "192.168.42.19/255.255.255.255",
              "192.168.42.21/255.255.255.255",
              "192.168.42.24/255.255.255.255",
              "192.168.42.26/255.255.255.255"
            ],
            "nodes": [
              {
                "ip": "127.0.0.1",
                "type": "AHV",
                "version": ""
              },
              {
                "ip": "192.168.3.144",
                "type": "AHV",
                "version": "el8.nutanix.20230302.1011"
              },
              {
                "ip": "192.168.3.145",
                "type": "AHV",
                "version": "el8.nutanix.20230302.1011"
              },
              {
                "ip": "192.168.3.74",
                "type": "AHV",
                "version": "el8.nutanix.20230302.1011"
              },
              {
                "ip": "192.168.3.143",
                "type": "AHV",
                "version": "el8.nutanix.20230302.1011"
              },
              {
                "ip": "192.168.3.76",
                "type": "AHV",
                "version": "el8.nutanix.20230302.1011"
              },
              {
                "ip": "192.168.3.75",
                "type": "AHV",
                "version": "el8.nutanix.20230302.1011"
              },
              {
                "ip": "192.168.3.73",
                "type": "AHV",
                "version": "el8.nutanix.20230302.1011"
              }
            ],
            "ntp_server_ip_list": [
              "200.1.1.218",
              "200.1.1.163",
              "192.168.25.93"
            ],
            "operation_mode": "NORMAL",
            "owner_reference": {
              "kind": "user",
              "name": "gary.schwankl@lalux.lu",
              "uuid": "a5750378-e904-508d-9a54-e9f2226eb44a"
            },
            "project_reference": {},
            "service_list": [
              "AOS"
            ],
            "smtp_server_address": {
              "fqdn": "",
              "ip": "192.168.25.96",
              "ipv6": "",
              "port": "25"
            },
            "smtp_server_credentials": {},
            "smtp_server_email_address": "nutanix_AHV_dc1@lalux.lu",
            "smtp_server_proxy_type_list": [],
            "smtp_server_type": "PLAIN",
            "software_map_ncc": {
              "software_type": "NCC",
              "status": "INSTALLED",
              "version": "ncc-4.6.6.1"
            },
            "software_map_nos": {
              "software_type": "NOS",
              "status": "INSTALLED",
              "version": "6.7.1"
            },
            "ssl_key_expire_datetime": "2027-11-08T07:55:45Z",
            "ssl_key_name": "",
            "ssl_key_signing_info": {
              "city": "Luxembourg",
              "common_name": "LU480",
              "common_name_suffix": "",
              "country_code": "LU",
              "email_address": "asymidrange@lalux.lu\n",
              "organization": "La Luxembourgeoise S.A.",
              "state": "Luxembourg"
            },
            "ssl_key_type": "RSA_2048",
            "state": "COMPLETE",
            "supported_information_verbosity": "BASIC_PLUS_CORE_DUMP",
            "timezone": "Europe/Luxembourg"
          },
          "sensitive_attributes": []
        }
      ]
    },
    {
      "mode": "data",
      "type": "nutanix_cluster",
      "name": "pe_lu651",
      "provider": "provider[\"registry.terraform.io/nutanix/nutanix\"].dc3",
      "instances": [
        {
          "schema_version": 0,
          "attributes": {
            "analysis_vm_efficiency_map": {
              "bully_vm_num": "0",
              "constrained_vm_num": "10",
              "dead_vm_num": "",
              "inefficient_vm_num": "225",
              "overprovisioned_vm_num": "176"
            },
            "api_version": "",
            "authorized_public_key_list": [],
            "build": {
              "build_type": "release",
              "commit_date": "",
              "commit_id": "104e6662e8b936a9225379d2d68efd93b5448289",
              "full_version": "el7.3-release-fraser-6.7.1-stable-104e6662e8b936a9225379d2d68efd93b5448289",
              "short_commit_id": "104e66",
              "version": "6.7.1"
            },
            "ca_certificate_list": [],
            "categories": [
              {
                "name": "Images",
                "value": "Image_for_all_Clusters"
              }
            ],
            "certification_signing_info": {},
            "client_auth": {},
            "cluster_arch": "X86_64",
            "cluster_id": "0005bad6-a969-e524-1d79-ac1f6b3ddf74",
            "domain_server_credentials": {},
            "domain_server_name": "",
            "domain_server_nameserver": "",
            "enabled_feature_list": [
              "PASSWORD_REMOTE_LOGIN_ENABLED",
              "SHADOW_CLONES_ENABLED"
            ],
            "encryption_status": "NOT_SUPPORTED",
            "external_data_services_ip": "192.168.3.122",
            "external_ip": "192.168.3.56",
            "external_subnet": "192.168.3.0/255.255.255.0",
            "gpu_driver_version": "",
            "http_proxy_list": [],
            "http_proxy_whitelist": [
              {
                "target": "192.168.3.0/255.255.255.0",
                "target_type": "IPV4_NETWORK_MASK"
              },
              {
                "target": "192.168.10.0/255.255.255.0",
                "target_type": "IPV4_NETWORK_MASK"
              },
              {
                "target": "192.168.42.0/255.255.255.0",
                "target_type": "IPV4_NETWORK_MASK"
              },
              {
                "target": "192.168.25.0/255.255.255.0",
                "target_type": "IPV4_NETWORK_MASK"
              }
            ],
            "id": "0005bad6-a969-e524-1d79-ac1f6b3ddf74",
            "internal_subnet": "192.168.5.0/255.255.255.128",
            "is_available": true,
            "management_server_list": [],
            "masquerading_ip": "",
            "masquerading_port": 0,
            "metadata": {
              "creation_time": "2021-02-20 02:30:23 +0000 UTC",
              "last_update_time": "2022-05-04 07:01:10 +0000 UTC",
              "name": "",
              "spec_hash": "00000000000000000000000000000000000000000000000000",
              "spec_version": "64",
              "uuid": "0005bad6-a969-e524-1d79-ac1f6b3ddf74"
            },
            "name": "LU651",
            "name_server_ip_list": [
              "200.1.1.218",
              "200.1.1.163",
              "192.168.25.93"
            ],
            "nfs_subnet_whitelist": [
              "127.0.0.1/255.255.255.255",
              "172.17.20.0/255.255.255.0",
              "192.168.128.0/255.255.255.0",
              "192.168.25.0/255.255.255.0",
              "192.168.25.108/255.255.255.255",
              "192.168.25.39/255.255.255.255",
              "192.168.25.46/255.255.255.255",
              "192.168.25.47/255.255.255.255",
              "192.168.38.15/255.255.255.255",
              "192.168.38.16/255.255.255.255",
              "192.168.38.17/255.255.255.255",
              "192.168.38.20/255.255.255.255",
              "192.168.38.21/255.255.255.255",
              "192.168.38.22/255.255.255.255",
              "192.168.38.23/255.255.255.255",
              "192.168.38.24/255.255.255.255",
              "192.168.38.25/255.255.255.255",
              "192.168.39.0/255.255.255.0",
              "192.168.39.16/255.255.255.255",
              "192.168.39.17/255.255.255.255",
              "192.168.40.15/255.255.255.255",
              "192.168.40.16/255.255.255.255",
              "192.168.40.17/255.255.255.255",
              "192.168.41.15/255.255.255.255",
              "192.168.41.16/255.255.255.255",
              "192.168.41.17/255.255.255.255",
              "192.168.42.0/255.255.255.0",
              "192.168.42.19/255.255.255.255",
              "192.168.42.21/255.255.255.255",
              "192.168.42.24/255.255.255.255",
              "192.168.42.26/255.255.255.255"
            ],
            "nodes": [
              {
                "ip": "127.0.0.1",
                "type": "AHV",
                "version": ""
              },
              {
                "ip": "192.168.3.148",
                "type": "AHV",
                "version": "el8.nutanix.20230302.1011"
              },
              {
                "ip": "192.168.3.146",
                "type": "AHV",
                "version": "el8.nutanix.20230302.1011"
              },
              {
                "ip": "192.168.3.147",
                "type": "AHV",
                "version": "el8.nutanix.20230302.1011"
              },
              {
                "ip": "192.168.3.80",
                "type": "AHV",
                "version": "el8.nutanix.20230302.1011"
              },
              {
                "ip": "192.168.3.79",
                "type": "AHV",
                "version": "el8.nutanix.20230302.1011"
              },
              {
                "ip": "192.168.3.78",
                "type": "AHV",
                "version": "el8.nutanix.20230302.1011"
              },
              {
                "ip": "192.168.3.77",
                "type": "AHV",
                "version": "el8.nutanix.20230302.1011"
              }
            ],
            "ntp_server_ip_list": [
              "200.1.1.218",
              "200.1.1.163",
              "192.168.25.93"
            ],
            "operation_mode": "NORMAL",
            "owner_reference": {
              "kind": "user",
              "name": "gary.schwankl@lalux.lu",
              "uuid": "a5750378-e904-508d-9a54-e9f2226eb44a"
            },
            "project_reference": {},
            "service_list": [
              "AOS"
            ],
            "smtp_server_address": {
              "fqdn": "",
              "ip": "192.168.25.96",
              "ipv6": "",
              "port": "25"
            },
            "smtp_server_credentials": {},
            "smtp_server_email_address": "nutanix_AHV_dc3@lalux.lu",
            "smtp_server_proxy_type_list": [],
            "smtp_server_type": "PLAIN",
            "software_map_ncc": {
              "software_type": "NCC",
              "status": "INSTALLED",
              "version": "ncc-4.6.6.1"
            },
            "software_map_nos": {
              "software_type": "NOS",
              "status": "INSTALLED",
              "version": "6.7.1"
            },
            "ssl_key_expire_datetime": "2027-11-08T07:55:45Z",
            "ssl_key_name": "",
            "ssl_key_signing_info": {
              "city": "Luxembourg",
              "common_name": "LU480",
              "common_name_suffix": "",
              "country_code": "LU",
              "email_address": "asymidrange@lalux.lu\n",
              "organization": "La Luxembourgeoise S.A.",
              "state": "Luxembourg"
            },
            "ssl_key_type": "RSA_2048",
            "state": "COMPLETE",
            "supported_information_verbosity": "BASIC_PLUS_CORE_DUMP",
            "timezone": "Europe/Luxembourg"
          },
          "sensitive_attributes": []
        }
      ]
    },
    {
      "mode": "data",
      "type": "nutanix_image",
      "name": "rhel8-dc1",
      "provider": "provider[\"registry.terraform.io/nutanix/nutanix\"].dc1",
      "instances": [
        {
          "schema_version": 0,
          "attributes": {
            "api_version": "3.1",
            "architecture": null,
            "availability_zone_reference": {},
            "categories": [
              {
                "name": "Images",
                "value": "Linux_Standard_Image"
              }
            ],
            "checksum": {},
            "cluster_name": null,
            "cluster_references": [],
            "cluster_uuid": null,
            "current_cluster_reference_list": [
              {
                "kind": "cluster",
                "name": "",
                "uuid": "0005bad6-afcd-2116-0533-ac1f6b3ddca9"
              }
            ],
            "description": "RHEL8STD - October 2023",
            "id": "92e2ecfa-fa9c-400d-95b2-ab2e58013ec0",
            "image_id": null,
            "image_name": "RHEL8STD-latest",
            "image_type": "DISK_IMAGE",
            "metadata": {
              "creation_time": "2023-10-02 10:33:53 +0000 UTC",
              "last_update_time": "2023-10-02 10:34:17 +0000 UTC",
              "name": "",
              "spec_hash": "00000000000000000000000000000000000000000000000000",
              "spec_version": "2",
              "uuid": "92e2ecfa-fa9c-400d-95b2-ab2e58013ec0"
            },
            "name": "RHEL8STD-latest",
            "owner_reference": {
              "kind": "user",
              "name": "kwakou.missoh@lalux.lu",
              "uuid": "cee7acb0-a3ec-5884-98df-ec80fecf83d6"
            },
            "project_reference": null,
            "retrieval_uri_list": [
              "https://127.0.0.1:9440/api/nutanix/v3/images/92e2ecfa-fa9c-400d-95b2-ab2e58013ec0/file"
            ],
            "size_bytes": 53687091200,
            "source_uri": "file://92e2ecfa-fa9c-400d-95b2-ab2e58013ec0",
            "state": "COMPLETE",
            "version": null
          },
          "sensitive_attributes": []
        }
      ]
    },
    {
      "mode": "data",
      "type": "nutanix_image",
      "name": "rhel8-dc3",
      "provider": "provider[\"registry.terraform.io/nutanix/nutanix\"].dc3",
      "instances": [
        {
          "schema_version": 0,
          "attributes": {
            "api_version": "3.1",
            "architecture": null,
            "availability_zone_reference": {},
            "categories": [
              {
                "name": "Images",
                "value": "Linux_Standard_Image"
              }
            ],
            "checksum": {},
            "cluster_name": null,
            "cluster_references": [],
            "cluster_uuid": null,
            "current_cluster_reference_list": [
              {
                "kind": "cluster",
                "name": "",
                "uuid": "0005bad6-a969-e524-1d79-ac1f6b3ddf74"
              }
            ],
            "description": "RHEL8STD - October 2023",
            "id": "65d16f82-dce7-4102-bfa3-7374814d40d5",
            "image_id": null,
            "image_name": "RHEL8STD-latest",
            "image_type": "DISK_IMAGE",
            "metadata": {
              "creation_time": "2023-10-02 10:14:59 +0000 UTC",
              "last_update_time": "2023-10-02 10:15:27 +0000 UTC",
              "name": "",
              "spec_hash": "00000000000000000000000000000000000000000000000000",
              "spec_version": "2",
              "uuid": "65d16f82-dce7-4102-bfa3-7374814d40d5"
            },
            "name": "RHEL8STD-latest",
            "owner_reference": {
              "kind": "user",
              "name": "kwakou.missoh@lalux.lu",
              "uuid": "cee7acb0-a3ec-5884-98df-ec80fecf83d6"
            },
            "project_reference": null,
            "retrieval_uri_list": [
              "https://127.0.0.1:9440/api/nutanix/v3/images/65d16f82-dce7-4102-bfa3-7374814d40d5/file"
            ],
            "size_bytes": 53687091200,
            "source_uri": "file://65d16f82-dce7-4102-bfa3-7374814d40d5",
            "state": "COMPLETE",
            "version": null
          },
          "sensitive_attributes": []
        }
      ]
    },
    {
      "mode": "data",
      "type": "vsphere_compute_cluster",
      "name": "esx_cluster",
      "provider": "provider[\"registry.terraform.io/hashicorp/vsphere\"]",
      "instances": [
        {
          "schema_version": 0,
          "attributes": {
            "datacenter_id": "datacenter-2",
            "id": "domain-c41981",
            "name": "Cluster NUTANIX DMZ",
            "resource_pool_id": "resgroup-41982"
          },
          "sensitive_attributes": []
        }
      ]
    },
    {
      "mode": "data",
      "type": "vsphere_content_library",
      "name": "esx_lib1",
      "provider": "provider[\"registry.terraform.io/hashicorp/vsphere\"]",
      "instances": [
        {
          "schema_version": 0,
          "attributes": {
            "id": "06d526b7-2048-4b67-831a-7a2485ce81ae",
            "name": "Linux_Templates_DC1"
          },
          "sensitive_attributes": []
        }
      ]
    },
    {
      "mode": "data",
      "type": "vsphere_content_library",
      "name": "esx_lib2",
      "provider": "provider[\"registry.terraform.io/hashicorp/vsphere\"]",
      "instances": [
        {
          "schema_version": 0,
          "attributes": {
            "id": "d3be7193-08c6-481a-a132-de1510bd7a73",
            "name": "Linux_Templates_DC2"
          },
          "sensitive_attributes": []
        }
      ]
    },
    {
      "mode": "data",
      "type": "vsphere_content_library_item",
      "name": "esx_lib1_item",
      "provider": "provider[\"registry.terraform.io/hashicorp/vsphere\"]",
      "instances": [
        {
          "schema_version": 0,
          "attributes": {
            "id": "40e35860-d160-449c-aef0-5c5558a17ded",
            "library_id": "06d526b7-2048-4b67-831a-7a2485ce81ae",
            "name": "RHEL8STD-latest",
            "type": "ovf"
          },
          "sensitive_attributes": []
        }
      ]
    },
    {
      "mode": "data",
      "type": "vsphere_content_library_item",
      "name": "esx_lib2_item",
      "provider": "provider[\"registry.terraform.io/hashicorp/vsphere\"]",
      "instances": [
        {
          "schema_version": 0,
          "attributes": {
            "id": "a8fc66e2-e571-46b9-8597-aeda79b94e86",
            "library_id": "d3be7193-08c6-481a-a132-de1510bd7a73",
            "name": "RHEL8STD-latest",
            "type": "ovf"
          },
          "sensitive_attributes": []
        }
      ]
    },
    {
      "mode": "data",
      "type": "vsphere_datacenter",
      "name": "esx_dc",
      "provider": "provider[\"registry.terraform.io/hashicorp/vsphere\"]",
      "instances": [
        {
          "schema_version": 0,
          "attributes": {
            "id": "datacenter-2",
            "name": "LALUX"
          },
          "sensitive_attributes": []
        }
      ]
    },
    {
      "mode": "data",
      "type": "vsphere_datastore",
      "name": "NUT_DMZ_EXT_DC1_01",
      "provider": "provider[\"registry.terraform.io/hashicorp/vsphere\"]",
      "instances": [
        {
          "schema_version": 0,
          "attributes": {
            "datacenter_id": "datacenter-2",
            "id": "datastore-42138",
            "name": "NUT_DMZ_EXT_DC1_01"
          },
          "sensitive_attributes": []
        }
      ]
    },
    {
      "mode": "data",
      "type": "vsphere_datastore",
      "name": "NUT_DMZ_EXT_DC1_to_DC2",
      "provider": "provider[\"registry.terraform.io/hashicorp/vsphere\"]",
      "instances": [
        {
          "schema_version": 0,
          "attributes": {
            "datacenter_id": "datacenter-2",
            "id": "datastore-42402",
            "name": "NUT_DMZ_EXT_DC1_to_DC2"
          },
          "sensitive_attributes": []
        }
      ]
    },
    {
      "mode": "data",
      "type": "vsphere_datastore",
      "name": "NUT_DMZ_EXT_DC2_01",
      "provider": "provider[\"registry.terraform.io/hashicorp/vsphere\"]",
      "instances": [
        {
          "schema_version": 0,
          "attributes": {
            "datacenter_id": "datacenter-2",
            "id": "datastore-42141",
            "name": "NUT_DMZ_EXT_DC2_01"
          },
          "sensitive_attributes": []
        }
      ]
    },
    {
      "mode": "data",
      "type": "vsphere_datastore",
      "name": "NUT_DMZ_EXT_DC2_to_DC1",
      "provider": "provider[\"registry.terraform.io/hashicorp/vsphere\"]",
      "instances": [
        {
          "schema_version": 0,
          "attributes": {
            "datacenter_id": "datacenter-2",
            "id": "datastore-42404",
            "name": "NUT_DMZ_EXT_DC2_to_DC1"
          },
          "sensitive_attributes": []
        }
      ]
    },
    {
      "mode": "data",
      "type": "vsphere_datastore",
      "name": "NUT_DMZ_INT_DC1_01",
      "provider": "provider[\"registry.terraform.io/hashicorp/vsphere\"]",
      "instances": [
        {
          "schema_version": 0,
          "attributes": {
            "datacenter_id": "datacenter-2",
            "id": "datastore-42137",
            "name": "NUT_DMZ_INT_DC1_01"
          },
          "sensitive_attributes": []
        }
      ]
    },
    {
      "mode": "data",
      "type": "vsphere_datastore",
      "name": "NUT_DMZ_INT_DC1_to_DC2",
      "provider": "provider[\"registry.terraform.io/hashicorp/vsphere\"]",
      "instances": [
        {
          "schema_version": 0,
          "attributes": {
            "datacenter_id": "datacenter-2",
            "id": "datastore-42401",
            "name": "NUT_DMZ_INT_DC1_to_DC2"
          },
          "sensitive_attributes": []
        }
      ]
    },
    {
      "mode": "data",
      "type": "vsphere_datastore",
      "name": "NUT_DMZ_INT_DC2_01",
      "provider": "provider[\"registry.terraform.io/hashicorp/vsphere\"]",
      "instances": [
        {
          "schema_version": 0,
          "attributes": {
            "datacenter_id": "datacenter-2",
            "id": "datastore-42142",
            "name": "NUT_DMZ_INT_DC2_01"
          },
          "sensitive_attributes": []
        }
      ]
    },
    {
      "mode": "data",
      "type": "vsphere_datastore",
      "name": "NUT_DMZ_INT_DC2_to_DC1",
      "provider": "provider[\"registry.terraform.io/hashicorp/vsphere\"]",
      "instances": [
        {
          "schema_version": 0,
          "attributes": {
            "datacenter_id": "datacenter-2",
            "id": "datastore-42403",
            "name": "NUT_DMZ_INT_DC2_to_DC1"
          },
          "sensitive_attributes": []
        }
      ]
    },
    {
      "mode": "data",
      "type": "vsphere_host",
      "name": "nut-dmz-01",
      "provider": "provider[\"registry.terraform.io/hashicorp/vsphere\"]",
      "instances": [
        {
          "schema_version": 0,
          "attributes": {
            "datacenter_id": "datacenter-2",
            "id": "host-233427",
            "name": "nut-dmz-01.lalux.local",
            "resource_pool_id": "resgroup-41982"
          },
          "sensitive_attributes": []
        }
      ]
    },
    {
      "mode": "data",
      "type": "vsphere_host",
      "name": "nut-dmz-02",
      "provider": "provider[\"registry.terraform.io/hashicorp/vsphere\"]",
      "instances": [
        {
          "schema_version": 0,
          "attributes": {
            "datacenter_id": "datacenter-2",
            "id": "host-233518",
            "name": "nut-dmz-02.lalux.local",
            "resource_pool_id": "resgroup-41982"
          },
          "sensitive_attributes": []
        }
      ]
    },
    {
      "mode": "data",
      "type": "vsphere_host",
      "name": "nut-dmz-03",
      "provider": "provider[\"registry.terraform.io/hashicorp/vsphere\"]",
      "instances": [
        {
          "schema_version": 0,
          "attributes": {
            "datacenter_id": "datacenter-2",
            "id": "host-233887",
            "name": "nut-dmz-03.lalux.local",
            "resource_pool_id": "resgroup-41982"
          },
          "sensitive_attributes": []
        }
      ]
    },
    {
      "mode": "data",
      "type": "vsphere_host",
      "name": "nut-dmz-04",
      "provider": "provider[\"registry.terraform.io/hashicorp/vsphere\"]",
      "instances": [
        {
          "schema_version": 0,
          "attributes": {
            "datacenter_id": "datacenter-2",
            "id": "host-239063",
            "name": "nut-dmz-04.lalux.local",
            "resource_pool_id": "resgroup-41982"
          },
          "sensitive_attributes": []
        }
      ]
    },
    {
      "mode": "data",
      "type": "vsphere_host",
      "name": "nut-dmz-05",
      "provider": "provider[\"registry.terraform.io/hashicorp/vsphere\"]",
      "instances": [
        {
          "schema_version": 0,
          "attributes": {
            "datacenter_id": "datacenter-2",
            "id": "host-233629",
            "name": "nut-dmz-05.lalux.local",
            "resource_pool_id": "resgroup-41982"
          },
          "sensitive_attributes": []
        }
      ]
    },
    {
      "mode": "data",
      "type": "vsphere_host",
      "name": "nut-dmz-06",
      "provider": "provider[\"registry.terraform.io/hashicorp/vsphere\"]",
      "instances": [
        {
          "schema_version": 0,
          "attributes": {
            "datacenter_id": "datacenter-2",
            "id": "host-239157",
            "name": "nut-dmz-06.lalux.local",
            "resource_pool_id": "resgroup-41982"
          },
          "sensitive_attributes": []
        }
      ]
    },
    {
      "mode": "data",
      "type": "vsphere_host",
      "name": "nut-dmz-07",
      "provider": "provider[\"registry.terraform.io/hashicorp/vsphere\"]",
      "instances": [
        {
          "schema_version": 0,
          "attributes": {
            "datacenter_id": "datacenter-2",
            "id": "host-233524",
            "name": "nut-dmz-07.lalux.local",
            "resource_pool_id": "resgroup-41982"
          },
          "sensitive_attributes": []
        }
      ]
    },
    {
      "mode": "data",
      "type": "vsphere_host",
      "name": "nut-dmz-08",
      "provider": "provider[\"registry.terraform.io/hashicorp/vsphere\"]",
      "instances": [
        {
          "schema_version": 0,
          "attributes": {
            "datacenter_id": "datacenter-2",
            "id": "host-233624",
            "name": "nut-dmz-08.lalux.local",
            "resource_pool_id": "resgroup-41982"
          },
          "sensitive_attributes": []
        }
      ]
    },
    {
      "mode": "data",
      "type": "vsphere_network",
      "name": "DMZ_DKV_WEB",
      "provider": "provider[\"registry.terraform.io/hashicorp/vsphere\"]",
      "instances": [
        {
          "schema_version": 0,
          "attributes": {
            "datacenter_id": "datacenter-2",
            "distributed_virtual_switch_uuid": null,
            "id": "network-14236",
            "name": "DMZ_DKV_WEB",
            "type": "Network"
          },
          "sensitive_attributes": []
        }
      ]
    },
    {
      "mode": "data",
      "type": "vsphere_network",
      "name": "DMZ_EXT_Oracle_Mgmt",
      "provider": "provider[\"registry.terraform.io/hashicorp/vsphere\"]",
      "instances": [
        {
          "schema_version": 0,
          "attributes": {
            "datacenter_id": "datacenter-2",
            "distributed_virtual_switch_uuid": null,
            "id": "network-71004",
            "name": "DMZ_EXT_Oracle_Mgmt",
            "type": "Network"
          },
          "sensitive_attributes": []
        }
      ]
    },
    {
      "mode": "data",
      "type": "vsphere_network",
      "name": "DMZ_MGMT_EXT",
      "provider": "provider[\"registry.terraform.io/hashicorp/vsphere\"]",
      "instances": [
        {
          "schema_version": 0,
          "attributes": {
            "datacenter_id": "datacenter-2",
            "distributed_virtual_switch_uuid": null,
            "id": "network-11832",
            "name": "DMZ_MGMT_EXT",
            "type": "Network"
          },
          "sensitive_attributes": []
        }
      ]
    },
    {
      "mode": "data",
      "type": "vsphere_network",
      "name": "DMZ_MGMT_INT",
      "provider": "provider[\"registry.terraform.io/hashicorp/vsphere\"]",
      "instances": [
        {
          "schema_version": 0,
          "attributes": {
            "datacenter_id": "datacenter-2",
            "distributed_virtual_switch_uuid": null,
            "id": "network-21",
            "name": "DMZ_MGMT_INT",
            "type": "Network"
          },
          "sensitive_attributes": []
        }
      ]
    },
    {
      "mode": "data",
      "type": "vsphere_network",
      "name": "DMZ_MGMT_VLAN20",
      "provider": "provider[\"registry.terraform.io/hashicorp/vsphere\"]",
      "instances": [
        {
          "schema_version": 0,
          "attributes": {
            "datacenter_id": "datacenter-2",
            "distributed_virtual_switch_uuid": null,
            "id": "network-38",
            "name": "DMZ_MGMT_VLAN20",
            "type": "Network"
          },
          "sensitive_attributes": []
        }
      ]
    },
    {
      "mode": "data",
      "type": "vsphere_network",
      "name": "DMZ_PRO_APPMOBIL",
      "provider": "provider[\"registry.terraform.io/hashicorp/vsphere\"]",
      "instances": [
        {
          "schema_version": 0,
          "attributes": {
            "datacenter_id": "datacenter-2",
            "distributed_virtual_switch_uuid": null,
            "id": "network-82262",
            "name": "DMZ_PRO_APPMOBIL",
            "type": "Network"
          },
          "sensitive_attributes": []
        }
      ]
    },
    {
      "mode": "data",
      "type": "vsphere_network",
      "name": "DMZ_PRO_BITB_GW",
      "provider": "provider[\"registry.terraform.io/hashicorp/vsphere\"]",
      "instances": [
        {
          "schema_version": 0,
          "attributes": {
            "datacenter_id": "datacenter-2",
            "distributed_virtual_switch_uuid": null,
            "id": "network-26104",
            "name": "DMZ_PRO_BITB_GW",
            "type": "Network"
          },
          "sensitive_attributes": []
        }
      ]
    },
    {
      "mode": "data",
      "type": "vsphere_network",
      "name": "DMZ_PRO_INT_RHEL_MGMT",
      "provider": "provider[\"registry.terraform.io/hashicorp/vsphere\"]",
      "instances": [
        {
          "schema_version": 0,
          "attributes": {
            "datacenter_id": "datacenter-2",
            "distributed_virtual_switch_uuid": null,
            "id": "network-165607",
            "name": "DMZ_PRO_INT_RHEL_MGMT",
            "type": "Network"
          },
          "sensitive_attributes": []
        }
      ]
    },
    {
      "mode": "data",
      "type": "vsphere_network",
      "name": "PPR_APPLICATIONS",
      "provider": "provider[\"registry.terraform.io/hashicorp/vsphere\"]",
      "instances": [
        {
          "schema_version": 0,
          "attributes": {
            "datacenter_id": "datacenter-2",
            "distributed_virtual_switch_uuid": null,
            "id": "network-237082",
            "name": "PPR_APPLICATIONS",
            "type": "Network"
          },
          "sensitive_attributes": []
        }
      ]
    },
    {
      "mode": "data",
      "type": "vsphere_network",
      "name": "PPR_APPLICATIONS_LN",
      "provider": "provider[\"registry.terraform.io/hashicorp/vsphere\"]",
      "instances": [
        {
          "schema_version": 0,
          "attributes": {
            "datacenter_id": "datacenter-2",
            "distributed_virtual_switch_uuid": null,
            "id": "network-238410",
            "name": "PPR_APPLICATIONS_LN",
            "type": "Network"
          },
          "sensitive_attributes": []
        }
      ]
    },
    {
      "mode": "data",
      "type": "vsphere_network",
      "name": "PPR_APPLICATIONS_LV",
      "provider": "provider[\"registry.terraform.io/hashicorp/vsphere\"]",
      "instances": [
        {
          "schema_version": 0,
          "attributes": {
            "datacenter_id": "datacenter-2",
            "distributed_virtual_switch_uuid": null,
            "id": "network-238411",
            "name": "PPR_APPLICATIONS_LV",
            "type": "Network"
          },
          "sensitive_attributes": []
        }
      ]
    },
    {
      "mode": "data",
      "type": "vsphere_network",
      "name": "PPR_EPTS",
      "provider": "provider[\"registry.terraform.io/hashicorp/vsphere\"]",
      "instances": [
        {
          "schema_version": 0,
          "attributes": {
            "datacenter_id": "datacenter-2",
            "distributed_virtual_switch_uuid": null,
            "id": "network-237072",
            "name": "PPR_EPTS",
            "type": "Network"
          },
          "sensitive_attributes": []
        }
      ]
    },
    {
      "mode": "data",
      "type": "vsphere_network",
      "name": "PPR_INNOVAS",
      "provider": "provider[\"registry.terraform.io/hashicorp/vsphere\"]",
      "instances": [
        {
          "schema_version": 0,
          "attributes": {
            "datacenter_id": "datacenter-2",
            "distributed_virtual_switch_uuid": null,
            "id": "network-237070",
            "name": "PPR_INNOVAS",
            "type": "Network"
          },
          "sensitive_attributes": []
        }
      ]
    },
    {
      "mode": "data",
      "type": "vsphere_network",
      "name": "PPR_MAGIC",
      "provider": "provider[\"registry.terraform.io/hashicorp/vsphere\"]",
      "instances": [
        {
          "schema_version": 0,
          "attributes": {
            "datacenter_id": "datacenter-2",
            "distributed_virtual_switch_uuid": null,
            "id": "network-237069",
            "name": "PPR_MAGIC",
            "type": "Network"
          },
          "sensitive_attributes": []
        }
      ]
    },
    {
      "mode": "data",
      "type": "vsphere_network",
      "name": "PPR_REVERSE_PROXY_EXT",
      "provider": "provider[\"registry.terraform.io/hashicorp/vsphere\"]",
      "instances": [
        {
          "schema_version": 0,
          "attributes": {
            "datacenter_id": "datacenter-2",
            "distributed_virtual_switch_uuid": null,
            "id": "network-238391",
            "name": "PPR_REVERSE_PROXY_EXT",
            "type": "Network"
          },
          "sensitive_attributes": []
        }
      ]
    },
    {
      "mode": "data",
      "type": "vsphere_network",
      "name": "PPR_REVERSE_PROXY_INT",
      "provider": "provider[\"registry.terraform.io/hashicorp/vsphere\"]",
      "instances": [
        {
          "schema_version": 0,
          "attributes": {
            "datacenter_id": "datacenter-2",
            "distributed_virtual_switch_uuid": null,
            "id": "network-238397",
            "name": "PPR_REVERSE_PROXY_INT",
            "type": "Network"
          },
          "sensitive_attributes": []
        }
      ]
    },
    {
      "mode": "data",
      "type": "vsphere_network",
      "name": "PPR_SERVICES",
      "provider": "provider[\"registry.terraform.io/hashicorp/vsphere\"]",
      "instances": [
        {
          "schema_version": 0,
          "attributes": {
            "datacenter_id": "datacenter-2",
            "distributed_virtual_switch_uuid": null,
            "id": "network-237078",
            "name": "PPR_SERVICES",
            "type": "Network"
          },
          "sensitive_attributes": []
        }
      ]
    },
    {
      "mode": "data",
      "type": "vsphere_network",
      "name": "PPR_SERVICES_APROBAT",
      "provider": "provider[\"registry.terraform.io/hashicorp/vsphere\"]",
      "instances": [
        {
          "schema_version": 0,
          "attributes": {
            "datacenter_id": "datacenter-2",
            "distributed_virtual_switch_uuid": null,
            "id": "network-237074",
            "name": "PPR_SERVICES_APROBAT",
            "type": "Network"
          },
          "sensitive_attributes": []
        }
      ]
    },
    {
      "mode": "data",
      "type": "vsphere_network",
      "name": "PPR_SERVICES_DKV",
      "provider": "provider[\"registry.terraform.io/hashicorp/vsphere\"]",
      "instances": [
        {
          "schema_version": 0,
          "attributes": {
            "datacenter_id": "datacenter-2",
            "distributed_virtual_switch_uuid": null,
            "id": "network-237075",
            "name": "PPR_SERVICES_DKV",
            "type": "Network"
          },
          "sensitive_attributes": []
        }
      ]
    },
    {
      "mode": "data",
      "type": "vsphere_network",
      "name": "PPR_SERVICES_LN",
      "provider": "provider[\"registry.terraform.io/hashicorp/vsphere\"]",
      "instances": [
        {
          "schema_version": 0,
          "attributes": {
            "datacenter_id": "datacenter-2",
            "distributed_virtual_switch_uuid": null,
            "id": "network-238398",
            "name": "PPR_SERVICES_LN",
            "type": "Network"
          },
          "sensitive_attributes": []
        }
      ]
    },
    {
      "mode": "data",
      "type": "vsphere_network",
      "name": "PPR_SERVICES_LV",
      "provider": "provider[\"registry.terraform.io/hashicorp/vsphere\"]",
      "instances": [
        {
          "schema_version": 0,
          "attributes": {
            "datacenter_id": "datacenter-2",
            "distributed_virtual_switch_uuid": null,
            "id": "network-238409",
            "name": "PPR_SERVICES_LV",
            "type": "Network"
          },
          "sensitive_attributes": []
        }
      ]
    },
    {
      "mode": "data",
      "type": "vsphere_network",
      "name": "PPR_TECH_COMPONENTS",
      "provider": "provider[\"registry.terraform.io/hashicorp/vsphere\"]",
      "instances": [
        {
          "schema_version": 0,
          "attributes": {
            "datacenter_id": "datacenter-2",
            "distributed_virtual_switch_uuid": null,
            "id": "network-237084",
            "name": "PPR_TECH_COMPONENTS",
            "type": "Network"
          },
          "sensitive_attributes": []
        }
      ]
    },
    {
      "mode": "data",
      "type": "vsphere_network",
      "name": "PRO_ANALYTICS_EXT",
      "provider": "provider[\"registry.terraform.io/hashicorp/vsphere\"]",
      "instances": [
        {
          "schema_version": 0,
          "attributes": {
            "datacenter_id": "datacenter-2",
            "distributed_virtual_switch_uuid": null,
            "id": "network-255933",
            "name": "PRO_ANALYTICS_EXT",
            "type": "Network"
          },
          "sensitive_attributes": []
        }
      ]
    },
    {
      "mode": "data",
      "type": "vsphere_network",
      "name": "PRO_AXWAY",
      "provider": "provider[\"registry.terraform.io/hashicorp/vsphere\"]",
      "instances": [
        {
          "schema_version": 0,
          "attributes": {
            "datacenter_id": "datacenter-2",
            "distributed_virtual_switch_uuid": null,
            "id": "network-239475",
            "name": "PRO_AXWAY",
            "type": "Network"
          },
          "sensitive_attributes": []
        }
      ]
    },
    {
      "mode": "data",
      "type": "vsphere_network",
      "name": "PRO_DEPLOY_APP",
      "provider": "provider[\"registry.terraform.io/hashicorp/vsphere\"]",
      "instances": [
        {
          "schema_version": 0,
          "attributes": {
            "datacenter_id": "datacenter-2",
            "distributed_virtual_switch_uuid": null,
            "id": "network-237997",
            "name": "PRO_DEPLOY_APP",
            "type": "Network"
          },
          "sensitive_attributes": []
        }
      ]
    },
    {
      "mode": "data",
      "type": "vsphere_network",
      "name": "PRO_PUBLIC_SITE_EXT",
      "provider": "provider[\"registry.terraform.io/hashicorp/vsphere\"]",
      "instances": [
        {
          "schema_version": 0,
          "attributes": {
            "datacenter_id": "datacenter-2",
            "distributed_virtual_switch_uuid": null,
            "id": "network-256216",
            "name": "PRO_PUBLIC_SITE_EXT",
            "type": "Network"
          },
          "sensitive_attributes": []
        }
      ]
    },
    {
      "mode": "data",
      "type": "vsphere_network",
      "name": "PRO_SAP",
      "provider": "provider[\"registry.terraform.io/hashicorp/vsphere\"]",
      "instances": [
        {
          "schema_version": 0,
          "attributes": {
            "datacenter_id": "datacenter-2",
            "distributed_virtual_switch_uuid": null,
            "id": "network-234949",
            "name": "PRO_SAP",
            "type": "Network"
          },
          "sensitive_attributes": []
        }
      ]
    },
    {
      "mode": "data",
      "type": "vsphere_network",
      "name": "PRO_SAP_ROUTER_EXT",
      "provider": "provider[\"registry.terraform.io/hashicorp/vsphere\"]",
      "instances": [
        {
          "schema_version": 0,
          "attributes": {
            "datacenter_id": "datacenter-2",
            "distributed_virtual_switch_uuid": null,
            "id": "network-239634",
            "name": "PRO_SAP_ROUTER_EXT",
            "type": "Network"
          },
          "sensitive_attributes": []
        }
      ]
    },
    {
      "mode": "data",
      "type": "vsphere_network",
      "name": "REC_PUBLIC_SITE_EXT",
      "provider": "provider[\"registry.terraform.io/hashicorp/vsphere\"]",
      "instances": [
        {
          "schema_version": 0,
          "attributes": {
            "datacenter_id": "datacenter-2",
            "distributed_virtual_switch_uuid": null,
            "id": "network-256218",
            "name": "REC_PUBLIC_SITE_EXT",
            "type": "Network"
          },
          "sensitive_attributes": []
        }
      ]
    },
    {
      "mode": "data",
      "type": "vsphere_network",
      "name": "REC_SAP",
      "provider": "provider[\"registry.terraform.io/hashicorp/vsphere\"]",
      "instances": [
        {
          "schema_version": 0,
          "attributes": {
            "datacenter_id": "datacenter-2",
            "distributed_virtual_switch_uuid": null,
            "id": "network-234948",
            "name": "REC_SAP",
            "type": "Network"
          },
          "sensitive_attributes": []
        }
      ]
    },
    {
      "mode": "data",
      "type": "vsphere_network",
      "name": "TST_AXWAY",
      "provider": "provider[\"registry.terraform.io/hashicorp/vsphere\"]",
      "instances": [
        {
          "schema_version": 0,
          "attributes": {
            "datacenter_id": "datacenter-2",
            "distributed_virtual_switch_uuid": null,
            "id": "network-239474",
            "name": "TST_AXWAY",
            "type": "Network"
          },
          "sensitive_attributes": []
        }
      ]
    },
    {
      "mode": "data",
      "type": "vsphere_network",
      "name": "TST_SAP",
      "provider": "provider[\"registry.terraform.io/hashicorp/vsphere\"]",
      "instances": [
        {
          "schema_version": 0,
          "attributes": {
            "datacenter_id": "datacenter-2",
            "distributed_virtual_switch_uuid": null,
            "id": "network-234947",
            "name": "TST_SAP",
            "type": "Network"
          },
          "sensitive_attributes": []
        }
      ]
    },
    {
      "mode": "data",
      "type": "vsphere_resource_pool",
      "name": "esx_pool",
      "provider": "provider[\"registry.terraform.io/hashicorp/vsphere\"]",
      "instances": [
        {
          "schema_version": 0,
          "attributes": {
            "datacenter_id": "datacenter-2",
            "id": "resgroup-41982",
            "name": "Cluster NUTANIX DMZ/Resources"
          },
          "sensitive_attributes": []
        }
      ]
    },
    {
      "mode": "managed",
      "type": "nutanix_virtual_machine",
      "name": "RH-TESTSERVER-JH",
      "provider": "provider[\"registry.terraform.io/nutanix/nutanix\"].dc3",
      "instances": [
        {
          "schema_version": 1,
          "attributes": {
            "api_version": "3.1",
            "availability_zone_reference": {},
            "boot_device_disk_address": {},
            "boot_device_mac_address": "",
            "boot_device_order_list": [],
            "boot_type": "UEFI",
            "categories": [],
            "cloud_init_cdrom_uuid": "5e804626-0bf2-410e-9ded-6e2dfe950ef1",
            "cluster_name": "LU651",
            "cluster_uuid": "0005bad6-a969-e524-1d79-ac1f6b3ddf74",
            "description": "TEST",
            "disk_list": [
              {
                "data_source_reference": {
                  "kind": "image",
                  "uuid": "65d16f82-dce7-4102-bfa3-7374814d40d5"
                },
                "device_properties": [
                  {
                    "device_type": "DISK",
                    "disk_address": {
                      "adapter_type": "SCSI",
                      "device_index": "0"
                    }
                  }
                ],
                "disk_size_bytes": 53687091200,
                "disk_size_mib": 51200,
                "storage_config": [
                  {
                    "flash_mode": "",
                    "storage_container_reference": [
                      {
                        "kind": "storage_container",
                        "name": "SelfServiceContainer",
                        "url": "",
                        "uuid": "14a956d7-8c65-465b-9fa2-d34e8c9e4b8f"
                      }
                    ]
                  }
                ],
                "uuid": "7cfff0a7-4a40-419b-94bd-d41d0946d7fd",
                "volume_group_reference": {}
              },
              {
                "data_source_reference": {},
                "device_properties": [
                  {
                    "device_type": "DISK",
                    "disk_address": {
                      "adapter_type": "SCSI",
                      "device_index": "1"
                    }
                  }
                ],
                "disk_size_bytes": 21474836480,
                "disk_size_mib": 20480,
                "storage_config": [
                  {
                    "flash_mode": "",
                    "storage_container_reference": [
                      {
                        "kind": "storage_container",
                        "name": "NUT_AHV_DC3_01",
                        "url": "",
                        "uuid": "bc8f3bc4-900a-4458-aadd-85f557f5bcd2"
                      }
                    ]
                  }
                ],
                "uuid": "d6178aa2-b3f5-4333-b634-6e752d9a7bd8",
                "volume_group_reference": {}
              }
            ],
            "enable_cpu_passthrough": false,
            "enable_script_exec": false,
            "gpu_list": [],
            "guest_customization_cloud_init_custom_key_values": {},
            "guest_customization_cloud_init_meta_data": "",
            "guest_customization_cloud_init_user_data": "I2Nsb3VkLWNvbmZpZwpob3N0bmFtZTogcmgtdGVzdHNlcnZlci1qaApmcWRuOiByaC10ZXN0c2VydmVyLWpoLmRrdi5sdQoKdXNlcnM6CiAgLSBuYW1lOiBsb2NhbGFkbWluCiAgICBzc2gtYXV0aG9yaXplZC1rZXlzOgogICAgICAtIHNzaC1yc2EgQUFBQUIzTnphQzF5YzJFQUFBQURBUUFCQUFBQmdRQy9sRzhRaXdsY3BGSjc2UUVMOWluVDN4d0ZvdHBLK2RoVCtkaGVieG5PUW84Wkw3bHFRU2grNU1ZNVNlbjh6TnkzSzVXdWtYbFRsZmFzMjd2eEV1MHRzLzRYQ0FlYUpEZFkwN243Yjg2clRpK2sxZUROaHBkZ20zT2NSNXJlNkpEaFM0QXN0eHViODRVb01oUmpCMHNPVXlhUzRZeG5XU0hRdG1PbUtNN0h2cEErVkwrWXFwTzhpWlVBVG9EbFgzK3NaUnJwTThWS1AyZ0lWWU1TTVpsSW1YczY0YlhJS1g3VGk1Rk5ZTVhWNEpOTjFtejRxSFZzNWdITnZ5ek5vbG1xbUZZRnlUYjNaUjd6SjdMVTZ1SjlDWGNQVE9iZ0hwR1M5Syt0WmhZZXNwYzB1Q2xBekVrajBTdUZIbkpQTldydEQzL0F3VW5BcitrVU1od1d0OG9ObHhvTWxmaXQzdmNUS0RraERiZXU3aDM0azlmclExR0ZldWlnT1MwR213Z3RUYlVCdXlRdEk2bjdvZFVUQXRTa2tuNGFhUzBVZ1Y2WU40OTE1YUM4TS9zTW5LNHVIL2x4Slo0ak9VS1RvU0IrTmJKcHRUYzVMTGlLM1dtZUNTRzhSUEI5VStSaTl2MklJeFpIaVZ2Wno1cEJ1V01FZUN4b2h0MnZOeWs5d2xzPSBnaXRsYWItcnVubmVyQHJoLXN1Ym1hbi5sYWx1eC5sb2NhbApib290Y21kOgogICAtIG5tY2xpIGNvbiBtb2QgIlN5c3RlbSBlbnMzIiBjb25uZWN0aW9uLmlkIGVuczMgCiAgIC0gbm1jbGkgY29uIG1vZCBlbnMzIGlwdjQubWV0aG9kIG1hbnVhbCBpcHY0LmFkZHJlc3NlcyAxOTIuMTY4LjEyOC45OC8yNCBpcHY0LmdhdGV3YXkgMTkyLjE2OC4xMjguMSBpcHY0LmRucyAiMjAwLjEuMS4xNjMgMjAwLjEuMS4yMTgiCiAgIC0gbm1jbGkgY29uIHVwIGVuczMKICAgCiMgY2hwYXNzd2Q6CiMgICBsaXN0OiB8CiMgICAgIGxvY2FsYWRtaW46IExAbHV4MDEyMzQ1Njc4OSM=",
            "guest_customization_is_overridable": false,
            "guest_customization_sysprep": {},
            "guest_customization_sysprep_custom_key_values": {},
            "guest_os_id": "",
            "hardware_clock_timezone": "UTC",
            "host_reference": {
              "kind": "host",
              "name": "192.168.3.146",
              "uuid": "431d73bb-c29d-4105-ace3-a1c597b495a0"
            },
            "hypervisor_type": null,
            "id": "a43fcc4f-8aa2-4638-8d68-aa260b966d12",
            "is_vcpu_hard_pinned": false,
            "machine_type": "PC",
            "memory_size_mib": 2048,
            "metadata": {
              "creation_time": "2023-11-28 11:49:30 +0000 UTC",
              "last_update_time": "2023-11-28 11:49:30 +0000 UTC",
              "name": "",
              "spec_hash": "",
              "spec_version": "4",
              "uuid": "a43fcc4f-8aa2-4638-8d68-aa260b966d12"
            },
            "name": "RH-TESTSERVER-JH",
            "ngt_credentials": {},
            "ngt_enabled_capability_list": [],
            "nic_list": [
              {
                "ip_endpoint_list": [],
                "is_connected": "true",
                "mac_address": "50:6b:8d:c1:79:e9",
                "model": "",
                "network_function_chain_reference": {},
                "network_function_nic_type": "",
                "nic_type": "NORMAL_NIC",
                "num_queues": 0,
                "subnet_name": "VLAN-128-Server",
                "subnet_uuid": "ae825d57-6b48-411b-b3cd-e92279a32029",
                "uuid": "9d941293-dd95-47a1-847e-490904379495"
              }
            ],
            "nic_list_status": [
              {
                "floating_ip": "",
                "ip_endpoint_list": [
                  {
                    "ip": "192.168.128.98",
                    "type": "LEARNED"
                  }
                ],
                "is_connected": "true",
                "mac_address": "50:6b:8d:c1:79:e9",
                "model": "",
                "network_function_chain_reference": {},
                "network_function_nic_type": "",
                "nic_type": "NORMAL_NIC",
                "num_queues": 0,
                "subnet_name": "VLAN-128-Server",
                "subnet_uuid": "ae825d57-6b48-411b-b3cd-e92279a32029",
                "uuid": "9d941293-dd95-47a1-847e-490904379495"
              }
            ],
            "num_sockets": 2,
            "num_vcpus_per_socket": 1,
            "num_vnuma_nodes": 0,
            "nutanix_guest_tools": {},
            "owner_reference": {
              "kind": "user",
              "name": "kwakou.missoh@lalux.lu",
              "uuid": "cee7acb0-a3ec-5884-98df-ec80fecf83d6"
            },
            "parent_reference": {},
            "power_state": "ON",
            "power_state_mechanism": "HARD",
            "project_reference": {
              "kind": "project",
              "name": "_internal",
              "uuid": "996d167c-54de-428a-9b36-a265ab1d2916"
            },
            "serial_port_list": [],
            "should_fail_on_script_failure": false,
            "state": "COMPLETE",
            "timeouts": null,
            "use_hot_add": true,
            "vga_console_enabled": true
          },
          "sensitive_attributes": [],
          "private": "eyJlMmJmYjczMC1lY2FhLTExZTYtOGY4OC0zNDM2M2JjN2M0YzAiOnsiY3JlYXRlIjozNjAwMDAwMDAwMDAwLCJkZWxldGUiOjM2MDAwMDAwMDAwMDAsInVwZGF0ZSI6MzYwMDAwMDAwMDAwMH0sInNjaGVtYV92ZXJzaW9uIjoiMSJ9",
          "dependencies": [
            "data.nutanix_cluster.pe_lu651",
            "data.nutanix_image.rhel8-dc3"
          ]
        }
      ]
    },
    {
      "mode": "managed",
      "type": "nutanix_virtual_machine",
      "name": "VSL-DEV-ALN-001",
      "provider": "provider[\"registry.terraform.io/nutanix/nutanix\"].dc3",
      "instances": [
        {
          "schema_version": 1,
          "attributes": {
            "api_version": "3.1",
            "availability_zone_reference": {},
            "boot_device_disk_address": {},
            "boot_device_mac_address": "",
            "boot_device_order_list": [],
            "boot_type": "UEFI",
            "categories": [],
            "cloud_init_cdrom_uuid": "84d4664e-af66-4074-9889-11cfd8f107aa",
            "cluster_name": "LU651",
            "cluster_uuid": "0005bad6-a969-e524-1d79-ac1f6b3ddf74",
            "description": "VSL-DEV-ALN-001",
            "disk_list": [
              {
                "data_source_reference": {
                  "kind": "image",
                  "uuid": "65d16f82-dce7-4102-bfa3-7374814d40d5"
                },
                "device_properties": [
                  {
                    "device_type": "DISK",
                    "disk_address": {
                      "adapter_type": "SCSI",
                      "device_index": "0"
                    }
                  }
                ],
                "disk_size_bytes": 53687091200,
                "disk_size_mib": 51200,
                "storage_config": [
                  {
                    "flash_mode": "",
                    "storage_container_reference": [
                      {
                        "kind": "storage_container",
                        "name": "SelfServiceContainer",
                        "url": "",
                        "uuid": "14a956d7-8c65-465b-9fa2-d34e8c9e4b8f"
                      }
                    ]
                  }
                ],
                "uuid": "ad92d034-77ea-46e3-a31a-fb3e9d839d07",
                "volume_group_reference": {}
              },
              {
                "data_source_reference": {},
                "device_properties": [
                  {
                    "device_type": "DISK",
                    "disk_address": {
                      "adapter_type": "SCSI",
                      "device_index": "1"
                    }
                  }
                ],
                "disk_size_bytes": 107374182400,
                "disk_size_mib": 102400,
                "storage_config": [
                  {
                    "flash_mode": "",
                    "storage_container_reference": [
                      {
                        "kind": "storage_container",
                        "name": "NUT_AHV_DC3_01",
                        "url": "",
                        "uuid": "bc8f3bc4-900a-4458-aadd-85f557f5bcd2"
                      }
                    ]
                  }
                ],
                "uuid": "9bc8bc59-980c-43e8-98d2-eb20d5555703",
                "volume_group_reference": {}
              }
            ],
            "enable_cpu_passthrough": false,
            "enable_script_exec": false,
            "gpu_list": [],
            "guest_customization_cloud_init_custom_key_values": {},
            "guest_customization_cloud_init_meta_data": "",
            "guest_customization_cloud_init_user_data": "I2Nsb3VkLWNvbmZpZwpob3N0bmFtZTogdnNsLWRldi1hbG4tMDAxCmZxZG46IHZzbC1kZXYtYWxuLTAwMS5ka3YubHUKCnVzZXJzOgogIC0gbmFtZTogbG9jYWxhZG1pbgogICAgc3NoLWF1dGhvcml6ZWQta2V5czoKICAgICAgLSBzc2gtcnNhIEFBQUFCM056YUMxeWMyRUFBQUFEQVFBQkFBQUJnUUMvbEc4UWl3bGNwRko3NlFFTDlpblQzeHdGb3RwSytkaFQrZGhlYnhuT1FvOFpMN2xxUVNoKzVNWTVTZW44ek55M0s1V3VrWGxUbGZhczI3dnhFdTB0cy80WENBZWFKRGRZMDduN2I4NnJUaStrMWVETmhwZGdtM09jUjVyZTZKRGhTNEFzdHh1Yjg0VW9NaFJqQjBzT1V5YVM0WXhuV1NIUXRtT21LTTdIdnBBK1ZMK1lxcE84aVpVQVRvRGxYMytzWlJycE04VktQMmdJVllNU01abEltWHM2NGJYSUtYN1RpNUZOWU1YVjRKTk4xbXo0cUhWczVnSE52eXpOb2xtcW1GWUZ5VGIzWlI3eko3TFU2dUo5Q1hjUFRPYmdIcEdTOUsrdFpoWWVzcGMwdUNsQXpFa2owU3VGSG5KUE5XcnREMy9Bd1VuQXIra1VNaHdXdDhvTmx4b01sZml0M3ZjVEtEa2hEYmV1N2gzNGs5ZnJRMUdGZXVpZ09TMEdtd2d0VGJVQnV5UXRJNm43b2RVVEF0U2trbjRhYVMwVWdWNllONDkxNWFDOE0vc01uSzR1SC9seEpaNGpPVUtUb1NCK05iSnB0VGM1TExpSzNXbWVDU0c4UlBCOVUrUmk5djJJSXhaSGlWdlp6NXBCdVdNRWVDeG9odDJ2TnlrOXdscz0gZ2l0bGFiLXJ1bm5lckByaC1zdWJtYW4ubGFsdXgubG9jYWwKYm9vdGNtZDoKICAgLSBubWNsaSBjb24gbW9kICJTeXN0ZW0gZW5zMyIgY29ubmVjdGlvbi5pZCBlbnMzIAogICAtIG5tY2xpIGNvbiBtb2QgZW5zMyBpcHY0Lm1ldGhvZCBtYW51YWwgaXB2NC5hZGRyZXNzZXMgMTkyLjE2OC40Mi4xNzcvMjQgaXB2NC5nYXRld2F5IDE5Mi4xNjguNDIuMSBpcHY0LmRucyAiMjAwLjEuMS4xNjMgMjAwLjEuMS4yMTgiCiAgIC0gbm1jbGkgY29uIHVwIGVuczMKICAgCiMgY2hwYXNzd2Q6CiMgICBsaXN0OiB8CiMgICAgIGxvY2FsYWRtaW46IExAbHV4MDEyMzQ1Njc4OSM=",
            "guest_customization_is_overridable": false,
            "guest_customization_sysprep": {},
            "guest_customization_sysprep_custom_key_values": {},
            "guest_os_id": "",
            "hardware_clock_timezone": "UTC",
            "host_reference": {
              "kind": "host",
              "name": "192.168.3.78",
              "uuid": "ed4dcf7d-0f23-4041-acd1-bbc921742133"
            },
            "hypervisor_type": null,
            "id": "721c086d-e1b3-49f3-ae18-c73cfabe1e50",
            "is_vcpu_hard_pinned": false,
            "machine_type": "PC",
            "memory_size_mib": 8192,
            "metadata": {
              "creation_time": "2023-12-18 16:11:32 +0000 UTC",
              "last_update_time": "2023-12-18 16:11:32 +0000 UTC",
              "name": "",
              "spec_hash": "",
              "spec_version": "2",
              "uuid": "721c086d-e1b3-49f3-ae18-c73cfabe1e50"
            },
            "name": "VSL-DEV-ALN-001",
            "ngt_credentials": {},
            "ngt_enabled_capability_list": [
              "VSS_SNAPSHOT"
            ],
            "nic_list": [
              {
                "ip_endpoint_list": [],
                "is_connected": "true",
                "mac_address": "50:6b:8d:91:de:90",
                "model": "",
                "network_function_chain_reference": {},
                "network_function_nic_type": "",
                "nic_type": "NORMAL_NIC",
                "num_queues": 0,
                "subnet_name": "VLAN_42",
                "subnet_uuid": "bb352659-9eb7-498c-8116-f0efee2420a1",
                "uuid": "276c8524-666e-4e4f-a674-c0a4ba4436c9"
              }
            ],
            "nic_list_status": [
              {
                "floating_ip": "",
                "ip_endpoint_list": [
                  {
                    "ip": "192.168.42.177",
                    "type": "LEARNED"
                  }
                ],
                "is_connected": "true",
                "mac_address": "50:6b:8d:91:de:90",
                "model": "",
                "network_function_chain_reference": {},
                "network_function_nic_type": "",
                "nic_type": "NORMAL_NIC",
                "num_queues": 0,
                "subnet_name": "VLAN_42",
                "subnet_uuid": "bb352659-9eb7-498c-8116-f0efee2420a1",
                "uuid": "276c8524-666e-4e4f-a674-c0a4ba4436c9"
              }
            ],
            "num_sockets": 4,
            "num_vcpus_per_socket": 1,
            "num_vnuma_nodes": 0,
            "nutanix_guest_tools": {
              "available_version": "4.0",
              "guest_os_version": "linux:64:Red Hat Enterprise Linux-8.9",
              "is_reachable": "true",
              "iso_mount_state": "UNMOUNTED",
              "ngt_state": "INSTALLED",
              "state": "ENABLED",
              "version": "4.0",
              "vm_mobility_drivers_installed": "false",
              "vss_snapshot_capable": "false"
            },
            "owner_reference": {
              "kind": "user",
              "name": "kwakou.missoh@lalux.lu",
              "uuid": "cee7acb0-a3ec-5884-98df-ec80fecf83d6"
            },
            "parent_reference": {},
            "power_state": "ON",
            "power_state_mechanism": "HARD",
            "project_reference": {
              "kind": "project",
              "name": "_internal",
              "uuid": "996d167c-54de-428a-9b36-a265ab1d2916"
            },
            "serial_port_list": [],
            "should_fail_on_script_failure": false,
            "state": "COMPLETE",
            "timeouts": null,
            "use_hot_add": true,
            "vga_console_enabled": true
          },
          "sensitive_attributes": [],
          "private": "eyJlMmJmYjczMC1lY2FhLTExZTYtOGY4OC0zNDM2M2JjN2M0YzAiOnsiY3JlYXRlIjozNjAwMDAwMDAwMDAwLCJkZWxldGUiOjM2MDAwMDAwMDAwMDAsInVwZGF0ZSI6MzYwMDAwMDAwMDAwMH0sInNjaGVtYV92ZXJzaW9uIjoiMSJ9",
          "dependencies": [
            "data.nutanix_cluster.pe_lu651",
            "data.nutanix_image.rhel8-dc3"
          ]
        }
      ]
    },
    {
      "mode": "managed",
      "type": "nutanix_virtual_machine",
      "name": "VSL-DEV-ALT-001",
      "provider": "provider[\"registry.terraform.io/nutanix/nutanix\"].dc3",
      "instances": [
        {
          "schema_version": 1,
          "attributes": {
            "api_version": "3.1",
            "availability_zone_reference": {},
            "boot_device_disk_address": {},
            "boot_device_mac_address": "",
            "boot_device_order_list": [],
            "boot_type": "UEFI",
            "categories": [],
            "cloud_init_cdrom_uuid": "41d968f9-28a9-4638-9bfa-dc78ea8b2816",
            "cluster_name": "LU651",
            "cluster_uuid": "0005bad6-a969-e524-1d79-ac1f6b3ddf74",
            "description": "VSL-DEV-ALT-001",
            "disk_list": [
              {
                "data_source_reference": {
                  "kind": "image",
                  "uuid": "65d16f82-dce7-4102-bfa3-7374814d40d5"
                },
                "device_properties": [
                  {
                    "device_type": "DISK",
                    "disk_address": {
                      "adapter_type": "SCSI",
                      "device_index": "0"
                    }
                  }
                ],
                "disk_size_bytes": 53687091200,
                "disk_size_mib": 51200,
                "storage_config": [
                  {
                    "flash_mode": "",
                    "storage_container_reference": [
                      {
                        "kind": "storage_container",
                        "name": "SelfServiceContainer",
                        "url": "",
                        "uuid": "14a956d7-8c65-465b-9fa2-d34e8c9e4b8f"
                      }
                    ]
                  }
                ],
                "uuid": "8bdd2a40-6057-4fbb-9479-1eef6046f302",
                "volume_group_reference": {}
              },
              {
                "data_source_reference": {},
                "device_properties": [
                  {
                    "device_type": "DISK",
                    "disk_address": {
                      "adapter_type": "SCSI",
                      "device_index": "1"
                    }
                  }
                ],
                "disk_size_bytes": 107374182400,
                "disk_size_mib": 102400,
                "storage_config": [
                  {
                    "flash_mode": "",
                    "storage_container_reference": [
                      {
                        "kind": "storage_container",
                        "name": "NUT_AHV_DC3_01",
                        "url": "",
                        "uuid": "bc8f3bc4-900a-4458-aadd-85f557f5bcd2"
                      }
                    ]
                  }
                ],
                "uuid": "c1fdffec-ab46-4f95-9d9c-b5975d145eaf",
                "volume_group_reference": {}
              }
            ],
            "enable_cpu_passthrough": false,
            "enable_script_exec": false,
            "gpu_list": [],
            "guest_customization_cloud_init_custom_key_values": {},
            "guest_customization_cloud_init_meta_data": "",
            "guest_customization_cloud_init_user_data": "I2Nsb3VkLWNvbmZpZwpob3N0bmFtZTogdnNsLWRldi1hbHQtMDAxCmZxZG46IHZzbC1kZXYtYWx0LTAwMS5ka3YubHUKCnVzZXJzOgogIC0gbmFtZTogbG9jYWxhZG1pbgogICAgc3NoLWF1dGhvcml6ZWQta2V5czoKICAgICAgLSBzc2gtcnNhIEFBQUFCM056YUMxeWMyRUFBQUFEQVFBQkFBQUJnUUMvbEc4UWl3bGNwRko3NlFFTDlpblQzeHdGb3RwSytkaFQrZGhlYnhuT1FvOFpMN2xxUVNoKzVNWTVTZW44ek55M0s1V3VrWGxUbGZhczI3dnhFdTB0cy80WENBZWFKRGRZMDduN2I4NnJUaStrMWVETmhwZGdtM09jUjVyZTZKRGhTNEFzdHh1Yjg0VW9NaFJqQjBzT1V5YVM0WXhuV1NIUXRtT21LTTdIdnBBK1ZMK1lxcE84aVpVQVRvRGxYMytzWlJycE04VktQMmdJVllNU01abEltWHM2NGJYSUtYN1RpNUZOWU1YVjRKTk4xbXo0cUhWczVnSE52eXpOb2xtcW1GWUZ5VGIzWlI3eko3TFU2dUo5Q1hjUFRPYmdIcEdTOUsrdFpoWWVzcGMwdUNsQXpFa2owU3VGSG5KUE5XcnREMy9Bd1VuQXIra1VNaHdXdDhvTmx4b01sZml0M3ZjVEtEa2hEYmV1N2gzNGs5ZnJRMUdGZXVpZ09TMEdtd2d0VGJVQnV5UXRJNm43b2RVVEF0U2trbjRhYVMwVWdWNllONDkxNWFDOE0vc01uSzR1SC9seEpaNGpPVUtUb1NCK05iSnB0VGM1TExpSzNXbWVDU0c4UlBCOVUrUmk5djJJSXhaSGlWdlp6NXBCdVdNRWVDeG9odDJ2TnlrOXdscz0gZ2l0bGFiLXJ1bm5lckByaC1zdWJtYW4ubGFsdXgubG9jYWwKYm9vdGNtZDoKICAgLSBubWNsaSBjb24gbW9kICJTeXN0ZW0gZW5zMyIgY29ubmVjdGlvbi5pZCBlbnMzIAogICAtIG5tY2xpIGNvbiBtb2QgZW5zMyBpcHY0Lm1ldGhvZCBtYW51YWwgaXB2NC5hZGRyZXNzZXMgMTkyLjE2OC40Mi4xNzYvMjQgaXB2NC5nYXRld2F5IDE5Mi4xNjguNDIuMSBpcHY0LmRucyAiMjAwLjEuMS4xNjMgMjAwLjEuMS4yMTgiCiAgIC0gbm1jbGkgY29uIHVwIGVuczMKICAgCiMgY2hwYXNzd2Q6CiMgICBsaXN0OiB8CiMgICAgIGxvY2FsYWRtaW46IExAbHV4MDEyMzQ1Njc4OSM=",
            "guest_customization_is_overridable": false,
            "guest_customization_sysprep": {},
            "guest_customization_sysprep_custom_key_values": {},
            "guest_os_id": "",
            "hardware_clock_timezone": "UTC",
            "host_reference": {
              "kind": "host",
              "name": "192.168.3.78",
              "uuid": "ed4dcf7d-0f23-4041-acd1-bbc921742133"
            },
            "hypervisor_type": null,
            "id": "f9dcd95b-56b0-4382-b507-ab19e8b4ce72",
            "is_vcpu_hard_pinned": false,
            "machine_type": "PC",
            "memory_size_mib": 4096,
            "metadata": {
              "creation_time": "2023-12-18 16:11:32 +0000 UTC",
              "last_update_time": "2023-12-18 16:11:32 +0000 UTC",
              "name": "",
              "spec_hash": "",
              "spec_version": "2",
              "uuid": "f9dcd95b-56b0-4382-b507-ab19e8b4ce72"
            },
            "name": "VSL-DEV-ALT-001",
            "ngt_credentials": {},
            "ngt_enabled_capability_list": [
              "VSS_SNAPSHOT"
            ],
            "nic_list": [
              {
                "ip_endpoint_list": [],
                "is_connected": "true",
                "mac_address": "50:6b:8d:d9:0a:d1",
                "model": "",
                "network_function_chain_reference": {},
                "network_function_nic_type": "",
                "nic_type": "NORMAL_NIC",
                "num_queues": 0,
                "subnet_name": "VLAN_42",
                "subnet_uuid": "bb352659-9eb7-498c-8116-f0efee2420a1",
                "uuid": "9cf251b8-f692-446e-9085-9461e0aaab42"
              }
            ],
            "nic_list_status": [
              {
                "floating_ip": "",
                "ip_endpoint_list": [
                  {
                    "ip": "192.168.42.176",
                    "type": "LEARNED"
                  }
                ],
                "is_connected": "true",
                "mac_address": "50:6b:8d:d9:0a:d1",
                "model": "",
                "network_function_chain_reference": {},
                "network_function_nic_type": "",
                "nic_type": "NORMAL_NIC",
                "num_queues": 0,
                "subnet_name": "VLAN_42",
                "subnet_uuid": "bb352659-9eb7-498c-8116-f0efee2420a1",
                "uuid": "9cf251b8-f692-446e-9085-9461e0aaab42"
              }
            ],
            "num_sockets": 2,
            "num_vcpus_per_socket": 1,
            "num_vnuma_nodes": 0,
            "nutanix_guest_tools": {
              "available_version": "4.0",
              "guest_os_version": "linux:64:Red Hat Enterprise Linux-8.9",
              "is_reachable": "true",
              "iso_mount_state": "UNMOUNTED",
              "ngt_state": "INSTALLED",
              "state": "ENABLED",
              "version": "4.0",
              "vm_mobility_drivers_installed": "false",
              "vss_snapshot_capable": "false"
            },
            "owner_reference": {
              "kind": "user",
              "name": "kwakou.missoh@lalux.lu",
              "uuid": "cee7acb0-a3ec-5884-98df-ec80fecf83d6"
            },
            "parent_reference": {},
            "power_state": "ON",
            "power_state_mechanism": "HARD",
            "project_reference": {
              "kind": "project",
              "name": "_internal",
              "uuid": "996d167c-54de-428a-9b36-a265ab1d2916"
            },
            "serial_port_list": [],
            "should_fail_on_script_failure": false,
            "state": "COMPLETE",
            "timeouts": null,
            "use_hot_add": true,
            "vga_console_enabled": true
          },
          "sensitive_attributes": [],
          "private": "eyJlMmJmYjczMC1lY2FhLTExZTYtOGY4OC0zNDM2M2JjN2M0YzAiOnsiY3JlYXRlIjozNjAwMDAwMDAwMDAwLCJkZWxldGUiOjM2MDAwMDAwMDAwMDAsInVwZGF0ZSI6MzYwMDAwMDAwMDAwMH0sInNjaGVtYV92ZXJzaW9uIjoiMSJ9",
          "dependencies": [
            "data.nutanix_cluster.pe_lu651",
            "data.nutanix_image.rhel8-dc3"
          ]
        }
      ]
    },
    {
      "mode": "managed",
      "type": "nutanix_virtual_machine",
      "name": "VSL-DEV-ATQ-001",
      "provider": "provider[\"registry.terraform.io/nutanix/nutanix\"].dc3",
      "instances": [
        {
          "schema_version": 1,
          "attributes": {
            "api_version": "3.1",
            "availability_zone_reference": {},
            "boot_device_disk_address": {},
            "boot_device_mac_address": "",
            "boot_device_order_list": [],
            "boot_type": "UEFI",
            "categories": [],
            "cloud_init_cdrom_uuid": "cee05e1c-4220-4769-82af-d765b34b8d8b",
            "cluster_name": "LU651",
            "cluster_uuid": "0005bad6-a969-e524-1d79-ac1f6b3ddf74",
            "description": "VSL-DEV-ATQ-001",
            "disk_list": [
              {
                "data_source_reference": {
                  "kind": "image",
                  "uuid": "65d16f82-dce7-4102-bfa3-7374814d40d5"
                },
                "device_properties": [
                  {
                    "device_type": "DISK",
                    "disk_address": {
                      "adapter_type": "SCSI",
                      "device_index": "0"
                    }
                  }
                ],
                "disk_size_bytes": 53687091200,
                "disk_size_mib": 51200,
                "storage_config": [
                  {
                    "flash_mode": "",
                    "storage_container_reference": [
                      {
                        "kind": "storage_container",
                        "name": "SelfServiceContainer",
                        "url": "",
                        "uuid": "14a956d7-8c65-465b-9fa2-d34e8c9e4b8f"
                      }
                    ]
                  }
                ],
                "uuid": "02ed3eeb-a442-4b3a-9e5f-f58ba98f3fdc",
                "volume_group_reference": {}
              },
              {
                "data_source_reference": {},
                "device_properties": [
                  {
                    "device_type": "DISK",
                    "disk_address": {
                      "adapter_type": "SCSI",
                      "device_index": "1"
                    }
                  }
                ],
                "disk_size_bytes": 107374182400,
                "disk_size_mib": 102400,
                "storage_config": [
                  {
                    "flash_mode": "",
                    "storage_container_reference": [
                      {
                        "kind": "storage_container",
                        "name": "NUT_AHV_DC3_01",
                        "url": "",
                        "uuid": "bc8f3bc4-900a-4458-aadd-85f557f5bcd2"
                      }
                    ]
                  }
                ],
                "uuid": "92f05c9e-3578-4673-bd2a-243cb2127dbe",
                "volume_group_reference": {}
              }
            ],
            "enable_cpu_passthrough": false,
            "enable_script_exec": false,
            "gpu_list": [],
            "guest_customization_cloud_init_custom_key_values": {},
            "guest_customization_cloud_init_meta_data": "",
            "guest_customization_cloud_init_user_data": "I2Nsb3VkLWNvbmZpZwpob3N0bmFtZTogdnNsLWRldi1hdHEtMDAxCmZxZG46IHZzbC1kZXYtYXRxLTAwMS5ka3YubHUKCnVzZXJzOgogIC0gbmFtZTogbG9jYWxhZG1pbgogICAgc3NoLWF1dGhvcml6ZWQta2V5czoKICAgICAgLSBzc2gtcnNhIEFBQUFCM056YUMxeWMyRUFBQUFEQVFBQkFBQUJnUUMvbEc4UWl3bGNwRko3NlFFTDlpblQzeHdGb3RwSytkaFQrZGhlYnhuT1FvOFpMN2xxUVNoKzVNWTVTZW44ek55M0s1V3VrWGxUbGZhczI3dnhFdTB0cy80WENBZWFKRGRZMDduN2I4NnJUaStrMWVETmhwZGdtM09jUjVyZTZKRGhTNEFzdHh1Yjg0VW9NaFJqQjBzT1V5YVM0WXhuV1NIUXRtT21LTTdIdnBBK1ZMK1lxcE84aVpVQVRvRGxYMytzWlJycE04VktQMmdJVllNU01abEltWHM2NGJYSUtYN1RpNUZOWU1YVjRKTk4xbXo0cUhWczVnSE52eXpOb2xtcW1GWUZ5VGIzWlI3eko3TFU2dUo5Q1hjUFRPYmdIcEdTOUsrdFpoWWVzcGMwdUNsQXpFa2owU3VGSG5KUE5XcnREMy9Bd1VuQXIra1VNaHdXdDhvTmx4b01sZml0M3ZjVEtEa2hEYmV1N2gzNGs5ZnJRMUdGZXVpZ09TMEdtd2d0VGJVQnV5UXRJNm43b2RVVEF0U2trbjRhYVMwVWdWNllONDkxNWFDOE0vc01uSzR1SC9seEpaNGpPVUtUb1NCK05iSnB0VGM1TExpSzNXbWVDU0c4UlBCOVUrUmk5djJJSXhaSGlWdlp6NXBCdVdNRWVDeG9odDJ2TnlrOXdscz0gZ2l0bGFiLXJ1bm5lckByaC1zdWJtYW4ubGFsdXgubG9jYWwKYm9vdGNtZDoKICAgLSBubWNsaSBjb24gbW9kICJTeXN0ZW0gZW5zMyIgY29ubmVjdGlvbi5pZCBlbnMzIAogICAtIG5tY2xpIGNvbiBtb2QgZW5zMyBpcHY0Lm1ldGhvZCBtYW51YWwgaXB2NC5hZGRyZXNzZXMgMTkyLjE2OC40Mi4xNzUvMjQgaXB2NC5nYXRld2F5IDE5Mi4xNjguNDIuMSBpcHY0LmRucyAiMjAwLjEuMS4xNjMgMjAwLjEuMS4yMTgiCiAgIC0gbm1jbGkgY29uIHVwIGVuczMKICAgCiMgY2hwYXNzd2Q6CiMgICBsaXN0OiB8CiMgICAgIGxvY2FsYWRtaW46IExAbHV4MDEyMzQ1Njc4OSM=",
            "guest_customization_is_overridable": false,
            "guest_customization_sysprep": {},
            "guest_customization_sysprep_custom_key_values": {},
            "guest_os_id": "",
            "hardware_clock_timezone": "UTC",
            "host_reference": {
              "kind": "host",
              "name": "192.168.3.78",
              "uuid": "ed4dcf7d-0f23-4041-acd1-bbc921742133"
            },
            "hypervisor_type": null,
            "id": "7dfe6e4e-2683-40d1-baeb-4403fd4a3c99",
            "is_vcpu_hard_pinned": false,
            "machine_type": "PC",
            "memory_size_mib": 4096,
            "metadata": {
              "creation_time": "2023-12-18 16:11:33 +0000 UTC",
              "last_update_time": "2023-12-18 16:11:33 +0000 UTC",
              "name": "",
              "spec_hash": "",
              "spec_version": "2",
              "uuid": "7dfe6e4e-2683-40d1-baeb-4403fd4a3c99"
            },
            "name": "VSL-DEV-ATQ-001",
            "ngt_credentials": {},
            "ngt_enabled_capability_list": [
              "VSS_SNAPSHOT"
            ],
            "nic_list": [
              {
                "ip_endpoint_list": [],
                "is_connected": "true",
                "mac_address": "50:6b:8d:e0:40:ab",
                "model": "",
                "network_function_chain_reference": {},
                "network_function_nic_type": "",
                "nic_type": "NORMAL_NIC",
                "num_queues": 0,
                "subnet_name": "VLAN_42",
                "subnet_uuid": "bb352659-9eb7-498c-8116-f0efee2420a1",
                "uuid": "521ac06c-4f60-4048-8090-943d894b0aee"
              }
            ],
            "nic_list_status": [
              {
                "floating_ip": "",
                "ip_endpoint_list": [
                  {
                    "ip": "192.168.42.175",
                    "type": "LEARNED"
                  }
                ],
                "is_connected": "true",
                "mac_address": "50:6b:8d:e0:40:ab",
                "model": "",
                "network_function_chain_reference": {},
                "network_function_nic_type": "",
                "nic_type": "NORMAL_NIC",
                "num_queues": 0,
                "subnet_name": "VLAN_42",
                "subnet_uuid": "bb352659-9eb7-498c-8116-f0efee2420a1",
                "uuid": "521ac06c-4f60-4048-8090-943d894b0aee"
              }
            ],
            "num_sockets": 4,
            "num_vcpus_per_socket": 1,
            "num_vnuma_nodes": 0,
            "nutanix_guest_tools": {
              "available_version": "4.0",
              "guest_os_version": "linux:64:Red Hat Enterprise Linux-8.9",
              "is_reachable": "true",
              "iso_mount_state": "UNMOUNTED",
              "ngt_state": "INSTALLED",
              "state": "ENABLED",
              "version": "4.0",
              "vm_mobility_drivers_installed": "false",
              "vss_snapshot_capable": "false"
            },
            "owner_reference": {
              "kind": "user",
              "name": "kwakou.missoh@lalux.lu",
              "uuid": "cee7acb0-a3ec-5884-98df-ec80fecf83d6"
            },
            "parent_reference": {},
            "power_state": "ON",
            "power_state_mechanism": "HARD",
            "project_reference": {
              "kind": "project",
              "name": "_internal",
              "uuid": "996d167c-54de-428a-9b36-a265ab1d2916"
            },
            "serial_port_list": [],
            "should_fail_on_script_failure": false,
            "state": "COMPLETE",
            "timeouts": null,
            "use_hot_add": true,
            "vga_console_enabled": true
          },
          "sensitive_attributes": [],
          "private": "eyJlMmJmYjczMC1lY2FhLTExZTYtOGY4OC0zNDM2M2JjN2M0YzAiOnsiY3JlYXRlIjozNjAwMDAwMDAwMDAwLCJkZWxldGUiOjM2MDAwMDAwMDAwMDAsInVwZGF0ZSI6MzYwMDAwMDAwMDAwMH0sInNjaGVtYV92ZXJzaW9uIjoiMSJ9",
          "dependencies": [
            "data.nutanix_cluster.pe_lu651",
            "data.nutanix_image.rhel8-dc3"
          ]
        }
      ]
    },
    {
      "mode": "managed",
      "type": "nutanix_virtual_machine",
      "name": "VSL-DEV-EPT-001",
      "provider": "provider[\"registry.terraform.io/nutanix/nutanix\"].dc3",
      "instances": [
        {
          "schema_version": 1,
          "attributes": {
            "api_version": "3.1",
            "availability_zone_reference": {},
            "boot_device_disk_address": {},
            "boot_device_mac_address": "",
            "boot_device_order_list": [],
            "boot_type": "UEFI",
            "categories": [],
            "cloud_init_cdrom_uuid": "f9459209-5265-4674-b879-6cb95a280324",
            "cluster_name": "LU651",
            "cluster_uuid": "0005bad6-a969-e524-1d79-ac1f6b3ddf74",
            "description": "VSL-DEV-EPT-001",
            "disk_list": [
              {
                "data_source_reference": {
                  "kind": "image",
                  "uuid": "65d16f82-dce7-4102-bfa3-7374814d40d5"
                },
                "device_properties": [
                  {
                    "device_type": "DISK",
                    "disk_address": {
                      "adapter_type": "SCSI",
                      "device_index": "0"
                    }
                  }
                ],
                "disk_size_bytes": 53687091200,
                "disk_size_mib": 51200,
                "storage_config": [
                  {
                    "flash_mode": "",
                    "storage_container_reference": [
                      {
                        "kind": "storage_container",
                        "name": "SelfServiceContainer",
                        "url": "",
                        "uuid": "14a956d7-8c65-465b-9fa2-d34e8c9e4b8f"
                      }
                    ]
                  }
                ],
                "uuid": "15fec420-157b-4d81-bac9-ad809fd06837",
                "volume_group_reference": {}
              },
              {
                "data_source_reference": {},
                "device_properties": [
                  {
                    "device_type": "DISK",
                    "disk_address": {
                      "adapter_type": "SCSI",
                      "device_index": "1"
                    }
                  }
                ],
                "disk_size_bytes": 107374182400,
                "disk_size_mib": 102400,
                "storage_config": [
                  {
                    "flash_mode": "",
                    "storage_container_reference": [
                      {
                        "kind": "storage_container",
                        "name": "NUT_AHV_DC3_01",
                        "url": "",
                        "uuid": "bc8f3bc4-900a-4458-aadd-85f557f5bcd2"
                      }
                    ]
                  }
                ],
                "uuid": "2cf4b8b2-2816-4feb-9b32-953400030555",
                "volume_group_reference": {}
              }
            ],
            "enable_cpu_passthrough": false,
            "enable_script_exec": false,
            "gpu_list": [],
            "guest_customization_cloud_init_custom_key_values": {},
            "guest_customization_cloud_init_meta_data": "",
            "guest_customization_cloud_init_user_data": "I2Nsb3VkLWNvbmZpZwpob3N0bmFtZTogdnNsLWRldi1lcHQtMDAxCmZxZG46IHZzbC1kZXYtZXB0LTAwMS5ka3YubHUKCnVzZXJzOgogIC0gbmFtZTogbG9jYWxhZG1pbgogICAgc3NoLWF1dGhvcml6ZWQta2V5czoKICAgICAgLSBzc2gtcnNhIEFBQUFCM056YUMxeWMyRUFBQUFEQVFBQkFBQUJnUUMvbEc4UWl3bGNwRko3NlFFTDlpblQzeHdGb3RwSytkaFQrZGhlYnhuT1FvOFpMN2xxUVNoKzVNWTVTZW44ek55M0s1V3VrWGxUbGZhczI3dnhFdTB0cy80WENBZWFKRGRZMDduN2I4NnJUaStrMWVETmhwZGdtM09jUjVyZTZKRGhTNEFzdHh1Yjg0VW9NaFJqQjBzT1V5YVM0WXhuV1NIUXRtT21LTTdIdnBBK1ZMK1lxcE84aVpVQVRvRGxYMytzWlJycE04VktQMmdJVllNU01abEltWHM2NGJYSUtYN1RpNUZOWU1YVjRKTk4xbXo0cUhWczVnSE52eXpOb2xtcW1GWUZ5VGIzWlI3eko3TFU2dUo5Q1hjUFRPYmdIcEdTOUsrdFpoWWVzcGMwdUNsQXpFa2owU3VGSG5KUE5XcnREMy9Bd1VuQXIra1VNaHdXdDhvTmx4b01sZml0M3ZjVEtEa2hEYmV1N2gzNGs5ZnJRMUdGZXVpZ09TMEdtd2d0VGJVQnV5UXRJNm43b2RVVEF0U2trbjRhYVMwVWdWNllONDkxNWFDOE0vc01uSzR1SC9seEpaNGpPVUtUb1NCK05iSnB0VGM1TExpSzNXbWVDU0c4UlBCOVUrUmk5djJJSXhaSGlWdlp6NXBCdVdNRWVDeG9odDJ2TnlrOXdscz0gZ2l0bGFiLXJ1bm5lckByaC1zdWJtYW4ubGFsdXgubG9jYWwKYm9vdGNtZDoKICAgLSBubWNsaSBjb24gbW9kICJTeXN0ZW0gZW5zMyIgY29ubmVjdGlvbi5pZCBlbnMzIAogICAtIG5tY2xpIGNvbiBtb2QgZW5zMyBpcHY0Lm1ldGhvZCBtYW51YWwgaXB2NC5hZGRyZXNzZXMgMTkyLjE2OC40Mi4xNzgvMjQgaXB2NC5nYXRld2F5IDE5Mi4xNjguNDIuMSBpcHY0LmRucyAiMjAwLjEuMS4xNjMgMjAwLjEuMS4yMTgiCiAgIC0gbm1jbGkgY29uIHVwIGVuczMKICAgCiMgY2hwYXNzd2Q6CiMgICBsaXN0OiB8CiMgICAgIGxvY2FsYWRtaW46IExAbHV4MDEyMzQ1Njc4OSM=",
            "guest_customization_is_overridable": false,
            "guest_customization_sysprep": {},
            "guest_customization_sysprep_custom_key_values": {},
            "guest_os_id": "",
            "hardware_clock_timezone": "UTC",
            "host_reference": {
              "kind": "host",
              "name": "192.168.3.78",
              "uuid": "ed4dcf7d-0f23-4041-acd1-bbc921742133"
            },
            "hypervisor_type": null,
            "id": "52a7afe7-1366-4ff5-b4a9-fa006fe83210",
            "is_vcpu_hard_pinned": false,
            "machine_type": "PC",
            "memory_size_mib": 4096,
            "metadata": {
              "creation_time": "2023-12-18 16:11:29 +0000 UTC",
              "last_update_time": "2023-12-18 16:11:29 +0000 UTC",
              "name": "",
              "spec_hash": "",
              "spec_version": "2",
              "uuid": "52a7afe7-1366-4ff5-b4a9-fa006fe83210"
            },
            "name": "VSL-DEV-EPT-001",
            "ngt_credentials": {},
            "ngt_enabled_capability_list": [
              "VSS_SNAPSHOT"
            ],
            "nic_list": [
              {
                "ip_endpoint_list": [],
                "is_connected": "true",
                "mac_address": "50:6b:8d:b4:bb:b6",
                "model": "",
                "network_function_chain_reference": {},
                "network_function_nic_type": "",
                "nic_type": "NORMAL_NIC",
                "num_queues": 0,
                "subnet_name": "VLAN_42",
                "subnet_uuid": "bb352659-9eb7-498c-8116-f0efee2420a1",
                "uuid": "6527630b-154b-4326-9e7d-381381f044bb"
              }
            ],
            "nic_list_status": [
              {
                "floating_ip": "",
                "ip_endpoint_list": [
                  {
                    "ip": "192.168.42.178",
                    "type": "LEARNED"
                  }
                ],
                "is_connected": "true",
                "mac_address": "50:6b:8d:b4:bb:b6",
                "model": "",
                "network_function_chain_reference": {},
                "network_function_nic_type": "",
                "nic_type": "NORMAL_NIC",
                "num_queues": 0,
                "subnet_name": "VLAN_42",
                "subnet_uuid": "bb352659-9eb7-498c-8116-f0efee2420a1",
                "uuid": "6527630b-154b-4326-9e7d-381381f044bb"
              }
            ],
            "num_sockets": 4,
            "num_vcpus_per_socket": 1,
            "num_vnuma_nodes": 0,
            "nutanix_guest_tools": {
              "available_version": "4.0",
              "guest_os_version": "linux:64:Red Hat Enterprise Linux-8.9",
              "is_reachable": "true",
              "iso_mount_state": "UNMOUNTED",
              "ngt_state": "INSTALLED",
              "state": "ENABLED",
              "version": "4.0",
              "vm_mobility_drivers_installed": "false",
              "vss_snapshot_capable": "false"
            },
            "owner_reference": {
              "kind": "user",
              "name": "kwakou.missoh@lalux.lu",
              "uuid": "cee7acb0-a3ec-5884-98df-ec80fecf83d6"
            },
            "parent_reference": {},
            "power_state": "ON",
            "power_state_mechanism": "HARD",
            "project_reference": {
              "kind": "project",
              "name": "_internal",
              "uuid": "996d167c-54de-428a-9b36-a265ab1d2916"
            },
            "serial_port_list": [],
            "should_fail_on_script_failure": false,
            "state": "COMPLETE",
            "timeouts": null,
            "use_hot_add": true,
            "vga_console_enabled": true
          },
          "sensitive_attributes": [],
          "private": "eyJlMmJmYjczMC1lY2FhLTExZTYtOGY4OC0zNDM2M2JjN2M0YzAiOnsiY3JlYXRlIjozNjAwMDAwMDAwMDAwLCJkZWxldGUiOjM2MDAwMDAwMDAwMDAsInVwZGF0ZSI6MzYwMDAwMDAwMDAwMH0sInNjaGVtYV92ZXJzaW9uIjoiMSJ9",
          "dependencies": [
            "data.nutanix_cluster.pe_lu651",
            "data.nutanix_image.rhel8-dc3"
          ]
        }
      ]
    },
    {
      "mode": "managed",
      "type": "nutanix_virtual_machine",
      "name": "VSL-DEV-RPI-001",
      "provider": "provider[\"registry.terraform.io/nutanix/nutanix\"].dc3",
      "instances": [
        {
          "schema_version": 1,
          "attributes": {
            "api_version": "3.1",
            "availability_zone_reference": {},
            "boot_device_disk_address": {},
            "boot_device_mac_address": "",
            "boot_device_order_list": [],
            "boot_type": "UEFI",
            "categories": [],
            "cloud_init_cdrom_uuid": "8e595558-030e-4945-90e7-8f35b0dcd2e1",
            "cluster_name": "LU651",
            "cluster_uuid": "0005bad6-a969-e524-1d79-ac1f6b3ddf74",
            "description": "VSL-DEV-RPI-001",
            "disk_list": [
              {
                "data_source_reference": {
                  "kind": "image",
                  "uuid": "65d16f82-dce7-4102-bfa3-7374814d40d5"
                },
                "device_properties": [
                  {
                    "device_type": "DISK",
                    "disk_address": {
                      "adapter_type": "SCSI",
                      "device_index": "0"
                    }
                  }
                ],
                "disk_size_bytes": 53687091200,
                "disk_size_mib": 51200,
                "storage_config": [
                  {
                    "flash_mode": "",
                    "storage_container_reference": [
                      {
                        "kind": "storage_container",
                        "name": "SelfServiceContainer",
                        "url": "",
                        "uuid": "14a956d7-8c65-465b-9fa2-d34e8c9e4b8f"
                      }
                    ]
                  }
                ],
                "uuid": "6866c605-b650-4893-81cb-0310d7d2c7d8",
                "volume_group_reference": {}
              },
              {
                "data_source_reference": {},
                "device_properties": [
                  {
                    "device_type": "DISK",
                    "disk_address": {
                      "adapter_type": "SCSI",
                      "device_index": "1"
                    }
                  }
                ],
                "disk_size_bytes": 107374182400,
                "disk_size_mib": 102400,
                "storage_config": [
                  {
                    "flash_mode": "",
                    "storage_container_reference": [
                      {
                        "kind": "storage_container",
                        "name": "NUT_AHV_DC3_01",
                        "url": "",
                        "uuid": "bc8f3bc4-900a-4458-aadd-85f557f5bcd2"
                      }
                    ]
                  }
                ],
                "uuid": "ea6643dc-33ce-4d52-8b5a-414b82edc1c1",
                "volume_group_reference": {}
              }
            ],
            "enable_cpu_passthrough": false,
            "enable_script_exec": false,
            "gpu_list": [],
            "guest_customization_cloud_init_custom_key_values": {},
            "guest_customization_cloud_init_meta_data": "",
            "guest_customization_cloud_init_user_data": "I2Nsb3VkLWNvbmZpZwpob3N0bmFtZTogdnNsLWRldi1ycGktMDAxCmZxZG46IHZzbC1kZXYtcnBpLTAwMS5ka3YubHUKCnVzZXJzOgogIC0gbmFtZTogbG9jYWxhZG1pbgogICAgc3NoLWF1dGhvcml6ZWQta2V5czoKICAgICAgLSBzc2gtcnNhIEFBQUFCM056YUMxeWMyRUFBQUFEQVFBQkFBQUJnUUMvbEc4UWl3bGNwRko3NlFFTDlpblQzeHdGb3RwSytkaFQrZGhlYnhuT1FvOFpMN2xxUVNoKzVNWTVTZW44ek55M0s1V3VrWGxUbGZhczI3dnhFdTB0cy80WENBZWFKRGRZMDduN2I4NnJUaStrMWVETmhwZGdtM09jUjVyZTZKRGhTNEFzdHh1Yjg0VW9NaFJqQjBzT1V5YVM0WXhuV1NIUXRtT21LTTdIdnBBK1ZMK1lxcE84aVpVQVRvRGxYMytzWlJycE04VktQMmdJVllNU01abEltWHM2NGJYSUtYN1RpNUZOWU1YVjRKTk4xbXo0cUhWczVnSE52eXpOb2xtcW1GWUZ5VGIzWlI3eko3TFU2dUo5Q1hjUFRPYmdIcEdTOUsrdFpoWWVzcGMwdUNsQXpFa2owU3VGSG5KUE5XcnREMy9Bd1VuQXIra1VNaHdXdDhvTmx4b01sZml0M3ZjVEtEa2hEYmV1N2gzNGs5ZnJRMUdGZXVpZ09TMEdtd2d0VGJVQnV5UXRJNm43b2RVVEF0U2trbjRhYVMwVWdWNllONDkxNWFDOE0vc01uSzR1SC9seEpaNGpPVUtUb1NCK05iSnB0VGM1TExpSzNXbWVDU0c4UlBCOVUrUmk5djJJSXhaSGlWdlp6NXBCdVdNRWVDeG9odDJ2TnlrOXdscz0gZ2l0bGFiLXJ1bm5lckByaC1zdWJtYW4ubGFsdXgubG9jYWwKYm9vdGNtZDoKICAgLSBubWNsaSBjb24gbW9kICJTeXN0ZW0gZW5zMyIgY29ubmVjdGlvbi5pZCBlbnMzIAogICAtIG5tY2xpIGNvbiBtb2QgZW5zMyBpcHY0Lm1ldGhvZCBtYW51YWwgaXB2NC5hZGRyZXNzZXMgMTkyLjE2OC40Mi4xNzQvMjQgaXB2NC5nYXRld2F5IDE5Mi4xNjguNDIuMSBpcHY0LmRucyAiMjAwLjEuMS4xNjMgMjAwLjEuMS4yMTgiCiAgIC0gbm1jbGkgY29uIHVwIGVuczMKICAgCiMgY2hwYXNzd2Q6CiMgICBsaXN0OiB8CiMgICAgIGxvY2FsYWRtaW46IExAbHV4MDEyMzQ1Njc4OSM=",
            "guest_customization_is_overridable": false,
            "guest_customization_sysprep": {},
            "guest_customization_sysprep_custom_key_values": {},
            "guest_os_id": "",
            "hardware_clock_timezone": "UTC",
            "host_reference": {
              "kind": "host",
              "name": "192.168.3.78",
              "uuid": "ed4dcf7d-0f23-4041-acd1-bbc921742133"
            },
            "hypervisor_type": null,
            "id": "3d0696f8-ce3e-4fb3-9612-46445ba0e5d7",
            "is_vcpu_hard_pinned": false,
            "machine_type": "PC",
            "memory_size_mib": 4096,
            "metadata": {
              "creation_time": "2023-12-18 16:11:33 +0000 UTC",
              "last_update_time": "2023-12-18 16:11:33 +0000 UTC",
              "name": "",
              "spec_hash": "",
              "spec_version": "2",
              "uuid": "3d0696f8-ce3e-4fb3-9612-46445ba0e5d7"
            },
            "name": "VSL-DEV-RPI-001",
            "ngt_credentials": {},
            "ngt_enabled_capability_list": [
              "VSS_SNAPSHOT"
            ],
            "nic_list": [
              {
                "ip_endpoint_list": [],
                "is_connected": "true",
                "mac_address": "50:6b:8d:a5:e7:2f",
                "model": "",
                "network_function_chain_reference": {},
                "network_function_nic_type": "",
                "nic_type": "NORMAL_NIC",
                "num_queues": 0,
                "subnet_name": "VLAN_42",
                "subnet_uuid": "bb352659-9eb7-498c-8116-f0efee2420a1",
                "uuid": "cac4aa33-c7e6-4453-a1fe-5cdfc0c88e7e"
              }
            ],
            "nic_list_status": [
              {
                "floating_ip": "",
                "ip_endpoint_list": [
                  {
                    "ip": "192.168.42.174",
                    "type": "LEARNED"
                  }
                ],
                "is_connected": "true",
                "mac_address": "50:6b:8d:a5:e7:2f",
                "model": "",
                "network_function_chain_reference": {},
                "network_function_nic_type": "",
                "nic_type": "NORMAL_NIC",
                "num_queues": 0,
                "subnet_name": "VLAN_42",
                "subnet_uuid": "bb352659-9eb7-498c-8116-f0efee2420a1",
                "uuid": "cac4aa33-c7e6-4453-a1fe-5cdfc0c88e7e"
              }
            ],
            "num_sockets": 2,
            "num_vcpus_per_socket": 1,
            "num_vnuma_nodes": 0,
            "nutanix_guest_tools": {
              "available_version": "4.0",
              "guest_os_version": "linux:64:Red Hat Enterprise Linux-8.9",
              "is_reachable": "true",
              "iso_mount_state": "UNMOUNTED",
              "ngt_state": "INSTALLED",
              "state": "ENABLED",
              "version": "4.0",
              "vm_mobility_drivers_installed": "false",
              "vss_snapshot_capable": "false"
            },
            "owner_reference": {
              "kind": "user",
              "name": "kwakou.missoh@lalux.lu",
              "uuid": "cee7acb0-a3ec-5884-98df-ec80fecf83d6"
            },
            "parent_reference": {},
            "power_state": "ON",
            "power_state_mechanism": "HARD",
            "project_reference": {
              "kind": "project",
              "name": "_internal",
              "uuid": "996d167c-54de-428a-9b36-a265ab1d2916"
            },
            "serial_port_list": [],
            "should_fail_on_script_failure": false,
            "state": "COMPLETE",
            "timeouts": null,
            "use_hot_add": true,
            "vga_console_enabled": true
          },
          "sensitive_attributes": [],
          "private": "eyJlMmJmYjczMC1lY2FhLTExZTYtOGY4OC0zNDM2M2JjN2M0YzAiOnsiY3JlYXRlIjozNjAwMDAwMDAwMDAwLCJkZWxldGUiOjM2MDAwMDAwMDAwMDAsInVwZGF0ZSI6MzYwMDAwMDAwMDAwMH0sInNjaGVtYV92ZXJzaW9uIjoiMSJ9",
          "dependencies": [
            "data.nutanix_cluster.pe_lu651",
            "data.nutanix_image.rhel8-dc3"
          ]
        }
      ]
    },
    {
      "mode": "managed",
      "type": "vsphere_virtual_machine",
      "name": "LU686",
      "provider": "provider[\"registry.terraform.io/hashicorp/vsphere\"]",
      "instances": [
        {
          "schema_version": 3,
          "attributes": {
            "alternate_guest_name": "",
            "annotation": "Packer imported RHEL8STD-latest VM template",
            "boot_delay": 0,
            "boot_retry_delay": 10000,
            "boot_retry_enabled": false,
            "cdrom": [
              {
                "client_device": false,
                "datastore_id": "",
                "device_address": "ide:0:0",
                "key": 3000,
                "path": ""
              }
            ],
            "change_version": "2024-01-17T08:46:28.495442Z",
            "clone": [
              {
                "customize": [
                  {
                    "dns_server_list": [
                      "200.1.1.163",
                      "200.1.1.218"
                    ],
                    "dns_suffix_list": [],
                    "ipv4_gateway": "172.22.160.1",
                    "ipv6_gateway": "",
                    "linux_options": [
                      {
                        "domain": "dkv.lu",
                        "host_name": "lu686",
                        "hw_clock_utc": true,
                        "script_text": "",
                        "time_zone": ""
                      }
                    ],
                    "network_interface": [
                      {
                        "dns_domain": "",
                        "dns_server_list": [],
                        "ipv4_address": "172.22.160.2",
                        "ipv4_netmask": 24,
                        "ipv6_address": "",
                        "ipv6_netmask": 0
                      }
                    ],
                    "timeout": 10,
                    "windows_options": [],
                    "windows_sysprep_text": ""
                  }
                ],
                "linked_clone": false,
                "ovf_network_map": {},
                "ovf_storage_map": {},
                "template_uuid": "a8fc66e2-e571-46b9-8597-aeda79b94e86",
                "timeout": 30
              }
            ],
            "cpu_hot_add_enabled": false,
            "cpu_hot_remove_enabled": false,
            "cpu_limit": -1,
            "cpu_performance_counters_enabled": false,
            "cpu_reservation": 0,
            "cpu_share_count": 2000,
            "cpu_share_level": "normal",
            "custom_attributes": {},
            "datacenter_id": null,
            "datastore_cluster_id": null,
            "datastore_id": "datastore-42142",
            "default_ip_address": "172.22.160.2",
            "disk": [
              {
                "attach": false,
                "controller_type": "scsi",
                "datastore_id": "datastore-42142",
                "device_address": "scsi:0:0",
                "disk_mode": "persistent",
                "disk_sharing": "sharingNone",
                "eagerly_scrub": false,
                "io_limit": -1,
                "io_reservation": 0,
                "io_share_count": 1000,
                "io_share_level": "normal",
                "keep_on_remove": false,
                "key": 2000,
                "label": "disk0",
                "path": "LU686/LU686.vmdk",
                "size": 50,
                "storage_policy_id": "",
                "thin_provisioned": true,
                "unit_number": 0,
                "uuid": "6000C29f-cb59-310b-38c1-cd0f7c66183e",
                "write_through": false
              },
              {
                "attach": false,
                "controller_type": "scsi",
                "datastore_id": "datastore-42142",
                "device_address": "scsi:0:1",
                "disk_mode": "persistent",
                "disk_sharing": "sharingNone",
                "eagerly_scrub": false,
                "io_limit": -1,
                "io_reservation": 0,
                "io_share_count": 1000,
                "io_share_level": "normal",
                "keep_on_remove": false,
                "key": 2001,
                "label": "disk1",
                "path": "LU686/LU686_1.vmdk",
                "size": 100,
                "storage_policy_id": "",
                "thin_provisioned": true,
                "unit_number": 1,
                "uuid": "6000C297-cf35-d21c-8e35-6ae721989ca4",
                "write_through": false
              }
            ],
            "efi_secure_boot_enabled": false,
            "enable_disk_uuid": false,
            "enable_logging": false,
            "ept_rvi_mode": "automatic",
            "extra_config": {},
            "extra_config_reboot_required": true,
            "firmware": "efi",
            "folder": "DMZ",
            "force_power_off": true,
            "guest_id": "rhel8_64Guest",
            "guest_ip_addresses": [
              "172.22.160.2",
              "fe80::250:56ff:fe81:751f"
            ],
            "hardware_version": 19,
            "host_system_id": "host-239063",
            "hv_mode": "hvAuto",
            "id": "42015114-59b5-97e1-dfef-fd5598fa18c4",
            "ide_controller_count": 2,
            "ignored_guest_ips": null,
            "imported": null,
            "latency_sensitivity": "normal",
            "memory": 4096,
            "memory_hot_add_enabled": false,
            "memory_limit": -1,
            "memory_reservation": 0,
            "memory_share_count": 40960,
            "memory_share_level": "normal",
            "migrate_wait_timeout": 30,
            "moid": "vm-250237",
            "name": "LU686",
            "nested_hv_enabled": false,
            "network_interface": [
              {
                "adapter_type": "vmxnet3",
                "bandwidth_limit": -1,
                "bandwidth_reservation": 0,
                "bandwidth_share_count": 50,
                "bandwidth_share_level": "normal",
                "device_address": "pci:0:7",
                "key": 4000,
                "mac_address": "00:50:56:81:75:1f",
                "network_id": "network-165607",
                "ovf_mapping": "",
                "use_static_mac": false
              }
            ],
            "num_cores_per_socket": 1,
            "num_cpus": 2,
            "ovf_deploy": [],
            "pci_device_id": [],
            "power_state": "on",
            "poweron_timeout": 300,
            "reboot_required": false,
            "replace_trigger": null,
            "resource_pool_id": "resgroup-41982",
            "run_tools_scripts_after_power_on": true,
            "run_tools_scripts_after_resume": true,
            "run_tools_scripts_before_guest_reboot": false,
            "run_tools_scripts_before_guest_shutdown": true,
            "run_tools_scripts_before_guest_standby": true,
            "sata_controller_count": 0,
            "scsi_bus_sharing": "noSharing",
            "scsi_controller_count": 1,
            "scsi_type": "pvscsi",
            "shutdown_wait_timeout": 3,
            "storage_policy_id": "",
            "swap_placement_policy": "inherit",
            "sync_time_with_host": false,
            "sync_time_with_host_periodically": false,
            "tags": [],
            "tools_upgrade_policy": "manual",
            "uuid": "42015114-59b5-97e1-dfef-fd5598fa18c4",
            "vapp": [],
            "vapp_transport": [],
            "vbs_enabled": false,
            "vmware_tools_status": "guestToolsRunning",
            "vmx_path": "LU686/LU686.vmx",
            "vvtd_enabled": false,
            "wait_for_guest_ip_timeout": 0,
            "wait_for_guest_net_routable": true,
            "wait_for_guest_net_timeout": 5
          },
          "sensitive_attributes": [],
          "private": "eyJzY2hlbWFfdmVyc2lvbiI6IjMifQ==",
          "dependencies": [
            "data.vsphere_content_library_item.esx_lib2_item",
            "data.vsphere_datastore.NUT_DMZ_INT_DC2_01",
            "data.vsphere_host.nut-dmz-04",
            "data.vsphere_network.DMZ_PRO_INT_RHEL_MGMT",
            "data.vsphere_resource_pool.esx_pool"
          ]
        }
      ]
    },
    {
      "mode": "managed",
      "type": "vsphere_virtual_machine",
      "name": "VSL-POC-MMO-001",
      "provider": "provider[\"registry.terraform.io/hashicorp/vsphere\"]",
      "instances": [
        {
          "schema_version": 3,
          "attributes": {
            "alternate_guest_name": "",
            "annotation": "Packer imported RHEL8STD-latest VM template",
            "boot_delay": 0,
            "boot_retry_delay": 10000,
            "boot_retry_enabled": false,
            "cdrom": [
              {
                "client_device": false,
                "datastore_id": "",
                "device_address": "ide:0:0",
                "key": 3000,
                "path": ""
              }
            ],
            "change_version": "2024-02-20T09:35:56.409618Z",
            "clone": [
              {
                "customize": [
                  {
                    "dns_server_list": [
                      "200.1.1.163",
                      "200.1.1.218"
                    ],
                    "dns_suffix_list": [],
                    "ipv4_gateway": "172.23.86.254",
                    "ipv6_gateway": "",
                    "linux_options": [
                      {
                        "domain": "dkv.lu",
                        "host_name": "vsl-poc-mmo-001",
                        "hw_clock_utc": true,
                        "script_text": "",
                        "time_zone": ""
                      }
                    ],
                    "network_interface": [
                      {
                        "dns_domain": "",
                        "dns_server_list": [],
                        "ipv4_address": "172.23.86.1",
                        "ipv4_netmask": 24,
                        "ipv6_address": "",
                        "ipv6_netmask": 0
                      }
                    ],
                    "timeout": 10,
                    "windows_options": [],
                    "windows_sysprep_text": ""
                  }
                ],
                "linked_clone": false,
                "ovf_network_map": {},
                "ovf_storage_map": {},
                "template_uuid": "40e35860-d160-449c-aef0-5c5558a17ded",
                "timeout": 30
              }
            ],
            "cpu_hot_add_enabled": false,
            "cpu_hot_remove_enabled": false,
            "cpu_limit": -1,
            "cpu_performance_counters_enabled": false,
            "cpu_reservation": 0,
            "cpu_share_count": 2000,
            "cpu_share_level": "normal",
            "custom_attributes": {},
            "datacenter_id": null,
            "datastore_cluster_id": null,
            "datastore_id": "datastore-42137",
            "default_ip_address": "172.23.86.1",
            "disk": [
              {
                "attach": false,
                "controller_type": "scsi",
                "datastore_id": "datastore-42137",
                "device_address": "scsi:0:0",
                "disk_mode": "persistent",
                "disk_sharing": "sharingNone",
                "eagerly_scrub": false,
                "io_limit": -1,
                "io_reservation": 0,
                "io_share_count": 1000,
                "io_share_level": "normal",
                "keep_on_remove": false,
                "key": 2000,
                "label": "disk0",
                "path": "VSL-POC-MMO-001/VSL-POC-MMO-001.vmdk",
                "size": 50,
                "storage_policy_id": "",
                "thin_provisioned": true,
                "unit_number": 0,
                "uuid": "6000C295-9b64-7783-40a4-f9ad40fbe0b8",
                "write_through": false
              },
              {
                "attach": false,
                "controller_type": "scsi",
                "datastore_id": "datastore-42137",
                "device_address": "scsi:0:1",
                "disk_mode": "persistent",
                "disk_sharing": "sharingNone",
                "eagerly_scrub": false,
                "io_limit": -1,
                "io_reservation": 0,
                "io_share_count": 1000,
                "io_share_level": "normal",
                "keep_on_remove": false,
                "key": 2001,
                "label": "disk1",
                "path": "VSL-POC-MMO-001/VSL-POC-MMO-001_1.vmdk",
                "size": 100,
                "storage_policy_id": "",
                "thin_provisioned": true,
                "unit_number": 1,
                "uuid": "6000C29c-d2c7-e71f-ac09-7032db5c8039",
                "write_through": false
              }
            ],
            "efi_secure_boot_enabled": false,
            "enable_disk_uuid": false,
            "enable_logging": false,
            "ept_rvi_mode": "automatic",
            "extra_config": {},
            "extra_config_reboot_required": true,
            "firmware": "efi",
            "folder": "",
            "force_power_off": true,
            "guest_id": "rhel8_64Guest",
            "guest_ip_addresses": [
              "172.50.0.1",
              "fe80::42:ebff:fe45:ad64",
              "172.23.86.1",
              "fe80::250:56ff:fe81:da99"
            ],
            "hardware_version": 19,
            "host_system_id": "host-233887",
            "hv_mode": "hvAuto",
            "id": "4201f0b1-7308-7853-48d1-df8ae3ee7b0f",
            "ide_controller_count": 2,
            "ignored_guest_ips": null,
            "imported": null,
            "latency_sensitivity": "normal",
            "memory": 4096,
            "memory_hot_add_enabled": false,
            "memory_limit": -1,
            "memory_reservation": 0,
            "memory_share_count": 40960,
            "memory_share_level": "normal",
            "migrate_wait_timeout": 30,
            "moid": "vm-256065",
            "name": "VSL-POC-MMO-001",
            "nested_hv_enabled": false,
            "network_interface": [
              {
                "adapter_type": "vmxnet3",
                "bandwidth_limit": -1,
                "bandwidth_reservation": 0,
                "bandwidth_share_count": 50,
                "bandwidth_share_level": "normal",
                "device_address": "pci:0:7",
                "key": 4000,
                "mac_address": "00:50:56:81:da:99",
                "network_id": "network-255933",
                "ovf_mapping": "",
                "use_static_mac": false
              }
            ],
            "num_cores_per_socket": 1,
            "num_cpus": 2,
            "ovf_deploy": [],
            "pci_device_id": [],
            "power_state": "on",
            "poweron_timeout": 300,
            "reboot_required": false,
            "replace_trigger": null,
            "resource_pool_id": "resgroup-41982",
            "run_tools_scripts_after_power_on": true,
            "run_tools_scripts_after_resume": true,
            "run_tools_scripts_before_guest_reboot": false,
            "run_tools_scripts_before_guest_shutdown": true,
            "run_tools_scripts_before_guest_standby": true,
            "sata_controller_count": 0,
            "scsi_bus_sharing": "noSharing",
            "scsi_controller_count": 1,
            "scsi_type": "pvscsi",
            "shutdown_wait_timeout": 3,
            "storage_policy_id": "",
            "swap_placement_policy": "inherit",
            "sync_time_with_host": false,
            "sync_time_with_host_periodically": false,
            "tags": [],
            "tools_upgrade_policy": "manual",
            "uuid": "4201f0b1-7308-7853-48d1-df8ae3ee7b0f",
            "vapp": [],
            "vapp_transport": [],
            "vbs_enabled": false,
            "vmware_tools_status": "guestToolsRunning",
            "vmx_path": "VSL-POC-MMO-001/VSL-POC-MMO-001.vmx",
            "vvtd_enabled": false,
            "wait_for_guest_ip_timeout": 0,
            "wait_for_guest_net_routable": true,
            "wait_for_guest_net_timeout": 5
          },
          "sensitive_attributes": [],
          "private": "eyJzY2hlbWFfdmVyc2lvbiI6IjMifQ==",
          "dependencies": [
            "data.vsphere_content_library_item.esx_lib1_item",
            "data.vsphere_datastore.NUT_DMZ_INT_DC1_01",
            "data.vsphere_host.nut-dmz-03",
            "data.vsphere_network.PRO_ANALYTICS_EXT",
            "data.vsphere_resource_pool.esx_pool"
          ]
        }
      ]
    },
    {
      "mode": "managed",
      "type": "vsphere_virtual_machine",
      "name": "VSL-PRO-ATQ-001_BKP_D_PRO",
      "provider": "provider[\"registry.terraform.io/hashicorp/vsphere\"]",
      "instances": [
        {
          "schema_version": 3,
          "attributes": {
            "alternate_guest_name": "",
            "annotation": "Packer imported RHEL8STD-latest VM template",
            "boot_delay": 0,
            "boot_retry_delay": 10000,
            "boot_retry_enabled": false,
            "cdrom": [
              {
                "client_device": false,
                "datastore_id": "",
                "device_address": "ide:0:0",
                "key": 3000,
                "path": ""
              }
            ],
            "change_version": "2024-02-22T20:03:10.37425Z",
            "clone": [
              {
                "customize": [
                  {
                    "dns_server_list": [
                      "200.1.1.163",
                      "200.1.1.218"
                    ],
                    "dns_suffix_list": [],
                    "ipv4_gateway": "172.22.148.1",
                    "ipv6_gateway": "",
                    "linux_options": [
                      {
                        "domain": "dkv.lu",
                        "host_name": "vsl-pro-atq-001",
                        "hw_clock_utc": true,
                        "script_text": "",
                        "time_zone": ""
                      }
                    ],
                    "network_interface": [
                      {
                        "dns_domain": "",
                        "dns_server_list": [],
                        "ipv4_address": "172.22.148.8",
                        "ipv4_netmask": 24,
                        "ipv6_address": "",
                        "ipv6_netmask": 0
                      }
                    ],
                    "timeout": 10,
                    "windows_options": [],
                    "windows_sysprep_text": ""
                  }
                ],
                "linked_clone": false,
                "ovf_network_map": {},
                "ovf_storage_map": {},
                "template_uuid": "a8fc66e2-e571-46b9-8597-aeda79b94e86",
                "timeout": 30
              }
            ],
            "cpu_hot_add_enabled": false,
            "cpu_hot_remove_enabled": false,
            "cpu_limit": -1,
            "cpu_performance_counters_enabled": false,
            "cpu_reservation": 0,
            "cpu_share_count": 4000,
            "cpu_share_level": "normal",
            "custom_attributes": {},
            "datacenter_id": null,
            "datastore_cluster_id": null,
            "datastore_id": "datastore-42403",
            "default_ip_address": "172.22.148.8",
            "disk": [
              {
                "attach": false,
                "controller_type": "scsi",
                "datastore_id": "datastore-42403",
                "device_address": "scsi:0:0",
                "disk_mode": "persistent",
                "disk_sharing": "sharingNone",
                "eagerly_scrub": false,
                "io_limit": -1,
                "io_reservation": 0,
                "io_share_count": 1000,
                "io_share_level": "normal",
                "keep_on_remove": false,
                "key": 2000,
                "label": "disk0",
                "path": "VSL-PRO-ATQ-001_BKP_D_PRO/VSL-PRO-ATQ-001_BKP_D_PRO.vmdk",
                "size": 50,
                "storage_policy_id": "",
                "thin_provisioned": true,
                "unit_number": 0,
                "uuid": "6000C297-8d9d-726e-73b3-43b0b665fc51",
                "write_through": false
              },
              {
                "attach": false,
                "controller_type": "scsi",
                "datastore_id": "datastore-42403",
                "device_address": "scsi:0:1",
                "disk_mode": "persistent",
                "disk_sharing": "sharingNone",
                "eagerly_scrub": false,
                "io_limit": -1,
                "io_reservation": 0,
                "io_share_count": 1000,
                "io_share_level": "normal",
                "keep_on_remove": false,
                "key": 2001,
                "label": "disk1",
                "path": "VSL-PRO-ATQ-001_BKP_D_PRO/VSL-PRO-ATQ-001_BKP_D_PRO_1.vmdk",
                "size": 100,
                "storage_policy_id": "",
                "thin_provisioned": true,
                "unit_number": 1,
                "uuid": "6000C29a-0e7d-808b-35c0-91f6b24f51c8",
                "write_through": false
              }
            ],
            "efi_secure_boot_enabled": false,
            "enable_disk_uuid": false,
            "enable_logging": false,
            "ept_rvi_mode": "automatic",
            "extra_config": {},
            "extra_config_reboot_required": true,
            "firmware": "efi",
            "folder": "DMZ/Tinqin/Servers",
            "force_power_off": true,
            "guest_id": "rhel8_64Guest",
            "guest_ip_addresses": [
              "172.22.148.8",
              "fe80::250:56ff:fe81:db2d"
            ],
            "hardware_version": 19,
            "host_system_id": "host-239063",
            "hv_mode": "hvAuto",
            "id": "42013cb3-9f97-de46-1f51-6193c630881e",
            "ide_controller_count": 2,
            "ignored_guest_ips": null,
            "imported": null,
            "latency_sensitivity": "normal",
            "memory": 24576,
            "memory_hot_add_enabled": false,
            "memory_limit": -1,
            "memory_reservation": 0,
            "memory_share_count": 245760,
            "memory_share_level": "normal",
            "migrate_wait_timeout": 30,
            "moid": "vm-253428",
            "name": "VSL-PRO-ATQ-001_BKP_D_PRO",
            "nested_hv_enabled": false,
            "network_interface": [
              {
                "adapter_type": "vmxnet3",
                "bandwidth_limit": -1,
                "bandwidth_reservation": 0,
                "bandwidth_share_count": 50,
                "bandwidth_share_level": "normal",
                "device_address": "pci:0:7",
                "key": 4000,
                "mac_address": "00:50:56:81:db:2d",
                "network_id": "network-82262",
                "ovf_mapping": "",
                "use_static_mac": false
              }
            ],
            "num_cores_per_socket": 1,
            "num_cpus": 4,
            "ovf_deploy": [],
            "pci_device_id": [],
            "power_state": "on",
            "poweron_timeout": 300,
            "reboot_required": false,
            "replace_trigger": null,
            "resource_pool_id": "resgroup-41982",
            "run_tools_scripts_after_power_on": true,
            "run_tools_scripts_after_resume": true,
            "run_tools_scripts_before_guest_reboot": false,
            "run_tools_scripts_before_guest_shutdown": true,
            "run_tools_scripts_before_guest_standby": true,
            "sata_controller_count": 0,
            "scsi_bus_sharing": "noSharing",
            "scsi_controller_count": 1,
            "scsi_type": "pvscsi",
            "shutdown_wait_timeout": 3,
            "storage_policy_id": "",
            "swap_placement_policy": "inherit",
            "sync_time_with_host": false,
            "sync_time_with_host_periodically": false,
            "tags": [],
            "tools_upgrade_policy": "manual",
            "uuid": "42013cb3-9f97-de46-1f51-6193c630881e",
            "vapp": [],
            "vapp_transport": [],
            "vbs_enabled": false,
            "vmware_tools_status": "guestToolsRunning",
            "vmx_path": "VSL-PRO-ATQ-001_BKP_D_PRO/VSL-PRO-ATQ-001_BKP_D_PRO.vmx",
            "vvtd_enabled": false,
            "wait_for_guest_ip_timeout": 0,
            "wait_for_guest_net_routable": true,
            "wait_for_guest_net_timeout": 5
          },
          "sensitive_attributes": [],
          "private": "eyJzY2hlbWFfdmVyc2lvbiI6IjMifQ==",
          "dependencies": [
            "data.vsphere_content_library_item.esx_lib2_item",
            "data.vsphere_datastore.NUT_DMZ_INT_DC2_to_DC1",
            "data.vsphere_host.nut-dmz-04",
            "data.vsphere_network.DMZ_PRO_APPMOBIL",
            "data.vsphere_resource_pool.esx_pool"
          ]
        }
      ]
    },
    {
      "mode": "managed",
      "type": "vsphere_virtual_machine",
      "name": "VSL-REC-WWW-001",
      "provider": "provider[\"registry.terraform.io/hashicorp/vsphere\"]",
      "instances": [
        {
          "schema_version": 3,
          "attributes": {
            "alternate_guest_name": "",
            "annotation": "Packer imported RHEL8STD-latest VM template",
            "boot_delay": 0,
            "boot_retry_delay": 10000,
            "boot_retry_enabled": false,
            "cdrom": [
              {
                "client_device": false,
                "datastore_id": "",
                "device_address": "ide:0:0",
                "key": 3000,
                "path": ""
              }
            ],
            "change_version": "2024-02-22T17:02:53.304173Z",
            "clone": [
              {
                "customize": [
                  {
                    "dns_server_list": [
                      "200.1.1.163",
                      "200.1.1.218"
                    ],
                    "dns_suffix_list": [],
                    "ipv4_gateway": "172.25.87.254",
                    "ipv6_gateway": "",
                    "linux_options": [
                      {
                        "domain": "dkv.lu",
                        "host_name": "vsl-rec-www-001",
                        "hw_clock_utc": true,
                        "script_text": "",
                        "time_zone": ""
                      }
                    ],
                    "network_interface": [
                      {
                        "dns_domain": "",
                        "dns_server_list": [],
                        "ipv4_address": "172.25.87.1",
                        "ipv4_netmask": 24,
                        "ipv6_address": "",
                        "ipv6_netmask": 0
                      }
                    ],
                    "timeout": 10,
                    "windows_options": [],
                    "windows_sysprep_text": ""
                  }
                ],
                "linked_clone": false,
                "ovf_network_map": {},
                "ovf_storage_map": {},
                "template_uuid": "a8fc66e2-e571-46b9-8597-aeda79b94e86",
                "timeout": 30
              }
            ],
            "cpu_hot_add_enabled": false,
            "cpu_hot_remove_enabled": false,
            "cpu_limit": -1,
            "cpu_performance_counters_enabled": false,
            "cpu_reservation": 0,
            "cpu_share_count": 2000,
            "cpu_share_level": "normal",
            "custom_attributes": {},
            "datacenter_id": null,
            "datastore_cluster_id": null,
            "datastore_id": "datastore-42142",
            "default_ip_address": "172.25.87.1",
            "disk": [
              {
                "attach": false,
                "controller_type": "scsi",
                "datastore_id": "datastore-42142",
                "device_address": "scsi:0:0",
                "disk_mode": "persistent",
                "disk_sharing": "sharingNone",
                "eagerly_scrub": false,
                "io_limit": -1,
                "io_reservation": 0,
                "io_share_count": 1000,
                "io_share_level": "normal",
                "keep_on_remove": false,
                "key": 2000,
                "label": "disk0",
                "path": "VSL-REC-WWW-001/VSL-REC-WWW-001.vmdk",
                "size": 50,
                "storage_policy_id": "",
                "thin_provisioned": true,
                "unit_number": 0,
                "uuid": "6000C29a-9ef4-eab7-d7fb-6f8ece987e03",
                "write_through": false
              },
              {
                "attach": false,
                "controller_type": "scsi",
                "datastore_id": "datastore-42142",
                "device_address": "scsi:0:1",
                "disk_mode": "persistent",
                "disk_sharing": "sharingNone",
                "eagerly_scrub": false,
                "io_limit": -1,
                "io_reservation": 0,
                "io_share_count": 1000,
                "io_share_level": "normal",
                "keep_on_remove": false,
                "key": 2001,
                "label": "disk1",
                "path": "VSL-REC-WWW-001/VSL-REC-WWW-001_1.vmdk",
                "size": 100,
                "storage_policy_id": "",
                "thin_provisioned": true,
                "unit_number": 1,
                "uuid": "6000C29f-9e49-0c17-09e5-07d313af45b6",
                "write_through": false
              }
            ],
            "efi_secure_boot_enabled": false,
            "enable_disk_uuid": false,
            "enable_logging": false,
            "ept_rvi_mode": "automatic",
            "extra_config": {},
            "extra_config_reboot_required": true,
            "firmware": "efi",
            "folder": "",
            "force_power_off": true,
            "guest_id": "rhel8_64Guest",
            "guest_ip_addresses": [
              "172.25.87.1",
              "fe80::250:56ff:fe81:8f7d"
            ],
            "hardware_version": 19,
            "host_system_id": "host-239157",
            "hv_mode": "hvAuto",
            "id": "4201492a-cd75-2e72-eac0-99a6b90a7263",
            "ide_controller_count": 2,
            "ignored_guest_ips": null,
            "imported": null,
            "latency_sensitivity": "normal",
            "memory": 8192,
            "memory_hot_add_enabled": false,
            "memory_limit": -1,
            "memory_reservation": 0,
            "memory_share_count": 81920,
            "memory_share_level": "normal",
            "migrate_wait_timeout": 30,
            "moid": "vm-256224",
            "name": "VSL-REC-WWW-001",
            "nested_hv_enabled": false,
            "network_interface": [
              {
                "adapter_type": "vmxnet3",
                "bandwidth_limit": -1,
                "bandwidth_reservation": 0,
                "bandwidth_share_count": 50,
                "bandwidth_share_level": "normal",
                "device_address": "pci:0:7",
                "key": 4000,
                "mac_address": "00:50:56:81:8f:7d",
                "network_id": "network-256218",
                "ovf_mapping": "",
                "use_static_mac": false
              }
            ],
            "num_cores_per_socket": 1,
            "num_cpus": 2,
            "ovf_deploy": [],
            "pci_device_id": [],
            "power_state": "on",
            "poweron_timeout": 300,
            "reboot_required": false,
            "replace_trigger": null,
            "resource_pool_id": "resgroup-41982",
            "run_tools_scripts_after_power_on": true,
            "run_tools_scripts_after_resume": true,
            "run_tools_scripts_before_guest_reboot": false,
            "run_tools_scripts_before_guest_shutdown": true,
            "run_tools_scripts_before_guest_standby": true,
            "sata_controller_count": 0,
            "scsi_bus_sharing": "noSharing",
            "scsi_controller_count": 1,
            "scsi_type": "pvscsi",
            "shutdown_wait_timeout": 3,
            "storage_policy_id": "",
            "swap_placement_policy": "inherit",
            "sync_time_with_host": false,
            "sync_time_with_host_periodically": false,
            "tags": [],
            "tools_upgrade_policy": "manual",
            "uuid": "4201492a-cd75-2e72-eac0-99a6b90a7263",
            "vapp": [],
            "vapp_transport": [],
            "vbs_enabled": false,
            "vmware_tools_status": "guestToolsRunning",
            "vmx_path": "VSL-REC-WWW-001/VSL-REC-WWW-001.vmx",
            "vvtd_enabled": false,
            "wait_for_guest_ip_timeout": 0,
            "wait_for_guest_net_routable": true,
            "wait_for_guest_net_timeout": 5
          },
          "sensitive_attributes": [],
          "private": "eyJzY2hlbWFfdmVyc2lvbiI6IjMifQ==",
          "dependencies": [
            "data.vsphere_content_library_item.esx_lib2_item",
            "data.vsphere_datastore.NUT_DMZ_INT_DC2_01",
            "data.vsphere_host.nut-dmz-06",
            "data.vsphere_network.REC_PUBLIC_SITE_EXT",
            "data.vsphere_resource_pool.esx_pool"
          ]
        }
      ]
    },
    {
      "mode": "managed",
      "type": "vsphere_virtual_machine",
      "name": "VSL-TST-AXW-003",
      "provider": "provider[\"registry.terraform.io/hashicorp/vsphere\"]",
      "instances": [
        {
          "schema_version": 3,
          "attributes": {
            "alternate_guest_name": "",
            "annotation": "Packer imported RHEL8STD-latest VM template",
            "boot_delay": 0,
            "boot_retry_delay": 10000,
            "boot_retry_enabled": false,
            "cdrom": [
              {
                "client_device": false,
                "datastore_id": "",
                "device_address": "ide:0:0",
                "key": 3000,
                "path": ""
              }
            ],
            "change_version": "2024-03-19T13:23:34.233246Z",
            "clone": [
              {
                "customize": [
                  {
                    "dns_server_list": [
                      "200.1.1.163",
                      "200.1.1.218"
                    ],
                    "dns_suffix_list": null,
                    "ipv4_gateway": "172.26.83.254",
                    "ipv6_gateway": "",
                    "linux_options": [
                      {
                        "domain": "dkv.lu",
                        "host_name": "vsl-tst-axw-003",
                        "hw_clock_utc": true,
                        "script_text": "",
                        "time_zone": ""
                      }
                    ],
                    "network_interface": [
                      {
                        "dns_domain": "",
                        "dns_server_list": null,
                        "ipv4_address": "172.26.83.2",
                        "ipv4_netmask": 24,
                        "ipv6_address": "",
                        "ipv6_netmask": 0
                      }
                    ],
                    "timeout": 10,
                    "windows_options": [],
                    "windows_sysprep_text": ""
                  }
                ],
                "linked_clone": false,
                "ovf_network_map": null,
                "ovf_storage_map": null,
                "template_uuid": "a8fc66e2-e571-46b9-8597-aeda79b94e86",
                "timeout": 30
              }
            ],
            "cpu_hot_add_enabled": false,
            "cpu_hot_remove_enabled": false,
            "cpu_limit": -1,
            "cpu_performance_counters_enabled": false,
            "cpu_reservation": 0,
            "cpu_share_count": 1000,
            "cpu_share_level": "normal",
            "custom_attributes": null,
            "datacenter_id": null,
            "datastore_cluster_id": null,
            "datastore_id": "datastore-42142",
            "default_ip_address": "172.26.83.2",
            "disk": [
              {
                "attach": false,
                "controller_type": "scsi",
                "datastore_id": "datastore-42142",
                "device_address": "scsi:0:0",
                "disk_mode": "persistent",
                "disk_sharing": "sharingNone",
                "eagerly_scrub": false,
                "io_limit": -1,
                "io_reservation": 0,
                "io_share_count": 1000,
                "io_share_level": "normal",
                "keep_on_remove": false,
                "key": 2000,
                "label": "disk0",
                "path": "VSL-TST-AXW-003/VSL-TST-AXW-003.vmdk",
                "size": 50,
                "storage_policy_id": "",
                "thin_provisioned": true,
                "unit_number": 0,
                "uuid": "6000C29c-f62f-f2d3-f7a0-146ea5bb58c6",
                "write_through": false
              },
              {
                "attach": false,
                "controller_type": "scsi",
                "datastore_id": "datastore-42142",
                "device_address": "scsi:0:1",
                "disk_mode": "persistent",
                "disk_sharing": "sharingNone",
                "eagerly_scrub": false,
                "io_limit": -1,
                "io_reservation": 0,
                "io_share_count": 1000,
                "io_share_level": "normal",
                "keep_on_remove": false,
                "key": 2001,
                "label": "disk1",
                "path": "VSL-TST-AXW-003/VSL-TST-AXW-003_1.vmdk",
                "size": 100,
                "storage_policy_id": "",
                "thin_provisioned": true,
                "unit_number": 1,
                "uuid": "6000C297-c2be-167e-cc6a-0d33603229fd",
                "write_through": false
              }
            ],
            "efi_secure_boot_enabled": false,
            "enable_disk_uuid": false,
            "enable_logging": false,
            "ept_rvi_mode": "automatic",
            "extra_config": null,
            "extra_config_reboot_required": true,
            "firmware": "efi",
            "folder": "",
            "force_power_off": true,
            "guest_id": "rhel8_64Guest",
            "guest_ip_addresses": [
              "172.26.83.2",
              "fe80::250:56ff:fe81:53ae"
            ],
            "hardware_version": 19,
            "host_system_id": "host-239063",
            "hv_mode": "hvAuto",
            "id": "4201c876-f8fd-62c8-f3c1-a308a39bc604",
            "ide_controller_count": 2,
            "ignored_guest_ips": null,
            "imported": null,
            "latency_sensitivity": "normal",
            "memory": 2048,
            "memory_hot_add_enabled": false,
            "memory_limit": -1,
            "memory_reservation": 0,
            "memory_share_count": 20480,
            "memory_share_level": "normal",
            "migrate_wait_timeout": 30,
            "moid": "vm-329914",
            "name": "VSL-TST-AXW-003",
            "nested_hv_enabled": false,
            "network_interface": [
              {
                "adapter_type": "vmxnet3",
                "bandwidth_limit": -1,
                "bandwidth_reservation": 0,
                "bandwidth_share_count": 50,
                "bandwidth_share_level": "normal",
                "device_address": "pci:0:7",
                "key": 4000,
                "mac_address": "00:50:56:81:53:ae",
                "network_id": "network-239474",
                "ovf_mapping": "",
                "use_static_mac": false
              }
            ],
            "num_cores_per_socket": 1,
            "num_cpus": 1,
            "ovf_deploy": [],
            "pci_device_id": null,
            "power_state": "on",
            "poweron_timeout": 300,
            "reboot_required": false,
            "replace_trigger": null,
            "resource_pool_id": "resgroup-41982",
            "run_tools_scripts_after_power_on": true,
            "run_tools_scripts_after_resume": true,
            "run_tools_scripts_before_guest_reboot": false,
            "run_tools_scripts_before_guest_shutdown": true,
            "run_tools_scripts_before_guest_standby": true,
            "sata_controller_count": 0,
            "scsi_bus_sharing": "noSharing",
            "scsi_controller_count": 1,
            "scsi_type": "pvscsi",
            "shutdown_wait_timeout": 3,
            "storage_policy_id": "",
            "swap_placement_policy": "inherit",
            "sync_time_with_host": false,
            "sync_time_with_host_periodically": false,
            "tags": null,
            "tools_upgrade_policy": "manual",
            "uuid": "4201c876-f8fd-62c8-f3c1-a308a39bc604",
            "vapp": [],
            "vapp_transport": [],
            "vbs_enabled": false,
            "vmware_tools_status": "guestToolsRunning",
            "vmx_path": "VSL-TST-AXW-003/VSL-TST-AXW-003.vmx",
            "vvtd_enabled": false,
            "wait_for_guest_ip_timeout": 0,
            "wait_for_guest_net_routable": true,
            "wait_for_guest_net_timeout": 5
          },
          "sensitive_attributes": [],
          "private": "eyJzY2hlbWFfdmVyc2lvbiI6IjMifQ==",
          "dependencies": [
            "data.vsphere_content_library_item.esx_lib2_item",
            "data.vsphere_datastore.NUT_DMZ_INT_DC2_01",
            "data.vsphere_host.nut-dmz-04",
            "data.vsphere_network.TST_AXWAY",
            "data.vsphere_resource_pool.esx_pool"
          ]
        }
      ]
    }
  ],
  "check_results": []
}
