{
  "version": 4,
  "terraform_version": "1.3.3",
  "serial": 123,
  "lineage": "87e4a7b9-cba7-61d3-2b05-803d42fc7d99",
  "outputs": {},
  "resources": [
    {
      "mode": "data",
      "type": "nutanix_cluster",
      "name": "cluster480",
      "provider": "provider[\"registry.terraform.io/nutanix/nutanix\"].dc1",
      "instances": [
        {
          "schema_version": 0,
          "attributes": {
            "analysis_vm_efficiency_map": {
              "bully_vm_num": "0",
              "constrained_vm_num": "0",
              "dead_vm_num": "0",
              "inefficient_vm_num": "0",
              "overprovisioned_vm_num": "0"
            },
            "api_version": "",
            "authorized_public_key_list": [],
            "build": {
              "build_type": "release",
              "commit_date": "",
              "commit_id": "f2ce4db7d67f495ebfd6208bef9ab0afec9c74af",
              "full_version": "el7.3-release-fraser-6.5.2-stable-f2ce4db7d67f495ebfd6208bef9ab0afec9c74af",
              "short_commit_id": "f2ce4d",
              "version": "6.5.2"
            },
            "ca_certificate_list": [],
            "categories": [
              {
                "name": "Images",
                "value": "Image_for_all_Clusters"
              }
            ],
            "certification_signing_info": {},
            "client_auth": {},
            "cluster_arch": "X86_64",
            "cluster_id": "000573dc-b47b-b6bf-0000-00000001c0f6",
            "domain_server_credentials": {},
            "domain_server_name": "",
            "domain_server_nameserver": "",
            "enabled_feature_list": [
              "PASSWORD_REMOTE_LOGIN_ENABLED",
              "SHADOW_CLONES_ENABLED"
            ],
            "encryption_status": "NOT_SUPPORTED",
            "external_data_services_ip": "192.168.3.155",
            "external_ip": "192.168.3.51",
            "external_subnet": "192.168.3.0/255.255.255.0",
            "gpu_driver_version": "",
            "http_proxy_list": [],
            "http_proxy_whitelist": [
              {
                "target": "192.168.3.0/255.255.255.0",
                "target_type": "IPV4_NETWORK_MASK"
              },
              {
                "target": "192.168.25.0/255.255.255.0",
                "target_type": "IPV4_NETWORK_MASK"
              },
              {
                "target": "192.168.42.0/255.255.255.0",
                "target_type": "IPV4_NETWORK_MASK"
              }
            ],
            "id": "000573dc-b47b-b6bf-0000-00000001c0f6",
            "internal_subnet": "192.168.5.0/255.255.255.128",
            "is_available": true,
            "management_server_list": [
              {
                "drs_enabled": true,
                "ip": "192.168.25.158",
                "status_list": [
                  "REGISTERED"
                ],
                "type": "VCENTER"
              }
            ],
            "masquerading_ip": "",
            "masquerading_port": 0,
            "metadata": {
              "creation_time": "2021-09-02 14:34:22 +0000 UTC",
              "last_update_time": "2022-05-04 07:00:47 +0000 UTC",
              "name": "",
              "spec_hash": "00000000000000000000000000000000000000000000000000",
              "spec_version": "62",
              "uuid": "000573dc-b47b-b6bf-0000-00000001c0f6"
            },
            "name": "LU480",
            "name_server_ip_list": [
              "200.1.1.218",
              "200.1.1.163",
              "192.168.25.93"
            ],
            "nfs_subnet_whitelist": [
              "192.168.128.0/255.255.255.0",
              "192.168.25.0/255.255.255.0",
              "192.168.3.0/255.255.255.0",
              "192.168.3.123/255.255.255.255",
              "192.168.38.15/255.255.255.255",
              "192.168.38.16/255.255.255.255",
              "192.168.38.17/255.255.255.255",
              "192.168.39.15/255.255.255.255",
              "192.168.39.16/255.255.255.255",
              "192.168.39.17/255.255.255.255",
              "192.168.40.15/255.255.255.255",
              "192.168.40.16/255.255.255.255",
              "192.168.40.17/255.255.255.255",
              "192.168.41.15/255.255.255.255",
              "192.168.41.16/255.255.255.255",
              "192.168.41.17/255.255.255.255",
              "192.168.42.0/255.255.255.0"
            ],
            "nodes": [
              {
                "ip": "192.168.3.61",
                "type": "AHV",
                "version": "el7.nutanix.20220304.342"
              },
              {
                "ip": "192.168.3.63",
                "type": "AHV",
                "version": "el7.nutanix.20220304.342"
              },
              {
                "ip": "192.168.3.65",
                "type": "AHV",
                "version": "el7.nutanix.20220304.342"
              },
              {
                "ip": "192.168.3.71",
                "type": "AHV",
                "version": "el7.nutanix.20220304.342"
              },
              {
                "ip": "192.168.3.69",
                "type": "AHV",
                "version": "el7.nutanix.20220304.342"
              },
              {
                "ip": "192.168.3.67",
                "type": "AHV",
                "version": "el7.nutanix.20220304.342"
              },
              {
                "ip": "127.0.0.1",
                "type": "AHV",
                "version": ""
              }
            ],
            "ntp_server_ip_list": [
              "200.1.1.218",
              "200.1.1.163",
              "192.168.25.93"
            ],
            "operation_mode": "NORMAL",
            "owner_reference": {
              "kind": "user",
              "name": "gary.schwankl@lalux.lu",
              "uuid": "a5750378-e904-508d-9a54-e9f2226eb44a"
            },
            "project_reference": {},
            "service_list": [
              "AOS"
            ],
            "smtp_server_address": {
              "fqdn": "",
              "ip": "192.168.25.96",
              "ipv6": "",
              "port": "25"
            },
            "smtp_server_credentials": {},
            "smtp_server_email_address": "nutanix_dc1@lalux.lu",
            "smtp_server_proxy_type_list": [],
            "smtp_server_type": "PLAIN",
            "software_map_ncc": {
              "software_type": "NCC",
              "status": "INSTALLED",
              "version": "ncc-4.6.2.1"
            },
            "software_map_nos": {
              "software_type": "NOS",
              "status": "INSTALLED",
              "version": "6.5.2"
            },
            "ssl_key_expire_datetime": "2027-11-08T07:55:45Z",
            "ssl_key_name": "",
            "ssl_key_signing_info": {
              "city": "Luxembourg",
              "common_name": "LU480",
              "common_name_suffix": "",
              "country_code": "LU",
              "email_address": "asymidrange@lalux.lu\n",
              "organization": "La Luxembourgeoise S.A.",
              "state": "Luxembourg"
            },
            "ssl_key_type": "RSA_2048",
            "state": "COMPLETE",
            "supported_information_verbosity": "BASIC_PLUS_CORE_DUMP",
            "timezone": "Europe/Luxembourg"
          },
          "sensitive_attributes": []
        }
      ]
    },
    {
      "mode": "data",
      "type": "nutanix_cluster",
      "name": "cluster481",
      "provider": "provider[\"registry.terraform.io/nutanix/nutanix\"].dc3",
      "instances": [
        {
          "schema_version": 0,
          "attributes": {
            "analysis_vm_efficiency_map": {
              "bully_vm_num": "0",
              "constrained_vm_num": "0",
              "dead_vm_num": "16",
              "inefficient_vm_num": "69",
              "overprovisioned_vm_num": "53"
            },
            "api_version": "",
            "authorized_public_key_list": [],
            "build": {
              "build_type": "release",
              "commit_date": "",
              "commit_id": "f2ce4db7d67f495ebfd6208bef9ab0afec9c74af",
              "full_version": "el7.3-release-fraser-6.5.2-stable-f2ce4db7d67f495ebfd6208bef9ab0afec9c74af",
              "short_commit_id": "f2ce4d",
              "version": "6.5.2"
            },
            "ca_certificate_list": [],
            "categories": [
              {
                "name": "Images",
                "value": "Image_for_all_Clusters"
              }
            ],
            "certification_signing_info": {},
            "client_auth": {},
            "cluster_arch": "X86_64",
            "cluster_id": "000573dc-9cf0-1fa6-0000-00000001c0f4",
            "domain_server_credentials": {},
            "domain_server_name": "",
            "domain_server_nameserver": "",
            "enabled_feature_list": [
              "PASSWORD_REMOTE_LOGIN_ENABLED",
              "SHADOW_CLONES_ENABLED"
            ],
            "encryption_status": "NOT_SUPPORTED",
            "external_data_services_ip": "192.168.3.156",
            "external_ip": "192.168.3.52",
            "external_subnet": "192.168.3.0/255.255.255.0",
            "gpu_driver_version": "",
            "http_proxy_list": [],
            "http_proxy_whitelist": [
              {
                "target": "192.168.3.53",
                "target_type": "IPV4_ADDRESS"
              },
              {
                "target": "192.168.3.0/255.255.255.0",
                "target_type": "IPV4_NETWORK_MASK"
              },
              {
                "target": "192.168.10.215",
                "target_type": "IPV4_ADDRESS"
              }
            ],
            "id": "000573dc-9cf0-1fa6-0000-00000001c0f4",
            "internal_subnet": "192.168.5.0/255.255.255.128",
            "is_available": true,
            "management_server_list": [
              {
                "drs_enabled": true,
                "ip": "192.168.25.158",
                "status_list": [
                  "REGISTERED"
                ],
                "type": "VCENTER"
              }
            ],
            "masquerading_ip": "",
            "masquerading_port": 0,
            "metadata": {
              "creation_time": "2021-09-02 14:35:05 +0000 UTC",
              "last_update_time": "2022-05-04 07:01:09 +0000 UTC",
              "name": "",
              "spec_hash": "00000000000000000000000000000000000000000000000000",
              "spec_version": "52",
              "uuid": "000573dc-9cf0-1fa6-0000-00000001c0f4"
            },
            "name": "LU481",
            "name_server_ip_list": [
              "200.1.1.218",
              "200.1.1.163",
              "192.168.25.93"
            ],
            "nfs_subnet_whitelist": [
              "192.168.38.17/255.255.255.255",
              "192.168.42.24/255.255.255.255",
              "192.168.25.39/255.255.255.255",
              "192.168.39.16/255.255.255.255",
              "192.168.42.26/255.255.255.255",
              "192.168.25.108/255.255.255.255",
              "192.168.130.0/255.255.255.0",
              "192.168.41.15/255.255.255.255",
              "192.168.42.19/255.255.255.255",
              "192.168.40.17/255.255.255.255",
              "192.168.41.17/255.255.255.255",
              "192.168.38.16/255.255.255.255",
              "192.168.38.15/255.255.255.255",
              "192.168.41.16/255.255.255.255",
              "192.168.40.15/255.255.255.255",
              "192.168.40.16/255.255.255.255",
              "192.168.39.17/255.255.255.255",
              "192.168.42.21/255.255.255.255",
              "192.168.128.0/255.255.255.0",
              "192.168.39.15/255.255.255.255"
            ],
            "nodes": [
              {
                "ip": "192.168.3.62",
                "type": "AHV",
                "version": "el7.nutanix.20220304.342"
              },
              {
                "ip": "192.168.3.64",
                "type": "AHV",
                "version": "el7.nutanix.20220304.342"
              },
              {
                "ip": "192.168.3.66",
                "type": "AHV",
                "version": "el7.nutanix.20220304.342"
              },
              {
                "ip": "192.168.3.68",
                "type": "AHV",
                "version": "el7.nutanix.20220304.342"
              },
              {
                "ip": "192.168.3.72",
                "type": "AHV",
                "version": "el7.nutanix.20220304.342"
              },
              {
                "ip": "192.168.3.70",
                "type": "AHV",
                "version": "el7.nutanix.20220304.342"
              },
              {
                "ip": "127.0.0.1",
                "type": "AHV",
                "version": ""
              }
            ],
            "ntp_server_ip_list": [
              "200.1.1.218",
              "200.1.1.163",
              "192.168.25.93"
            ],
            "operation_mode": "NORMAL",
            "owner_reference": {
              "kind": "user",
              "name": "gary.schwankl@lalux.lu",
              "uuid": "a5750378-e904-508d-9a54-e9f2226eb44a"
            },
            "project_reference": {},
            "service_list": [
              "AOS"
            ],
            "smtp_server_address": {
              "fqdn": "",
              "ip": "192.168.25.96",
              "ipv6": "",
              "port": "25"
            },
            "smtp_server_credentials": {},
            "smtp_server_email_address": "nutanix_dc2@lalux.lu",
            "smtp_server_proxy_type_list": [],
            "smtp_server_type": "PLAIN",
            "software_map_ncc": {
              "software_type": "NCC",
              "status": "INSTALLED",
              "version": "ncc-4.6.3.1"
            },
            "software_map_nos": {
              "software_type": "NOS",
              "status": "INSTALLED",
              "version": "6.5.2"
            },
            "ssl_key_expire_datetime": "2027-11-08T07:55:45Z",
            "ssl_key_name": "",
            "ssl_key_signing_info": {
              "city": "Luxembourg",
              "common_name": "LU480",
              "common_name_suffix": "",
              "country_code": "LU",
              "email_address": "asymidrange@lalux.lu\n",
              "organization": "La Luxembourgeoise S.A.",
              "state": "Luxembourg"
            },
            "ssl_key_type": "RSA_2048",
            "state": "COMPLETE",
            "supported_information_verbosity": "BASIC_PLUS_CORE_DUMP",
            "timezone": "Europe/Luxembourg"
          },
          "sensitive_attributes": []
        }
      ]
    },
    {
      "mode": "data",
      "type": "nutanix_cluster",
      "name": "cluster650",
      "provider": "provider[\"registry.terraform.io/nutanix/nutanix\"].dc1",
      "instances": [
        {
          "schema_version": 0,
          "attributes": {
            "analysis_vm_efficiency_map": {
              "bully_vm_num": "0",
              "constrained_vm_num": "11",
              "dead_vm_num": "32",
              "inefficient_vm_num": "238",
              "overprovisioned_vm_num": "204"
            },
            "api_version": "",
            "authorized_public_key_list": [],
            "build": {
              "build_type": "release",
              "commit_date": "",
              "commit_id": "f2ce4db7d67f495ebfd6208bef9ab0afec9c74af",
              "full_version": "el7.3-release-fraser-6.5.2-stable-f2ce4db7d67f495ebfd6208bef9ab0afec9c74af",
              "short_commit_id": "f2ce4d",
              "version": "6.5.2"
            },
            "ca_certificate_list": [],
            "categories": [
              {
                "name": "Images",
                "value": "Image_for_all_Clusters"
              }
            ],
            "certification_signing_info": {},
            "client_auth": {},
            "cluster_arch": "X86_64",
            "cluster_id": "0005bad6-afcd-2116-0533-ac1f6b3ddca9",
            "domain_server_credentials": {},
            "domain_server_name": "",
            "domain_server_nameserver": "",
            "enabled_feature_list": [
              "PASSWORD_REMOTE_LOGIN_ENABLED",
              "SHADOW_CLONES_ENABLED"
            ],
            "encryption_status": "NOT_SUPPORTED",
            "external_data_services_ip": "192.168.3.121",
            "external_ip": "192.168.3.59",
            "external_subnet": "192.168.3.0/255.255.255.0",
            "gpu_driver_version": "",
            "http_proxy_list": [],
            "http_proxy_whitelist": [
              {
                "target": "192.168.3.0/255.255.255.0",
                "target_type": "IPV4_NETWORK_MASK"
              },
              {
                "target": "192.168.10.0/255.255.255.0",
                "target_type": "IPV4_NETWORK_MASK"
              },
              {
                "target": "192.168.25.0/255.255.255.0",
                "target_type": "IPV4_NETWORK_MASK"
              },
              {
                "target": "172.22.163.0/255.255.255.0",
                "target_type": "IPV4_NETWORK_MASK"
              }
            ],
            "id": "0005bad6-afcd-2116-0533-ac1f6b3ddca9",
            "internal_subnet": "192.168.5.0/255.255.255.128",
            "is_available": true,
            "management_server_list": [],
            "masquerading_ip": "",
            "masquerading_port": 0,
            "metadata": {
              "creation_time": "2021-02-20 02:23:20 +0000 UTC",
              "last_update_time": "2022-05-04 07:00:47 +0000 UTC",
              "name": "",
              "spec_hash": "00000000000000000000000000000000000000000000000000",
              "spec_version": "54",
              "uuid": "0005bad6-afcd-2116-0533-ac1f6b3ddca9"
            },
            "name": "LU650",
            "name_server_ip_list": [
              "200.1.1.218",
              "200.1.1.163",
              "192.168.25.93"
            ],
            "nfs_subnet_whitelist": [
              "172.22.163.0/255.255.255.0",
              "172.22.50.0/255.255.255.0",
              "192.168.128.0/255.255.255.0",
              "192.168.25.0/255.255.255.0",
              "192.168.3.0/255.255.255.0",
              "192.168.38.15/255.255.255.255",
              "192.168.38.16/255.255.255.255",
              "192.168.38.17/255.255.255.255",
              "192.168.39.15/255.255.255.255",
              "192.168.39.16/255.255.255.255",
              "192.168.39.17/255.255.255.255",
              "192.168.40.15/255.255.255.255",
              "192.168.40.16/255.255.255.255",
              "192.168.40.17/255.255.255.255",
              "192.168.41.15/255.255.255.255",
              "192.168.41.16/255.255.255.255",
              "192.168.41.17/255.255.255.255",
              "192.168.42.0/255.255.255.0"
            ],
            "nodes": [
              {
                "ip": "127.0.0.1",
                "type": "AHV",
                "version": ""
              },
              {
                "ip": "192.168.3.144",
                "type": "AHV",
                "version": "el7.nutanix.20220304.342"
              },
              {
                "ip": "192.168.3.145",
                "type": "AHV",
                "version": "el7.nutanix.20220304.342"
              },
              {
                "ip": "192.168.3.74",
                "type": "AHV",
                "version": "el7.nutanix.20220304.342"
              },
              {
                "ip": "192.168.3.143",
                "type": "AHV",
                "version": "el7.nutanix.20220304.342"
              },
              {
                "ip": "192.168.3.76",
                "type": "AHV",
                "version": "el7.nutanix.20220304.342"
              },
              {
                "ip": "192.168.3.75",
                "type": "AHV",
                "version": "el7.nutanix.20220304.342"
              }
            ],
            "ntp_server_ip_list": [
              "200.1.1.218",
              "200.1.1.163",
              "192.168.25.93"
            ],
            "operation_mode": "NORMAL",
            "owner_reference": {
              "kind": "user",
              "name": "gary.schwankl@lalux.lu",
              "uuid": "a5750378-e904-508d-9a54-e9f2226eb44a"
            },
            "project_reference": {},
            "service_list": [
              "AOS"
            ],
            "smtp_server_address": {
              "fqdn": "",
              "ip": "192.168.25.96",
              "ipv6": "",
              "port": "25"
            },
            "smtp_server_credentials": {},
            "smtp_server_email_address": "nutanix_AHV_dc1@lalux.lu",
            "smtp_server_proxy_type_list": [],
            "smtp_server_type": "PLAIN",
            "software_map_ncc": {
              "software_type": "NCC",
              "status": "INSTALLED",
              "version": "ncc-4.6.3.1"
            },
            "software_map_nos": {
              "software_type": "NOS",
              "status": "INSTALLED",
              "version": "6.5.2"
            },
            "ssl_key_expire_datetime": "2027-11-08T07:55:45Z",
            "ssl_key_name": "",
            "ssl_key_signing_info": {
              "city": "Luxembourg",
              "common_name": "LU480",
              "common_name_suffix": "",
              "country_code": "LU",
              "email_address": "asymidrange@lalux.lu\n",
              "organization": "La Luxembourgeoise S.A.",
              "state": "Luxembourg"
            },
            "ssl_key_type": "RSA_2048",
            "state": "COMPLETE",
            "supported_information_verbosity": "BASIC_PLUS_CORE_DUMP",
            "timezone": "Europe/Luxembourg"
          },
          "sensitive_attributes": []
        }
      ]
    },
    {
      "mode": "data",
      "type": "nutanix_cluster",
      "name": "cluster651",
      "provider": "provider[\"registry.terraform.io/nutanix/nutanix\"].dc3",
      "instances": [
        {
          "schema_version": 0,
          "attributes": {
            "analysis_vm_efficiency_map": {
              "bully_vm_num": "0",
              "constrained_vm_num": "4",
              "dead_vm_num": "26",
              "inefficient_vm_num": "171",
              "overprovisioned_vm_num": "145"
            },
            "api_version": "",
            "authorized_public_key_list": [],
            "build": {
              "build_type": "release",
              "commit_date": "",
              "commit_id": "f2ce4db7d67f495ebfd6208bef9ab0afec9c74af",
              "full_version": "el7.3-release-fraser-6.5.2-stable-f2ce4db7d67f495ebfd6208bef9ab0afec9c74af",
              "short_commit_id": "f2ce4d",
              "version": "6.5.2"
            },
            "ca_certificate_list": [],
            "categories": [
              {
                "name": "Images",
                "value": "Image_for_all_Clusters"
              }
            ],
            "certification_signing_info": {},
            "client_auth": {},
            "cluster_arch": "X86_64",
            "cluster_id": "0005bad6-a969-e524-1d79-ac1f6b3ddf74",
            "domain_server_credentials": {},
            "domain_server_name": "",
            "domain_server_nameserver": "",
            "enabled_feature_list": [
              "PASSWORD_REMOTE_LOGIN_ENABLED",
              "SHADOW_CLONES_ENABLED"
            ],
            "encryption_status": "NOT_SUPPORTED",
            "external_data_services_ip": "192.168.3.122",
            "external_ip": "192.168.3.56",
            "external_subnet": "192.168.3.0/255.255.255.0",
            "gpu_driver_version": "",
            "http_proxy_list": [],
            "http_proxy_whitelist": [
              {
                "target": "192.168.3.0/255.255.255.0",
                "target_type": "IPV4_NETWORK_MASK"
              },
              {
                "target": "192.168.10.0/255.255.255.0",
                "target_type": "IPV4_NETWORK_MASK"
              },
              {
                "target": "192.168.42.0/255.255.255.0",
                "target_type": "IPV4_NETWORK_MASK"
              },
              {
                "target": "192.168.25.0/255.255.255.0",
                "target_type": "IPV4_NETWORK_MASK"
              }
            ],
            "id": "0005bad6-a969-e524-1d79-ac1f6b3ddf74",
            "internal_subnet": "192.168.5.0/255.255.255.128",
            "is_available": true,
            "management_server_list": [],
            "masquerading_ip": "",
            "masquerading_port": 0,
            "metadata": {
              "creation_time": "2021-02-20 02:30:23 +0000 UTC",
              "last_update_time": "2022-05-04 07:01:10 +0000 UTC",
              "name": "",
              "spec_hash": "00000000000000000000000000000000000000000000000000",
              "spec_version": "38",
              "uuid": "0005bad6-a969-e524-1d79-ac1f6b3ddf74"
            },
            "name": "LU651",
            "name_server_ip_list": [
              "200.1.1.218",
              "200.1.1.163",
              "192.168.25.93"
            ],
            "nfs_subnet_whitelist": [
              "192.168.38.17/255.255.255.255",
              "192.168.42.0/255.255.255.0",
              "192.168.39.15/255.255.255.255",
              "192.168.39.16/255.255.255.255",
              "192.168.41.16/255.255.255.255",
              "192.168.41.15/255.255.255.255",
              "192.168.40.17/255.255.255.255",
              "192.168.41.17/255.255.255.255",
              "192.168.38.16/255.255.255.255",
              "192.168.38.15/255.255.255.255",
              "192.168.40.15/255.255.255.255",
              "192.168.40.16/255.255.255.255",
              "192.168.39.17/255.255.255.255",
              "192.168.25.0/255.255.255.0",
              "192.168.128.0/255.255.255.0"
            ],
            "nodes": [
              {
                "ip": "192.168.3.77",
                "type": "AHV",
                "version": "el7.nutanix.20220304.342"
              },
              {
                "ip": "127.0.0.1",
                "type": "AHV",
                "version": ""
              },
              {
                "ip": "192.168.3.78",
                "type": "AHV",
                "version": "el7.nutanix.20220304.342"
              },
              {
                "ip": "192.168.3.79",
                "type": "AHV",
                "version": "el7.nutanix.20220304.342"
              },
              {
                "ip": "192.168.3.148",
                "type": "AHV",
                "version": "el7.nutanix.20220304.342"
              },
              {
                "ip": "192.168.3.146",
                "type": "AHV",
                "version": "el7.nutanix.20220304.342"
              },
              {
                "ip": "192.168.3.147",
                "type": "AHV",
                "version": "el7.nutanix.20220304.342"
              },
              {
                "ip": "192.168.3.80",
                "type": "AHV",
                "version": "el7.nutanix.20220304.342"
              }
            ],
            "ntp_server_ip_list": [
              "200.1.1.218",
              "200.1.1.163",
              "192.168.25.93"
            ],
            "operation_mode": "NORMAL",
            "owner_reference": {
              "kind": "user",
              "name": "gary.schwankl@lalux.lu",
              "uuid": "a5750378-e904-508d-9a54-e9f2226eb44a"
            },
            "project_reference": {},
            "service_list": [
              "AOS"
            ],
            "smtp_server_address": {
              "fqdn": "",
              "ip": "192.168.25.96",
              "ipv6": "",
              "port": "25"
            },
            "smtp_server_credentials": {},
            "smtp_server_email_address": "nutanix_AHV_dc3@lalux.lu",
            "smtp_server_proxy_type_list": [],
            "smtp_server_type": "PLAIN",
            "software_map_ncc": {
              "software_type": "NCC",
              "status": "INSTALLED",
              "version": "ncc-4.6.3.1"
            },
            "software_map_nos": {
              "software_type": "NOS",
              "status": "INSTALLED",
              "version": "6.5.2"
            },
            "ssl_key_expire_datetime": "2027-11-08T07:55:45Z",
            "ssl_key_name": "",
            "ssl_key_signing_info": {
              "city": "Luxembourg",
              "common_name": "LU480",
              "common_name_suffix": "",
              "country_code": "LU",
              "email_address": "asymidrange@lalux.lu\n",
              "organization": "La Luxembourgeoise S.A.",
              "state": "Luxembourg"
            },
            "ssl_key_type": "RSA_2048",
            "state": "COMPLETE",
            "supported_information_verbosity": "BASIC_PLUS_CORE_DUMP",
            "timezone": "Europe/Luxembourg"
          },
          "sensitive_attributes": []
        }
      ]
    },
    {
      "mode": "data",
      "type": "nutanix_image",
      "name": "rhel8-dc1",
      "provider": "provider[\"registry.terraform.io/nutanix/nutanix\"].dc1",
      "instances": [
        {
          "schema_version": 0,
          "attributes": {
            "api_version": "3.1",
            "architecture": null,
            "availability_zone_reference": {},
            "categories": [
              {
                "name": "Images",
                "value": "Linux_Standard_Image"
              }
            ],
            "checksum": {},
            "cluster_name": null,
            "cluster_references": [],
            "cluster_uuid": null,
            "current_cluster_reference_list": [
              {
                "kind": "cluster",
                "name": "",
                "uuid": "000573dc-b47b-b6bf-0000-00000001c0f6"
              },
              {
                "kind": "cluster",
                "name": "",
                "uuid": "0005bad6-afcd-2116-0533-ac1f6b3ddca9"
              }
            ],
            "description": "",
            "id": "6cc0fbe3-d610-4642-a7b2-7405f7be4843",
            "image_id": null,
            "image_name": "RHEL8",
            "image_type": "DISK_IMAGE",
            "metadata": {
              "creation_time": "2022-11-15 16:07:50 +0000 UTC",
              "last_update_time": "2022-11-15 16:08:06 +0000 UTC",
              "name": "",
              "spec_hash": "00000000000000000000000000000000000000000000000000",
              "spec_version": "2",
              "uuid": "6cc0fbe3-d610-4642-a7b2-7405f7be4843"
            },
            "name": "RHEL8",
            "owner_reference": {
              "kind": "user",
              "name": "kwakou.missoh@lalux.lu",
              "uuid": "cee7acb0-a3ec-5884-98df-ec80fecf83d6"
            },
            "project_reference": null,
            "retrieval_uri_list": [
              "https://127.0.0.1:9440/api/nutanix/v3/images/6cc0fbe3-d610-4642-a7b2-7405f7be4843/file"
            ],
            "size_bytes": 53687091200,
            "source_uri": "file://6cc0fbe3-d610-4642-a7b2-7405f7be4843",
            "state": "COMPLETE",
            "version": null
          },
          "sensitive_attributes": []
        }
      ]
    },
    {
      "mode": "data",
      "type": "nutanix_image",
      "name": "rhel8-dc3",
      "provider": "provider[\"registry.terraform.io/nutanix/nutanix\"].dc3",
      "instances": [
        {
          "schema_version": 0,
          "attributes": {
            "api_version": "3.1",
            "architecture": null,
            "availability_zone_reference": {},
            "categories": [
              {
                "name": "Images",
                "value": "Linux_Standard_Image"
              }
            ],
            "checksum": {},
            "cluster_name": null,
            "cluster_references": [],
            "cluster_uuid": null,
            "current_cluster_reference_list": [
              {
                "kind": "cluster",
                "name": "",
                "uuid": "0005bad6-a969-e524-1d79-ac1f6b3ddf74"
              },
              {
                "kind": "cluster",
                "name": "",
                "uuid": "000573dc-9cf0-1fa6-0000-00000001c0f4"
              }
            ],
            "description": "RHEL8 GOLD IMAGE",
            "id": "8505d299-8597-474e-abca-e81056d8e252",
            "image_id": null,
            "image_name": "RHEL8",
            "image_type": "DISK_IMAGE",
            "metadata": {
              "creation_time": "2023-01-19 13:20:28 +0000 UTC",
              "last_update_time": "2023-01-19 13:20:53 +0000 UTC",
              "name": "",
              "spec_hash": "00000000000000000000000000000000000000000000000000",
              "spec_version": "2",
              "uuid": "8505d299-8597-474e-abca-e81056d8e252"
            },
            "name": "RHEL8",
            "owner_reference": {
              "kind": "user",
              "name": "kwakou.missoh@lalux.lu",
              "uuid": "cee7acb0-a3ec-5884-98df-ec80fecf83d6"
            },
            "project_reference": null,
            "retrieval_uri_list": [
              "https://127.0.0.1:9440/api/nutanix/v3/images/8505d299-8597-474e-abca-e81056d8e252/file"
            ],
            "size_bytes": 53687091200,
            "source_uri": "file://8505d299-8597-474e-abca-e81056d8e252",
            "state": "COMPLETE",
            "version": null
          },
          "sensitive_attributes": []
        }
      ]
    },
    {
      "mode": "data",
      "type": "vsphere_compute_cluster",
      "name": "esx_cluster",
      "provider": "provider[\"registry.terraform.io/hashicorp/vsphere\"]",
      "instances": [
        {
          "schema_version": 0,
          "attributes": {
            "datacenter_id": "datacenter-2",
            "id": "domain-c41981",
            "name": "Cluster NUTANIX DMZ",
            "resource_pool_id": "resgroup-41982"
          },
          "sensitive_attributes": []
        }
      ]
    },
    {
      "mode": "data",
      "type": "vsphere_content_library",
      "name": "esx_lib1",
      "provider": "provider[\"registry.terraform.io/hashicorp/vsphere\"]",
      "instances": [
        {
          "schema_version": 0,
          "attributes": {
            "id": "06d526b7-2048-4b67-831a-7a2485ce81ae",
            "name": "Linux_Templates_DC1"
          },
          "sensitive_attributes": []
        }
      ]
    },
    {
      "mode": "data",
      "type": "vsphere_content_library",
      "name": "esx_lib2",
      "provider": "provider[\"registry.terraform.io/hashicorp/vsphere\"]",
      "instances": [
        {
          "schema_version": 0,
          "attributes": {
            "id": "d3be7193-08c6-481a-a132-de1510bd7a73",
            "name": "Linux_Templates_DC2"
          },
          "sensitive_attributes": []
        }
      ]
    },
    {
      "mode": "data",
      "type": "vsphere_content_library_item",
      "name": "esx_lib1_item",
      "provider": "provider[\"registry.terraform.io/hashicorp/vsphere\"]",
      "instances": [
        {
          "schema_version": 0,
          "attributes": {
            "id": "7d999a9b-3075-4401-b86c-808ad5229689",
            "library_id": "06d526b7-2048-4b67-831a-7a2485ce81ae",
            "name": "RHEL8STD",
            "type": "ovf"
          },
          "sensitive_attributes": []
        }
      ]
    },
    {
      "mode": "data",
      "type": "vsphere_content_library_item",
      "name": "esx_lib2_item",
      "provider": "provider[\"registry.terraform.io/hashicorp/vsphere\"]",
      "instances": [
        {
          "schema_version": 0,
          "attributes": {
            "id": "646617ed-c3e8-4241-abd5-20c82ed8e02c",
            "library_id": "d3be7193-08c6-481a-a132-de1510bd7a73",
            "name": "RHEL8STD",
            "type": "ovf"
          },
          "sensitive_attributes": []
        }
      ]
    },
    {
      "mode": "data",
      "type": "vsphere_datacenter",
      "name": "esx_dc",
      "provider": "provider[\"registry.terraform.io/hashicorp/vsphere\"]",
      "instances": [
        {
          "schema_version": 0,
          "attributes": {
            "id": "datacenter-2",
            "name": "LALUX"
          },
          "sensitive_attributes": []
        }
      ]
    },
    {
      "mode": "data",
      "type": "vsphere_datastore",
      "name": "NUT_DMZ_EXT_DC1_01",
      "provider": "provider[\"registry.terraform.io/hashicorp/vsphere\"]",
      "instances": [
        {
          "schema_version": 0,
          "attributes": {
            "datacenter_id": "datacenter-2",
            "id": "datastore-42138",
            "name": "NUT_DMZ_EXT_DC1_01"
          },
          "sensitive_attributes": []
        }
      ]
    },
    {
      "mode": "data",
      "type": "vsphere_datastore",
      "name": "NUT_DMZ_EXT_DC1_to_DC2",
      "provider": "provider[\"registry.terraform.io/hashicorp/vsphere\"]",
      "instances": [
        {
          "schema_version": 0,
          "attributes": {
            "datacenter_id": "datacenter-2",
            "id": "datastore-42402",
            "name": "NUT_DMZ_EXT_DC1_to_DC2"
          },
          "sensitive_attributes": []
        }
      ]
    },
    {
      "mode": "data",
      "type": "vsphere_datastore",
      "name": "NUT_DMZ_EXT_DC2_01",
      "provider": "provider[\"registry.terraform.io/hashicorp/vsphere\"]",
      "instances": [
        {
          "schema_version": 0,
          "attributes": {
            "datacenter_id": "datacenter-2",
            "id": "datastore-42141",
            "name": "NUT_DMZ_EXT_DC2_01"
          },
          "sensitive_attributes": []
        }
      ]
    },
    {
      "mode": "data",
      "type": "vsphere_datastore",
      "name": "NUT_DMZ_EXT_DC2_to_DC1",
      "provider": "provider[\"registry.terraform.io/hashicorp/vsphere\"]",
      "instances": [
        {
          "schema_version": 0,
          "attributes": {
            "datacenter_id": "datacenter-2",
            "id": "datastore-42404",
            "name": "NUT_DMZ_EXT_DC2_to_DC1"
          },
          "sensitive_attributes": []
        }
      ]
    },
    {
      "mode": "data",
      "type": "vsphere_datastore",
      "name": "NUT_DMZ_INT_DC1_01",
      "provider": "provider[\"registry.terraform.io/hashicorp/vsphere\"]",
      "instances": [
        {
          "schema_version": 0,
          "attributes": {
            "datacenter_id": "datacenter-2",
            "id": "datastore-42137",
            "name": "NUT_DMZ_INT_DC1_01"
          },
          "sensitive_attributes": []
        }
      ]
    },
    {
      "mode": "data",
      "type": "vsphere_datastore",
      "name": "NUT_DMZ_INT_DC1_to_DC2",
      "provider": "provider[\"registry.terraform.io/hashicorp/vsphere\"]",
      "instances": [
        {
          "schema_version": 0,
          "attributes": {
            "datacenter_id": "datacenter-2",
            "id": "datastore-42401",
            "name": "NUT_DMZ_INT_DC1_to_DC2"
          },
          "sensitive_attributes": []
        }
      ]
    },
    {
      "mode": "data",
      "type": "vsphere_datastore",
      "name": "NUT_DMZ_INT_DC2_01",
      "provider": "provider[\"registry.terraform.io/hashicorp/vsphere\"]",
      "instances": [
        {
          "schema_version": 0,
          "attributes": {
            "datacenter_id": "datacenter-2",
            "id": "datastore-42142",
            "name": "NUT_DMZ_INT_DC2_01"
          },
          "sensitive_attributes": []
        }
      ]
    },
    {
      "mode": "data",
      "type": "vsphere_datastore",
      "name": "NUT_DMZ_INT_DC2_to_DC1",
      "provider": "provider[\"registry.terraform.io/hashicorp/vsphere\"]",
      "instances": [
        {
          "schema_version": 0,
          "attributes": {
            "datacenter_id": "datacenter-2",
            "id": "datastore-42403",
            "name": "NUT_DMZ_INT_DC2_to_DC1"
          },
          "sensitive_attributes": []
        }
      ]
    },
    {
      "mode": "data",
      "type": "vsphere_host",
      "name": "nut-dmz-01",
      "provider": "provider[\"registry.terraform.io/hashicorp/vsphere\"]",
      "instances": [
        {
          "schema_version": 0,
          "attributes": {
            "datacenter_id": "datacenter-2",
            "id": "host-233427",
            "name": "nut-dmz-01.lalux.local",
            "resource_pool_id": "resgroup-41982"
          },
          "sensitive_attributes": []
        }
      ]
    },
    {
      "mode": "data",
      "type": "vsphere_host",
      "name": "nut-dmz-02",
      "provider": "provider[\"registry.terraform.io/hashicorp/vsphere\"]",
      "instances": [
        {
          "schema_version": 0,
          "attributes": {
            "datacenter_id": "datacenter-2",
            "id": "host-233518",
            "name": "nut-dmz-02.lalux.local",
            "resource_pool_id": "resgroup-41982"
          },
          "sensitive_attributes": []
        }
      ]
    },
    {
      "mode": "data",
      "type": "vsphere_host",
      "name": "nut-dmz-03",
      "provider": "provider[\"registry.terraform.io/hashicorp/vsphere\"]",
      "instances": [
        {
          "schema_version": 0,
          "attributes": {
            "datacenter_id": "datacenter-2",
            "id": "host-233887",
            "name": "nut-dmz-03.lalux.local",
            "resource_pool_id": "resgroup-41982"
          },
          "sensitive_attributes": []
        }
      ]
    },
    {
      "mode": "data",
      "type": "vsphere_host",
      "name": "nut-dmz-04",
      "provider": "provider[\"registry.terraform.io/hashicorp/vsphere\"]",
      "instances": [
        {
          "schema_version": 0,
          "attributes": {
            "datacenter_id": "datacenter-2",
            "id": "host-42016",
            "name": "nut-dmz-04.lalux.local",
            "resource_pool_id": "resgroup-41982"
          },
          "sensitive_attributes": []
        }
      ]
    },
    {
      "mode": "data",
      "type": "vsphere_host",
      "name": "nut-dmz-05",
      "provider": "provider[\"registry.terraform.io/hashicorp/vsphere\"]",
      "instances": [
        {
          "schema_version": 0,
          "attributes": {
            "datacenter_id": "datacenter-2",
            "id": "host-233629",
            "name": "nut-dmz-05.lalux.local",
            "resource_pool_id": "resgroup-41982"
          },
          "sensitive_attributes": []
        }
      ]
    },
    {
      "mode": "data",
      "type": "vsphere_host",
      "name": "nut-dmz-06",
      "provider": "provider[\"registry.terraform.io/hashicorp/vsphere\"]",
      "instances": [
        {
          "schema_version": 0,
          "attributes": {
            "datacenter_id": "datacenter-2",
            "id": "host-42022",
            "name": "nut-dmz-06.lalux.local",
            "resource_pool_id": "resgroup-41982"
          },
          "sensitive_attributes": []
        }
      ]
    },
    {
      "mode": "data",
      "type": "vsphere_host",
      "name": "nut-dmz-07",
      "provider": "provider[\"registry.terraform.io/hashicorp/vsphere\"]",
      "instances": [
        {
          "schema_version": 0,
          "attributes": {
            "datacenter_id": "datacenter-2",
            "id": "host-233524",
            "name": "nut-dmz-07.lalux.local",
            "resource_pool_id": "resgroup-41982"
          },
          "sensitive_attributes": []
        }
      ]
    },
    {
      "mode": "data",
      "type": "vsphere_host",
      "name": "nut-dmz-08",
      "provider": "provider[\"registry.terraform.io/hashicorp/vsphere\"]",
      "instances": [
        {
          "schema_version": 0,
          "attributes": {
            "datacenter_id": "datacenter-2",
            "id": "host-233624",
            "name": "nut-dmz-08.lalux.local",
            "resource_pool_id": "resgroup-41982"
          },
          "sensitive_attributes": []
        }
      ]
    },
    {
      "mode": "data",
      "type": "vsphere_network",
      "name": "DMZ_DKV_WEB",
      "provider": "provider[\"registry.terraform.io/hashicorp/vsphere\"]",
      "instances": [
        {
          "schema_version": 0,
          "attributes": {
            "datacenter_id": "datacenter-2",
            "distributed_virtual_switch_uuid": null,
            "id": "network-14236",
            "name": "DMZ_DKV_WEB",
            "type": "Network"
          },
          "sensitive_attributes": []
        }
      ]
    },
    {
      "mode": "data",
      "type": "vsphere_network",
      "name": "DMZ_MGMT_EXT",
      "provider": "provider[\"registry.terraform.io/hashicorp/vsphere\"]",
      "instances": [
        {
          "schema_version": 0,
          "attributes": {
            "datacenter_id": "datacenter-2",
            "distributed_virtual_switch_uuid": null,
            "id": "network-11832",
            "name": "DMZ_MGMT_EXT",
            "type": "Network"
          },
          "sensitive_attributes": []
        }
      ]
    },
    {
      "mode": "data",
      "type": "vsphere_network",
      "name": "DMZ_MGMT_INT",
      "provider": "provider[\"registry.terraform.io/hashicorp/vsphere\"]",
      "instances": [
        {
          "schema_version": 0,
          "attributes": {
            "datacenter_id": "datacenter-2",
            "distributed_virtual_switch_uuid": null,
            "id": "network-21",
            "name": "DMZ_MGMT_INT",
            "type": "Network"
          },
          "sensitive_attributes": []
        }
      ]
    },
    {
      "mode": "data",
      "type": "vsphere_network",
      "name": "DMZ_MGMT_VLAN20",
      "provider": "provider[\"registry.terraform.io/hashicorp/vsphere\"]",
      "instances": [
        {
          "schema_version": 0,
          "attributes": {
            "datacenter_id": "datacenter-2",
            "distributed_virtual_switch_uuid": null,
            "id": "network-38",
            "name": "DMZ_MGMT_VLAN20",
            "type": "Network"
          },
          "sensitive_attributes": []
        }
      ]
    },
    {
      "mode": "data",
      "type": "vsphere_network",
      "name": "DMZ_PRO_APPMOBIL",
      "provider": "provider[\"registry.terraform.io/hashicorp/vsphere\"]",
      "instances": [
        {
          "schema_version": 0,
          "attributes": {
            "datacenter_id": "datacenter-2",
            "distributed_virtual_switch_uuid": null,
            "id": "network-82262",
            "name": "DMZ_PRO_APPMOBIL",
            "type": "Network"
          },
          "sensitive_attributes": []
        }
      ]
    },
    {
      "mode": "data",
      "type": "vsphere_network",
      "name": "DMZ_PRO_BITB_GW",
      "provider": "provider[\"registry.terraform.io/hashicorp/vsphere\"]",
      "instances": [
        {
          "schema_version": 0,
          "attributes": {
            "datacenter_id": "datacenter-2",
            "distributed_virtual_switch_uuid": null,
            "id": "network-26104",
            "name": "DMZ_PRO_BITB_GW",
            "type": "Network"
          },
          "sensitive_attributes": []
        }
      ]
    },
    {
      "mode": "data",
      "type": "vsphere_network",
      "name": "TST_SAP",
      "provider": "provider[\"registry.terraform.io/hashicorp/vsphere\"]",
      "instances": [
        {
          "schema_version": 0,
          "attributes": {
            "datacenter_id": "datacenter-2",
            "distributed_virtual_switch_uuid": null,
            "id": "network-234947",
            "name": "TST_SAP",
            "type": "Network"
          },
          "sensitive_attributes": []
        }
      ]
    },
    {
      "mode": "data",
      "type": "vsphere_resource_pool",
      "name": "esx_pool",
      "provider": "provider[\"registry.terraform.io/hashicorp/vsphere\"]",
      "instances": [
        {
          "schema_version": 0,
          "attributes": {
            "datacenter_id": "datacenter-2",
            "id": "resgroup-41982",
            "name": "Cluster NUTANIX DMZ/Resources"
          },
          "sensitive_attributes": []
        }
      ]
    },
    {
      "mode": "managed",
      "type": "nutanix_virtual_machine",
      "name": "LU717",
      "provider": "provider[\"registry.terraform.io/nutanix/nutanix\"].dc1",
      "instances": [
        {
          "status": "tainted",
          "schema_version": 1,
          "attributes": {
            "api_version": "3.1",
            "availability_zone_reference": {},
            "boot_device_disk_address": {},
            "boot_device_mac_address": "",
            "boot_device_order_list": [],
            "boot_type": "UEFI",
            "categories": [],
            "cloud_init_cdrom_uuid": "1d20686c-d377-4620-8f62-461c5695712d",
            "cluster_name": "LU650",
            "cluster_uuid": "0005bad6-afcd-2116-0533-ac1f6b3ddca9",
            "description": "VM DE TEST - LNX",
            "disk_list": [
              {
                "data_source_reference": {
                  "kind": "image",
                  "uuid": "6cc0fbe3-d610-4642-a7b2-7405f7be4843"
                },
                "device_properties": [
                  {
                    "device_type": "DISK",
                    "disk_address": {
                      "adapter_type": "SCSI",
                      "device_index": "0"
                    }
                  }
                ],
                "disk_size_bytes": 53687091200,
                "disk_size_mib": 51200,
                "storage_config": [
                  {
                    "flash_mode": "",
                    "storage_container_reference": [
                      {
                        "kind": "storage_container",
                        "name": "SelfServiceContainer",
                        "url": "",
                        "uuid": "5eae82e9-979a-4625-9012-d6f7607057f2"
                      }
                    ]
                  }
                ],
                "uuid": "1d944144-8c58-4f0d-9da2-14ef87a924e5",
                "volume_group_reference": {}
              },
              {
                "data_source_reference": {},
                "device_properties": [
                  {
                    "device_type": "DISK",
                    "disk_address": {
                      "adapter_type": "SCSI",
                      "device_index": "1"
                    }
                  }
                ],
                "disk_size_bytes": 107374182400,
                "disk_size_mib": 102400,
                "storage_config": [
                  {
                    "flash_mode": "",
                    "storage_container_reference": [
                      {
                        "kind": "storage_container",
                        "name": "NUT_AHV_DC1_01",
                        "url": "",
                        "uuid": "68f3f950-143e-41a9-87fa-6806dfaacaa8"
                      }
                    ]
                  }
                ],
                "uuid": "46eb9ef5-3f44-40c8-b6a3-fe99c3e86af0",
                "volume_group_reference": {}
              }
            ],
            "enable_cpu_passthrough": false,
            "enable_script_exec": false,
            "gpu_list": [],
            "guest_customization_cloud_init_custom_key_values": {},
            "guest_customization_cloud_init_meta_data": "",
            "guest_customization_cloud_init_user_data": "I2Nsb3VkLWNvbmZpZwpydW5jbWQ6CiAgLSBubWNsaSBjb24gbW9kICJTeXN0ZW0gZW5zMyIgaXB2NC5tZXRob2QgbWFudWFsIGlwdjQuYWRkcmVzc2VzIDIwMC4xLjEuMTA2LzI0IGlwdjQuZ2F0ZXdheSAyMDAuMS4xLjI0MCBpcHY0LmRucyAiMjAwLjEuMS4xNjMgMjAwLjEuMS4yMTgiCiAgLSBubWNsaSBjb24gbW9kICJTeXN0ZW0gZW5zMyIgY29uLW5hbWUgZW5zMwogIC0gbm1jbGkgY29uIHVwIGVuczMKCmhvc3RuYW1lOiBsdTcxNwpmcWRuOiBsdTcxNy5sYWx1eC5sb2NhbAoKdXNlcnM6CiAgLSBuYW1lOiBsb2NhbGFkbWluCiAgICBzc2gtYXV0aG9yaXplZC1rZXlzOgogICAgICAtIHNzaC1yc2EgQUFBQUIzTnphQzF5YzJFQUFBQURBUUFCQUFBQmdRRFV4Slh4RC9TRmthUTJGY0Z0RUgzYU9GbFNPMURlMCtQRW5PVWo5bElJWVNNWTBuaW1vNmVweUVmdjdOdEp3UUJQSFdKWU96b1VBZTQ5YjRyQi95OFpYUjNDK3hFS3NwRDdlYnFiUUM5aFY2Z0ZON015K2duVHVTVnNZdFVYd01TdXlSdUtuZS94dTJUZlRRWXBJbUp0NFVuQnl5NVVCYnMraWZRRFdCK2dvWlNNUGtnUDQ1b2lUQ0xuaW9Hd1ZRYlhrczVPN2tJM0lJbnZFYzMxaVBBNFJWdXN4bWs2UUVIemU1SjEwQWNDRXkwM1JWUFh1WUIzS05zSTJVWGVldlpkTVY2MTJkb3R5MUlFMzZxZ1JaVzV4TllVZVMyNVhOck9WTk15UldvUVdKWUx2eDVycnlCcDY5QnROZzFoVWp4M2IrT3hsTkVobmZJcXpTSzZ1WEFlRWlqMi9ESGNqd09xU0NqWTZKbWtDaDdkQWJXVklFcTk2ZmFIRjlDM0lsVDZnYkYzUnRrRmFaNWh2dGNXaXlibUpLWk1lRHcwWU5XMi9IcVhSeHdhVzhxK1FqdWUvU3U5QW1JTElVYjN4elp3ZFVNTHBHMHNDVi9SK05BMUVWbDBQTWtVRUNSSTVadE5nZlU4M1RtTENET3FZMk1JM2x3OHhjaldoMWVDL05VPSBtazQxN0BsYWx1eC5sb2NhbEByaC1zdWJtYW4ubGFsdXgubG9jYWwKCg==",
            "guest_customization_is_overridable": false,
            "guest_customization_sysprep": {},
            "guest_customization_sysprep_custom_key_values": {},
            "guest_os_id": "",
            "hardware_clock_timezone": "UTC",
            "host_reference": {
              "kind": "host",
              "name": "192.168.3.143",
              "uuid": "35a237cd-1383-44c6-a4fb-a838ebe6cb03"
            },
            "hypervisor_type": null,
            "id": "619fa04a-4ab2-4b1e-a0e7-7ecc38929871",
            "is_vcpu_hard_pinned": false,
            "machine_type": "PC",
            "memory_size_mib": 2048,
            "metadata": {
              "creation_time": "2023-04-04 21:48:34 +0000 UTC",
              "last_update_time": "2023-04-04 21:48:34 +0000 UTC",
              "name": "",
              "spec_hash": "",
              "spec_version": "0",
              "uuid": "619fa04a-4ab2-4b1e-a0e7-7ecc38929871"
            },
            "name": "LU717",
            "ngt_credentials": {},
            "ngt_enabled_capability_list": [],
            "nic_list": [
              {
                "ip_endpoint_list": [],
                "is_connected": "true",
                "mac_address": "50:6b:8d:a5:30:77",
                "model": "",
                "network_function_chain_reference": {},
                "network_function_nic_type": "",
                "nic_type": "NORMAL_NIC",
                "num_queues": 0,
                "subnet_name": "Production",
                "subnet_uuid": "0cd904d5-187c-4701-ad94-12bda719dcac",
                "uuid": "16b62eff-9d03-4ae1-a929-74d67de6acf1"
              }
            ],
            "nic_list_status": [
              {
                "floating_ip": "",
                "ip_endpoint_list": [],
                "is_connected": "true",
                "mac_address": "50:6b:8d:a5:30:77",
                "model": "",
                "network_function_chain_reference": {},
                "network_function_nic_type": "",
                "nic_type": "NORMAL_NIC",
                "num_queues": 0,
                "subnet_name": "Production",
                "subnet_uuid": "0cd904d5-187c-4701-ad94-12bda719dcac",
                "uuid": "16b62eff-9d03-4ae1-a929-74d67de6acf1"
              }
            ],
            "num_sockets": 2,
            "num_vcpus_per_socket": 1,
            "num_vnuma_nodes": 0,
            "nutanix_guest_tools": {},
            "owner_reference": {
              "kind": "user",
              "name": "kwakou.missoh@lalux.lu",
              "uuid": "cee7acb0-a3ec-5884-98df-ec80fecf83d6"
            },
            "parent_reference": {},
            "power_state": "ON",
            "power_state_mechanism": "HARD",
            "project_reference": {
              "kind": "project",
              "name": "_internal",
              "uuid": "61653437-84bd-41ad-bd1c-ecc7d732d87b"
            },
            "serial_port_list": [],
            "should_fail_on_script_failure": false,
            "state": "COMPLETE",
            "timeouts": null,
            "use_hot_add": true,
            "vga_console_enabled": true
          },
          "sensitive_attributes": [],
          "private": "eyJlMmJmYjczMC1lY2FhLTExZTYtOGY4OC0zNDM2M2JjN2M0YzAiOnsiY3JlYXRlIjozNjAwMDAwMDAwMDAwLCJkZWxldGUiOjM2MDAwMDAwMDAwMDAsInVwZGF0ZSI6MzYwMDAwMDAwMDAwMH0sInNjaGVtYV92ZXJzaW9uIjoiMSJ9",
          "dependencies": [
            "data.nutanix_cluster.cluster650",
            "data.nutanix_image.rhel8-dc1"
          ]
        }
      ]
    },
    {
      "mode": "managed",
      "type": "nutanix_virtual_machine",
      "name": "lu625",
      "provider": "provider[\"registry.terraform.io/nutanix/nutanix\"].dc3",
      "instances": [
        {
          "schema_version": 1,
          "attributes": {
            "api_version": "3.1",
            "availability_zone_reference": {},
            "boot_device_disk_address": {},
            "boot_device_mac_address": "",
            "boot_device_order_list": [],
            "boot_type": "UEFI",
            "categories": [],
            "cloud_init_cdrom_uuid": "545ffe0c-2a2f-4e7f-9be9-fd38f700142b",
            "cluster_name": "LU651",
            "cluster_uuid": "0005bad6-a969-e524-1d79-ac1f6b3ddf74",
            "description": "VM DE TEST",
            "disk_list": [
              {
                "data_source_reference": {
                  "kind": "image",
                  "uuid": "8505d299-8597-474e-abca-e81056d8e252"
                },
                "device_properties": [
                  {
                    "device_type": "DISK",
                    "disk_address": {
                      "adapter_type": "SCSI",
                      "device_index": "0"
                    }
                  }
                ],
                "disk_size_bytes": 53687091200,
                "disk_size_mib": 51200,
                "storage_config": [
                  {
                    "flash_mode": "",
                    "storage_container_reference": [
                      {
                        "kind": "storage_container",
                        "name": "SelfServiceContainer",
                        "url": "",
                        "uuid": "14a956d7-8c65-465b-9fa2-d34e8c9e4b8f"
                      }
                    ]
                  }
                ],
                "uuid": "fb8c660d-8a35-480e-95cf-d1573e17f364",
                "volume_group_reference": {}
              },
              {
                "data_source_reference": {},
                "device_properties": [
                  {
                    "device_type": "DISK",
                    "disk_address": {
                      "adapter_type": "SCSI",
                      "device_index": "1"
                    }
                  }
                ],
                "disk_size_bytes": 107374182400,
                "disk_size_mib": 102400,
                "storage_config": [
                  {
                    "flash_mode": "",
                    "storage_container_reference": [
                      {
                        "kind": "storage_container",
                        "name": "NUT_AHV_DC3_01",
                        "url": "",
                        "uuid": "bc8f3bc4-900a-4458-aadd-85f557f5bcd2"
                      }
                    ]
                  }
                ],
                "uuid": "44e565c9-efdd-4df7-938b-ea4d309fa57a",
                "volume_group_reference": {}
              }
            ],
            "enable_cpu_passthrough": false,
            "enable_script_exec": false,
            "gpu_list": [],
            "guest_customization_cloud_init_custom_key_values": {},
            "guest_customization_cloud_init_meta_data": "",
            "guest_customization_cloud_init_user_data": "I2Nsb3VkLWNvbmZpZwpydW5jbWQ6CiAgLSBubWNsaSBjb24gbW9kICJTeXN0ZW0gZW5zMyIgaXB2NC5tZXRob2QgbWFudWFsIGlwdjQuYWRkcmVzc2VzIDIwMC4xLjEuNTMvMjQgaXB2NC5nYXRld2F5IDIwMC4xLjEuMjQwIGlwdjQuZG5zICIyMDAuMS4xLjE2MyAyMDAuMS4xLjIxOCIKICAtIG5tY2xpIGNvbiBtb2QgIlN5c3RlbSBlbnMzIiBjb24tbmFtZSBlbnMzCiAgLSBubWNsaSBjb24gdXAgZW5zMwoKaG9zdG5hbWU6IGx1NjI1CmZxZG46IGx1NjI1LmxhbHV4LmxvY2FsCgp1c2VyczoKICAtIG5hbWU6IGxvY2FsYWRtaW4KICAgIHNzaC1hdXRob3JpemVkLWtleXM6CiAgICAgIC0gc3NoLXJzYSBBQUFBQjNOemFDMXljMkVBQUFBREFRQUJBQUFCZ1FEVXhKWHhEL1NGa2FRMkZjRnRFSDNhT0ZsU08xRGUwK1BFbk9VajlsSUlZU01ZMG5pbW82ZXB5RWZ2N050SndRQlBIV0pZT3pvVUFlNDliNHJCL3k4WlhSM0MreEVLc3BEN2VicWJRQzloVjZnRk43TXkrZ25UdVNWc1l0VVh3TVN1eVJ1S25lL3h1MlRmVFFZcEltSnQ0VW5CeXk1VUJicytpZlFEV0IrZ29aU01Qa2dQNDVvaVRDTG5pb0d3VlFiWGtzNU83a0kzSUludkVjMzFpUEE0UlZ1c3htazZRRUh6ZTVKMTBBY0NFeTAzUlZQWHVZQjNLTnNJMlVYZWV2WmRNVjYxMmRvdHkxSUUzNnFnUlpXNXhOWVVlUzI1WE5yT1ZOTXlSV29RV0pZTHZ4NXJyeUJwNjlCdE5nMWhVangzYitPeGxORWhuZklxelNLNnVYQWVFaWoyL0RIY2p3T3FTQ2pZNkpta0NoN2RBYldWSUVxOTZmYUhGOUMzSWxUNmdiRjNSdGtGYVo1aHZ0Y1dpeWJtSktaTWVEdzBZTlcyL0hxWFJ4d2FXOHErUWp1ZS9TdTlBbUlMSVViM3h6WndkVU1McEcwc0NWL1IrTkExRVZsMFBNa1VFQ1JJNVp0TmdmVTgzVG1MQ0RPcVkyTUkzbHc4eGNqV2gxZUMvTlU9IG1rNDE3QGxhbHV4LmxvY2FsQHJoLXN1Ym1hbi5sYWx1eC5sb2NhbAoK",
            "guest_customization_is_overridable": false,
            "guest_customization_sysprep": {},
            "guest_customization_sysprep_custom_key_values": {},
            "guest_os_id": "",
            "hardware_clock_timezone": "UTC",
            "host_reference": {
              "kind": "host",
              "name": "192.168.3.78",
              "uuid": "ed4dcf7d-0f23-4041-acd1-bbc921742133"
            },
            "hypervisor_type": null,
            "id": "59bda77e-2945-45e5-a615-d615958df22f",
            "is_vcpu_hard_pinned": false,
            "machine_type": "PC",
            "memory_size_mib": 2048,
            "metadata": {
              "creation_time": "2023-01-31 18:36:38 +0000 UTC",
              "last_update_time": "2023-01-31 18:36:38 +0000 UTC",
              "name": "",
              "spec_hash": "",
              "spec_version": "1",
              "uuid": "59bda77e-2945-45e5-a615-d615958df22f"
            },
            "name": "LU625 - LNX - VM TEST KWAKOU",
            "ngt_credentials": {},
            "ngt_enabled_capability_list": [],
            "nic_list": [
              {
                "ip_endpoint_list": [],
                "is_connected": "true",
                "mac_address": "50:6b:8d:9d:36:bd",
                "model": "",
                "network_function_chain_reference": {},
                "network_function_nic_type": "",
                "nic_type": "NORMAL_NIC",
                "num_queues": 0,
                "subnet_name": "Production",
                "subnet_uuid": "5e33cdaf-d482-4353-b2b0-a74cbff387c8",
                "uuid": "a26ab4d3-bcd2-4cb8-a8ea-032f3f5a25b4"
              }
            ],
            "nic_list_status": [
              {
                "floating_ip": "",
                "ip_endpoint_list": [
                  {
                    "ip": "200.1.1.53",
                    "type": "LEARNED"
                  }
                ],
                "is_connected": "true",
                "mac_address": "50:6b:8d:9d:36:bd",
                "model": "",
                "network_function_chain_reference": {},
                "network_function_nic_type": "",
                "nic_type": "NORMAL_NIC",
                "num_queues": 0,
                "subnet_name": "Production",
                "subnet_uuid": "5e33cdaf-d482-4353-b2b0-a74cbff387c8",
                "uuid": "a26ab4d3-bcd2-4cb8-a8ea-032f3f5a25b4"
              }
            ],
            "num_sockets": 1,
            "num_vcpus_per_socket": 1,
            "num_vnuma_nodes": 0,
            "nutanix_guest_tools": {},
            "owner_reference": {
              "kind": "user",
              "name": "kwakou.missoh@lalux.lu",
              "uuid": "cee7acb0-a3ec-5884-98df-ec80fecf83d6"
            },
            "parent_reference": {},
            "power_state": "ON",
            "power_state_mechanism": "HARD",
            "project_reference": {
              "kind": "project",
              "name": "_internal",
              "uuid": "996d167c-54de-428a-9b36-a265ab1d2916"
            },
            "serial_port_list": [],
            "should_fail_on_script_failure": false,
            "state": "COMPLETE",
            "timeouts": null,
            "use_hot_add": true,
            "vga_console_enabled": true
          },
          "sensitive_attributes": [],
          "private": "eyJlMmJmYjczMC1lY2FhLTExZTYtOGY4OC0zNDM2M2JjN2M0YzAiOnsiY3JlYXRlIjozNjAwMDAwMDAwMDAwLCJkZWxldGUiOjM2MDAwMDAwMDAwMDAsInVwZGF0ZSI6MzYwMDAwMDAwMDAwMH0sInNjaGVtYV92ZXJzaW9uIjoiMSJ9",
          "dependencies": [
            "data.nutanix_cluster.cluster651",
            "data.nutanix_image.rhel8-dc3"
          ]
        }
      ]
    },
    {
      "mode": "managed",
      "type": "vsphere_virtual_machine",
      "name": "VSL-TST-SAP-001",
      "provider": "provider[\"registry.terraform.io/hashicorp/vsphere\"]",
      "instances": [
        {
          "status": "tainted",
          "schema_version": 3,
          "attributes": {
            "alternate_guest_name": "",
            "annotation": "Packer imported RHEL8STD VM template",
            "boot_delay": 0,
            "boot_retry_delay": 10000,
            "boot_retry_enabled": false,
            "cdrom": [
              {
                "client_device": false,
                "datastore_id": "",
                "device_address": "ide:0:0",
                "key": 3000,
                "path": ""
              }
            ],
            "change_version": "2023-04-04T21:49:51.868923Z",
            "clone": [
              {
                "customize": [
                  {
                    "dns_server_list": [
                      "200.1.1.163",
                      "200.1.1.218"
                    ],
                    "dns_suffix_list": null,
                    "ipv4_gateway": "172.26.16.254",
                    "ipv6_gateway": "",
                    "linux_options": [
                      {
                        "domain": "lalux.local",
                        "host_name": "VSL-TST-SAP-001",
                        "hw_clock_utc": true,
                        "script_text": "",
                        "time_zone": ""
                      }
                    ],
                    "network_interface": [
                      {
                        "dns_domain": "",
                        "dns_server_list": null,
                        "ipv4_address": "172.26.16.1",
                        "ipv4_netmask": 24,
                        "ipv6_address": "",
                        "ipv6_netmask": 0
                      }
                    ],
                    "timeout": 10,
                    "windows_options": [],
                    "windows_sysprep_text": ""
                  }
                ],
                "linked_clone": false,
                "ovf_network_map": null,
                "ovf_storage_map": null,
                "template_uuid": "646617ed-c3e8-4241-abd5-20c82ed8e02c",
                "timeout": 30
              }
            ],
            "cpu_hot_add_enabled": false,
            "cpu_hot_remove_enabled": false,
            "cpu_limit": -1,
            "cpu_performance_counters_enabled": false,
            "cpu_reservation": 0,
            "cpu_share_count": 4000,
            "cpu_share_level": "normal",
            "custom_attributes": null,
            "datacenter_id": null,
            "datastore_cluster_id": null,
            "datastore_id": "datastore-42403",
            "default_ip_address": "172.26.16.1",
            "disk": [
              {
                "attach": false,
                "controller_type": "scsi",
                "datastore_id": "datastore-42403",
                "device_address": "scsi:0:0",
                "disk_mode": "persistent",
                "disk_sharing": "sharingNone",
                "eagerly_scrub": false,
                "io_limit": -1,
                "io_reservation": 0,
                "io_share_count": 1000,
                "io_share_level": "normal",
                "keep_on_remove": false,
                "key": 2000,
                "label": "disk0",
                "path": "VSL-TST-SAP-001/VSL-TST-SAP-001.vmdk",
                "size": 50,
                "storage_policy_id": "",
                "thin_provisioned": true,
                "unit_number": 0,
                "uuid": "6000C297-c010-56bf-6cde-97c510c8cf58",
                "write_through": false
              },
              {
                "attach": false,
                "controller_type": "scsi",
                "datastore_id": "datastore-42403",
                "device_address": "scsi:0:1",
                "disk_mode": "persistent",
                "disk_sharing": "sharingNone",
                "eagerly_scrub": false,
                "io_limit": -1,
                "io_reservation": 0,
                "io_share_count": 1000,
                "io_share_level": "normal",
                "keep_on_remove": false,
                "key": 2001,
                "label": "disk1",
                "path": "VSL-TST-SAP-001/VSL-TST-SAP-001_1.vmdk",
                "size": 100,
                "storage_policy_id": "",
                "thin_provisioned": true,
                "unit_number": 1,
                "uuid": "6000C295-e1b2-c701-74d6-859d52a481d1",
                "write_through": false
              }
            ],
            "efi_secure_boot_enabled": false,
            "enable_disk_uuid": false,
            "enable_logging": false,
            "ept_rvi_mode": "automatic",
            "extra_config": null,
            "firmware": "efi",
            "folder": "DMZ/DEV",
            "force_power_off": true,
            "guest_id": "rhel7_64Guest",
            "guest_ip_addresses": [
              "172.26.16.1",
              "fe80::250:56ff:fe81:56c1"
            ],
            "hardware_version": 13,
            "host_system_id": "host-233518",
            "hv_mode": "hvAuto",
            "id": "42012e8f-580d-8d97-b7ce-f22df25f554c",
            "ide_controller_count": 2,
            "ignored_guest_ips": null,
            "imported": null,
            "latency_sensitivity": "normal",
            "memory": 16384,
            "memory_hot_add_enabled": false,
            "memory_limit": -1,
            "memory_reservation": 0,
            "memory_share_count": 163840,
            "memory_share_level": "normal",
            "migrate_wait_timeout": 30,
            "moid": "vm-235369",
            "name": "VSL-TST-SAP-001",
            "nested_hv_enabled": false,
            "network_interface": [
              {
                "adapter_type": "vmxnet3",
                "bandwidth_limit": -1,
                "bandwidth_reservation": 0,
                "bandwidth_share_count": 50,
                "bandwidth_share_level": "normal",
                "device_address": "pci:0:7",
                "key": 4000,
                "mac_address": "00:50:56:81:56:c1",
                "network_id": "network-234947",
                "ovf_mapping": "",
                "use_static_mac": false
              }
            ],
            "num_cores_per_socket": 1,
            "num_cpus": 4,
            "ovf_deploy": [],
            "pci_device_id": null,
            "power_state": "on",
            "poweron_timeout": 300,
            "reboot_required": false,
            "replace_trigger": null,
            "resource_pool_id": "resgroup-41982",
            "run_tools_scripts_after_power_on": true,
            "run_tools_scripts_after_resume": true,
            "run_tools_scripts_before_guest_reboot": false,
            "run_tools_scripts_before_guest_shutdown": true,
            "run_tools_scripts_before_guest_standby": true,
            "sata_controller_count": 0,
            "scsi_bus_sharing": "noSharing",
            "scsi_controller_count": 1,
            "scsi_type": "pvscsi",
            "shutdown_wait_timeout": 3,
            "storage_policy_id": "",
            "swap_placement_policy": "inherit",
            "sync_time_with_host": false,
            "sync_time_with_host_periodically": false,
            "tags": null,
            "tools_upgrade_policy": "manual",
            "uuid": "42012e8f-580d-8d97-b7ce-f22df25f554c",
            "vapp": [],
            "vapp_transport": [],
            "vbs_enabled": false,
            "vmware_tools_status": "guestToolsRunning",
            "vmx_path": "VSL-TST-SAP-001/VSL-TST-SAP-001.vmx",
            "vvtd_enabled": false,
            "wait_for_guest_ip_timeout": 0,
            "wait_for_guest_net_routable": true,
            "wait_for_guest_net_timeout": 5
          },
          "sensitive_attributes": [],
          "private": "eyJzY2hlbWFfdmVyc2lvbiI6IjMifQ==",
          "dependencies": [
            "data.vsphere_content_library_item.esx_lib2_item",
            "data.vsphere_datastore.NUT_DMZ_INT_DC2_to_DC1",
            "data.vsphere_host.nut-dmz-02",
            "data.vsphere_network.TST_SAP",
            "data.vsphere_resource_pool.esx_pool"
          ]
        }
      ]
    }
  ],
  "check_results": []
}
