{
  "version": 4,
  "terraform_version": "1.3.3",
  "serial": 11,
  "lineage": "92122517-d661-6d68-367b-8f83bdb57f69",
  "outputs": {},
  "resources": [
    {
      "mode": "data",
      "type": "nutanix_cluster",
      "name": "cluster480",
      "provider": "provider[\"registry.terraform.io/nutanix/nutanix\"].dc1",
      "instances": [
        {
          "schema_version": 0,
          "attributes": {
            "analysis_vm_efficiency_map": {
              "bully_vm_num": "0",
              "constrained_vm_num": "5",
              "dead_vm_num": "7",
              "inefficient_vm_num": "95",
              "overprovisioned_vm_num": "87"
            },
            "api_version": "",
            "authorized_public_key_list": [],
            "build": {
              "build_type": "release",
              "commit_date": "",
              "commit_id": "a47cd2126368a00d280a2c78b3fbff5afd196057",
              "full_version": "el7.3-release-fraser-6.5.1-stable-a47cd2126368a00d280a2c78b3fbff5afd196057",
              "short_commit_id": "a47cd2",
              "version": "6.5.1"
            },
            "ca_certificate_list": [],
            "categories": [
              {
                "name": "Images",
                "value": "Image_for_all_Clusters"
              }
            ],
            "certification_signing_info": {},
            "client_auth": {},
            "cluster_arch": "X86_64",
            "cluster_id": "000573dc-b47b-b6bf-0000-00000001c0f6",
            "domain_server_credentials": {},
            "domain_server_name": "",
            "domain_server_nameserver": "",
            "enabled_feature_list": [
              "PASSWORD_REMOTE_LOGIN_ENABLED",
              "SHADOW_CLONES_ENABLED"
            ],
            "encryption_status": "NOT_SUPPORTED",
            "external_data_services_ip": "192.168.3.151",
            "external_ip": "192.168.3.51",
            "external_subnet": "192.168.3.0/255.255.255.0",
            "gpu_driver_version": "",
            "http_proxy_list": [],
            "http_proxy_whitelist": [
              {
                "target": "192.168.3.0/255.255.255.0",
                "target_type": "IPV4_NETWORK_MASK"
              },
              {
                "target": "192.168.25.0/255.255.255.0",
                "target_type": "IPV4_NETWORK_MASK"
              },
              {
                "target": "192.168.42.0/255.255.255.0",
                "target_type": "IPV4_NETWORK_MASK"
              }
            ],
            "id": "000573dc-b47b-b6bf-0000-00000001c0f6",
            "internal_subnet": "192.168.5.0/255.255.255.128",
            "is_available": true,
            "management_server_list": [
              {
                "drs_enabled": true,
                "ip": "192.168.25.158",
                "status_list": [
                  "REGISTERED"
                ],
                "type": "VCENTER"
              }
            ],
            "masquerading_ip": "",
            "masquerading_port": 0,
            "metadata": {
              "creation_time": "2021-09-02 14:34:22 +0000 UTC",
              "last_update_time": "2022-05-04 07:00:47 +0000 UTC",
              "name": "",
              "spec_hash": "00000000000000000000000000000000000000000000000000",
              "spec_version": "59",
              "uuid": "000573dc-b47b-b6bf-0000-00000001c0f6"
            },
            "name": "LU480",
            "name_server_ip_list": [
              "200.1.1.218",
              "200.1.1.163",
              "192.168.25.93"
            ],
            "nfs_subnet_whitelist": [
              "192.168.128.0/255.255.255.0",
              "192.168.25.0/255.255.255.0",
              "192.168.3.0/255.255.255.0",
              "192.168.3.123/255.255.255.255",
              "192.168.38.15/255.255.255.255",
              "192.168.38.16/255.255.255.255",
              "192.168.38.17/255.255.255.255",
              "192.168.39.15/255.255.255.255",
              "192.168.39.16/255.255.255.255",
              "192.168.39.17/255.255.255.255",
              "192.168.40.15/255.255.255.255",
              "192.168.40.16/255.255.255.255",
              "192.168.40.17/255.255.255.255",
              "192.168.41.15/255.255.255.255",
              "192.168.41.16/255.255.255.255",
              "192.168.41.17/255.255.255.255",
              "192.168.42.0/255.255.255.0"
            ],
            "nodes": [
              {
                "ip": "192.168.3.61",
                "type": "AHV",
                "version": "el7.nutanix.20220304.242"
              },
              {
                "ip": "192.168.3.63",
                "type": "AHV",
                "version": "el7.nutanix.20220304.242"
              },
              {
                "ip": "192.168.3.65",
                "type": "AHV",
                "version": "el7.nutanix.20220304.242"
              },
              {
                "ip": "192.168.3.71",
                "type": "AHV",
                "version": "el7.nutanix.20220304.242"
              },
              {
                "ip": "192.168.3.69",
                "type": "AHV",
                "version": "el7.nutanix.20220304.242"
              },
              {
                "ip": "192.168.3.67",
                "type": "AHV",
                "version": "el7.nutanix.20220304.242"
              },
              {
                "ip": "127.0.0.1",
                "type": "AHV",
                "version": ""
              }
            ],
            "ntp_server_ip_list": [
              "200.1.1.218",
              "200.1.1.163",
              "192.168.25.93"
            ],
            "operation_mode": "NORMAL",
            "owner_reference": {
              "kind": "user",
              "name": "gary.schwankl@lalux.lu",
              "uuid": "a5750378-e904-508d-9a54-e9f2226eb44a"
            },
            "project_reference": {},
            "service_list": [
              "AOS"
            ],
            "smtp_server_address": {
              "fqdn": "",
              "ip": "192.168.25.96",
              "ipv6": "",
              "port": "25"
            },
            "smtp_server_credentials": {},
            "smtp_server_email_address": "nutanix_dc1@lalux.lu",
            "smtp_server_proxy_type_list": [],
            "smtp_server_type": "PLAIN",
            "software_map_ncc": {
              "software_type": "NCC",
              "status": "INSTALLED",
              "version": "ncc-4.6.1"
            },
            "software_map_nos": {
              "software_type": "NOS",
              "status": "INSTALLED",
              "version": "6.5.1"
            },
            "ssl_key_expire_datetime": "2027-11-08T07:55:45Z",
            "ssl_key_name": "",
            "ssl_key_signing_info": {
              "city": "Luxembourg",
              "common_name": "LU480",
              "common_name_suffix": "",
              "country_code": "LU",
              "email_address": "asymidrange@lalux.lu\n",
              "organization": "La Luxembourgeoise S.A.",
              "state": "Luxembourg"
            },
            "ssl_key_type": "RSA_2048",
            "state": "COMPLETE",
            "supported_information_verbosity": "BASIC_PLUS_CORE_DUMP",
            "timezone": "Europe/Luxembourg"
          },
          "sensitive_attributes": []
        }
      ]
    },
    {
      "mode": "data",
      "type": "nutanix_cluster",
      "name": "cluster481",
      "provider": "provider[\"registry.terraform.io/nutanix/nutanix\"].dc3",
      "instances": [
        {
          "schema_version": 0,
          "attributes": {
            "analysis_vm_efficiency_map": {
              "bully_vm_num": "0",
              "constrained_vm_num": "1",
              "dead_vm_num": "14",
              "inefficient_vm_num": "67",
              "overprovisioned_vm_num": "53"
            },
            "api_version": "",
            "authorized_public_key_list": [],
            "build": {
              "build_type": "release",
              "commit_date": "",
              "commit_id": "a47cd2126368a00d280a2c78b3fbff5afd196057",
              "full_version": "el7.3-release-fraser-6.5.1-stable-a47cd2126368a00d280a2c78b3fbff5afd196057",
              "short_commit_id": "a47cd2",
              "version": "6.5.1"
            },
            "ca_certificate_list": [],
            "categories": [
              {
                "name": "Images",
                "value": "Image_for_all_Clusters"
              }
            ],
            "certification_signing_info": {},
            "client_auth": {},
            "cluster_arch": "X86_64",
            "cluster_id": "000573dc-9cf0-1fa6-0000-00000001c0f4",
            "domain_server_credentials": {},
            "domain_server_name": "",
            "domain_server_nameserver": "",
            "enabled_feature_list": [
              "PASSWORD_REMOTE_LOGIN_ENABLED",
              "SHADOW_CLONES_ENABLED"
            ],
            "encryption_status": "NOT_SUPPORTED",
            "external_data_services_ip": "192.168.3.152",
            "external_ip": "192.168.3.52",
            "external_subnet": "192.168.3.0/255.255.255.0",
            "gpu_driver_version": "",
            "http_proxy_list": [],
            "http_proxy_whitelist": [
              {
                "target": "192.168.3.53",
                "target_type": "IPV4_ADDRESS"
              },
              {
                "target": "192.168.3.0/255.255.255.0",
                "target_type": "IPV4_NETWORK_MASK"
              },
              {
                "target": "192.168.10.215",
                "target_type": "IPV4_ADDRESS"
              }
            ],
            "id": "000573dc-9cf0-1fa6-0000-00000001c0f4",
            "internal_subnet": "192.168.5.0/255.255.255.128",
            "is_available": true,
            "management_server_list": [
              {
                "drs_enabled": true,
                "ip": "192.168.25.158",
                "status_list": [
                  "REGISTERED"
                ],
                "type": "VCENTER"
              }
            ],
            "masquerading_ip": "",
            "masquerading_port": 0,
            "metadata": {
              "creation_time": "2021-09-02 14:35:05 +0000 UTC",
              "last_update_time": "2022-05-04 07:01:09 +0000 UTC",
              "name": "",
              "spec_hash": "00000000000000000000000000000000000000000000000000",
              "spec_version": "47",
              "uuid": "000573dc-9cf0-1fa6-0000-00000001c0f4"
            },
            "name": "LU481",
            "name_server_ip_list": [
              "200.1.1.218",
              "200.1.1.163",
              "192.168.25.93"
            ],
            "nfs_subnet_whitelist": [
              "192.168.38.17/255.255.255.255",
              "192.168.42.24/255.255.255.255",
              "192.168.25.39/255.255.255.255",
              "192.168.39.16/255.255.255.255",
              "192.168.42.26/255.255.255.255",
              "192.168.25.108/255.255.255.255",
              "192.168.130.0/255.255.255.0",
              "192.168.41.15/255.255.255.255",
              "192.168.42.19/255.255.255.255",
              "192.168.40.17/255.255.255.255",
              "192.168.41.17/255.255.255.255",
              "192.168.38.16/255.255.255.255",
              "192.168.38.15/255.255.255.255",
              "192.168.41.16/255.255.255.255",
              "192.168.40.15/255.255.255.255",
              "192.168.40.16/255.255.255.255",
              "192.168.39.17/255.255.255.255",
              "192.168.42.21/255.255.255.255",
              "192.168.128.0/255.255.255.0",
              "192.168.39.15/255.255.255.255"
            ],
            "nodes": [
              {
                "ip": "192.168.3.62",
                "type": "AHV",
                "version": "el7.nutanix.20220304.242"
              },
              {
                "ip": "192.168.3.64",
                "type": "AHV",
                "version": "el7.nutanix.20220304.242"
              },
              {
                "ip": "192.168.3.66",
                "type": "AHV",
                "version": "el7.nutanix.20220304.242"
              },
              {
                "ip": "192.168.3.68",
                "type": "AHV",
                "version": "el7.nutanix.20220304.242"
              },
              {
                "ip": "192.168.3.72",
                "type": "AHV",
                "version": "el7.nutanix.20220304.242"
              },
              {
                "ip": "192.168.3.70",
                "type": "AHV",
                "version": "el7.nutanix.20220304.242"
              },
              {
                "ip": "127.0.0.1",
                "type": "AHV",
                "version": ""
              }
            ],
            "ntp_server_ip_list": [
              "200.1.1.218",
              "200.1.1.163",
              "192.168.25.93"
            ],
            "operation_mode": "NORMAL",
            "owner_reference": {
              "kind": "user",
              "name": "gary.schwankl@lalux.lu",
              "uuid": "a5750378-e904-508d-9a54-e9f2226eb44a"
            },
            "project_reference": {},
            "service_list": [
              "AOS"
            ],
            "smtp_server_address": {
              "fqdn": "",
              "ip": "192.168.25.96",
              "ipv6": "",
              "port": "25"
            },
            "smtp_server_credentials": {},
            "smtp_server_email_address": "nutanix_dc2@lalux.lu",
            "smtp_server_proxy_type_list": [],
            "smtp_server_type": "PLAIN",
            "software_map_ncc": {
              "software_type": "NCC",
              "status": "INSTALLED",
              "version": "ncc-4.6.1"
            },
            "software_map_nos": {
              "software_type": "NOS",
              "status": "INSTALLED",
              "version": "6.5.1"
            },
            "ssl_key_expire_datetime": "2027-11-08T07:55:45Z",
            "ssl_key_name": "",
            "ssl_key_signing_info": {
              "city": "Luxembourg",
              "common_name": "LU480",
              "common_name_suffix": "",
              "country_code": "LU",
              "email_address": "asymidrange@lalux.lu\n",
              "organization": "La Luxembourgeoise S.A.",
              "state": "Luxembourg"
            },
            "ssl_key_type": "RSA_2048",
            "state": "COMPLETE",
            "supported_information_verbosity": "BASIC_PLUS_CORE_DUMP",
            "timezone": "Europe/Luxembourg"
          },
          "sensitive_attributes": []
        }
      ]
    },
    {
      "mode": "data",
      "type": "nutanix_cluster",
      "name": "cluster650",
      "provider": "provider[\"registry.terraform.io/nutanix/nutanix\"].dc1",
      "instances": [
        {
          "schema_version": 0,
          "attributes": {
            "analysis_vm_efficiency_map": {
              "bully_vm_num": "0",
              "constrained_vm_num": "5",
              "dead_vm_num": "24",
              "inefficient_vm_num": "164",
              "overprovisioned_vm_num": "140"
            },
            "api_version": "",
            "authorized_public_key_list": [],
            "build": {
              "build_type": "release",
              "commit_date": "",
              "commit_id": "a47cd2126368a00d280a2c78b3fbff5afd196057",
              "full_version": "el7.3-release-fraser-6.5.1-stable-a47cd2126368a00d280a2c78b3fbff5afd196057",
              "short_commit_id": "a47cd2",
              "version": "6.5.1"
            },
            "ca_certificate_list": [],
            "categories": [
              {
                "name": "Images",
                "value": "Image_for_all_Clusters"
              }
            ],
            "certification_signing_info": {},
            "client_auth": {},
            "cluster_arch": "X86_64",
            "cluster_id": "0005bad6-afcd-2116-0533-ac1f6b3ddca9",
            "domain_server_credentials": {},
            "domain_server_name": "",
            "domain_server_nameserver": "",
            "enabled_feature_list": [
              "PASSWORD_REMOTE_LOGIN_ENABLED",
              "SHADOW_CLONES_ENABLED"
            ],
            "encryption_status": "NOT_SUPPORTED",
            "external_data_services_ip": "192.168.3.121",
            "external_ip": "192.168.3.59",
            "external_subnet": "192.168.3.0/255.255.255.0",
            "gpu_driver_version": "",
            "http_proxy_list": [
              {
                "address": {
                  "fqdn": "",
                  "ip": "172.22.108.7",
                  "ipv6": "",
                  "port": "80"
                },
                "credentials": {},
                "proxy_type_list": [
                  "HTTP",
                  "HTTPS"
                ]
              }
            ],
            "http_proxy_whitelist": [
              {
                "target": "192.168.3.0/255.255.255.0",
                "target_type": "IPV4_NETWORK_MASK"
              },
              {
                "target": "192.168.10.0/255.255.255.0",
                "target_type": "IPV4_NETWORK_MASK"
              },
              {
                "target": "192.168.25.0/255.255.255.0",
                "target_type": "IPV4_NETWORK_MASK"
              },
              {
                "target": "172.22.163.0/255.255.255.0",
                "target_type": "IPV4_NETWORK_MASK"
              }
            ],
            "id": "0005bad6-afcd-2116-0533-ac1f6b3ddca9",
            "internal_subnet": "192.168.5.0/255.255.255.128",
            "is_available": true,
            "management_server_list": [],
            "masquerading_ip": "",
            "masquerading_port": 0,
            "metadata": {
              "creation_time": "2021-02-20 02:23:20 +0000 UTC",
              "last_update_time": "2022-05-04 07:00:47 +0000 UTC",
              "name": "",
              "spec_hash": "00000000000000000000000000000000000000000000000000",
              "spec_version": "39",
              "uuid": "0005bad6-afcd-2116-0533-ac1f6b3ddca9"
            },
            "name": "LU650",
            "name_server_ip_list": [
              "200.1.1.218",
              "200.1.1.163",
              "192.168.25.93"
            ],
            "nfs_subnet_whitelist": [
              "172.22.163.0/255.255.255.0",
              "172.22.50.0/255.255.255.0",
              "192.168.128.0/255.255.255.0",
              "192.168.25.0/255.255.255.0",
              "192.168.3.0/255.255.255.0",
              "192.168.38.15/255.255.255.255",
              "192.168.38.16/255.255.255.255",
              "192.168.38.17/255.255.255.255",
              "192.168.39.15/255.255.255.255",
              "192.168.39.16/255.255.255.255",
              "192.168.39.17/255.255.255.255",
              "192.168.40.15/255.255.255.255",
              "192.168.40.16/255.255.255.255",
              "192.168.40.17/255.255.255.255",
              "192.168.41.15/255.255.255.255",
              "192.168.41.16/255.255.255.255",
              "192.168.41.17/255.255.255.255",
              "192.168.42.0/255.255.255.0"
            ],
            "nodes": [
              {
                "ip": "192.168.3.75",
                "type": "AHV",
                "version": "el7.nutanix.20220304.242"
              },
              {
                "ip": "127.0.0.1",
                "type": "AHV",
                "version": ""
              },
              {
                "ip": "192.168.3.73",
                "type": "AHV",
                "version": "el7.nutanix.20220304.242"
              },
              {
                "ip": "192.168.3.74",
                "type": "AHV",
                "version": "el7.nutanix.20220304.242"
              },
              {
                "ip": "192.168.3.76",
                "type": "AHV",
                "version": "el7.nutanix.20220304.242"
              }
            ],
            "ntp_server_ip_list": [
              "200.1.1.218",
              "200.1.1.163",
              "192.168.25.93"
            ],
            "operation_mode": "NORMAL",
            "owner_reference": {
              "kind": "user",
              "name": "gary.schwankl@lalux.lu",
              "uuid": "a5750378-e904-508d-9a54-e9f2226eb44a"
            },
            "project_reference": {},
            "service_list": [
              "AOS"
            ],
            "smtp_server_address": {
              "fqdn": "",
              "ip": "192.168.25.96",
              "ipv6": "",
              "port": "25"
            },
            "smtp_server_credentials": {},
            "smtp_server_email_address": "nutanix_AHV_dc1@lalux.lu",
            "smtp_server_proxy_type_list": [],
            "smtp_server_type": "PLAIN",
            "software_map_ncc": {
              "software_type": "NCC",
              "status": "INSTALLED",
              "version": "ncc-4.6.1"
            },
            "software_map_nos": {
              "software_type": "NOS",
              "status": "INSTALLED",
              "version": "6.5.1"
            },
            "ssl_key_expire_datetime": "2027-11-08T07:55:45Z",
            "ssl_key_name": "",
            "ssl_key_signing_info": {
              "city": "Luxembourg",
              "common_name": "LU480",
              "common_name_suffix": "",
              "country_code": "LU",
              "email_address": "asymidrange@lalux.lu\n",
              "organization": "La Luxembourgeoise S.A.",
              "state": "Luxembourg"
            },
            "ssl_key_type": "RSA_2048",
            "state": "COMPLETE",
            "supported_information_verbosity": "BASIC_PLUS_CORE_DUMP",
            "timezone": "Europe/Luxembourg"
          },
          "sensitive_attributes": []
        }
      ]
    },
    {
      "mode": "data",
      "type": "nutanix_cluster",
      "name": "cluster651",
      "provider": "provider[\"registry.terraform.io/nutanix/nutanix\"].dc3",
      "instances": [
        {
          "schema_version": 0,
          "attributes": {
            "analysis_vm_efficiency_map": {
              "bully_vm_num": "0",
              "constrained_vm_num": "4",
              "dead_vm_num": "26",
              "inefficient_vm_num": "153",
              "overprovisioned_vm_num": "125"
            },
            "api_version": "",
            "authorized_public_key_list": [],
            "build": {
              "build_type": "release",
              "commit_date": "",
              "commit_id": "a47cd2126368a00d280a2c78b3fbff5afd196057",
              "full_version": "el7.3-release-fraser-6.5.1-stable-a47cd2126368a00d280a2c78b3fbff5afd196057",
              "short_commit_id": "a47cd2",
              "version": "6.5.1"
            },
            "ca_certificate_list": [],
            "categories": [
              {
                "name": "Images",
                "value": "Image_for_all_Clusters"
              }
            ],
            "certification_signing_info": {},
            "client_auth": {},
            "cluster_arch": "X86_64",
            "cluster_id": "0005bad6-a969-e524-1d79-ac1f6b3ddf74",
            "domain_server_credentials": {},
            "domain_server_name": "",
            "domain_server_nameserver": "",
            "enabled_feature_list": [
              "PASSWORD_REMOTE_LOGIN_ENABLED",
              "SHADOW_CLONES_ENABLED"
            ],
            "encryption_status": "NOT_SUPPORTED",
            "external_data_services_ip": "192.168.3.122",
            "external_ip": "192.168.3.56",
            "external_subnet": "192.168.3.0/255.255.255.0",
            "gpu_driver_version": "",
            "http_proxy_list": [
              {
                "address": {
                  "fqdn": "",
                  "ip": "172.22.108.7",
                  "ipv6": "",
                  "port": "80"
                },
                "credentials": {},
                "proxy_type_list": [
                  "HTTP",
                  "HTTPS"
                ]
              }
            ],
            "http_proxy_whitelist": [
              {
                "target": "192.168.3.0/255.255.255.0",
                "target_type": "IPV4_NETWORK_MASK"
              },
              {
                "target": "192.168.10.0/255.255.255.0",
                "target_type": "IPV4_NETWORK_MASK"
              },
              {
                "target": "192.168.42.0/255.255.255.0",
                "target_type": "IPV4_NETWORK_MASK"
              },
              {
                "target": "192.168.25.0/255.255.255.0",
                "target_type": "IPV4_NETWORK_MASK"
              }
            ],
            "id": "0005bad6-a969-e524-1d79-ac1f6b3ddf74",
            "internal_subnet": "192.168.5.0/255.255.255.128",
            "is_available": true,
            "management_server_list": [],
            "masquerading_ip": "",
            "masquerading_port": 0,
            "metadata": {
              "creation_time": "2021-02-20 02:30:23 +0000 UTC",
              "last_update_time": "2022-05-04 07:01:10 +0000 UTC",
              "name": "",
              "spec_hash": "00000000000000000000000000000000000000000000000000",
              "spec_version": "30",
              "uuid": "0005bad6-a969-e524-1d79-ac1f6b3ddf74"
            },
            "name": "LU651",
            "name_server_ip_list": [
              "200.1.1.218",
              "200.1.1.163",
              "192.168.25.93"
            ],
            "nfs_subnet_whitelist": [
              "192.168.38.17/255.255.255.255",
              "192.168.42.0/255.255.255.0",
              "192.168.39.15/255.255.255.255",
              "192.168.39.16/255.255.255.255",
              "192.168.41.16/255.255.255.255",
              "192.168.41.15/255.255.255.255",
              "192.168.40.17/255.255.255.255",
              "192.168.41.17/255.255.255.255",
              "192.168.38.16/255.255.255.255",
              "192.168.38.15/255.255.255.255",
              "192.168.40.15/255.255.255.255",
              "192.168.40.16/255.255.255.255",
              "192.168.39.17/255.255.255.255",
              "192.168.25.0/255.255.255.0",
              "192.168.128.0/255.255.255.0"
            ],
            "nodes": [
              {
                "ip": "192.168.3.77",
                "type": "AHV",
                "version": "el7.nutanix.20220304.242"
              },
              {
                "ip": "127.0.0.1",
                "type": "AHV",
                "version": ""
              },
              {
                "ip": "192.168.3.78",
                "type": "AHV",
                "version": "el7.nutanix.20220304.242"
              },
              {
                "ip": "192.168.3.80",
                "type": "AHV",
                "version": "el7.nutanix.20220304.242"
              },
              {
                "ip": "192.168.3.79",
                "type": "AHV",
                "version": "el7.nutanix.20220304.242"
              }
            ],
            "ntp_server_ip_list": [
              "200.1.1.218",
              "200.1.1.163",
              "192.168.25.93"
            ],
            "operation_mode": "NORMAL",
            "owner_reference": {
              "kind": "user",
              "name": "gary.schwankl@lalux.lu",
              "uuid": "a5750378-e904-508d-9a54-e9f2226eb44a"
            },
            "project_reference": {},
            "service_list": [
              "AOS"
            ],
            "smtp_server_address": {
              "fqdn": "",
              "ip": "192.168.25.96",
              "ipv6": "",
              "port": "25"
            },
            "smtp_server_credentials": {},
            "smtp_server_email_address": "nutanix_AHV_dc3@lalux.lu",
            "smtp_server_proxy_type_list": [],
            "smtp_server_type": "PLAIN",
            "software_map_ncc": {
              "software_type": "NCC",
              "status": "INSTALLED",
              "version": "ncc-4.6.1"
            },
            "software_map_nos": {
              "software_type": "NOS",
              "status": "INSTALLED",
              "version": "6.5.1"
            },
            "ssl_key_expire_datetime": "2027-11-08T07:55:45Z",
            "ssl_key_name": "",
            "ssl_key_signing_info": {
              "city": "Luxembourg",
              "common_name": "LU480",
              "common_name_suffix": "",
              "country_code": "LU",
              "email_address": "asymidrange@lalux.lu\n",
              "organization": "La Luxembourgeoise S.A.",
              "state": "Luxembourg"
            },
            "ssl_key_type": "RSA_2048",
            "state": "COMPLETE",
            "supported_information_verbosity": "BASIC_PLUS_CORE_DUMP",
            "timezone": "Europe/Luxembourg"
          },
          "sensitive_attributes": []
        }
      ]
    },
    {
      "mode": "data",
      "type": "nutanix_image",
      "name": "rhel8-dc1",
      "provider": "provider[\"registry.terraform.io/nutanix/nutanix\"].dc1",
      "instances": [
        {
          "schema_version": 0,
          "attributes": {
            "api_version": "3.1",
            "architecture": null,
            "availability_zone_reference": {},
            "categories": [
              {
                "name": "Images",
                "value": "Linux_Standard_Image"
              }
            ],
            "checksum": {},
            "cluster_name": null,
            "cluster_references": [],
            "cluster_uuid": null,
            "current_cluster_reference_list": [
              {
                "kind": "cluster",
                "name": "",
                "uuid": "000573dc-b47b-b6bf-0000-00000001c0f6"
              },
              {
                "kind": "cluster",
                "name": "",
                "uuid": "0005bad6-afcd-2116-0533-ac1f6b3ddca9"
              }
            ],
            "description": "",
            "id": "6cc0fbe3-d610-4642-a7b2-7405f7be4843",
            "image_id": null,
            "image_name": "RHEL8",
            "image_type": "DISK_IMAGE",
            "metadata": {
              "creation_time": "2022-11-15 16:07:50 +0000 UTC",
              "last_update_time": "2022-11-15 16:08:06 +0000 UTC",
              "name": "",
              "spec_hash": "00000000000000000000000000000000000000000000000000",
              "spec_version": "2",
              "uuid": "6cc0fbe3-d610-4642-a7b2-7405f7be4843"
            },
            "name": "RHEL8",
            "owner_reference": {
              "kind": "user",
              "name": "kwakou.missoh@lalux.lu",
              "uuid": "cee7acb0-a3ec-5884-98df-ec80fecf83d6"
            },
            "project_reference": null,
            "retrieval_uri_list": [
              "https://127.0.0.1:9440/api/nutanix/v3/images/6cc0fbe3-d610-4642-a7b2-7405f7be4843/file"
            ],
            "size_bytes": 53687091200,
            "source_uri": "file://6cc0fbe3-d610-4642-a7b2-7405f7be4843",
            "state": "COMPLETE",
            "version": null
          },
          "sensitive_attributes": []
        }
      ]
    },
    {
      "mode": "data",
      "type": "nutanix_image",
      "name": "rhel8-dc3",
      "provider": "provider[\"registry.terraform.io/nutanix/nutanix\"].dc3",
      "instances": [
        {
          "schema_version": 0,
          "attributes": {
            "api_version": "3.1",
            "architecture": null,
            "availability_zone_reference": {},
            "categories": [
              {
                "name": "Images",
                "value": "Linux_Standard_Image"
              }
            ],
            "checksum": {},
            "cluster_name": null,
            "cluster_references": [],
            "cluster_uuid": null,
            "current_cluster_reference_list": [
              {
                "kind": "cluster",
                "name": "",
                "uuid": "0005bad6-a969-e524-1d79-ac1f6b3ddf74"
              },
              {
                "kind": "cluster",
                "name": "",
                "uuid": "000573dc-9cf0-1fa6-0000-00000001c0f4"
              }
            ],
            "description": "RHEL8 GOLD IMAGE",
            "id": "8505d299-8597-474e-abca-e81056d8e252",
            "image_id": null,
            "image_name": "RHEL8",
            "image_type": "DISK_IMAGE",
            "metadata": {
              "creation_time": "2023-01-19 13:20:28 +0000 UTC",
              "last_update_time": "2023-01-19 13:20:53 +0000 UTC",
              "name": "",
              "spec_hash": "00000000000000000000000000000000000000000000000000",
              "spec_version": "2",
              "uuid": "8505d299-8597-474e-abca-e81056d8e252"
            },
            "name": "RHEL8",
            "owner_reference": {
              "kind": "user",
              "name": "kwakou.missoh@lalux.lu",
              "uuid": "cee7acb0-a3ec-5884-98df-ec80fecf83d6"
            },
            "project_reference": null,
            "retrieval_uri_list": [
              "https://127.0.0.1:9440/api/nutanix/v3/images/8505d299-8597-474e-abca-e81056d8e252/file"
            ],
            "size_bytes": 53687091200,
            "source_uri": "file://8505d299-8597-474e-abca-e81056d8e252",
            "state": "COMPLETE",
            "version": null
          },
          "sensitive_attributes": []
        }
      ]
    },
    {
      "mode": "data",
      "type": "template_file",
      "name": "cloud-init",
      "provider": "provider[\"registry.terraform.io/hashicorp/template\"]",
      "instances": [
        {
          "schema_version": 0,
          "attributes": {
            "filename": null,
            "id": "fd08c0156d9d3cbe01eec39611b59ecdac190f93525e9c58ce052813a4f3aa04",
            "rendered": "#cloud-config\nruncmd:\n  - nmcli con mod \"System ens3\" ipv4.method manual ipv4.addresses 200.1.1.105/24 ipv4.gateway 200.1.1.240 ipv4.dns \"200.1.1.163 200.1.1.218\"\n  - nmcli con mod \"System ens3\" con-name ens3\n  - nmcli con up ens3\n\nhostname: lu718\nfqdn: lu718.lalux.local\n\nusers:\n  - name: localadmin\n    ssh-authorized-keys:\n      - ssh-rsa AAAAB3NzaC1yc2EAAAADAQABAAABgQDUxJXxD/SFkaQ2FcFtEH3aOFlSO1De0+PEnOUj9lIIYSMY0nimo6epyEfv7NtJwQBPHWJYOzoUAe49b4rB/y8ZXR3C+xEKspD7ebqbQC9hV6gFN7My+gnTuSVsYtUXwMSuyRuKne/xu2TfTQYpImJt4UnByy5UBbs+ifQDWB+goZSMPkgP45oiTCLnioGwVQbXks5O7kI3IInvEc31iPA4RVusxmk6QEHze5J10AcCEy03RVPXuYB3KNsI2UXeevZdMV612doty1IE36qgRZW5xNYUeS25XNrOVNMyRWoQWJYLvx5rryBp69BtNg1hUjx3b+OxlNEhnfIqzSK6uXAeEij2/DHcjwOqSCjY6JmkCh7dAbWVIEq96faHF9C3IlT6gbF3RtkFaZ5hvtcWiybmJKZMeDw0YNW2/HqXRxwaW8q+Qjue/Su9AmILIUb3xzZwdUMLpG0sCV/R+NA1EVl0PMkUECRI5ZtNgfU83TmLCDOqY2MI3lw8xcjWh1eC/NU= mk417@lalux.local@rh-subman.lalux.local\n\n",
            "template": "#cloud-config\nruncmd:\n  - nmcli con mod \"System ens3\" ipv4.method manual ipv4.addresses ${vm_ip}/24 ipv4.gateway ${vm_gateway} ipv4.dns \"${vm_dns1} ${vm_dns2}\"\n  - nmcli con mod \"System ens3\" con-name ens3\n  - nmcli con up ens3\n\nhostname: ${vm_name}\nfqdn: ${vm_name}.${vm_domain}\n\nusers:\n  - name: ${vm_user}\n    ssh-authorized-keys:\n      - ${vm_public_key}\n\n",
            "vars": {
              "vm_dns1": "200.1.1.163",
              "vm_dns2": "200.1.1.218",
              "vm_domain": "lalux.local",
              "vm_gateway": "200.1.1.240",
              "vm_ip": "200.1.1.105",
              "vm_name": "lu718",
              "vm_netmask": "24",
              "vm_public_key": "ssh-rsa AAAAB3NzaC1yc2EAAAADAQABAAABgQDUxJXxD/SFkaQ2FcFtEH3aOFlSO1De0+PEnOUj9lIIYSMY0nimo6epyEfv7NtJwQBPHWJYOzoUAe49b4rB/y8ZXR3C+xEKspD7ebqbQC9hV6gFN7My+gnTuSVsYtUXwMSuyRuKne/xu2TfTQYpImJt4UnByy5UBbs+ifQDWB+goZSMPkgP45oiTCLnioGwVQbXks5O7kI3IInvEc31iPA4RVusxmk6QEHze5J10AcCEy03RVPXuYB3KNsI2UXeevZdMV612doty1IE36qgRZW5xNYUeS25XNrOVNMyRWoQWJYLvx5rryBp69BtNg1hUjx3b+OxlNEhnfIqzSK6uXAeEij2/DHcjwOqSCjY6JmkCh7dAbWVIEq96faHF9C3IlT6gbF3RtkFaZ5hvtcWiybmJKZMeDw0YNW2/HqXRxwaW8q+Qjue/Su9AmILIUb3xzZwdUMLpG0sCV/R+NA1EVl0PMkUECRI5ZtNgfU83TmLCDOqY2MI3lw8xcjWh1eC/NU= mk417@lalux.local@rh-subman.lalux.local",
              "vm_satellite_env": "DEV_TEST",
              "vm_user": "localadmin"
            }
          },
          "sensitive_attributes": []
        }
      ]
    },
    {
      "mode": "data",
      "type": "vsphere_compute_cluster",
      "name": "vmw_clus",
      "provider": "provider[\"registry.terraform.io/hashicorp/vsphere\"]",
      "instances": [
        {
          "schema_version": 0,
          "attributes": {
            "datacenter_id": "datacenter-2",
            "id": "domain-c41981",
            "name": "Cluster NUTANIX DMZ",
            "resource_pool_id": "resgroup-41982"
          },
          "sensitive_attributes": []
        }
      ]
    },
    {
      "mode": "data",
      "type": "vsphere_content_library",
      "name": "vmw_lib",
      "provider": "provider[\"registry.terraform.io/hashicorp/vsphere\"]",
      "instances": [
        {
          "schema_version": 0,
          "attributes": {
            "id": "d3be7193-08c6-481a-a132-de1510bd7a73",
            "name": "Linux_Templates_DC2"
          },
          "sensitive_attributes": []
        }
      ]
    },
    {
      "mode": "data",
      "type": "vsphere_content_library_item",
      "name": "vmw_lib_item",
      "provider": "provider[\"registry.terraform.io/hashicorp/vsphere\"]",
      "instances": [
        {
          "schema_version": 0,
          "attributes": {
            "id": "646617ed-c3e8-4241-abd5-20c82ed8e02c",
            "library_id": "d3be7193-08c6-481a-a132-de1510bd7a73",
            "name": "RHEL8STD",
            "type": "ovf"
          },
          "sensitive_attributes": []
        }
      ]
    },
    {
      "mode": "data",
      "type": "vsphere_datacenter",
      "name": "vmw_dc",
      "provider": "provider[\"registry.terraform.io/hashicorp/vsphere\"]",
      "instances": [
        {
          "schema_version": 0,
          "attributes": {
            "id": "datacenter-2",
            "name": "LALUX"
          },
          "sensitive_attributes": []
        }
      ]
    },
    {
      "mode": "data",
      "type": "vsphere_datastore",
      "name": "vmw_ds",
      "provider": "provider[\"registry.terraform.io/hashicorp/vsphere\"]",
      "instances": [
        {
          "schema_version": 0,
          "attributes": {
            "datacenter_id": "datacenter-2",
            "id": "datastore-42142",
            "name": "NUT_DMZ_INT_DC2_01"
          },
          "sensitive_attributes": []
        }
      ]
    },
    {
      "mode": "data",
      "type": "vsphere_host",
      "name": "vmw_host",
      "provider": "provider[\"registry.terraform.io/hashicorp/vsphere\"]",
      "instances": [
        {
          "schema_version": 0,
          "attributes": {
            "datacenter_id": "datacenter-2",
            "id": "host-42010",
            "name": "nut-dmz-02.lalux.local",
            "resource_pool_id": "resgroup-41982"
          },
          "sensitive_attributes": []
        }
      ]
    },
    {
      "mode": "data",
      "type": "vsphere_network",
      "name": "vmw_net",
      "provider": "provider[\"registry.terraform.io/hashicorp/vsphere\"]",
      "instances": [
        {
          "schema_version": 0,
          "attributes": {
            "datacenter_id": "datacenter-2",
            "distributed_virtual_switch_uuid": null,
            "id": "network-60",
            "name": "DMZ_TST_ESB",
            "type": "Network"
          },
          "sensitive_attributes": []
        }
      ]
    },
    {
      "mode": "data",
      "type": "vsphere_resource_pool",
      "name": "vmw_pool",
      "provider": "provider[\"registry.terraform.io/hashicorp/vsphere\"]",
      "instances": [
        {
          "schema_version": 0,
          "attributes": {
            "datacenter_id": "datacenter-2",
            "id": "resgroup-41982",
            "name": "Cluster NUTANIX DMZ/Resources"
          },
          "sensitive_attributes": []
        }
      ]
    },
    {
      "mode": "managed",
      "type": "nutanix_virtual_machine",
      "name": "LU718",
      "provider": "provider[\"registry.terraform.io/nutanix/nutanix\"].dc1",
      "instances": [
        {
          "schema_version": 1,
          "attributes": {
            "api_version": "3.1",
            "availability_zone_reference": {},
            "boot_device_disk_address": {},
            "boot_device_mac_address": "",
            "boot_device_order_list": [],
            "boot_type": "UEFI",
            "categories": [],
            "cloud_init_cdrom_uuid": "f5ca41eb-768d-412e-a685-5b8f9ae4b3a4",
            "cluster_name": "LU650",
            "cluster_uuid": "0005bad6-afcd-2116-0533-ac1f6b3ddca9",
            "description": "VM de TEST",
            "disk_list": [
              {
                "data_source_reference": {
                  "kind": "image",
                  "uuid": "6cc0fbe3-d610-4642-a7b2-7405f7be4843"
                },
                "device_properties": [
                  {
                    "device_type": "DISK",
                    "disk_address": {
                      "adapter_type": "SCSI",
                      "device_index": "0"
                    }
                  }
                ],
                "disk_size_bytes": 53687091200,
                "disk_size_mib": 51200,
                "storage_config": [
                  {
                    "flash_mode": "",
                    "storage_container_reference": [
                      {
                        "kind": "storage_container",
                        "name": "SelfServiceContainer",
                        "url": "",
                        "uuid": "5eae82e9-979a-4625-9012-d6f7607057f2"
                      }
                    ]
                  }
                ],
                "uuid": "808c495c-67a9-4c65-b05f-39143bd32401",
                "volume_group_reference": {}
              },
              {
                "data_source_reference": {},
                "device_properties": [
                  {
                    "device_type": "DISK",
                    "disk_address": {
                      "adapter_type": "SCSI",
                      "device_index": "1"
                    }
                  }
                ],
                "disk_size_bytes": 107374182400,
                "disk_size_mib": 102400,
                "storage_config": [
                  {
                    "flash_mode": "",
                    "storage_container_reference": [
                      {
                        "kind": "storage_container",
                        "name": "NUT_AHV_DC1_01",
                        "url": "",
                        "uuid": "68f3f950-143e-41a9-87fa-6806dfaacaa8"
                      }
                    ]
                  }
                ],
                "uuid": "91bc8dad-ac88-4efe-908e-a6332307f8c9",
                "volume_group_reference": {}
              }
            ],
            "enable_cpu_passthrough": false,
            "enable_script_exec": false,
            "gpu_list": [],
            "guest_customization_cloud_init_custom_key_values": {},
            "guest_customization_cloud_init_meta_data": "",
            "guest_customization_cloud_init_user_data": "I2Nsb3VkLWNvbmZpZwpydW5jbWQ6CiAgLSBubWNsaSBjb24gbW9kICJTeXN0ZW0gZW5zMyIgaXB2NC5tZXRob2QgbWFudWFsIGlwdjQuYWRkcmVzc2VzIDIwMC4xLjEuMTA1LzI0IGlwdjQuZ2F0ZXdheSAyMDAuMS4xLjI0MCBpcHY0LmRucyAiMjAwLjEuMS4xNjMgMjAwLjEuMS4yMTgiCiAgLSBubWNsaSBjb24gbW9kICJTeXN0ZW0gZW5zMyIgY29uLW5hbWUgZW5zMwogIC0gbm1jbGkgY29uIHVwIGVuczMKCmhvc3RuYW1lOiBsdTcxOApmcWRuOiBsdTcxOC5sYWx1eC5sb2NhbAoKdXNlcnM6CiAgLSBuYW1lOiBsb2NhbGFkbWluCiAgICBzc2gtYXV0aG9yaXplZC1rZXlzOgogICAgICAtIHNzaC1yc2EgQUFBQUIzTnphQzF5YzJFQUFBQURBUUFCQUFBQmdRRFV4Slh4RC9TRmthUTJGY0Z0RUgzYU9GbFNPMURlMCtQRW5PVWo5bElJWVNNWTBuaW1vNmVweUVmdjdOdEp3UUJQSFdKWU96b1VBZTQ5YjRyQi95OFpYUjNDK3hFS3NwRDdlYnFiUUM5aFY2Z0ZON015K2duVHVTVnNZdFVYd01TdXlSdUtuZS94dTJUZlRRWXBJbUp0NFVuQnl5NVVCYnMraWZRRFdCK2dvWlNNUGtnUDQ1b2lUQ0xuaW9Hd1ZRYlhrczVPN2tJM0lJbnZFYzMxaVBBNFJWdXN4bWs2UUVIemU1SjEwQWNDRXkwM1JWUFh1WUIzS05zSTJVWGVldlpkTVY2MTJkb3R5MUlFMzZxZ1JaVzV4TllVZVMyNVhOck9WTk15UldvUVdKWUx2eDVycnlCcDY5QnROZzFoVWp4M2IrT3hsTkVobmZJcXpTSzZ1WEFlRWlqMi9ESGNqd09xU0NqWTZKbWtDaDdkQWJXVklFcTk2ZmFIRjlDM0lsVDZnYkYzUnRrRmFaNWh2dGNXaXlibUpLWk1lRHcwWU5XMi9IcVhSeHdhVzhxK1FqdWUvU3U5QW1JTElVYjN4elp3ZFVNTHBHMHNDVi9SK05BMUVWbDBQTWtVRUNSSTVadE5nZlU4M1RtTENET3FZMk1JM2x3OHhjaldoMWVDL05VPSBtazQxN0BsYWx1eC5sb2NhbEByaC1zdWJtYW4ubGFsdXgubG9jYWwKCg==",
            "guest_customization_is_overridable": false,
            "guest_customization_sysprep": {},
            "guest_customization_sysprep_custom_key_values": {},
            "guest_os_id": "",
            "hardware_clock_timezone": "UTC",
            "host_reference": {
              "kind": "host",
              "name": "192.168.3.75",
              "uuid": "8938b161-e135-425d-b6d6-c2b5f13a0e4a"
            },
            "hypervisor_type": null,
            "id": "ec854508-bad3-48ba-bd88-7fe1468c2050",
            "is_vcpu_hard_pinned": false,
            "machine_type": "PC",
            "memory_size_mib": 1024,
            "metadata": {
              "creation_time": "2023-01-23 12:09:52 +0000 UTC",
              "last_update_time": "2023-01-23 12:09:52 +0000 UTC",
              "name": "",
              "spec_hash": "",
              "spec_version": "0",
              "uuid": "ec854508-bad3-48ba-bd88-7fe1468c2050"
            },
            "name": "LU718 - LNX - KWAKOU VM TEST",
            "ngt_credentials": {},
            "ngt_enabled_capability_list": [],
            "nic_list": [
              {
                "ip_endpoint_list": [],
                "is_connected": "true",
                "mac_address": "50:6b:8d:b9:3d:44",
                "model": "",
                "network_function_chain_reference": {},
                "network_function_nic_type": "",
                "nic_type": "NORMAL_NIC",
                "num_queues": 0,
                "subnet_name": "Production",
                "subnet_uuid": "0cd904d5-187c-4701-ad94-12bda719dcac",
                "uuid": "fc5e8f2d-7177-4aae-9e80-e06328f2e57f"
              }
            ],
            "nic_list_status": [
              {
                "floating_ip": "",
                "ip_endpoint_list": [
                  {
                    "ip": "200.1.1.105",
                    "type": "LEARNED"
                  },
                  {
                    "ip": "200.1.1.114",
                    "type": "LEARNED"
                  }
                ],
                "is_connected": "true",
                "mac_address": "50:6b:8d:b9:3d:44",
                "model": "",
                "network_function_chain_reference": {},
                "network_function_nic_type": "",
                "nic_type": "NORMAL_NIC",
                "num_queues": 0,
                "subnet_name": "Production",
                "subnet_uuid": "0cd904d5-187c-4701-ad94-12bda719dcac",
                "uuid": "fc5e8f2d-7177-4aae-9e80-e06328f2e57f"
              }
            ],
            "num_sockets": 1,
            "num_vcpus_per_socket": 1,
            "num_vnuma_nodes": 0,
            "nutanix_guest_tools": {},
            "owner_reference": {
              "kind": "user",
              "name": "kwakou.missoh@lalux.lu",
              "uuid": "cee7acb0-a3ec-5884-98df-ec80fecf83d6"
            },
            "parent_reference": {},
            "power_state": "ON",
            "power_state_mechanism": "HARD",
            "project_reference": {
              "kind": "project",
              "name": "_internal",
              "uuid": "61653437-84bd-41ad-bd1c-ecc7d732d87b"
            },
            "serial_port_list": [],
            "should_fail_on_script_failure": false,
            "state": "COMPLETE",
            "timeouts": null,
            "use_hot_add": true,
            "vga_console_enabled": true
          },
          "sensitive_attributes": [],
          "private": "eyJlMmJmYjczMC1lY2FhLTExZTYtOGY4OC0zNDM2M2JjN2M0YzAiOnsiY3JlYXRlIjozNjAwMDAwMDAwMDAwLCJkZWxldGUiOjM2MDAwMDAwMDAwMDAsInVwZGF0ZSI6MzYwMDAwMDAwMDAwMH0sInNjaGVtYV92ZXJzaW9uIjoiMSJ9",
          "dependencies": [
            "data.nutanix_cluster.cluster650",
            "data.nutanix_image.rhel8-dc1",
            "data.template_file.cloud-init"
          ]
        }
      ]
    }
  ],
  "check_results": []
}
