{
  "version": 4,
  "terraform_version": "1.3.3",
  "serial": 125,
  "lineage": "b3bb4f48-82a9-b34b-d3d6-7f2159fe2ce2",
  "outputs": {},
  "resources": [
    {
      "mode": "data",
      "type": "nutanix_cluster",
      "name": "cluster480",
      "provider": "provider[\"registry.terraform.io/nutanix/nutanix\"]",
      "instances": [
        {
          "schema_version": 0,
          "attributes": {
            "analysis_vm_efficiency_map": {
              "bully_vm_num": "0",
              "constrained_vm_num": "5",
              "dead_vm_num": "7",
              "inefficient_vm_num": "91",
              "overprovisioned_vm_num": "82"
            },
            "api_version": "",
            "authorized_public_key_list": [],
            "build": {
              "build_type": "release",
              "commit_date": "",
              "commit_id": "a47cd2126368a00d280a2c78b3fbff5afd196057",
              "full_version": "el7.3-release-fraser-6.5.1-stable-a47cd2126368a00d280a2c78b3fbff5afd196057",
              "short_commit_id": "a47cd2",
              "version": "6.5.1"
            },
            "ca_certificate_list": [],
            "categories": [
              {
                "name": "Images",
                "value": "Image_for_all_Clusters"
              }
            ],
            "certification_signing_info": {},
            "client_auth": {},
            "cluster_arch": "X86_64",
            "cluster_id": "000573dc-b47b-b6bf-0000-00000001c0f6",
            "domain_server_credentials": {},
            "domain_server_name": "",
            "domain_server_nameserver": "",
            "enabled_feature_list": [
              "PASSWORD_REMOTE_LOGIN_ENABLED",
              "SHADOW_CLONES_ENABLED"
            ],
            "encryption_status": "NOT_SUPPORTED",
            "external_data_services_ip": "192.168.3.151",
            "external_ip": "192.168.3.51",
            "external_subnet": "192.168.3.0/255.255.255.0",
            "gpu_driver_version": "",
            "http_proxy_list": [],
            "http_proxy_whitelist": [
              {
                "target": "192.168.3.0/255.255.255.0",
                "target_type": "IPV4_NETWORK_MASK"
              },
              {
                "target": "192.168.25.0/255.255.255.0",
                "target_type": "IPV4_NETWORK_MASK"
              },
              {
                "target": "192.168.42.0/255.255.255.0",
                "target_type": "IPV4_NETWORK_MASK"
              }
            ],
            "id": "000573dc-b47b-b6bf-0000-00000001c0f6",
            "internal_subnet": "192.168.5.0/255.255.255.128",
            "is_available": true,
            "management_server_list": [
              {
                "drs_enabled": true,
                "ip": "192.168.25.158",
                "status_list": [
                  "REGISTERED"
                ],
                "type": "VCENTER"
              }
            ],
            "masquerading_ip": "",
            "masquerading_port": 0,
            "metadata": {
              "creation_time": "2021-09-02 14:34:22 +0000 UTC",
              "last_update_time": "2022-05-04 07:00:47 +0000 UTC",
              "name": "",
              "spec_hash": "00000000000000000000000000000000000000000000000000",
              "spec_version": "59",
              "uuid": "000573dc-b47b-b6bf-0000-00000001c0f6"
            },
            "name": "LU480",
            "name_server_ip_list": [
              "200.1.1.218",
              "200.1.1.163",
              "192.168.25.93"
            ],
            "nfs_subnet_whitelist": [
              "192.168.128.0/255.255.255.0",
              "192.168.25.0/255.255.255.0",
              "192.168.3.0/255.255.255.0",
              "192.168.3.123/255.255.255.255",
              "192.168.38.15/255.255.255.255",
              "192.168.38.16/255.255.255.255",
              "192.168.38.17/255.255.255.255",
              "192.168.39.15/255.255.255.255",
              "192.168.39.16/255.255.255.255",
              "192.168.39.17/255.255.255.255",
              "192.168.40.15/255.255.255.255",
              "192.168.40.16/255.255.255.255",
              "192.168.40.17/255.255.255.255",
              "192.168.41.15/255.255.255.255",
              "192.168.41.16/255.255.255.255",
              "192.168.41.17/255.255.255.255",
              "192.168.42.0/255.255.255.0"
            ],
            "nodes": [
              {
                "ip": "192.168.3.61",
                "type": "AHV",
                "version": "el7.nutanix.20220304.242"
              },
              {
                "ip": "192.168.3.63",
                "type": "AHV",
                "version": "el7.nutanix.20220304.242"
              },
              {
                "ip": "192.168.3.65",
                "type": "AHV",
                "version": "el7.nutanix.20220304.242"
              },
              {
                "ip": "192.168.3.71",
                "type": "AHV",
                "version": "el7.nutanix.20220304.242"
              },
              {
                "ip": "192.168.3.69",
                "type": "AHV",
                "version": "el7.nutanix.20220304.242"
              },
              {
                "ip": "192.168.3.67",
                "type": "AHV",
                "version": "el7.nutanix.20220304.242"
              },
              {
                "ip": "127.0.0.1",
                "type": "AHV",
                "version": ""
              }
            ],
            "ntp_server_ip_list": [
              "200.1.1.218",
              "200.1.1.163",
              "192.168.25.93"
            ],
            "operation_mode": "NORMAL",
            "owner_reference": {
              "kind": "user",
              "name": "gary.schwankl@lalux.lu",
              "uuid": "a5750378-e904-508d-9a54-e9f2226eb44a"
            },
            "project_reference": {},
            "service_list": [
              "AOS"
            ],
            "smtp_server_address": {
              "fqdn": "",
              "ip": "192.168.25.96",
              "ipv6": "",
              "port": "25"
            },
            "smtp_server_credentials": {},
            "smtp_server_email_address": "nutanix_dc1@lalux.lu",
            "smtp_server_proxy_type_list": [],
            "smtp_server_type": "PLAIN",
            "software_map_ncc": {
              "software_type": "NCC",
              "status": "INSTALLED",
              "version": "ncc-4.6.1"
            },
            "software_map_nos": {
              "software_type": "NOS",
              "status": "INSTALLED",
              "version": "6.5.1"
            },
            "ssl_key_expire_datetime": "2027-11-08T07:55:45Z",
            "ssl_key_name": "",
            "ssl_key_signing_info": {
              "city": "Luxembourg",
              "common_name": "LU480",
              "common_name_suffix": "",
              "country_code": "LU",
              "email_address": "asymidrange@lalux.lu\n",
              "organization": "La Luxembourgeoise S.A.",
              "state": "Luxembourg"
            },
            "ssl_key_type": "RSA_2048",
            "state": "COMPLETE",
            "supported_information_verbosity": "BASIC_PLUS_CORE_DUMP",
            "timezone": "Europe/Luxembourg"
          },
          "sensitive_attributes": []
        }
      ]
    },
    {
      "mode": "data",
      "type": "nutanix_cluster",
      "name": "cluster650",
      "provider": "provider[\"registry.terraform.io/nutanix/nutanix\"]",
      "instances": [
        {
          "schema_version": 0,
          "attributes": {
            "analysis_vm_efficiency_map": {
              "bully_vm_num": "0",
              "constrained_vm_num": "6",
              "dead_vm_num": "28",
              "inefficient_vm_num": "165",
              "overprovisioned_vm_num": "136"
            },
            "api_version": "",
            "authorized_public_key_list": [],
            "build": {
              "build_type": "release",
              "commit_date": "",
              "commit_id": "a47cd2126368a00d280a2c78b3fbff5afd196057",
              "full_version": "el7.3-release-fraser-6.5.1-stable-a47cd2126368a00d280a2c78b3fbff5afd196057",
              "short_commit_id": "a47cd2",
              "version": "6.5.1"
            },
            "ca_certificate_list": [],
            "categories": [
              {
                "name": "Images",
                "value": "Image_for_all_Clusters"
              }
            ],
            "certification_signing_info": {},
            "client_auth": {},
            "cluster_arch": "X86_64",
            "cluster_id": "0005bad6-afcd-2116-0533-ac1f6b3ddca9",
            "domain_server_credentials": {},
            "domain_server_name": "",
            "domain_server_nameserver": "",
            "enabled_feature_list": [
              "PASSWORD_REMOTE_LOGIN_ENABLED",
              "SHADOW_CLONES_ENABLED"
            ],
            "encryption_status": "NOT_SUPPORTED",
            "external_data_services_ip": "192.168.3.121",
            "external_ip": "192.168.3.59",
            "external_subnet": "192.168.3.0/255.255.255.0",
            "gpu_driver_version": "",
            "http_proxy_list": [
              {
                "address": {
                  "fqdn": "",
                  "ip": "172.22.108.7",
                  "ipv6": "",
                  "port": "80"
                },
                "credentials": {},
                "proxy_type_list": [
                  "HTTP",
                  "HTTPS"
                ]
              }
            ],
            "http_proxy_whitelist": [
              {
                "target": "192.168.3.0/255.255.255.0",
                "target_type": "IPV4_NETWORK_MASK"
              },
              {
                "target": "192.168.10.0/255.255.255.0",
                "target_type": "IPV4_NETWORK_MASK"
              },
              {
                "target": "192.168.25.0/255.255.255.0",
                "target_type": "IPV4_NETWORK_MASK"
              },
              {
                "target": "172.22.163.0/255.255.255.0",
                "target_type": "IPV4_NETWORK_MASK"
              }
            ],
            "id": "0005bad6-afcd-2116-0533-ac1f6b3ddca9",
            "internal_subnet": "192.168.5.0/255.255.255.128",
            "is_available": true,
            "management_server_list": [],
            "masquerading_ip": "",
            "masquerading_port": 0,
            "metadata": {
              "creation_time": "2021-02-20 02:23:20 +0000 UTC",
              "last_update_time": "2022-05-04 07:00:47 +0000 UTC",
              "name": "",
              "spec_hash": "00000000000000000000000000000000000000000000000000",
              "spec_version": "39",
              "uuid": "0005bad6-afcd-2116-0533-ac1f6b3ddca9"
            },
            "name": "LU650",
            "name_server_ip_list": [
              "200.1.1.218",
              "200.1.1.163",
              "192.168.25.93"
            ],
            "nfs_subnet_whitelist": [
              "172.22.163.0/255.255.255.0",
              "172.22.50.0/255.255.255.0",
              "192.168.128.0/255.255.255.0",
              "192.168.25.0/255.255.255.0",
              "192.168.3.0/255.255.255.0",
              "192.168.38.15/255.255.255.255",
              "192.168.38.16/255.255.255.255",
              "192.168.38.17/255.255.255.255",
              "192.168.39.15/255.255.255.255",
              "192.168.39.16/255.255.255.255",
              "192.168.39.17/255.255.255.255",
              "192.168.40.15/255.255.255.255",
              "192.168.40.16/255.255.255.255",
              "192.168.40.17/255.255.255.255",
              "192.168.41.15/255.255.255.255",
              "192.168.41.16/255.255.255.255",
              "192.168.41.17/255.255.255.255",
              "192.168.42.0/255.255.255.0"
            ],
            "nodes": [
              {
                "ip": "192.168.3.75",
                "type": "AHV",
                "version": "el7.nutanix.20220304.242"
              },
              {
                "ip": "127.0.0.1",
                "type": "AHV",
                "version": ""
              },
              {
                "ip": "192.168.3.73",
                "type": "AHV",
                "version": "el7.nutanix.20220304.242"
              },
              {
                "ip": "192.168.3.74",
                "type": "AHV",
                "version": "el7.nutanix.20220304.242"
              },
              {
                "ip": "192.168.3.76",
                "type": "AHV",
                "version": "el7.nutanix.20220304.242"
              }
            ],
            "ntp_server_ip_list": [
              "200.1.1.218",
              "200.1.1.163",
              "192.168.25.93"
            ],
            "operation_mode": "NORMAL",
            "owner_reference": {
              "kind": "user",
              "name": "gary.schwankl@lalux.lu",
              "uuid": "a5750378-e904-508d-9a54-e9f2226eb44a"
            },
            "project_reference": {},
            "service_list": [
              "AOS"
            ],
            "smtp_server_address": {
              "fqdn": "",
              "ip": "192.168.25.96",
              "ipv6": "",
              "port": "25"
            },
            "smtp_server_credentials": {},
            "smtp_server_email_address": "nutanix_AHV_dc1@lalux.lu",
            "smtp_server_proxy_type_list": [],
            "smtp_server_type": "PLAIN",
            "software_map_ncc": {
              "software_type": "NCC",
              "status": "INSTALLED",
              "version": "ncc-4.6.1"
            },
            "software_map_nos": {
              "software_type": "NOS",
              "status": "INSTALLED",
              "version": "6.5.1"
            },
            "ssl_key_expire_datetime": "2027-11-08T07:55:45Z",
            "ssl_key_name": "",
            "ssl_key_signing_info": {
              "city": "Luxembourg",
              "common_name": "LU480",
              "common_name_suffix": "",
              "country_code": "LU",
              "email_address": "asymidrange@lalux.lu\n",
              "organization": "La Luxembourgeoise S.A.",
              "state": "Luxembourg"
            },
            "ssl_key_type": "RSA_2048",
            "state": "COMPLETE",
            "supported_information_verbosity": "BASIC_PLUS_CORE_DUMP",
            "timezone": "Europe/Luxembourg"
          },
          "sensitive_attributes": []
        }
      ]
    },
    {
      "mode": "data",
      "type": "nutanix_image",
      "name": "rhel8",
      "provider": "provider[\"registry.terraform.io/nutanix/nutanix\"]",
      "instances": [
        {
          "schema_version": 0,
          "attributes": {
            "api_version": "3.1",
            "architecture": null,
            "availability_zone_reference": {},
            "categories": [
              {
                "name": "Images",
                "value": "Linux_Standard_Image"
              }
            ],
            "checksum": {},
            "cluster_name": null,
            "cluster_references": [],
            "cluster_uuid": null,
            "current_cluster_reference_list": [
              {
                "kind": "cluster",
                "name": "",
                "uuid": "000573dc-b47b-b6bf-0000-00000001c0f6"
              },
              {
                "kind": "cluster",
                "name": "",
                "uuid": "0005bad6-afcd-2116-0533-ac1f6b3ddca9"
              }
            ],
            "description": "",
            "id": "6cc0fbe3-d610-4642-a7b2-7405f7be4843",
            "image_id": null,
            "image_name": "RHEL8",
            "image_type": "DISK_IMAGE",
            "metadata": {
              "creation_time": "2022-11-15 16:07:50 +0000 UTC",
              "last_update_time": "2022-11-15 16:08:06 +0000 UTC",
              "name": "",
              "spec_hash": "00000000000000000000000000000000000000000000000000",
              "spec_version": "2",
              "uuid": "6cc0fbe3-d610-4642-a7b2-7405f7be4843"
            },
            "name": "RHEL8",
            "owner_reference": {
              "kind": "user",
              "name": "kwakou.missoh@lalux.lu",
              "uuid": "cee7acb0-a3ec-5884-98df-ec80fecf83d6"
            },
            "project_reference": null,
            "retrieval_uri_list": [
              "https://127.0.0.1:9440/api/nutanix/v3/images/6cc0fbe3-d610-4642-a7b2-7405f7be4843/file"
            ],
            "size_bytes": 53687091200,
            "source_uri": "file://6cc0fbe3-d610-4642-a7b2-7405f7be4843",
            "state": "COMPLETE",
            "version": null
          },
          "sensitive_attributes": []
        }
      ]
    },
    {
      "mode": "data",
      "type": "template_file",
      "name": "cloud-init",
      "provider": "provider[\"registry.terraform.io/hashicorp/template\"]",
      "instances": [
        {
          "schema_version": 0,
          "attributes": {
            "filename": null,
            "id": "badc85e9d156181d31f9fbaf44cb2cbffe362667601c73476fbe3e38d7747d12",
            "rendered": "#cloud-config\nruncmd:\n  - nmcli con mod \"System ens3\" ipv4.method manual ipv4.addresses 192.168.25.7/24 ipv4.gateway 192.168.25.1 ipv4.dns \"200.1.1.163 200.1.1.218\"\n  - nmcli con mod \"System ens3\" con-name ens3\n  - nmcli con up ens3\n\nhostname: lu783\nfqdn: lu783.lalux.local\n\nusers:\n  - name: localadmin\n    ssh-authorized-keys:\n      - ssh-rsa AAAAB3NzaC1yc2EAAAADAQABAAABgQDUxJXxD/SFkaQ2FcFtEH3aOFlSO1De0+PEnOUj9lIIYSMY0nimo6epyEfv7NtJwQBPHWJYOzoUAe49b4rB/y8ZXR3C+xEKspD7ebqbQC9hV6gFN7My+gnTuSVsYtUXwMSuyRuKne/xu2TfTQYpImJt4UnByy5UBbs+ifQDWB+goZSMPkgP45oiTCLnioGwVQbXks5O7kI3IInvEc31iPA4RVusxmk6QEHze5J10AcCEy03RVPXuYB3KNsI2UXeevZdMV612doty1IE36qgRZW5xNYUeS25XNrOVNMyRWoQWJYLvx5rryBp69BtNg1hUjx3b+OxlNEhnfIqzSK6uXAeEij2/DHcjwOqSCjY6JmkCh7dAbWVIEq96faHF9C3IlT6gbF3RtkFaZ5hvtcWiybmJKZMeDw0YNW2/HqXRxwaW8q+Qjue/Su9AmILIUb3xzZwdUMLpG0sCV/R+NA1EVl0PMkUECRI5ZtNgfU83TmLCDOqY2MI3lw8xcjWh1eC/NU= mk417@lalux.local@rh-subman.lalux.local\n\n",
            "template": "#cloud-config\nruncmd:\n  - nmcli con mod \"System ens3\" ipv4.method manual ipv4.addresses ${vm_ip}/24 ipv4.gateway ${vm_gateway} ipv4.dns \"${vm_dns1} ${vm_dns2}\"\n  - nmcli con mod \"System ens3\" con-name ens3\n  - nmcli con up ens3\n\nhostname: ${vm_name}\nfqdn: ${vm_name}.${vm_domain}\n\nusers:\n  - name: ${vm_user}\n    ssh-authorized-keys:\n      - ${vm_public_key}\n\n",
            "vars": {
              "vm_dns1": "200.1.1.163",
              "vm_dns2": "200.1.1.218",
              "vm_domain": "lalux.local",
              "vm_gateway": "192.168.25.1",
              "vm_ip": "192.168.25.7",
              "vm_name": "lu783",
              "vm_netmask": "24",
              "vm_public_key": "ssh-rsa AAAAB3NzaC1yc2EAAAADAQABAAABgQDUxJXxD/SFkaQ2FcFtEH3aOFlSO1De0+PEnOUj9lIIYSMY0nimo6epyEfv7NtJwQBPHWJYOzoUAe49b4rB/y8ZXR3C+xEKspD7ebqbQC9hV6gFN7My+gnTuSVsYtUXwMSuyRuKne/xu2TfTQYpImJt4UnByy5UBbs+ifQDWB+goZSMPkgP45oiTCLnioGwVQbXks5O7kI3IInvEc31iPA4RVusxmk6QEHze5J10AcCEy03RVPXuYB3KNsI2UXeevZdMV612doty1IE36qgRZW5xNYUeS25XNrOVNMyRWoQWJYLvx5rryBp69BtNg1hUjx3b+OxlNEhnfIqzSK6uXAeEij2/DHcjwOqSCjY6JmkCh7dAbWVIEq96faHF9C3IlT6gbF3RtkFaZ5hvtcWiybmJKZMeDw0YNW2/HqXRxwaW8q+Qjue/Su9AmILIUb3xzZwdUMLpG0sCV/R+NA1EVl0PMkUECRI5ZtNgfU83TmLCDOqY2MI3lw8xcjWh1eC/NU= mk417@lalux.local@rh-subman.lalux.local",
              "vm_satellite_env": "DEV_TEST",
              "vm_user": "localadmin"
            }
          },
          "sensitive_attributes": []
        }
      ]
    },
    {
      "mode": "managed",
      "type": "nutanix_virtual_machine",
      "name": "packer_vm",
      "provider": "provider[\"registry.terraform.io/nutanix/nutanix\"]",
      "instances": [
        {
          "schema_version": 1,
          "attributes": {
            "api_version": "3.1",
            "availability_zone_reference": {},
            "boot_device_disk_address": {},
            "boot_device_mac_address": "",
            "boot_device_order_list": [],
            "boot_type": "UEFI",
            "categories": [],
            "cloud_init_cdrom_uuid": "93b0f4af-f12d-420c-b385-554dd01424ec",
            "cluster_name": "LU480",
            "cluster_uuid": "000573dc-b47b-b6bf-0000-00000001c0f6",
            "description": "Created with Terraform",
            "disk_list": [
              {
                "data_source_reference": {
                  "kind": "image",
                  "uuid": "6cc0fbe3-d610-4642-a7b2-7405f7be4843"
                },
                "device_properties": [
                  {
                    "device_type": "DISK",
                    "disk_address": {
                      "adapter_type": "SCSI",
                      "device_index": "0"
                    }
                  }
                ],
                "disk_size_bytes": 53687091200,
                "disk_size_mib": 51200,
                "storage_config": [
                  {
                    "flash_mode": "",
                    "storage_container_reference": [
                      {
                        "kind": "storage_container",
                        "name": "SelfServiceContainer",
                        "url": "",
                        "uuid": "a5ebe904-3232-4402-adc2-5f91c66abd62"
                      }
                    ]
                  }
                ],
                "uuid": "677975ae-7529-484c-b813-b98d875894f2",
                "volume_group_reference": {}
              },
              {
                "data_source_reference": {},
                "device_properties": [
                  {
                    "device_type": "DISK",
                    "disk_address": {
                      "adapter_type": "SCSI",
                      "device_index": "1"
                    }
                  }
                ],
                "disk_size_bytes": 322122547200,
                "disk_size_mib": 307200,
                "storage_config": [
                  {
                    "flash_mode": "",
                    "storage_container_reference": [
                      {
                        "kind": "storage_container",
                        "name": "SelfServiceContainer",
                        "url": "",
                        "uuid": "a5ebe904-3232-4402-adc2-5f91c66abd62"
                      }
                    ]
                  }
                ],
                "uuid": "c706d36b-58f6-4f7d-a2f5-a04199a137e9",
                "volume_group_reference": {}
              }
            ],
            "enable_cpu_passthrough": false,
            "enable_script_exec": false,
            "gpu_list": [],
            "guest_customization_cloud_init_custom_key_values": {},
            "guest_customization_cloud_init_meta_data": "",
            "guest_customization_cloud_init_user_data": "I2Nsb3VkLWNvbmZpZwpydW5jbWQ6CiAgLSBubWNsaSBjb24gbW9kICJTeXN0ZW0gZW5zMyIgaXB2NC5tZXRob2QgbWFudWFsIGlwdjQuYWRkcmVzc2VzIDE5Mi4xNjguMjUuNy8yNCBpcHY0LmdhdGV3YXkgMTkyLjE2OC4yNS4xIGlwdjQuZG5zICIyMDAuMS4xLjE2MyAyMDAuMS4xLjIxOCIKICAtIG5tY2xpIGNvbiBtb2QgIlN5c3RlbSBlbnMzIiBjb24tbmFtZSBlbnMzCiAgLSBubWNsaSBjb24gdXAgZW5zMwoKaG9zdG5hbWU6IGx1NzgzCmZxZG46IGx1NzgzLmxhbHV4LmxvY2FsCgp1c2VyczoKICAtIG5hbWU6IGxvY2FsYWRtaW4KICAgIHNzaC1hdXRob3JpemVkLWtleXM6CiAgICAgIC0gc3NoLXJzYSBBQUFBQjNOemFDMXljMkVBQUFBREFRQUJBQUFCZ1FEVXhKWHhEL1NGa2FRMkZjRnRFSDNhT0ZsU08xRGUwK1BFbk9VajlsSUlZU01ZMG5pbW82ZXB5RWZ2N050SndRQlBIV0pZT3pvVUFlNDliNHJCL3k4WlhSM0MreEVLc3BEN2VicWJRQzloVjZnRk43TXkrZ25UdVNWc1l0VVh3TVN1eVJ1S25lL3h1MlRmVFFZcEltSnQ0VW5CeXk1VUJicytpZlFEV0IrZ29aU01Qa2dQNDVvaVRDTG5pb0d3VlFiWGtzNU83a0kzSUludkVjMzFpUEE0UlZ1c3htazZRRUh6ZTVKMTBBY0NFeTAzUlZQWHVZQjNLTnNJMlVYZWV2WmRNVjYxMmRvdHkxSUUzNnFnUlpXNXhOWVVlUzI1WE5yT1ZOTXlSV29RV0pZTHZ4NXJyeUJwNjlCdE5nMWhVangzYitPeGxORWhuZklxelNLNnVYQWVFaWoyL0RIY2p3T3FTQ2pZNkpta0NoN2RBYldWSUVxOTZmYUhGOUMzSWxUNmdiRjNSdGtGYVo1aHZ0Y1dpeWJtSktaTWVEdzBZTlcyL0hxWFJ4d2FXOHErUWp1ZS9TdTlBbUlMSVViM3h6WndkVU1McEcwc0NWL1IrTkExRVZsMFBNa1VFQ1JJNVp0TmdmVTgzVG1MQ0RPcVkyTUkzbHc4eGNqV2gxZUMvTlU9IG1rNDE3QGxhbHV4LmxvY2FsQHJoLXN1Ym1hbi5sYWx1eC5sb2NhbAoK",
            "guest_customization_is_overridable": false,
            "guest_customization_sysprep": {},
            "guest_customization_sysprep_custom_key_values": {},
            "guest_os_id": "",
            "hardware_clock_timezone": "UTC",
            "host_reference": {
              "kind": "host",
              "name": "192.168.3.67",
              "uuid": "ee279aa5-638b-4940-a760-95c4038c7566"
            },
            "hypervisor_type": null,
            "id": "bfae3182-7c96-4890-85b1-27c132bc9839",
            "is_vcpu_hard_pinned": false,
            "machine_type": "PC",
            "memory_size_mib": 16384,
            "metadata": {
              "creation_time": "2022-11-24 14:28:13 +0000 UTC",
              "last_update_time": "2022-11-24 14:28:13 +0000 UTC",
              "name": "",
              "spec_hash": "",
              "spec_version": "0",
              "uuid": "bfae3182-7c96-4890-85b1-27c132bc9839"
            },
            "name": "LU783 - LNX - IBM TASK MINING POC",
            "ngt_credentials": {},
            "ngt_enabled_capability_list": [],
            "nic_list": [
              {
                "ip_endpoint_list": [],
                "is_connected": "true",
                "mac_address": "50:6b:8d:f5:97:90",
                "model": "",
                "network_function_chain_reference": {},
                "network_function_nic_type": "",
                "nic_type": "NORMAL_NIC",
                "num_queues": 0,
                "subnet_name": "New_PROD 192.168.25.x",
                "subnet_uuid": "e261a1ee-cc02-48ff-9292-92287a9c95ec",
                "uuid": "2ef8a4cb-4a3d-4843-ae26-ce3566d0a18e"
              }
            ],
            "nic_list_status": [
              {
                "floating_ip": "",
                "ip_endpoint_list": [
                  {
                    "ip": "192.168.25.7",
                    "type": "LEARNED"
                  },
                  {
                    "ip": "192.168.25.172",
                    "type": "LEARNED"
                  }
                ],
                "is_connected": "true",
                "mac_address": "50:6b:8d:f5:97:90",
                "model": "",
                "network_function_chain_reference": {},
                "network_function_nic_type": "",
                "nic_type": "NORMAL_NIC",
                "num_queues": 0,
                "subnet_name": "New_PROD 192.168.25.x",
                "subnet_uuid": "e261a1ee-cc02-48ff-9292-92287a9c95ec",
                "uuid": "2ef8a4cb-4a3d-4843-ae26-ce3566d0a18e"
              }
            ],
            "num_sockets": 8,
            "num_vcpus_per_socket": 1,
            "num_vnuma_nodes": 0,
            "nutanix_guest_tools": {},
            "owner_reference": {
              "kind": "user",
              "name": "kwakou.missoh@lalux.lu",
              "uuid": "cee7acb0-a3ec-5884-98df-ec80fecf83d6"
            },
            "parent_reference": {},
            "power_state": "ON",
            "power_state_mechanism": "HARD",
            "project_reference": {
              "kind": "project",
              "name": "_internal",
              "uuid": "61653437-84bd-41ad-bd1c-ecc7d732d87b"
            },
            "serial_port_list": [],
            "should_fail_on_script_failure": false,
            "state": "COMPLETE",
            "timeouts": null,
            "use_hot_add": true,
            "vga_console_enabled": true
          },
          "sensitive_attributes": [],
          "private": "eyJlMmJmYjczMC1lY2FhLTExZTYtOGY4OC0zNDM2M2JjN2M0YzAiOnsiY3JlYXRlIjozNjAwMDAwMDAwMDAwLCJkZWxldGUiOjM2MDAwMDAwMDAwMDAsInVwZGF0ZSI6MzYwMDAwMDAwMDAwMH0sInNjaGVtYV92ZXJzaW9uIjoiMSJ9",
          "dependencies": [
            "data.nutanix_cluster.cluster480",
            "data.nutanix_image.rhel8",
            "data.template_file.cloud-init"
          ]
        }
      ]
    }
  ],
  "check_results": []
}
